{
  "version": 4,
  "terraform_version": "1.8.3",
  "serial": 1917,
  "lineage": "e9ea8121-4c9c-d82f-3b63-71bc383de03d",
  "outputs": {},
  "resources": [
    {
      "mode": "data",
      "type": "aws_caller_identity",
      "name": "current",
      "provider": "provider[\"registry.terraform.io/hashicorp/aws\"]",
      "instances": [
        {
          "schema_version": 0,
          "attributes": {
            "account_id": "890942158228",
            "arn": "arn:aws:iam::890942158228:user/joselin.macayanan",
            "id": "890942158228",
            "user_id": "AIDA464CKOWKP6BI6SPC2"
          },
          "sensitive_attributes": []
        }
      ]
    },
    {
      "mode": "data",
      "type": "aws_iam_policy_document",
      "name": "assumerole_ecs-tasks_laravel",
      "provider": "provider[\"registry.terraform.io/hashicorp/aws\"]",
      "instances": [
        {
          "schema_version": 0,
          "attributes": {
            "id": "1077804475",
            "json": "{\n  \"Version\": \"2012-10-17\",\n  \"Statement\": [\n    {\n      \"Effect\": \"Allow\",\n      \"Action\": \"sts:AssumeRole\",\n      \"Principal\": {\n        \"Service\": \"ecs-tasks.amazonaws.com\"\n      }\n    }\n  ]\n}",
            "override_policy_documents": null,
            "policy_id": null,
            "source_policy_documents": null,
            "statement": [
              {
                "actions": [
                  "sts:AssumeRole"
                ],
                "condition": [],
                "effect": "Allow",
                "not_actions": [],
                "not_principals": [],
                "not_resources": [],
                "principals": [
                  {
                    "identifiers": [
                      "ecs-tasks.amazonaws.com"
                    ],
                    "type": "Service"
                  }
                ],
                "resources": [],
                "sid": ""
              }
            ],
            "version": "2012-10-17"
          },
          "sensitive_attributes": []
        }
      ]
    },
    {
      "mode": "data",
      "type": "aws_iam_policy_document",
      "name": "ecs_task_basic_action_for_laravel",
      "provider": "provider[\"registry.terraform.io/hashicorp/aws\"]",
      "instances": [
        {
          "schema_version": 0,
          "attributes": {
            "id": "880481505",
            "json": "{\n  \"Version\": \"2012-10-17\",\n  \"Statement\": [\n    {\n      \"Sid\": \"Exec\",\n      \"Effect\": \"Allow\",\n      \"Action\": [\n        \"ssmmessages:OpenDataChannel\",\n        \"ssmmessages:OpenControlChannel\",\n        \"ssmmessages:CreateDataChannel\",\n        \"ssmmessages:CreateControlChannel\",\n        \"ssm:UpdateInstanceInformation\"\n      ],\n      \"Resource\": \"*\"\n    },\n    {\n      \"Sid\": \"Logs\",\n      \"Effect\": \"Allow\",\n      \"Action\": [\n        \"logs:PutLogEvents\",\n        \"logs:DescribeLogStreams\",\n        \"logs:DescribeLogGroups\",\n        \"logs:CreateLogStream\",\n        \"logs:CreateLogGroup\"\n      ],\n      \"Resource\": \"arn:aws:logs:*:890942158228:log-group:/ecs/*\"\n    },\n    {\n      \"Sid\": \"S3PreventActions\",\n      \"Effect\": \"Deny\",\n      \"Action\": [\n        \"s3:PutObject\",\n        \"s3:GetObject\",\n        \"s3:DeleteObject\"\n      ],\n      \"Resource\": \"arn:aws:s3:::*log*/*\"\n    }\n  ]\n}",
            "override_policy_documents": null,
            "policy_id": null,
            "source_policy_documents": null,
            "statement": [
              {
                "actions": [
                  "ssm:UpdateInstanceInformation",
                  "ssmmessages:CreateControlChannel",
                  "ssmmessages:CreateDataChannel",
                  "ssmmessages:OpenControlChannel",
                  "ssmmessages:OpenDataChannel"
                ],
                "condition": [],
                "effect": "Allow",
                "not_actions": [],
                "not_principals": [],
                "not_resources": [],
                "principals": [],
                "resources": [
                  "*"
                ],
                "sid": "Exec"
              },
              {
                "actions": [
                  "logs:CreateLogGroup",
                  "logs:CreateLogStream",
                  "logs:DescribeLogGroups",
                  "logs:DescribeLogStreams",
                  "logs:PutLogEvents"
                ],
                "condition": [],
                "effect": "Allow",
                "not_actions": [],
                "not_principals": [],
                "not_resources": [],
                "principals": [],
                "resources": [
                  "arn:aws:logs:*:890942158228:log-group:/ecs/*"
                ],
                "sid": "Logs"
              },
              {
                "actions": [
                  "s3:DeleteObject",
                  "s3:GetObject",
                  "s3:PutObject"
                ],
                "condition": [],
                "effect": "Deny",
                "not_actions": [],
                "not_principals": [],
                "not_resources": [],
                "principals": [],
                "resources": [
                  "arn:aws:s3:::*log*/*"
                ],
                "sid": "S3PreventActions"
              }
            ],
            "version": "2012-10-17"
          },
          "sensitive_attributes": []
        }
      ]
    },
    {
      "mode": "data",
      "type": "aws_iam_policy_document",
      "name": "ecs_task_execusion_basic_action_laravel",
      "provider": "provider[\"registry.terraform.io/hashicorp/aws\"]",
      "instances": [
        {
          "schema_version": 0,
          "attributes": {
            "id": "93843107",
            "json": "{\n  \"Version\": \"2012-10-17\",\n  \"Statement\": [\n    {\n      \"Sid\": \"KMS\",\n      \"Effect\": \"Allow\",\n      \"Action\": \"kms:Decrypt\",\n      \"Resource\": \"arn:aws:kms:ap-southeast-1:890942158228:key/*\"\n    },\n    {\n      \"Sid\": \"ECR\",\n      \"Effect\": \"Allow\",\n      \"Action\": [\n        \"ecr:GetDownloadUrlForLayer\",\n        \"ecr:GetAuthorizationToken\",\n        \"ecr:BatchGetImage\",\n        \"ecr:BatchCheckLayerAvailability\"\n      ],\n      \"Resource\": \"*\"\n    },\n    {\n      \"Sid\": \"CloudWatch\",\n      \"Effect\": \"Allow\",\n      \"Action\": [\n        \"logs:PutLogEvents\",\n        \"logs:CreateLogStream\",\n        \"logs:CreateLogGroup\"\n      ],\n      \"Resource\": \"arn:aws:logs:*:890942158228:log-group:/ecs/*\"\n    }\n  ]\n}",
            "override_policy_documents": null,
            "policy_id": null,
            "source_policy_documents": null,
            "statement": [
              {
                "actions": [
                  "kms:Decrypt"
                ],
                "condition": [],
                "effect": "Allow",
                "not_actions": [],
                "not_principals": [],
                "not_resources": [],
                "principals": [],
                "resources": [
                  "arn:aws:kms:ap-southeast-1:890942158228:key/*"
                ],
                "sid": "KMS"
              },
              {
                "actions": [
                  "ecr:BatchCheckLayerAvailability",
                  "ecr:BatchGetImage",
                  "ecr:GetAuthorizationToken",
                  "ecr:GetDownloadUrlForLayer"
                ],
                "condition": [],
                "effect": "Allow",
                "not_actions": [],
                "not_principals": [],
                "not_resources": [],
                "principals": [],
                "resources": [
                  "*"
                ],
                "sid": "ECR"
              },
              {
                "actions": [
                  "logs:CreateLogGroup",
                  "logs:CreateLogStream",
                  "logs:PutLogEvents"
                ],
                "condition": [],
                "effect": "Allow",
                "not_actions": [],
                "not_principals": [],
                "not_resources": [],
                "principals": [],
                "resources": [
                  "arn:aws:logs:*:890942158228:log-group:/ecs/*"
                ],
                "sid": "CloudWatch"
              }
            ],
            "version": "2012-10-17"
          },
          "sensitive_attributes": []
        }
      ]
    },
    {
      "mode": "data",
      "type": "aws_iam_policy_document",
      "name": "secrets_parameter_action_for_laravel",
      "provider": "provider[\"registry.terraform.io/hashicorp/aws\"]",
      "instances": [
        {
          "schema_version": 0,
          "attributes": {
            "id": "464014726",
            "json": "{\n  \"Version\": \"2012-10-17\",\n  \"Statement\": [\n    {\n      \"Sid\": \"SecretsManager\",\n      \"Effect\": \"Allow\",\n      \"Action\": \"secretsmanager:GetSecretValue\",\n      \"Resource\": \"*\"\n    },\n    {\n      \"Sid\": \"SystemsManager\",\n      \"Effect\": \"Allow\",\n      \"Action\": \"ssm:GetParameters\",\n      \"Resource\": \"arn:aws:ssm:*:890942158228:parameter/*\"\n    }\n  ]\n}",
            "override_policy_documents": null,
            "policy_id": null,
            "source_policy_documents": null,
            "statement": [
              {
                "actions": [
                  "secretsmanager:GetSecretValue"
                ],
                "condition": [],
                "effect": "Allow",
                "not_actions": [],
                "not_principals": [],
                "not_resources": [],
                "principals": [],
                "resources": [
                  "*"
                ],
                "sid": "SecretsManager"
              },
              {
                "actions": [
                  "ssm:GetParameters"
                ],
                "condition": [],
                "effect": "Allow",
                "not_actions": [],
                "not_principals": [],
                "not_resources": [],
                "principals": [],
                "resources": [
                  "arn:aws:ssm:*:890942158228:parameter/*"
                ],
                "sid": "SystemsManager"
              }
            ],
            "version": "2012-10-17"
          },
          "sensitive_attributes": []
        }
      ]
    },
    {
      "mode": "data",
      "type": "aws_region",
      "name": "current",
      "provider": "provider[\"registry.terraform.io/hashicorp/aws\"]",
      "instances": [
        {
          "schema_version": 0,
          "attributes": {
            "description": "Asia Pacific (Singapore)",
            "endpoint": "ec2.ap-southeast-1.amazonaws.com",
            "id": "ap-southeast-1",
            "name": "ap-southeast-1"
          },
          "sensitive_attributes": []
        }
      ]
    },
    {
      "mode": "managed",
      "type": "aws_cloudwatch_log_group",
      "name": "laravel",
      "provider": "provider[\"registry.terraform.io/hashicorp/aws\"]",
      "instances": [
        {
          "schema_version": 0,
          "attributes": {
            "arn": "arn:aws:logs:ap-southeast-1:890942158228:log-group:/ecs/selin-tf/selin-tf-api",
            "id": "/ecs/selin-tf/selin-tf-api",
            "kms_key_id": "",
            "name": "/ecs/selin-tf/selin-tf-api",
            "name_prefix": "",
            "retention_in_days": 30,
            "skip_destroy": false,
            "tags": {},
            "tags_all": {
              "CmBillingGroup": "OTHER",
              "CodedResource": "true",
              "Environment": "playground",
              "IaC": "local",
              "Owner": "",
              "Service": "selin-tf"
            }
          },
          "sensitive_attributes": [],
          "private": "bnVsbA==",
          "dependencies": [
            "module.ecs_cluster_workload.aws_cloudwatch_log_group.containerinsights_performance",
            "module.ecs_cluster_workload.aws_cloudwatch_log_group.default",
            "module.ecs_cluster_workload.aws_ecs_cluster.default"
          ]
        }
      ]
    },
    {
      "mode": "managed",
      "type": "aws_ecs_task_definition",
      "name": "init_laravel",
      "provider": "provider[\"registry.terraform.io/hashicorp/aws\"]",
      "instances": [
        {
          "schema_version": 1,
          "attributes": {
            "arn": "arn:aws:ecs:ap-southeast-1:890942158228:task-definition/selin-tf-api:1",
            "arn_without_revision": "arn:aws:ecs:ap-southeast-1:890942158228:task-definition/selin-tf-api",
            "container_definitions": "[{\"cpu\":0,\"environment\":[],\"essential\":true,\"image\":\"890942158228.dkr.ecr.ap-southeast-1.amazonaws.com/selin-tf-api/nginx:latest\",\"linuxParameters\":{\"initProcessEnabled\":true},\"logConfiguration\":{\"logDriver\":\"awslogs\",\"options\":{\"awslogs-create-group\":\"true\",\"awslogs-group\":\"/ecs/selin-tf/selin-tf-api\",\"awslogs-region\":\"ap-southeast-1\",\"awslogs-stream-prefix\":\"container\"}},\"mountPoints\":[],\"name\":\"nginx\",\"portMappings\":[{\"containerPort\":80,\"hostPort\":80,\"protocol\":\"tcp\"}],\"systemControls\":[],\"volumesFrom\":[]},{\"cpu\":0,\"environment\":[{\"name\":\"APP_DEBUG\",\"value\":\"true\"},{\"name\":\"APP_ENV\",\"value\":\"prod\"},{\"name\":\"APP_KEY\",\"value\":\"base64:i8ZI10k9Nob0lqQHR+Z7W53w8UtTZfX0dOIEerT6bOw=\"},{\"name\":\"APP_NAME\",\"value\":\"Laravel\"}],\"essential\":false,\"image\":\"890942158228.dkr.ecr.ap-southeast-1.amazonaws.com/selin-tf-api/php-fpm:latest\",\"linuxParameters\":{\"initProcessEnabled\":true},\"logConfiguration\":{\"logDriver\":\"awslogs\",\"options\":{\"awslogs-create-group\":\"true\",\"awslogs-group\":\"/ecs/selin-tf/selin-tf-api\",\"awslogs-region\":\"ap-southeast-1\",\"awslogs-stream-prefix\":\"container\"}},\"mountPoints\":[],\"name\":\"php-fpm\",\"portMappings\":[{\"containerPort\":9000,\"hostPort\":9000,\"protocol\":\"tcp\"}],\"secrets\":[],\"systemControls\":[],\"volumesFrom\":[]}]",
            "cpu": "512",
            "ephemeral_storage": [],
            "execution_role_arn": "arn:aws:iam::890942158228:role/servicerole/ecs_task_execution_role_selin-tf-api",
            "family": "selin-tf-api",
            "id": "selin-tf-api",
            "inference_accelerator": [],
            "ipc_mode": "",
            "memory": "1024",
            "network_mode": "awsvpc",
            "pid_mode": "",
            "placement_constraints": [],
            "proxy_configuration": [],
            "requires_compatibilities": [
              "FARGATE"
            ],
            "revision": 1,
            "runtime_platform": [
              {
                "cpu_architecture": "X86_64",
                "operating_system_family": "LINUX"
              }
            ],
            "skip_destroy": false,
            "tags": {},
            "tags_all": {
              "CmBillingGroup": "OTHER",
              "CodedResource": "true",
              "Environment": "playground",
              "IaC": "local",
              "Owner": "",
              "Service": "selin-tf"
            },
            "task_role_arn": "arn:aws:iam::890942158228:role/servicerole/ecs_task_role_selin-tf-api",
            "volume": []
          },
          "sensitive_attributes": [],
          "private": "eyJzY2hlbWFfdmVyc2lvbiI6IjEifQ==",
          "dependencies": [
            "aws_iam_role.ecs_task_execution_role_laravel",
            "aws_iam_role.ecs_task_role_laravel",
            "data.aws_caller_identity.current",
            "data.aws_iam_policy_document.assumerole_ecs-tasks_laravel",
            "data.aws_iam_policy_document.ecs_task_basic_action_for_laravel",
            "data.aws_iam_policy_document.ecs_task_execusion_basic_action_laravel",
            "data.aws_iam_policy_document.secrets_parameter_action_for_laravel",
            "data.aws_region.current",
            "module.ecs_cluster_workload.aws_cloudwatch_log_group.containerinsights_performance",
            "module.ecs_cluster_workload.aws_cloudwatch_log_group.default",
            "module.ecs_cluster_workload.aws_ecs_cluster.default"
          ]
        }
      ]
    },
    {
      "mode": "managed",
      "type": "aws_iam_role",
      "name": "ecs_task_execution_role_laravel",
      "provider": "provider[\"registry.terraform.io/hashicorp/aws\"]",
      "instances": [
        {
          "schema_version": 0,
          "attributes": {
            "arn": "arn:aws:iam::890942158228:role/servicerole/ecs_task_execution_role_selin-tf-api",
            "assume_role_policy": "{\"Statement\":[{\"Action\":\"sts:AssumeRole\",\"Effect\":\"Allow\",\"Principal\":{\"Service\":\"ecs-tasks.amazonaws.com\"}}],\"Version\":\"2012-10-17\"}",
            "create_date": "2024-06-02T14:19:19Z",
            "description": "",
            "force_detach_policies": false,
            "id": "ecs_task_execution_role_selin-tf-api",
            "inline_policy": [
              {
                "name": "ecs_task_execusion_basic_action_laravel",
                "policy": "{\"Version\":\"2012-10-17\",\"Statement\":[{\"Action\":\"kms:Decrypt\",\"Effect\":\"Allow\",\"Resource\":\"arn:aws:kms:ap-southeast-1:890942158228:key/*\",\"Sid\":\"KMS\"},{\"Action\":[\"ecr:GetDownloadUrlForLayer\",\"ecr:GetAuthorizationToken\",\"ecr:BatchGetImage\",\"ecr:BatchCheckLayerAvailability\"],\"Effect\":\"Allow\",\"Resource\":\"*\",\"Sid\":\"ECR\"},{\"Action\":[\"logs:PutLogEvents\",\"logs:CreateLogStream\",\"logs:CreateLogGroup\"],\"Effect\":\"Allow\",\"Resource\":\"arn:aws:logs:*:890942158228:log-group:/ecs/*\",\"Sid\":\"CloudWatch\"}]}"
              },
              {
                "name": "secrets_parameter_action_for_laravel",
                "policy": "{\"Version\":\"2012-10-17\",\"Statement\":[{\"Action\":\"secretsmanager:GetSecretValue\",\"Effect\":\"Allow\",\"Resource\":\"*\",\"Sid\":\"SecretsManager\"},{\"Action\":\"ssm:GetParameters\",\"Effect\":\"Allow\",\"Resource\":\"arn:aws:ssm:*:890942158228:parameter/*\",\"Sid\":\"SystemsManager\"}]}"
              }
            ],
            "managed_policy_arns": [],
            "max_session_duration": 3600,
            "name": "ecs_task_execution_role_selin-tf-api",
            "name_prefix": "",
            "path": "/servicerole/",
            "permissions_boundary": null,
            "tags": {},
            "tags_all": {
              "CmBillingGroup": "OTHER",
              "CodedResource": "true",
              "Environment": "playground",
              "IaC": "local",
              "Owner": "",
              "Service": "selin-tf"
            },
            "unique_id": "AROA464CKOWKDNGFEFDUK"
          },
          "sensitive_attributes": [],
          "private": "bnVsbA==",
          "dependencies": [
            "data.aws_caller_identity.current",
            "data.aws_iam_policy_document.assumerole_ecs-tasks_laravel",
            "data.aws_iam_policy_document.ecs_task_execusion_basic_action_laravel",
            "data.aws_iam_policy_document.secrets_parameter_action_for_laravel",
            "data.aws_region.current"
          ]
        }
      ]
    },
    {
      "mode": "managed",
      "type": "aws_iam_role",
      "name": "ecs_task_role_laravel",
      "provider": "provider[\"registry.terraform.io/hashicorp/aws\"]",
      "instances": [
        {
          "schema_version": 0,
          "attributes": {
            "arn": "arn:aws:iam::890942158228:role/servicerole/ecs_task_role_selin-tf-api",
            "assume_role_policy": "{\"Statement\":[{\"Action\":\"sts:AssumeRole\",\"Effect\":\"Allow\",\"Principal\":{\"Service\":\"ecs-tasks.amazonaws.com\"}}],\"Version\":\"2012-10-17\"}",
            "create_date": "2024-06-02T14:19:19Z",
            "description": "",
            "force_detach_policies": false,
            "id": "ecs_task_role_selin-tf-api",
            "inline_policy": [
              {
                "name": "ecs_task_basic_action_for_laravel",
                "policy": "{\"Version\":\"2012-10-17\",\"Statement\":[{\"Action\":[\"ssmmessages:OpenDataChannel\",\"ssmmessages:OpenControlChannel\",\"ssmmessages:CreateDataChannel\",\"ssmmessages:CreateControlChannel\",\"ssm:UpdateInstanceInformation\"],\"Effect\":\"Allow\",\"Resource\":\"*\",\"Sid\":\"Exec\"},{\"Action\":[\"logs:PutLogEvents\",\"logs:DescribeLogStreams\",\"logs:DescribeLogGroups\",\"logs:CreateLogStream\",\"logs:CreateLogGroup\"],\"Effect\":\"Allow\",\"Resource\":\"arn:aws:logs:*:890942158228:log-group:/ecs/*\",\"Sid\":\"Logs\"},{\"Action\":[\"s3:PutObject\",\"s3:GetObject\",\"s3:DeleteObject\"],\"Effect\":\"Deny\",\"Resource\":\"arn:aws:s3:::*log*/*\",\"Sid\":\"S3PreventActions\"}]}"
              },
              {
                "name": "secrets_parameter_action_for_laravel",
                "policy": "{\"Version\":\"2012-10-17\",\"Statement\":[{\"Action\":\"secretsmanager:GetSecretValue\",\"Effect\":\"Allow\",\"Resource\":\"*\",\"Sid\":\"SecretsManager\"},{\"Action\":\"ssm:GetParameters\",\"Effect\":\"Allow\",\"Resource\":\"arn:aws:ssm:*:890942158228:parameter/*\",\"Sid\":\"SystemsManager\"}]}"
              }
            ],
            "managed_policy_arns": [],
            "max_session_duration": 3600,
            "name": "ecs_task_role_selin-tf-api",
            "name_prefix": "",
            "path": "/servicerole/",
            "permissions_boundary": null,
            "tags": {},
            "tags_all": {
              "CmBillingGroup": "OTHER",
              "CodedResource": "true",
              "Environment": "playground",
              "IaC": "local",
              "Owner": "",
              "Service": "selin-tf"
            },
            "unique_id": "AROA464CKOWKBHR4I3URE"
          },
          "sensitive_attributes": [],
          "private": "bnVsbA==",
          "dependencies": [
            "data.aws_caller_identity.current",
            "data.aws_iam_policy_document.assumerole_ecs-tasks_laravel",
            "data.aws_iam_policy_document.ecs_task_basic_action_for_laravel",
            "data.aws_iam_policy_document.secrets_parameter_action_for_laravel"
          ]
        }
      ]
    },
    {
      "module": "module.alb_workload_internet_facing",
      "mode": "data",
      "type": "aws_iam_policy_document",
      "name": "alb_access_log",
      "provider": "provider[\"registry.terraform.io/hashicorp/aws\"]",
      "instances": [
        {
          "schema_version": 0,
          "attributes": {
            "id": "3092009338",
            "json": "{\n  \"Version\": \"2012-10-17\",\n  \"Statement\": [\n    {\n      \"Effect\": \"Allow\",\n      \"Action\": \"s3:PutObject\",\n      \"Resource\": \"arn:aws:s3:::aws-alb-accesslog-selin-tf-alb-890942158228/*\",\n      \"Principal\": {\n        \"AWS\": \"arn:aws:iam::582318560864:root\"\n      }\n    },\n    {\n      \"Effect\": \"Allow\",\n      \"Action\": \"s3:PutObject\",\n      \"Resource\": \"arn:aws:s3:::aws-alb-accesslog-selin-tf-alb-890942158228/*\",\n      \"Principal\": {\n        \"Service\": \"delivery.logs.amazonaws.com\"\n      },\n      \"Condition\": {\n        \"StringEquals\": {\n          \"s3:x-amz-acl\": \"bucket-owner-full-control\"\n        }\n      }\n    },\n    {\n      \"Effect\": \"Allow\",\n      \"Action\": \"s3:GetBucketAcl\",\n      \"Resource\": \"arn:aws:s3:::aws-alb-accesslog-selin-tf-alb-890942158228\",\n      \"Principal\": {\n        \"Service\": \"delivery.logs.amazonaws.com\"\n      }\n    }\n  ]\n}",
            "override_policy_documents": null,
            "policy_id": null,
            "source_policy_documents": null,
            "statement": [
              {
                "actions": [
                  "s3:PutObject"
                ],
                "condition": [],
                "effect": "Allow",
                "not_actions": [],
                "not_principals": [],
                "not_resources": [],
                "principals": [
                  {
                    "identifiers": [
                      "arn:aws:iam::582318560864:root"
                    ],
                    "type": "AWS"
                  }
                ],
                "resources": [
                  "arn:aws:s3:::aws-alb-accesslog-selin-tf-alb-890942158228/*"
                ],
                "sid": ""
              },
              {
                "actions": [
                  "s3:PutObject"
                ],
                "condition": [
                  {
                    "test": "StringEquals",
                    "values": [
                      "bucket-owner-full-control"
                    ],
                    "variable": "s3:x-amz-acl"
                  }
                ],
                "effect": "Allow",
                "not_actions": [],
                "not_principals": [],
                "not_resources": [],
                "principals": [
                  {
                    "identifiers": [
                      "delivery.logs.amazonaws.com"
                    ],
                    "type": "Service"
                  }
                ],
                "resources": [
                  "arn:aws:s3:::aws-alb-accesslog-selin-tf-alb-890942158228/*"
                ],
                "sid": ""
              },
              {
                "actions": [
                  "s3:GetBucketAcl"
                ],
                "condition": [],
                "effect": "Allow",
                "not_actions": [],
                "not_principals": [],
                "not_resources": [],
                "principals": [
                  {
                    "identifiers": [
                      "delivery.logs.amazonaws.com"
                    ],
                    "type": "Service"
                  }
                ],
                "resources": [
                  "arn:aws:s3:::aws-alb-accesslog-selin-tf-alb-890942158228"
                ],
                "sid": ""
              }
            ],
            "version": "2012-10-17"
          },
          "sensitive_attributes": []
        }
      ]
    },
    {
      "module": "module.alb_workload_internet_facing",
      "mode": "managed",
      "type": "aws_lb",
      "name": "default",
      "provider": "provider[\"registry.terraform.io/hashicorp/aws\"]",
      "instances": [
        {
          "schema_version": 0,
          "attributes": {
            "access_logs": [
              {
                "bucket": "",
                "enabled": false,
                "prefix": ""
              }
            ],
            "arn": "arn:aws:elasticloadbalancing:ap-southeast-1:890942158228:loadbalancer/app/selin-tf-alb/d2e71f864e22026b",
            "arn_suffix": "app/selin-tf-alb/d2e71f864e22026b",
            "customer_owned_ipv4_pool": "",
            "desync_mitigation_mode": "defensive",
            "dns_name": "selin-tf-alb-402332159.ap-southeast-1.elb.amazonaws.com",
            "drop_invalid_header_fields": false,
            "enable_cross_zone_load_balancing": true,
            "enable_deletion_protection": false,
            "enable_http2": true,
            "enable_tls_version_and_cipher_suite_headers": false,
            "enable_waf_fail_open": false,
            "enable_xff_client_port": false,
            "id": "arn:aws:elasticloadbalancing:ap-southeast-1:890942158228:loadbalancer/app/selin-tf-alb/d2e71f864e22026b",
            "idle_timeout": 60,
            "internal": false,
            "ip_address_type": "dualstack",
            "load_balancer_type": "application",
            "name": "selin-tf-alb",
            "name_prefix": null,
            "preserve_host_header": false,
            "security_groups": [
              "sg-064925d2cc5d9db10",
              "sg-076f38df9f846e692"
            ],
            "subnet_mapping": [
              {
                "allocation_id": "",
                "ipv6_address": "",
                "outpost_id": "",
                "private_ipv4_address": "",
                "subnet_id": "subnet-08309d02a04101db1"
              },
              {
                "allocation_id": "",
                "ipv6_address": "",
                "outpost_id": "",
                "private_ipv4_address": "",
                "subnet_id": "subnet-0db76712a7a1bb426"
              }
            ],
            "subnets": [
              "subnet-08309d02a04101db1",
              "subnet-0db76712a7a1bb426"
            ],
            "tags": {},
            "tags_all": {
              "CmBillingGroup": "OTHER",
              "CodedResource": "true",
              "Environment": "playground",
              "IaC": "local",
              "Owner": "",
              "Service": "selin-tf"
            },
            "timeouts": null,
            "vpc_id": "vpc-01bf300ba725825a0",
            "xff_header_processing_mode": "append",
            "zone_id": "Z1LMS91P8CMLE5"
          },
          "sensitive_attributes": [],
          "private": "eyJlMmJmYjczMC1lY2FhLTExZTYtOGY4OC0zNDM2M2JjN2M0YzAiOnsiY3JlYXRlIjo2MDAwMDAwMDAwMDAsImRlbGV0ZSI6NjAwMDAwMDAwMDAwLCJ1cGRhdGUiOjYwMDAwMDAwMDAwMH19",
          "dependencies": [
            "data.aws_caller_identity.current",
            "module.alb_workload_internet_facing.aws_s3_bucket.alb_access_log",
            "module.vpc_workload.aws_security_group.ec2_bastion",
            "module.vpc_workload.aws_security_group.public_subnet_group",
            "module.vpc_workload.aws_security_group.publish_internet",
            "module.vpc_workload.aws_subnet.public",
            "module.vpc_workload.aws_vpc.default"
          ]
        }
      ]
    },
    {
      "module": "module.alb_workload_internet_facing",
      "mode": "managed",
      "type": "aws_lb_listener",
      "name": "port_443",
      "provider": "provider[\"registry.terraform.io/hashicorp/aws\"]",
      "instances": [
        {
          "schema_version": 0,
          "attributes": {
            "alpn_policy": null,
            "arn": "arn:aws:elasticloadbalancing:ap-southeast-1:890942158228:listener/app/selin-tf-alb/d2e71f864e22026b/3e1b1338597b3b23",
            "certificate_arn": "arn:aws:acm:ap-southeast-1:890942158228:certificate/47805cae-14f6-4091-a434-23d828fd5c22",
            "default_action": [
              {
                "authenticate_cognito": [],
                "authenticate_oidc": [],
                "fixed_response": [
                  {
                    "content_type": "text/plain",
                    "message_body": "",
                    "status_code": "502"
                  }
                ],
                "forward": [],
                "order": 1,
                "redirect": [],
                "target_group_arn": "",
                "type": "fixed-response"
              }
            ],
            "id": "arn:aws:elasticloadbalancing:ap-southeast-1:890942158228:listener/app/selin-tf-alb/d2e71f864e22026b/3e1b1338597b3b23",
            "load_balancer_arn": "arn:aws:elasticloadbalancing:ap-southeast-1:890942158228:loadbalancer/app/selin-tf-alb/d2e71f864e22026b",
            "port": 443,
            "protocol": "HTTPS",
            "ssl_policy": "ELBSecurityPolicy-2016-08",
            "tags": {},
            "tags_all": {
              "CmBillingGroup": "OTHER",
              "CodedResource": "true",
              "Environment": "playground",
              "IaC": "local",
              "Owner": "",
              "Service": "selin-tf"
            },
            "timeouts": null
          },
          "sensitive_attributes": [],
          "private": "eyJlMmJmYjczMC1lY2FhLTExZTYtOGY4OC0zNDM2M2JjN2M0YzAiOnsicmVhZCI6NjAwMDAwMDAwMDAwfX0=",
          "dependencies": [
            "data.aws_caller_identity.current",
            "module.alb_workload_internet_facing.aws_lb.default",
            "module.alb_workload_internet_facing.aws_s3_bucket.alb_access_log",
            "module.vpc_workload.aws_security_group.ec2_bastion",
            "module.vpc_workload.aws_security_group.public_subnet_group",
            "module.vpc_workload.aws_security_group.publish_internet",
            "module.vpc_workload.aws_subnet.public",
            "module.vpc_workload.aws_vpc.default"
          ]
        }
      ]
    },
    {
      "module": "module.alb_workload_internet_facing",
      "mode": "managed",
      "type": "aws_lb_listener",
      "name": "port_80",
      "provider": "provider[\"registry.terraform.io/hashicorp/aws\"]",
      "instances": [
        {
          "schema_version": 0,
          "attributes": {
            "alpn_policy": null,
            "arn": "arn:aws:elasticloadbalancing:ap-southeast-1:890942158228:listener/app/selin-tf-alb/d2e71f864e22026b/5289750552dcefdc",
            "certificate_arn": null,
            "default_action": [
              {
                "authenticate_cognito": [],
                "authenticate_oidc": [],
                "fixed_response": [],
                "forward": [],
                "order": 1,
                "redirect": [
                  {
                    "host": "#{host}",
                    "path": "/#{path}",
                    "port": "443",
                    "protocol": "HTTPS",
                    "query": "#{query}",
                    "status_code": "HTTP_301"
                  }
                ],
                "target_group_arn": "",
                "type": "redirect"
              }
            ],
            "id": "arn:aws:elasticloadbalancing:ap-southeast-1:890942158228:listener/app/selin-tf-alb/d2e71f864e22026b/5289750552dcefdc",
            "load_balancer_arn": "arn:aws:elasticloadbalancing:ap-southeast-1:890942158228:loadbalancer/app/selin-tf-alb/d2e71f864e22026b",
            "port": 80,
            "protocol": "HTTP",
            "ssl_policy": "",
            "tags": {},
            "tags_all": {
              "CmBillingGroup": "OTHER",
              "CodedResource": "true",
              "Environment": "playground",
              "IaC": "local",
              "Owner": "",
              "Service": "selin-tf"
            },
            "timeouts": null
          },
          "sensitive_attributes": [],
          "private": "eyJlMmJmYjczMC1lY2FhLTExZTYtOGY4OC0zNDM2M2JjN2M0YzAiOnsicmVhZCI6NjAwMDAwMDAwMDAwfX0=",
          "dependencies": [
            "data.aws_caller_identity.current",
            "module.alb_workload_internet_facing.aws_lb.default",
            "module.alb_workload_internet_facing.aws_s3_bucket.alb_access_log",
            "module.vpc_workload.aws_security_group.ec2_bastion",
            "module.vpc_workload.aws_security_group.public_subnet_group",
            "module.vpc_workload.aws_security_group.publish_internet",
            "module.vpc_workload.aws_subnet.public",
            "module.vpc_workload.aws_vpc.default"
          ]
        }
      ]
    },
    {
      "module": "module.alb_workload_internet_facing",
      "mode": "managed",
      "type": "aws_lb_listener_certificate",
      "name": "default",
      "provider": "provider[\"registry.terraform.io/hashicorp/aws\"]",
      "instances": [
        {
          "index_key": "arn:aws:acm:ap-southeast-1:890942158228:certificate/47805cae-14f6-4091-a434-23d828fd5c22",
          "schema_version": 0,
          "attributes": {
            "certificate_arn": "arn:aws:acm:ap-southeast-1:890942158228:certificate/47805cae-14f6-4091-a434-23d828fd5c22",
            "id": "arn:aws:elasticloadbalancing:ap-southeast-1:890942158228:listener/app/selin-tf-alb/d2e71f864e22026b/3e1b1338597b3b23_arn:aws:acm:ap-southeast-1:890942158228:certificate/47805cae-14f6-4091-a434-23d828fd5c22",
            "listener_arn": "arn:aws:elasticloadbalancing:ap-southeast-1:890942158228:listener/app/selin-tf-alb/d2e71f864e22026b/3e1b1338597b3b23"
          },
          "sensitive_attributes": [],
          "private": "bnVsbA==",
          "dependencies": [
            "data.aws_caller_identity.current",
            "module.alb_workload_internet_facing.aws_lb.default",
            "module.alb_workload_internet_facing.aws_lb_listener.port_443",
            "module.alb_workload_internet_facing.aws_s3_bucket.alb_access_log",
            "module.vpc_workload.aws_security_group.ec2_bastion",
            "module.vpc_workload.aws_security_group.public_subnet_group",
            "module.vpc_workload.aws_security_group.publish_internet",
            "module.vpc_workload.aws_subnet.public",
            "module.vpc_workload.aws_vpc.default"
          ]
        }
      ]
    },
    {
      "module": "module.alb_workload_internet_facing",
      "mode": "managed",
      "type": "aws_route53_record",
      "name": "in_a",
      "provider": "provider[\"registry.terraform.io/hashicorp/aws\"]",
      "instances": [
        {
          "index_key": 0,
          "schema_version": 2,
          "attributes": {
            "alias": [
              {
                "evaluate_target_health": true,
                "name": "selin-tf-alb-402332159.ap-southeast-1.elb.amazonaws.com",
                "zone_id": "Z1LMS91P8CMLE5"
              }
            ],
            "allow_overwrite": null,
            "cidr_routing_policy": [],
            "failover_routing_policy": [],
            "fqdn": "joselin.sre.bizmates.co.jp",
            "geolocation_routing_policy": [],
            "health_check_id": "",
            "id": "Z09199501MS1MJQMJ796B_joselin.sre.bizmates.co.jp_A",
            "latency_routing_policy": [],
            "multivalue_answer_routing_policy": false,
            "name": "joselin.sre.bizmates.co.jp",
            "records": [],
            "set_identifier": "",
            "ttl": 0,
            "type": "A",
            "weighted_routing_policy": [],
            "zone_id": "Z09199501MS1MJQMJ796B"
          },
          "sensitive_attributes": [],
          "private": "eyJzY2hlbWFfdmVyc2lvbiI6IjIifQ==",
          "dependencies": [
            "data.aws_caller_identity.current",
            "module.alb_workload_internet_facing.aws_lb.default",
            "module.alb_workload_internet_facing.aws_s3_bucket.alb_access_log",
            "module.vpc_workload.aws_security_group.ec2_bastion",
            "module.vpc_workload.aws_security_group.public_subnet_group",
            "module.vpc_workload.aws_security_group.publish_internet",
            "module.vpc_workload.aws_subnet.public",
            "module.vpc_workload.aws_vpc.default"
          ]
        }
      ]
    },
    {
      "module": "module.alb_workload_internet_facing",
      "mode": "managed",
      "type": "aws_s3_bucket",
      "name": "alb_access_log",
      "provider": "provider[\"registry.terraform.io/hashicorp/aws\"]",
      "instances": [
        {
          "schema_version": 0,
          "attributes": {
            "acceleration_status": "",
            "acl": null,
            "arn": "arn:aws:s3:::aws-alb-accesslog-selin-tf-alb-890942158228",
            "bucket": "aws-alb-accesslog-selin-tf-alb-890942158228",
            "bucket_domain_name": "aws-alb-accesslog-selin-tf-alb-890942158228.s3.amazonaws.com",
            "bucket_prefix": "",
            "bucket_regional_domain_name": "aws-alb-accesslog-selin-tf-alb-890942158228.s3.ap-southeast-1.amazonaws.com",
            "cors_rule": [],
            "force_destroy": true,
            "grant": [
              {
                "id": "68b3269bbb2db9f105dedb2b67d849b0d7dbd0cb910a5faf7c1addf0c203646a",
                "permissions": [
                  "FULL_CONTROL"
                ],
                "type": "CanonicalUser",
                "uri": ""
              }
            ],
            "hosted_zone_id": "Z3O0J2DXBE1FTB",
            "id": "aws-alb-accesslog-selin-tf-alb-890942158228",
            "lifecycle_rule": [
              {
                "abort_incomplete_multipart_upload_days": 0,
                "enabled": true,
                "expiration": [],
                "id": "inteligent_tiering",
                "noncurrent_version_expiration": [],
                "noncurrent_version_transition": [
                  {
                    "days": 30,
                    "storage_class": "INTELLIGENT_TIERING"
                  }
                ],
                "prefix": "",
                "tags": {},
                "transition": [
                  {
                    "date": "",
                    "days": 30,
                    "storage_class": "INTELLIGENT_TIERING"
                  }
                ]
              },
              {
                "abort_incomplete_multipart_upload_days": 7,
                "enabled": true,
                "expiration": [],
                "id": "abort_incomplete_multipart_upload",
                "noncurrent_version_expiration": [],
                "noncurrent_version_transition": [],
                "prefix": "",
                "tags": {},
                "transition": []
              }
            ],
            "logging": [],
            "object_lock_configuration": [],
            "object_lock_enabled": false,
            "policy": "{\"Statement\":[{\"Action\":\"s3:PutObject\",\"Effect\":\"Allow\",\"Principal\":{\"AWS\":\"arn:aws:iam::582318560864:root\"},\"Resource\":\"arn:aws:s3:::aws-alb-accesslog-selin-tf-alb-890942158228/*\"},{\"Action\":\"s3:PutObject\",\"Condition\":{\"StringEquals\":{\"s3:x-amz-acl\":\"bucket-owner-full-control\"}},\"Effect\":\"Allow\",\"Principal\":{\"Service\":\"delivery.logs.amazonaws.com\"},\"Resource\":\"arn:aws:s3:::aws-alb-accesslog-selin-tf-alb-890942158228/*\"},{\"Action\":\"s3:GetBucketAcl\",\"Effect\":\"Allow\",\"Principal\":{\"Service\":\"delivery.logs.amazonaws.com\"},\"Resource\":\"arn:aws:s3:::aws-alb-accesslog-selin-tf-alb-890942158228\"}],\"Version\":\"2012-10-17\"}",
            "region": "ap-southeast-1",
            "replication_configuration": [],
            "request_payer": "BucketOwner",
            "server_side_encryption_configuration": [
              {
                "rule": [
                  {
                    "apply_server_side_encryption_by_default": [
                      {
                        "kms_master_key_id": "",
                        "sse_algorithm": "AES256"
                      }
                    ],
                    "bucket_key_enabled": false
                  }
                ]
              }
            ],
            "tags": {},
            "tags_all": {},
            "timeouts": null,
            "versioning": [
              {
                "enabled": false,
                "mfa_delete": false
              }
            ],
            "website": [],
            "website_domain": null,
            "website_endpoint": null
          },
          "sensitive_attributes": [],
          "private": "eyJlMmJmYjczMC1lY2FhLTExZTYtOGY4OC0zNDM2M2JjN2M0YzAiOnsiY3JlYXRlIjoxMjAwMDAwMDAwMDAwLCJkZWxldGUiOjM2MDAwMDAwMDAwMDAsInJlYWQiOjEyMDAwMDAwMDAwMDAsInVwZGF0ZSI6MTIwMDAwMDAwMDAwMH19",
          "dependencies": [
            "data.aws_caller_identity.current"
          ]
        }
      ]
    },
    {
      "module": "module.alb_workload_internet_facing",
      "mode": "managed",
      "type": "aws_s3_bucket_intelligent_tiering_configuration",
      "name": "alb_access_log",
      "provider": "provider[\"registry.terraform.io/hashicorp/aws\"]",
      "instances": [
        {
          "schema_version": 0,
          "attributes": {
            "bucket": "aws-alb-accesslog-selin-tf-alb-890942158228",
            "filter": [],
            "id": "aws-alb-accesslog-selin-tf-alb-890942158228:default",
            "name": "default",
            "status": "Enabled",
            "tiering": [
              {
                "access_tier": "ARCHIVE_ACCESS",
                "days": 90
              },
              {
                "access_tier": "DEEP_ARCHIVE_ACCESS",
                "days": 365
              }
            ]
          },
          "sensitive_attributes": [],
          "private": "bnVsbA==",
          "dependencies": [
            "data.aws_caller_identity.current",
            "module.alb_workload_internet_facing.aws_s3_bucket.alb_access_log"
          ]
        }
      ]
    },
    {
      "module": "module.alb_workload_internet_facing",
      "mode": "managed",
      "type": "aws_s3_bucket_lifecycle_configuration",
      "name": "alb_access_log",
      "provider": "provider[\"registry.terraform.io/hashicorp/aws\"]",
      "instances": [
        {
          "schema_version": 0,
          "attributes": {
            "bucket": "aws-alb-accesslog-selin-tf-alb-890942158228",
            "expected_bucket_owner": "",
            "id": "aws-alb-accesslog-selin-tf-alb-890942158228",
            "rule": [
              {
                "abort_incomplete_multipart_upload": [],
                "expiration": [],
                "filter": [
                  {
                    "and": [],
                    "object_size_greater_than": null,
                    "object_size_less_than": null,
                    "prefix": null,
                    "tag": []
                  }
                ],
                "id": "inteligent_tiering",
                "noncurrent_version_expiration": [],
                "noncurrent_version_transition": [
                  {
                    "newer_noncurrent_versions": "",
                    "noncurrent_days": 30,
                    "storage_class": "INTELLIGENT_TIERING"
                  }
                ],
                "prefix": "",
                "status": "Enabled",
                "transition": [
                  {
                    "date": "",
                    "days": 30,
                    "storage_class": "INTELLIGENT_TIERING"
                  }
                ]
              },
              {
                "abort_incomplete_multipart_upload": [
                  {
                    "days_after_initiation": 7
                  }
                ],
                "expiration": [],
                "filter": [
                  {
                    "and": [],
                    "object_size_greater_than": null,
                    "object_size_less_than": null,
                    "prefix": null,
                    "tag": []
                  }
                ],
                "id": "abort_incomplete_multipart_upload",
                "noncurrent_version_expiration": [],
                "noncurrent_version_transition": [],
                "prefix": "",
                "status": "Enabled",
                "transition": []
              }
            ]
          },
          "sensitive_attributes": [],
          "private": "bnVsbA==",
          "dependencies": [
            "data.aws_caller_identity.current",
            "module.alb_workload_internet_facing.aws_s3_bucket.alb_access_log"
          ]
        }
      ]
    },
    {
      "module": "module.alb_workload_internet_facing",
      "mode": "managed",
      "type": "aws_s3_bucket_policy",
      "name": "alb_access_log",
      "provider": "provider[\"registry.terraform.io/hashicorp/aws\"]",
      "instances": [
        {
          "schema_version": 0,
          "attributes": {
            "bucket": "aws-alb-accesslog-selin-tf-alb-890942158228",
            "id": "aws-alb-accesslog-selin-tf-alb-890942158228",
            "policy": "{\"Statement\":[{\"Action\":\"s3:PutObject\",\"Effect\":\"Allow\",\"Principal\":{\"AWS\":\"arn:aws:iam::582318560864:root\"},\"Resource\":\"arn:aws:s3:::aws-alb-accesslog-selin-tf-alb-890942158228/*\"},{\"Action\":\"s3:PutObject\",\"Condition\":{\"StringEquals\":{\"s3:x-amz-acl\":\"bucket-owner-full-control\"}},\"Effect\":\"Allow\",\"Principal\":{\"Service\":\"delivery.logs.amazonaws.com\"},\"Resource\":\"arn:aws:s3:::aws-alb-accesslog-selin-tf-alb-890942158228/*\"},{\"Action\":\"s3:GetBucketAcl\",\"Effect\":\"Allow\",\"Principal\":{\"Service\":\"delivery.logs.amazonaws.com\"},\"Resource\":\"arn:aws:s3:::aws-alb-accesslog-selin-tf-alb-890942158228\"}],\"Version\":\"2012-10-17\"}"
          },
          "sensitive_attributes": [],
          "private": "bnVsbA==",
          "dependencies": [
            "data.aws_caller_identity.current",
            "module.alb_workload_internet_facing.aws_s3_bucket.alb_access_log",
            "module.alb_workload_internet_facing.data.aws_iam_policy_document.alb_access_log"
          ]
        }
      ]
    },
    {
      "module": "module.alb_workload_internet_facing",
      "mode": "managed",
      "type": "aws_s3_bucket_public_access_block",
      "name": "alb_access_log",
      "provider": "provider[\"registry.terraform.io/hashicorp/aws\"]",
      "instances": [
        {
          "schema_version": 0,
          "attributes": {
            "block_public_acls": true,
            "block_public_policy": true,
            "bucket": "aws-alb-accesslog-selin-tf-alb-890942158228",
            "id": "aws-alb-accesslog-selin-tf-alb-890942158228",
            "ignore_public_acls": true,
            "restrict_public_buckets": true
          },
          "sensitive_attributes": [],
          "private": "bnVsbA==",
          "dependencies": [
            "data.aws_caller_identity.current",
            "module.alb_workload_internet_facing.aws_s3_bucket.alb_access_log"
          ]
        }
      ]
    },
    {
      "module": "module.alb_workload_internet_facing",
      "mode": "managed",
      "type": "aws_s3_bucket_server_side_encryption_configuration",
      "name": "alb_access_log",
      "provider": "provider[\"registry.terraform.io/hashicorp/aws\"]",
      "instances": [
        {
          "schema_version": 0,
          "attributes": {
            "bucket": "aws-alb-accesslog-selin-tf-alb-890942158228",
            "expected_bucket_owner": "",
            "id": "aws-alb-accesslog-selin-tf-alb-890942158228",
            "rule": [
              {
                "apply_server_side_encryption_by_default": [
                  {
                    "kms_master_key_id": "",
                    "sse_algorithm": "AES256"
                  }
                ],
                "bucket_key_enabled": false
              }
            ]
          },
          "sensitive_attributes": [],
          "private": "bnVsbA==",
          "dependencies": [
            "data.aws_caller_identity.current",
            "module.alb_workload_internet_facing.aws_s3_bucket.alb_access_log"
          ]
        }
      ]
    },
    {
      "module": "module.ecr_laravel[\"selin-tf-api/nginx\"]",
      "mode": "managed",
      "type": "aws_ecr_lifecycle_policy",
      "name": "default",
      "provider": "provider[\"registry.terraform.io/hashicorp/aws\"]",
      "instances": [
        {
          "index_key": 0,
          "schema_version": 0,
          "attributes": {
            "id": "selin-tf-api/nginx",
            "policy": "{\"rules\":[{\"action\":{\"type\":\"expire\"},\"description\":\"Rule 1\",\"rulePriority\":1,\"selection\":{\"countNumber\":10,\"countType\":\"imageCountMoreThan\",\"tagStatus\":\"any\"}}]}",
            "registry_id": "890942158228",
            "repository": "selin-tf-api/nginx"
          },
          "sensitive_attributes": [],
          "private": "bnVsbA==",
          "dependencies": [
            "module.ecr_laravel.aws_ecr_repository.default"
          ]
        }
      ]
    },
    {
      "module": "module.ecr_laravel[\"selin-tf-api/nginx\"]",
      "mode": "managed",
      "type": "aws_ecr_repository",
      "name": "default",
      "provider": "provider[\"registry.terraform.io/hashicorp/aws\"]",
      "instances": [
        {
          "schema_version": 0,
          "attributes": {
            "arn": "arn:aws:ecr:ap-southeast-1:890942158228:repository/selin-tf-api/nginx",
            "encryption_configuration": [
              {
                "encryption_type": "AES256",
                "kms_key": ""
              }
            ],
            "force_delete": false,
            "id": "selin-tf-api/nginx",
            "image_scanning_configuration": [
              {
                "scan_on_push": true
              }
            ],
            "image_tag_mutability": "MUTABLE",
            "name": "selin-tf-api/nginx",
            "registry_id": "890942158228",
            "repository_url": "890942158228.dkr.ecr.ap-southeast-1.amazonaws.com/selin-tf-api/nginx",
            "tags": {},
            "tags_all": {
              "CmBillingGroup": "OTHER",
              "CodedResource": "true",
              "Environment": "playground",
              "IaC": "local",
              "Owner": "",
              "Service": "selin-tf"
            },
            "timeouts": null
          },
          "sensitive_attributes": [],
          "private": "eyJlMmJmYjczMC1lY2FhLTExZTYtOGY4OC0zNDM2M2JjN2M0YzAiOnsiZGVsZXRlIjoxMjAwMDAwMDAwMDAwfX0="
        }
      ]
    },
    {
      "module": "module.ecr_laravel[\"selin-tf-api/php-fpm\"]",
      "mode": "managed",
      "type": "aws_ecr_lifecycle_policy",
      "name": "default",
      "provider": "provider[\"registry.terraform.io/hashicorp/aws\"]",
      "instances": [
        {
          "index_key": 0,
          "schema_version": 0,
          "attributes": {
            "id": "selin-tf-api/php-fpm",
            "policy": "{\"rules\":[{\"action\":{\"type\":\"expire\"},\"description\":\"Rule 1\",\"rulePriority\":1,\"selection\":{\"countNumber\":10,\"countType\":\"imageCountMoreThan\",\"tagStatus\":\"any\"}}]}",
            "registry_id": "890942158228",
            "repository": "selin-tf-api/php-fpm"
          },
          "sensitive_attributes": [],
          "private": "bnVsbA==",
          "dependencies": [
            "module.ecr_laravel.aws_ecr_repository.default"
          ]
        }
      ]
    },
    {
      "module": "module.ecr_laravel[\"selin-tf-api/php-fpm\"]",
      "mode": "managed",
      "type": "aws_ecr_repository",
      "name": "default",
      "provider": "provider[\"registry.terraform.io/hashicorp/aws\"]",
      "instances": [
        {
          "schema_version": 0,
          "attributes": {
            "arn": "arn:aws:ecr:ap-southeast-1:890942158228:repository/selin-tf-api/php-fpm",
            "encryption_configuration": [
              {
                "encryption_type": "AES256",
                "kms_key": ""
              }
            ],
            "force_delete": false,
            "id": "selin-tf-api/php-fpm",
            "image_scanning_configuration": [
              {
                "scan_on_push": true
              }
            ],
            "image_tag_mutability": "MUTABLE",
            "name": "selin-tf-api/php-fpm",
            "registry_id": "890942158228",
            "repository_url": "890942158228.dkr.ecr.ap-southeast-1.amazonaws.com/selin-tf-api/php-fpm",
            "tags": {},
            "tags_all": {
              "CmBillingGroup": "OTHER",
              "CodedResource": "true",
              "Environment": "playground",
              "IaC": "local",
              "Owner": "",
              "Service": "selin-tf"
            },
            "timeouts": null
          },
          "sensitive_attributes": [],
          "private": "eyJlMmJmYjczMC1lY2FhLTExZTYtOGY4OC0zNDM2M2JjN2M0YzAiOnsiZGVsZXRlIjoxMjAwMDAwMDAwMDAwfX0="
        }
      ]
    },
    {
      "module": "module.ecs_cluster_workload",
      "mode": "managed",
      "type": "aws_cloudwatch_log_group",
      "name": "containerinsights_performance",
      "provider": "provider[\"registry.terraform.io/hashicorp/aws\"]",
      "instances": [
        {
          "schema_version": 0,
          "attributes": {
            "arn": "arn:aws:logs:ap-southeast-1:890942158228:log-group:/aws/ecs/containerinsights/selin-tf/performance",
            "id": "/aws/ecs/containerinsights/selin-tf/performance",
            "kms_key_id": "",
            "name": "/aws/ecs/containerinsights/selin-tf/performance",
            "name_prefix": "",
            "retention_in_days": 1,
            "skip_destroy": false,
            "tags": {},
            "tags_all": {
              "CmBillingGroup": "OTHER",
              "CodedResource": "true",
              "Environment": "playground",
              "IaC": "local",
              "Owner": "",
              "Service": "selin-tf"
            }
          },
          "sensitive_attributes": [],
          "private": "bnVsbA=="
        }
      ]
    },
    {
      "module": "module.ecs_cluster_workload",
      "mode": "managed",
      "type": "aws_cloudwatch_log_group",
      "name": "default",
      "provider": "provider[\"registry.terraform.io/hashicorp/aws\"]",
      "instances": [
        {
          "schema_version": 0,
          "attributes": {
            "arn": "arn:aws:logs:ap-southeast-1:890942158228:log-group:/ecs/cluster/selin-tf/exec/",
            "id": "/ecs/cluster/selin-tf/exec/",
            "kms_key_id": "",
            "name": "/ecs/cluster/selin-tf/exec/",
            "name_prefix": "",
            "retention_in_days": 30,
            "skip_destroy": false,
            "tags": {},
            "tags_all": {
              "CmBillingGroup": "OTHER",
              "CodedResource": "true",
              "Environment": "playground",
              "IaC": "local",
              "Owner": "",
              "Service": "selin-tf"
            }
          },
          "sensitive_attributes": [],
          "private": "bnVsbA=="
        }
      ]
    },
    {
      "module": "module.ecs_cluster_workload",
      "mode": "managed",
      "type": "aws_ecs_account_setting_default",
      "name": "awsvpc_trunking",
      "provider": "provider[\"registry.terraform.io/hashicorp/aws\"]",
      "instances": [
        {
          "schema_version": 0,
          "attributes": {
            "id": "arn:aws:iam::890942158228:root",
            "name": "awsvpcTrunking",
            "principal_arn": "arn:aws:iam::890942158228:root",
            "value": "enabled"
          },
          "sensitive_attributes": [],
          "private": "bnVsbA=="
        }
      ]
    },
    {
      "module": "module.ecs_cluster_workload",
      "mode": "managed",
      "type": "aws_ecs_account_setting_default",
      "name": "container_insights",
      "provider": "provider[\"registry.terraform.io/hashicorp/aws\"]",
      "instances": [
        {
          "schema_version": 0,
          "attributes": {
            "id": "arn:aws:iam::890942158228:root",
            "name": "containerInsights",
            "principal_arn": "arn:aws:iam::890942158228:root",
            "value": "enabled"
          },
          "sensitive_attributes": [],
          "private": "bnVsbA=="
        }
      ]
    },
    {
      "module": "module.ecs_cluster_workload",
      "mode": "managed",
      "type": "aws_ecs_cluster",
      "name": "default",
      "provider": "provider[\"registry.terraform.io/hashicorp/aws\"]",
      "instances": [
        {
          "schema_version": 0,
          "attributes": {
            "arn": "arn:aws:ecs:ap-southeast-1:890942158228:cluster/selin-tf",
            "configuration": [
              {
                "execute_command_configuration": [
                  {
                    "kms_key_id": "",
                    "log_configuration": [
                      {
                        "cloud_watch_encryption_enabled": false,
                        "cloud_watch_log_group_name": "/ecs/cluster/selin-tf/exec/",
                        "s3_bucket_encryption_enabled": false,
                        "s3_bucket_name": "",
                        "s3_key_prefix": ""
                      }
                    ],
                    "logging": "OVERRIDE"
                  }
                ]
              }
            ],
            "id": "arn:aws:ecs:ap-southeast-1:890942158228:cluster/selin-tf",
            "name": "selin-tf",
            "service_connect_defaults": [],
            "setting": [
              {
                "name": "containerInsights",
                "value": "enabled"
              }
            ],
            "tags": {
              "Name": "selin-tf"
            },
            "tags_all": {
              "CmBillingGroup": "OTHER",
              "CodedResource": "true",
              "Environment": "playground",
              "IaC": "local",
              "Name": "selin-tf",
              "Owner": "",
              "Service": "selin-tf"
            }
          },
          "sensitive_attributes": [],
          "private": "bnVsbA==",
          "dependencies": [
            "module.ecs_cluster_workload.aws_cloudwatch_log_group.containerinsights_performance",
            "module.ecs_cluster_workload.aws_cloudwatch_log_group.default"
          ]
        }
      ]
    },
    {
      "module": "module.ecs_cluster_workload",
      "mode": "managed",
      "type": "aws_ecs_cluster_capacity_providers",
      "name": "default",
      "provider": "provider[\"registry.terraform.io/hashicorp/aws\"]",
      "instances": [
        {
          "schema_version": 0,
          "attributes": {
            "capacity_providers": [
              "FARGATE",
              "FARGATE_SPOT"
            ],
            "cluster_name": "selin-tf",
            "default_capacity_provider_strategy": [
              {
                "base": 0,
                "capacity_provider": "FARGATE_SPOT",
                "weight": 100
              },
              {
                "base": 1,
                "capacity_provider": "FARGATE",
                "weight": 0
              }
            ],
            "id": "selin-tf"
          },
          "sensitive_attributes": [],
          "private": "bnVsbA==",
          "dependencies": [
            "module.ecs_cluster_workload.aws_cloudwatch_log_group.containerinsights_performance",
            "module.ecs_cluster_workload.aws_cloudwatch_log_group.default",
            "module.ecs_cluster_workload.aws_ecs_cluster.default"
          ]
        }
      ]
    },
    {
      "module": "module.ecs_cluster_workload",
      "mode": "managed",
      "type": "aws_service_discovery_private_dns_namespace",
      "name": "default",
      "provider": "provider[\"registry.terraform.io/hashicorp/aws\"]",
      "instances": [
        {
          "schema_version": 0,
          "attributes": {
            "arn": "arn:aws:servicediscovery:ap-southeast-1:890942158228:namespace/ns-t756ckjugzkwzpwe",
            "description": "Namespace of selin-tf cluster",
            "hosted_zone": "Z04006331EBBI6HRIFK1S",
            "id": "ns-t756ckjugzkwzpwe",
            "name": "selin.tf.internal",
            "tags": {},
            "tags_all": {
              "CmBillingGroup": "OTHER",
              "CodedResource": "true",
              "Environment": "playground",
              "IaC": "local",
              "Owner": "",
              "Service": "selin-tf"
            },
            "vpc": "vpc-01bf300ba725825a0"
          },
          "sensitive_attributes": [],
          "private": "bnVsbA==",
          "dependencies": [
            "module.vpc_workload.aws_vpc.default"
          ]
        }
      ]
    },
    {
      "module": "module.fargate_api_service",
      "mode": "managed",
      "type": "aws_ecs_service",
      "name": "external",
      "provider": "provider[\"registry.terraform.io/hashicorp/aws\"]",
      "instances": [
        {
          "index_key": 0,
          "schema_version": 0,
          "attributes": {
            "alarms": [],
            "capacity_provider_strategy": [
              {
                "base": 0,
                "capacity_provider": "FARGATE_SPOT",
                "weight": 100
              },
              {
                "base": 2,
                "capacity_provider": "FARGATE",
                "weight": 0
              }
            ],
            "cluster": "arn:aws:ecs:ap-southeast-1:890942158228:cluster/selin-tf",
            "deployment_circuit_breaker": [
              {
                "enable": false,
                "rollback": false
              }
            ],
            "deployment_controller": [
              {
                "type": "ECS"
              }
            ],
            "deployment_maximum_percent": 200,
            "deployment_minimum_healthy_percent": 100,
            "desired_count": 1,
            "enable_ecs_managed_tags": false,
            "enable_execute_command": true,
            "force_new_deployment": true,
            "health_check_grace_period_seconds": 90,
            "iam_role": "/aws-service-role/ecs.amazonaws.com/AWSServiceRoleForECS",
            "id": "arn:aws:ecs:ap-southeast-1:890942158228:service/selin-tf/selin-tf-api",
            "launch_type": "",
            "load_balancer": [
              {
                "container_name": "nginx",
                "container_port": 80,
                "elb_name": "",
                "target_group_arn": "arn:aws:elasticloadbalancing:ap-southeast-1:890942158228:targetgroup/selin-tf-api/4eee81a0f8c5315d"
              }
            ],
            "name": "selin-tf-api",
            "network_configuration": [
              {
                "assign_public_ip": false,
                "security_groups": [
                  "sg-051389d615f65eda1",
                  "sg-0aea3e2395b5ab357"
                ],
                "subnets": [
                  "subnet-04784f90287f8f505",
                  "subnet-07b2d31c2475b615d"
                ]
              }
            ],
            "ordered_placement_strategy": [],
            "placement_constraints": [],
            "platform_version": "LATEST",
            "propagate_tags": "SERVICE",
            "scheduling_strategy": "REPLICA",
            "service_connect_configuration": [],
            "service_registries": [
              {
                "container_name": "",
                "container_port": 0,
                "port": 0,
                "registry_arn": "arn:aws:servicediscovery:ap-southeast-1:890942158228:service/srv-ykqbtic57e3hjwuy"
              }
            ],
            "tags": {},
            "tags_all": {
              "CmBillingGroup": "OTHER",
              "CodedResource": "true",
              "Environment": "playground",
              "IaC": "local",
              "Owner": "",
              "Service": "selin-tf"
            },
            "task_definition": "selin-tf-api:1",
            "timeouts": null,
            "triggers": {},
            "wait_for_steady_state": false
          },
          "sensitive_attributes": [],
          "private": "eyJlMmJmYjczMC1lY2FhLTExZTYtOGY4OC0zNDM2M2JjN2M0YzAiOnsiY3JlYXRlIjoxMjAwMDAwMDAwMDAwLCJkZWxldGUiOjEyMDAwMDAwMDAwMDAsInVwZGF0ZSI6MTIwMDAwMDAwMDAwMH19",
          "dependencies": [
            "aws_ecs_task_definition.init_laravel",
            "aws_iam_role.ecs_task_execution_role_laravel",
            "aws_iam_role.ecs_task_role_laravel",
            "data.aws_caller_identity.current",
            "data.aws_iam_policy_document.assumerole_ecs-tasks_laravel",
            "data.aws_iam_policy_document.ecs_task_basic_action_for_laravel",
            "data.aws_iam_policy_document.ecs_task_execusion_basic_action_laravel",
            "data.aws_iam_policy_document.secrets_parameter_action_for_laravel",
            "data.aws_region.current",
            "module.ecs_cluster_workload.aws_cloudwatch_log_group.containerinsights_performance",
            "module.ecs_cluster_workload.aws_cloudwatch_log_group.default",
            "module.ecs_cluster_workload.aws_ecs_cluster.default",
            "module.ecs_cluster_workload.aws_service_discovery_private_dns_namespace.default",
            "module.fargate_api_service.aws_lb_target_group.default",
            "module.fargate_api_service.aws_lb_target_group.enable_target_blue",
            "module.fargate_api_service.aws_service_discovery_service.default",
            "module.vpc_workload.aws_security_group.ec2_bastion",
            "module.vpc_workload.aws_security_group.http_server_external",
            "module.vpc_workload.aws_security_group.private_subnet_group",
            "module.vpc_workload.aws_security_group.public_subnet_group",
            "module.vpc_workload.aws_subnet.private",
            "module.vpc_workload.aws_vpc.default"
          ]
        }
      ]
    },
    {
      "module": "module.fargate_api_service",
      "mode": "managed",
      "type": "aws_lb_listener_rule",
      "name": "onlyfw",
      "provider": "provider[\"registry.terraform.io/hashicorp/aws\"]",
      "instances": [
        {
          "index_key": 0,
          "schema_version": 0,
          "attributes": {
            "action": [
              {
                "authenticate_cognito": [],
                "authenticate_oidc": [],
                "fixed_response": [],
                "forward": [],
                "order": 1,
                "redirect": [],
                "target_group_arn": "arn:aws:elasticloadbalancing:ap-southeast-1:890942158228:targetgroup/selin-tf-api/4eee81a0f8c5315d",
                "type": "forward"
              }
            ],
            "arn": "arn:aws:elasticloadbalancing:ap-southeast-1:890942158228:listener-rule/app/selin-tf-alb/d2e71f864e22026b/3e1b1338597b3b23/79fb8463eecae2ef",
            "condition": [
              {
                "host_header": [
                  {
                    "values": [
                      "joselin.sre.bizmates.co.jp"
                    ]
                  }
                ],
                "http_header": [],
                "http_request_method": [],
                "path_pattern": [],
                "query_string": [],
                "source_ip": []
              },
              {
                "host_header": [],
                "http_header": [],
                "http_request_method": [],
                "path_pattern": [
                  {
                    "values": [
                      "/",
                      "/*"
                    ]
                  }
                ],
                "query_string": [],
                "source_ip": []
              }
            ],
            "id": "arn:aws:elasticloadbalancing:ap-southeast-1:890942158228:listener-rule/app/selin-tf-alb/d2e71f864e22026b/3e1b1338597b3b23/79fb8463eecae2ef",
            "listener_arn": "arn:aws:elasticloadbalancing:ap-southeast-1:890942158228:listener/app/selin-tf-alb/d2e71f864e22026b/3e1b1338597b3b23",
            "priority": 120,
            "tags": {},
            "tags_all": {
              "CmBillingGroup": "OTHER",
              "CodedResource": "true",
              "Environment": "playground",
              "IaC": "local",
              "Owner": "",
              "Service": "selin-tf"
            }
          },
          "sensitive_attributes": [],
          "private": "bnVsbA==",
          "dependencies": [
            "data.aws_caller_identity.current",
            "module.alb_workload_internet_facing.aws_lb.default",
            "module.alb_workload_internet_facing.aws_lb_listener.port_443",
            "module.alb_workload_internet_facing.aws_s3_bucket.alb_access_log",
            "module.fargate_api_service.aws_lb_target_group.default",
            "module.fargate_api_service.aws_lb_target_group.enable_target_blue",
            "module.vpc_workload.aws_security_group.ec2_bastion",
            "module.vpc_workload.aws_security_group.public_subnet_group",
            "module.vpc_workload.aws_security_group.publish_internet",
            "module.vpc_workload.aws_subnet.public",
            "module.vpc_workload.aws_vpc.default"
          ]
        }
      ]
    },
    {
      "module": "module.fargate_api_service",
      "mode": "managed",
      "type": "aws_lb_target_group",
      "name": "default",
      "provider": "provider[\"registry.terraform.io/hashicorp/aws\"]",
      "instances": [
        {
          "index_key": 0,
          "schema_version": 0,
          "attributes": {
            "arn": "arn:aws:elasticloadbalancing:ap-southeast-1:890942158228:targetgroup/selin-tf-api/4eee81a0f8c5315d",
            "arn_suffix": "targetgroup/selin-tf-api/4eee81a0f8c5315d",
            "connection_termination": false,
            "deregistration_delay": "60",
            "health_check": [
              {
                "enabled": true,
                "healthy_threshold": 2,
                "interval": 60,
                "matcher": "200",
                "path": "/",
                "port": "80",
                "protocol": "HTTP",
                "timeout": 30,
                "unhealthy_threshold": 5
              }
            ],
            "id": "arn:aws:elasticloadbalancing:ap-southeast-1:890942158228:targetgroup/selin-tf-api/4eee81a0f8c5315d",
            "ip_address_type": "ipv4",
            "lambda_multi_value_headers_enabled": false,
            "load_balancing_algorithm_type": "round_robin",
            "load_balancing_cross_zone_enabled": "use_load_balancer_configuration",
            "name": "selin-tf-api",
            "name_prefix": null,
            "port": 80,
            "preserve_client_ip": null,
            "protocol": "HTTP",
            "protocol_version": "HTTP1",
            "proxy_protocol_v2": false,
            "slow_start": 0,
            "stickiness": [
              {
                "cookie_duration": 86400,
                "cookie_name": "",
                "enabled": false,
                "type": "lb_cookie"
              }
            ],
            "tags": {},
            "tags_all": {
              "CmBillingGroup": "OTHER",
              "CodedResource": "true",
              "Environment": "playground",
              "IaC": "local",
              "Owner": "",
              "Service": "selin-tf"
            },
            "target_failover": [
              {
                "on_deregistration": null,
                "on_unhealthy": null
              }
            ],
            "target_type": "ip",
            "vpc_id": "vpc-01bf300ba725825a0"
          },
          "sensitive_attributes": [],
          "private": "bnVsbA==",
          "dependencies": [
            "module.vpc_workload.aws_vpc.default"
          ]
        }
      ]
    },
    {
      "module": "module.fargate_api_service",
      "mode": "managed",
      "type": "aws_service_discovery_service",
      "name": "default",
      "provider": "provider[\"registry.terraform.io/hashicorp/aws\"]",
      "instances": [
        {
          "schema_version": 0,
          "attributes": {
            "arn": "arn:aws:servicediscovery:ap-southeast-1:890942158228:service/srv-ykqbtic57e3hjwuy",
            "description": "",
            "dns_config": [
              {
                "dns_records": [
                  {
                    "ttl": 10,
                    "type": "A"
                  }
                ],
                "namespace_id": "ns-t756ckjugzkwzpwe",
                "routing_policy": "MULTIVALUE"
              }
            ],
            "force_destroy": false,
            "health_check_config": [],
            "health_check_custom_config": [
              {
                "failure_threshold": 1
              }
            ],
            "id": "srv-ykqbtic57e3hjwuy",
            "name": "selin-tf-api",
            "namespace_id": "ns-t756ckjugzkwzpwe",
            "tags": {},
            "tags_all": {
              "CmBillingGroup": "OTHER",
              "CodedResource": "true",
              "Environment": "playground",
              "IaC": "local",
              "Owner": "",
              "Service": "selin-tf"
            },
            "type": "DNS_HTTP"
          },
          "sensitive_attributes": [],
          "private": "bnVsbA==",
          "dependencies": [
            "module.ecs_cluster_workload.aws_service_discovery_private_dns_namespace.default",
            "module.vpc_workload.aws_vpc.default"
          ]
        }
      ]
    },
    {
      "module": "module.pipeline_laravel",
      "mode": "data",
      "type": "aws_caller_identity",
      "name": "current",
      "provider": "provider[\"registry.terraform.io/hashicorp/aws\"]",
      "instances": [
        {
          "schema_version": 0,
          "attributes": {
            "account_id": "890942158228",
            "arn": "arn:aws:iam::890942158228:user/joselin.macayanan",
            "id": "890942158228",
            "user_id": "AIDA464CKOWKP6BI6SPC2"
          },
          "sensitive_attributes": []
        }
      ]
    },
    {
      "module": "module.pipeline_laravel",
      "mode": "data",
      "type": "aws_iam_policy_document",
      "name": "codebuild_assume_role_policy",
      "provider": "provider[\"registry.terraform.io/hashicorp/aws\"]",
      "instances": [
        {
          "schema_version": 0,
          "attributes": {
            "id": "1229436035",
            "json": "{\n  \"Version\": \"2012-10-17\",\n  \"Statement\": [\n    {\n      \"Effect\": \"Allow\",\n      \"Action\": \"sts:AssumeRole\",\n      \"Principal\": {\n        \"Service\": \"codebuild.amazonaws.com\"\n      }\n    }\n  ]\n}",
            "override_policy_documents": null,
            "policy_id": null,
            "source_policy_documents": null,
            "statement": [
              {
                "actions": [
                  "sts:AssumeRole"
                ],
                "condition": [],
                "effect": "Allow",
                "not_actions": [],
                "not_principals": [],
                "not_resources": [],
                "principals": [
                  {
                    "identifiers": [
                      "codebuild.amazonaws.com"
                    ],
                    "type": "Service"
                  }
                ],
                "resources": [],
                "sid": ""
              }
            ],
            "version": "2012-10-17"
          },
          "sensitive_attributes": []
        }
      ]
    },
    {
      "module": "module.pipeline_laravel",
      "mode": "data",
      "type": "aws_iam_policy_document",
      "name": "codebuild_role_policy",
      "provider": "provider[\"registry.terraform.io/hashicorp/aws\"]",
      "instances": [
        {
          "schema_version": 0,
          "attributes": {
            "id": "3111820897",
            "json": "{\n  \"Version\": \"2012-10-17\",\n  \"Statement\": [\n    {\n      \"Effect\": \"Allow\",\n      \"Action\": \"iam:PassRole\",\n      \"Resource\": [\n        \"arn:aws:iam::890942158228:role/servicerole/ecs_task_role_*\",\n        \"arn:aws:iam::890942158228:role/servicerole/ecs_task_execution_role_*\"\n      ],\n      \"Condition\": {\n        \"StringEqualsIfExists\": {\n          \"iam:PassedToService\": \"ecs-tasks.amazonaws.com\"\n        }\n      }\n    },\n    {\n      \"Effect\": \"Allow\",\n      \"Action\": [\n        \"codebuild:UpdateReport\",\n        \"codebuild:CreateReportGroup\",\n        \"codebuild:CreateReport\",\n        \"codebuild:BatchPutTestCases\",\n        \"codebuild:BatchPutCodeCoverages\"\n      ],\n      \"Resource\": \"arn:aws:codebuild:*:890942158228:report-group/*\"\n    },\n    {\n      \"Effect\": \"Allow\",\n      \"Action\": [\n        \"ecr:UploadLayerPart\",\n        \"ecr:PutImage\",\n        \"ecr:InitiateLayerUpload\",\n        \"ecr:GetDownloadUrlForLayer\",\n        \"ecr:GetAuthorizationToken\",\n        \"ecr:CompleteLayerUpload\",\n        \"ecr:BatchGetImage\",\n        \"ecr:BatchCheckLayerAvailability\"\n      ],\n      \"Resource\": \"*\"\n    },\n    {\n      \"Effect\": \"Allow\",\n      \"Action\": [\n        \"ecs:UpdateService\",\n        \"ecs:TagResource\",\n        \"ecs:RegisterTaskDefinition\",\n        \"ecs:DescribeTaskDefinition\"\n      ],\n      \"Resource\": \"*\"\n    },\n    {\n      \"Effect\": \"Allow\",\n      \"Action\": [\n        \"s3:PutObject\",\n        \"s3:GetObjectVersion\",\n        \"s3:GetObject\",\n        \"s3:GetBucketLocation\",\n        \"s3:GetBucketAcl\"\n      ],\n      \"Resource\": [\n        \"arn:aws:s3:::aws-pipeline-store-selin-tf-890942158228/*\",\n        \"arn:aws:s3:::aws-pipeline-store-selin-tf-890942158228\"\n      ]\n    },\n    {\n      \"Effect\": \"Deny\",\n      \"Action\": [\n        \"s3:GetObject\",\n        \"s3:DeleteObject\"\n      ],\n      \"Resource\": \"arn:aws:s3:::*/AWSLogs/*\"\n    },\n    {\n      \"Effect\": \"Allow\",\n      \"Action\": [\n        \"logs:PutLogEvents\",\n        \"logs:CreateLogStream\",\n        \"logs:CreateLogGroup\"\n      ],\n      \"Resource\": \"arn:aws:logs:*:890942158228:log-group:/codebuild/*\"\n    }\n  ]\n}",
            "override_policy_documents": null,
            "policy_id": null,
            "source_policy_documents": null,
            "statement": [
              {
                "actions": [
                  "iam:PassRole"
                ],
                "condition": [
                  {
                    "test": "StringEqualsIfExists",
                    "values": [
                      "ecs-tasks.amazonaws.com"
                    ],
                    "variable": "iam:PassedToService"
                  }
                ],
                "effect": "Allow",
                "not_actions": [],
                "not_principals": [],
                "not_resources": [],
                "principals": [],
                "resources": [
                  "arn:aws:iam::890942158228:role/servicerole/ecs_task_execution_role_*",
                  "arn:aws:iam::890942158228:role/servicerole/ecs_task_role_*"
                ],
                "sid": ""
              },
              {
                "actions": [
                  "codebuild:BatchPutCodeCoverages",
                  "codebuild:BatchPutTestCases",
                  "codebuild:CreateReport",
                  "codebuild:CreateReportGroup",
                  "codebuild:UpdateReport"
                ],
                "condition": [],
                "effect": "Allow",
                "not_actions": [],
                "not_principals": [],
                "not_resources": [],
                "principals": [],
                "resources": [
                  "arn:aws:codebuild:*:890942158228:report-group/*"
                ],
                "sid": ""
              },
              {
                "actions": [
                  "ecr:BatchCheckLayerAvailability",
                  "ecr:BatchGetImage",
                  "ecr:CompleteLayerUpload",
                  "ecr:GetAuthorizationToken",
                  "ecr:GetDownloadUrlForLayer",
                  "ecr:InitiateLayerUpload",
                  "ecr:PutImage",
                  "ecr:UploadLayerPart"
                ],
                "condition": [],
                "effect": "Allow",
                "not_actions": [],
                "not_principals": [],
                "not_resources": [],
                "principals": [],
                "resources": [
                  "*"
                ],
                "sid": ""
              },
              {
                "actions": [
                  "ecs:DescribeTaskDefinition",
                  "ecs:RegisterTaskDefinition",
                  "ecs:TagResource",
                  "ecs:UpdateService"
                ],
                "condition": [],
                "effect": "Allow",
                "not_actions": [],
                "not_principals": [],
                "not_resources": [],
                "principals": [],
                "resources": [
                  "*"
                ],
                "sid": ""
              },
              {
                "actions": [
                  "s3:GetBucketAcl",
                  "s3:GetBucketLocation",
                  "s3:GetObject",
                  "s3:GetObjectVersion",
                  "s3:PutObject"
                ],
                "condition": [],
                "effect": "Allow",
                "not_actions": [],
                "not_principals": [],
                "not_resources": [],
                "principals": [],
                "resources": [
                  "arn:aws:s3:::aws-pipeline-store-selin-tf-890942158228",
                  "arn:aws:s3:::aws-pipeline-store-selin-tf-890942158228/*"
                ],
                "sid": ""
              },
              {
                "actions": [
                  "s3:DeleteObject",
                  "s3:GetObject"
                ],
                "condition": [],
                "effect": "Deny",
                "not_actions": [],
                "not_principals": [],
                "not_resources": [],
                "principals": [],
                "resources": [
                  "arn:aws:s3:::*/AWSLogs/*"
                ],
                "sid": ""
              },
              {
                "actions": [
                  "logs:CreateLogGroup",
                  "logs:CreateLogStream",
                  "logs:PutLogEvents"
                ],
                "condition": [],
                "effect": "Allow",
                "not_actions": [],
                "not_principals": [],
                "not_resources": [],
                "principals": [],
                "resources": [
                  "arn:aws:logs:*:890942158228:log-group:/codebuild/*"
                ],
                "sid": ""
              }
            ],
            "version": "2012-10-17"
          },
          "sensitive_attributes": []
        }
      ]
    },
    {
      "module": "module.pipeline_laravel",
      "mode": "data",
      "type": "aws_iam_policy_document",
      "name": "codedeploy_assume_role_policy",
      "provider": "provider[\"registry.terraform.io/hashicorp/aws\"]",
      "instances": [
        {
          "schema_version": 0,
          "attributes": {
            "id": "4250039221",
            "json": "{\n  \"Version\": \"2012-10-17\",\n  \"Statement\": [\n    {\n      \"Effect\": \"Allow\",\n      \"Action\": \"sts:AssumeRole\",\n      \"Principal\": {\n        \"Service\": \"codedeploy.amazonaws.com\"\n      }\n    }\n  ]\n}",
            "override_policy_documents": null,
            "policy_id": null,
            "source_policy_documents": null,
            "statement": [
              {
                "actions": [
                  "sts:AssumeRole"
                ],
                "condition": [],
                "effect": "Allow",
                "not_actions": [],
                "not_principals": [],
                "not_resources": [],
                "principals": [
                  {
                    "identifiers": [
                      "codedeploy.amazonaws.com"
                    ],
                    "type": "Service"
                  }
                ],
                "resources": [],
                "sid": ""
              }
            ],
            "version": "2012-10-17"
          },
          "sensitive_attributes": []
        }
      ]
    },
    {
      "module": "module.pipeline_laravel",
      "mode": "data",
      "type": "aws_iam_policy_document",
      "name": "codepipeline_assume_role_policy",
      "provider": "provider[\"registry.terraform.io/hashicorp/aws\"]",
      "instances": [
        {
          "schema_version": 0,
          "attributes": {
            "id": "2245101310",
            "json": "{\n  \"Version\": \"2012-10-17\",\n  \"Statement\": [\n    {\n      \"Effect\": \"Allow\",\n      \"Action\": \"sts:AssumeRole\",\n      \"Principal\": {\n        \"Service\": \"codepipeline.amazonaws.com\"\n      }\n    }\n  ]\n}",
            "override_policy_documents": null,
            "policy_id": null,
            "source_policy_documents": null,
            "statement": [
              {
                "actions": [
                  "sts:AssumeRole"
                ],
                "condition": [],
                "effect": "Allow",
                "not_actions": [],
                "not_principals": [],
                "not_resources": [],
                "principals": [
                  {
                    "identifiers": [
                      "codepipeline.amazonaws.com"
                    ],
                    "type": "Service"
                  }
                ],
                "resources": [],
                "sid": ""
              }
            ],
            "version": "2012-10-17"
          },
          "sensitive_attributes": []
        }
      ]
    },
    {
      "module": "module.pipeline_laravel",
      "mode": "data",
      "type": "aws_iam_policy_document",
      "name": "codepipeline_role_policy",
      "provider": "provider[\"registry.terraform.io/hashicorp/aws\"]",
      "instances": [
        {
          "schema_version": 0,
          "attributes": {
            "id": "4246458624",
            "json": "{\n  \"Version\": \"2012-10-17\",\n  \"Statement\": [\n    {\n      \"Effect\": \"Allow\",\n      \"Action\": \"iam:PassRole\",\n      \"Resource\": [\n        \"arn:aws:iam::890942158228:role/servicerole/ecs_task_role_*\",\n        \"arn:aws:iam::890942158228:role/servicerole/ecs_task_execution_role_*\"\n      ],\n      \"Condition\": {\n        \"StringEqualsIfExists\": {\n          \"iam:PassedToService\": \"ecs-tasks.amazonaws.com\"\n        }\n      }\n    },\n    {\n      \"Effect\": \"Allow\",\n      \"Action\": \"codestar-connections:UseConnection\",\n      \"Resource\": \"*\"\n    },\n    {\n      \"Effect\": \"Allow\",\n      \"Action\": \"ecr:DescribeImages\",\n      \"Resource\": \"*\"\n    },\n    {\n      \"Effect\": \"Allow\",\n      \"Action\": [\n        \"codebuild:StartBuildBatch\",\n        \"codebuild:StartBuild\",\n        \"codebuild:BatchGetBuilds\",\n        \"codebuild:BatchGetBuildBatches\"\n      ],\n      \"Resource\": \"arn:aws:codebuild:*:890942158228:*selin-tf-api*\"\n    },\n    {\n      \"Effect\": \"Allow\",\n      \"Action\": [\n        \"codedeploy:RegisterApplicationRevision\",\n        \"codedeploy:GetDeploymentConfig\",\n        \"codedeploy:GetDeployment\",\n        \"codedeploy:GetApplicationRevision\",\n        \"codedeploy:GetApplication\",\n        \"codedeploy:CreateDeployment\"\n      ],\n      \"Resource\": \"arn:aws:codedeploy:*:890942158228:*selin-tf-api*\"\n    },\n    {\n      \"Effect\": \"Allow\",\n      \"Action\": [\n        \"ecs:UpdateServicePrimaryTaskSet\",\n        \"ecs:UpdateService\",\n        \"ecs:DescribeServices\",\n        \"ecs:DeleteTaskSet\"\n      ],\n      \"Resource\": \"arn:aws:ecs:ap-northeast-1:890942158228:service/*selin-tf-api*\"\n    },\n    {\n      \"Effect\": \"Allow\",\n      \"Action\": [\n        \"ecs:TagResource\",\n        \"ecs:RegisterTaskDefinition\",\n        \"ecs:DescribeTaskDefinition\"\n      ],\n      \"Resource\": \"*\"\n    },\n    {\n      \"Effect\": \"Allow\",\n      \"Action\": \"sns:Publish\",\n      \"Resource\": \"arn:aws:sns:ap-northeast-1:890942158228:CodeStarNotifications*\"\n    },\n    {\n      \"Effect\": \"Allow\",\n      \"Action\": \"s3:*\",\n      \"Resource\": [\n        \"arn:aws:s3:::aws-pipeline-store-selin-tf-890942158228/*\",\n        \"arn:aws:s3:::aws-pipeline-store-selin-tf-890942158228\"\n      ]\n    },\n    {\n      \"Effect\": \"Deny\",\n      \"Action\": [\n        \"s3:GetObject\",\n        \"s3:DeleteObject\"\n      ],\n      \"Resource\": \"arn:aws:s3:::*/AWSLogs/*\"\n    }\n  ]\n}",
            "override_policy_documents": null,
            "policy_id": null,
            "source_policy_documents": null,
            "statement": [
              {
                "actions": [
                  "iam:PassRole"
                ],
                "condition": [
                  {
                    "test": "StringEqualsIfExists",
                    "values": [
                      "ecs-tasks.amazonaws.com"
                    ],
                    "variable": "iam:PassedToService"
                  }
                ],
                "effect": "Allow",
                "not_actions": [],
                "not_principals": [],
                "not_resources": [],
                "principals": [],
                "resources": [
                  "arn:aws:iam::890942158228:role/servicerole/ecs_task_execution_role_*",
                  "arn:aws:iam::890942158228:role/servicerole/ecs_task_role_*"
                ],
                "sid": ""
              },
              {
                "actions": [
                  "codestar-connections:UseConnection"
                ],
                "condition": [],
                "effect": "Allow",
                "not_actions": [],
                "not_principals": [],
                "not_resources": [],
                "principals": [],
                "resources": [
                  "*"
                ],
                "sid": ""
              },
              {
                "actions": [
                  "ecr:DescribeImages"
                ],
                "condition": [],
                "effect": "Allow",
                "not_actions": [],
                "not_principals": [],
                "not_resources": [],
                "principals": [],
                "resources": [
                  "*"
                ],
                "sid": ""
              },
              {
                "actions": [
                  "codebuild:BatchGetBuildBatches",
                  "codebuild:BatchGetBuilds",
                  "codebuild:StartBuild",
                  "codebuild:StartBuildBatch"
                ],
                "condition": [],
                "effect": "Allow",
                "not_actions": [],
                "not_principals": [],
                "not_resources": [],
                "principals": [],
                "resources": [
                  "arn:aws:codebuild:*:890942158228:*selin-tf-api*"
                ],
                "sid": ""
              },
              {
                "actions": [
                  "codedeploy:CreateDeployment",
                  "codedeploy:GetApplication",
                  "codedeploy:GetApplicationRevision",
                  "codedeploy:GetDeployment",
                  "codedeploy:GetDeploymentConfig",
                  "codedeploy:RegisterApplicationRevision"
                ],
                "condition": [],
                "effect": "Allow",
                "not_actions": [],
                "not_principals": [],
                "not_resources": [],
                "principals": [],
                "resources": [
                  "arn:aws:codedeploy:*:890942158228:*selin-tf-api*"
                ],
                "sid": ""
              },
              {
                "actions": [
                  "ecs:DeleteTaskSet",
                  "ecs:DescribeServices",
                  "ecs:UpdateService",
                  "ecs:UpdateServicePrimaryTaskSet"
                ],
                "condition": [],
                "effect": "Allow",
                "not_actions": [],
                "not_principals": [],
                "not_resources": [],
                "principals": [],
                "resources": [
                  "arn:aws:ecs:ap-northeast-1:890942158228:service/*selin-tf-api*"
                ],
                "sid": ""
              },
              {
                "actions": [
                  "ecs:DescribeTaskDefinition",
                  "ecs:RegisterTaskDefinition",
                  "ecs:TagResource"
                ],
                "condition": [],
                "effect": "Allow",
                "not_actions": [],
                "not_principals": [],
                "not_resources": [],
                "principals": [],
                "resources": [
                  "*"
                ],
                "sid": ""
              },
              {
                "actions": [
                  "sns:Publish"
                ],
                "condition": [],
                "effect": "Allow",
                "not_actions": [],
                "not_principals": [],
                "not_resources": [],
                "principals": [],
                "resources": [
                  "arn:aws:sns:ap-northeast-1:890942158228:CodeStarNotifications*"
                ],
                "sid": ""
              },
              {
                "actions": [
                  "s3:*"
                ],
                "condition": [],
                "effect": "Allow",
                "not_actions": [],
                "not_principals": [],
                "not_resources": [],
                "principals": [],
                "resources": [
                  "arn:aws:s3:::aws-pipeline-store-selin-tf-890942158228",
                  "arn:aws:s3:::aws-pipeline-store-selin-tf-890942158228/*"
                ],
                "sid": ""
              },
              {
                "actions": [
                  "s3:DeleteObject",
                  "s3:GetObject"
                ],
                "condition": [],
                "effect": "Deny",
                "not_actions": [],
                "not_principals": [],
                "not_resources": [],
                "principals": [],
                "resources": [
                  "arn:aws:s3:::*/AWSLogs/*"
                ],
                "sid": ""
              }
            ],
            "version": "2012-10-17"
          },
          "sensitive_attributes": []
        }
      ]
    },
    {
      "module": "module.pipeline_laravel",
      "mode": "data",
      "type": "aws_region",
      "name": "current",
      "provider": "provider[\"registry.terraform.io/hashicorp/aws\"]",
      "instances": [
        {
          "schema_version": 0,
          "attributes": {
            "description": "Asia Pacific (Singapore)",
            "endpoint": "ec2.ap-southeast-1.amazonaws.com",
            "id": "ap-southeast-1",
            "name": "ap-southeast-1"
          },
          "sensitive_attributes": []
        }
      ]
    },
    {
      "module": "module.pipeline_laravel",
      "mode": "managed",
      "type": "aws_cloudwatch_log_group",
      "name": "codebuild_default",
      "provider": "provider[\"registry.terraform.io/hashicorp/aws\"]",
      "instances": [
        {
          "schema_version": 0,
          "attributes": {
            "arn": "arn:aws:logs:ap-southeast-1:890942158228:log-group:/codebuild/selin-tf-api",
            "id": "/codebuild/selin-tf-api",
            "kms_key_id": "",
            "name": "/codebuild/selin-tf-api",
            "name_prefix": "",
            "retention_in_days": 30,
            "skip_destroy": false,
            "tags": {},
            "tags_all": {
              "CmBillingGroup": "OTHER",
              "CodedResource": "true",
              "Environment": "playground",
              "IaC": "local",
              "Owner": "",
              "Service": "selin-tf"
            }
          },
          "sensitive_attributes": [],
          "private": "bnVsbA=="
        }
      ]
    },
    {
      "module": "module.pipeline_laravel",
      "mode": "managed",
      "type": "aws_codebuild_project",
      "name": "default",
      "provider": "provider[\"registry.terraform.io/hashicorp/aws\"]",
      "instances": [
        {
          "index_key": 0,
          "schema_version": 0,
          "attributes": {
            "arn": "arn:aws:codebuild:ap-southeast-1:890942158228:project/selin-tf-api",
            "artifacts": [
              {
                "artifact_identifier": "",
                "bucket_owner_access": "",
                "encryption_disabled": false,
                "location": "",
                "name": "selin-tf-api",
                "namespace_type": "",
                "override_artifact_name": false,
                "packaging": "NONE",
                "path": "",
                "type": "CODEPIPELINE"
              }
            ],
            "badge_enabled": false,
            "badge_url": "",
            "build_batch_config": [],
            "build_timeout": 30,
            "cache": [
              {
                "location": "",
                "modes": [],
                "type": "NO_CACHE"
              }
            ],
            "concurrent_build_limit": 0,
            "description": "selin-tf-api build project.",
            "encryption_key": "arn:aws:kms:ap-southeast-1:890942158228:alias/aws/s3",
            "environment": [
              {
                "certificate": "",
                "compute_type": "BUILD_GENERAL1_MEDIUM",
                "environment_variable": [
                  {
                    "name": "build_vars_cluster",
                    "type": "PLAINTEXT",
                    "value": "selin-tf"
                  },
                  {
                    "name": "build_vars_container_image_prefix",
                    "type": "PLAINTEXT",
                    "value": "890942158228.dkr.ecr.ap-southeast-1.amazonaws.com"
                  },
                  {
                    "name": "build_vars_domain_root",
                    "type": "PLAINTEXT",
                    "value": "ex.joselin.sre.bizmates.co.jp"
                  },
                  {
                    "name": "build_vars_environment",
                    "type": "PLAINTEXT",
                    "value": "dev"
                  },
                  {
                    "name": "build_vars_service",
                    "type": "PLAINTEXT",
                    "value": "selin-tf-api"
                  },
                  {
                    "name": "build_vars_taskdef",
                    "type": "PLAINTEXT",
                    "value": "selin-tf-api"
                  }
                ],
                "image": "aws/codebuild/amazonlinux2-x86_64-standard:4.0",
                "image_pull_credentials_type": "CODEBUILD",
                "privileged_mode": true,
                "registry_credential": [],
                "type": "LINUX_CONTAINER"
              }
            ],
            "file_system_locations": [],
            "id": "arn:aws:codebuild:ap-southeast-1:890942158228:project/selin-tf-api",
            "logs_config": [
              {
                "cloudwatch_logs": [
                  {
                    "group_name": "/codebuild/selin-tf-api",
                    "status": "ENABLED",
                    "stream_name": "selin-tf-api"
                  }
                ],
                "s3_logs": [
                  {
                    "bucket_owner_access": "",
                    "encryption_disabled": true,
                    "location": "aws-pipeline-store-selin-tf-890942158228/selin-tf-api/BuildLog",
                    "status": "ENABLED"
                  }
                ]
              }
            ],
            "name": "selin-tf-api",
            "project_visibility": "PRIVATE",
            "public_project_alias": "",
            "queued_timeout": 480,
            "resource_access_role": "",
            "secondary_artifacts": [],
            "secondary_source_version": [],
            "secondary_sources": [],
            "service_role": "arn:aws:iam::890942158228:role/servicerole/codebuild_service_role_selin-tf-api_project",
            "source": [
              {
                "build_status_config": [],
                "buildspec": "./buildspec.yml",
                "git_clone_depth": 0,
                "git_submodules_config": [],
                "insecure_ssl": false,
                "location": "",
                "report_build_status": false,
                "type": "CODEPIPELINE"
              }
            ],
            "source_version": "",
            "tags": {},
            "tags_all": {
              "CmBillingGroup": "OTHER",
              "CodedResource": "true",
              "Environment": "playground",
              "IaC": "local",
              "Owner": "",
              "Service": "selin-tf"
            },
            "vpc_config": []
          },
          "sensitive_attributes": [],
          "private": "bnVsbA==",
          "dependencies": [
            "aws_ecs_task_definition.init_laravel",
            "aws_iam_role.ecs_task_execution_role_laravel",
            "aws_iam_role.ecs_task_role_laravel",
            "data.aws_caller_identity.current",
            "data.aws_iam_policy_document.assumerole_ecs-tasks_laravel",
            "data.aws_iam_policy_document.ecs_task_basic_action_for_laravel",
            "data.aws_iam_policy_document.ecs_task_execusion_basic_action_laravel",
            "data.aws_iam_policy_document.secrets_parameter_action_for_laravel",
            "data.aws_region.current",
            "module.ecs_cluster_workload.aws_cloudwatch_log_group.containerinsights_performance",
            "module.ecs_cluster_workload.aws_cloudwatch_log_group.default",
            "module.ecs_cluster_workload.aws_ecs_cluster.default",
            "module.pipeline_laravel.aws_cloudwatch_log_group.codebuild_default",
            "module.pipeline_laravel.aws_iam_role.codebuild_service_role",
            "module.pipeline_laravel.data.aws_caller_identity.current",
            "module.pipeline_laravel.data.aws_iam_policy_document.codebuild_assume_role_policy",
            "module.pipeline_laravel.data.aws_iam_policy_document.codebuild_role_policy",
            "module.s3_pipeline_store.aws_s3_bucket.default"
          ]
        }
      ]
    },
    {
      "module": "module.pipeline_laravel",
      "mode": "managed",
      "type": "aws_codepipeline",
      "name": "rolling_default",
      "provider": "provider[\"registry.terraform.io/hashicorp/aws\"]",
      "instances": [
        {
          "index_key": 0,
          "schema_version": 0,
          "attributes": {
            "arn": "arn:aws:codepipeline:ap-southeast-1:890942158228:selin-tf-api",
            "artifact_store": [
              {
                "encryption_key": [],
                "location": "aws-pipeline-store-selin-tf-890942158228",
                "region": "",
                "type": "S3"
              }
            ],
            "id": "selin-tf-api",
            "name": "selin-tf-api",
            "role_arn": "arn:aws:iam::890942158228:role/servicerole/codepipeline_service_role_selin-tf-api_pipeline",
            "stage": [
              {
                "action": [
                  {
                    "category": "Source",
                    "configuration": {
                      "BranchName": "master",
                      "ConnectionArn": "arn:aws:codestar-connections:ap-southeast-1:890942158228:connection/761e6794-2057-44e5-8e4c-a9665c46ce1e",
                      "DetectChanges": "true",
                      "FullRepositoryId": "joselin-bizmatesph/laravel-api-base-image"
                    },
                    "input_artifacts": [],
                    "name": "Source",
                    "namespace": "",
                    "output_artifacts": [
                      "SourceArtifact"
                    ],
                    "owner": "AWS",
                    "provider": "CodeStarSourceConnection",
                    "region": "",
                    "role_arn": "",
                    "run_order": 1,
                    "version": "1"
                  }
                ],
                "name": "Source"
              },
              {
                "action": [
                  {
                    "category": "Build",
                    "configuration": {
                      "ProjectName": "selin-tf-api"
                    },
                    "input_artifacts": [
                      "SourceArtifact"
                    ],
                    "name": "Build",
                    "namespace": "",
                    "output_artifacts": [
                      "BuildArtifact"
                    ],
                    "owner": "AWS",
                    "provider": "CodeBuild",
                    "region": "",
                    "role_arn": "",
                    "run_order": 1,
                    "version": "1"
                  }
                ],
                "name": "Build"
              },
              {
                "action": [
                  {
                    "category": "Approval",
                    "configuration": {
                      "CustomData": "Deployment",
                      "ExternalEntityLink": "Deployment Approval"
                    },
                    "input_artifacts": [],
                    "name": "Approve",
                    "namespace": "",
                    "output_artifacts": [],
                    "owner": "AWS",
                    "provider": "Manual",
                    "region": "",
                    "role_arn": "",
                    "run_order": 1,
                    "version": "1"
                  }
                ],
                "name": "Approve"
              },
              {
                "action": [
                  {
                    "category": "Deploy",
                    "configuration": {
                      "ClusterName": "selin-tf",
                      "DeploymentTimeout": "10",
                      "ServiceName": "selin-tf/selin-tf-api"
                    },
                    "input_artifacts": [
                      "BuildArtifact"
                    ],
                    "name": "Deploy",
                    "namespace": "",
                    "output_artifacts": [],
                    "owner": "AWS",
                    "provider": "ECS",
                    "region": "",
                    "role_arn": "",
                    "run_order": 1,
                    "version": "1"
                  }
                ],
                "name": "Deploy"
              }
            ],
            "tags": {},
            "tags_all": {
              "CmBillingGroup": "OTHER",
              "CodedResource": "true",
              "Environment": "playground",
              "IaC": "local",
              "Owner": "",
              "Service": "selin-tf"
            }
          },
          "sensitive_attributes": [],
          "private": "bnVsbA==",
          "dependencies": [
            "data.aws_caller_identity.current",
            "module.ecs_cluster_workload.aws_cloudwatch_log_group.containerinsights_performance",
            "module.ecs_cluster_workload.aws_cloudwatch_log_group.default",
            "module.ecs_cluster_workload.aws_ecs_cluster.default",
            "module.pipeline_laravel.aws_codestarconnections_connection.default",
            "module.pipeline_laravel.aws_iam_role.codepipeline_service_role",
            "module.pipeline_laravel.data.aws_caller_identity.current",
            "module.pipeline_laravel.data.aws_iam_policy_document.codepipeline_assume_role_policy",
            "module.pipeline_laravel.data.aws_iam_policy_document.codepipeline_role_policy",
            "module.s3_pipeline_store.aws_s3_bucket.default"
          ]
        }
      ]
    },
    {
      "module": "module.pipeline_laravel",
      "mode": "managed",
      "type": "aws_codestarconnections_connection",
      "name": "default",
      "provider": "provider[\"registry.terraform.io/hashicorp/aws\"]",
      "instances": [
        {
          "schema_version": 0,
          "attributes": {
            "arn": "arn:aws:codestar-connections:ap-southeast-1:890942158228:connection/761e6794-2057-44e5-8e4c-a9665c46ce1e",
            "connection_status": "AVAILABLE",
            "host_arn": "",
            "id": "arn:aws:codestar-connections:ap-southeast-1:890942158228:connection/761e6794-2057-44e5-8e4c-a9665c46ce1e",
            "name": "selin-tf-api",
            "provider_type": "GitHub",
            "tags": {},
            "tags_all": {
              "CmBillingGroup": "OTHER",
              "CodedResource": "true",
              "Environment": "playground",
              "IaC": "local",
              "Owner": "",
              "Service": "selin-tf"
            }
          },
          "sensitive_attributes": [],
          "private": "bnVsbA=="
        }
      ]
    },
    {
      "module": "module.pipeline_laravel",
      "mode": "managed",
      "type": "aws_iam_role",
      "name": "codebuild_service_role",
      "provider": "provider[\"registry.terraform.io/hashicorp/aws\"]",
      "instances": [
        {
          "schema_version": 0,
          "attributes": {
            "arn": "arn:aws:iam::890942158228:role/servicerole/codebuild_service_role_selin-tf-api_project",
            "assume_role_policy": "{\"Statement\":[{\"Action\":\"sts:AssumeRole\",\"Effect\":\"Allow\",\"Principal\":{\"Service\":\"codebuild.amazonaws.com\"}}],\"Version\":\"2012-10-17\"}",
            "create_date": "2024-06-02T14:19:23Z",
            "description": "",
            "force_detach_policies": false,
            "id": "codebuild_service_role_selin-tf-api_project",
            "inline_policy": [
              {
                "name": "codebuild_role_policy",
                "policy": "{\"Version\":\"2012-10-17\",\"Statement\":[{\"Action\":\"iam:PassRole\",\"Condition\":{\"StringEqualsIfExists\":{\"iam:PassedToService\":\"ecs-tasks.amazonaws.com\"}},\"Effect\":\"Allow\",\"Resource\":[\"arn:aws:iam::890942158228:role/servicerole/ecs_task_role_*\",\"arn:aws:iam::890942158228:role/servicerole/ecs_task_execution_role_*\"]},{\"Action\":[\"codebuild:UpdateReport\",\"codebuild:CreateReportGroup\",\"codebuild:CreateReport\",\"codebuild:BatchPutTestCases\",\"codebuild:BatchPutCodeCoverages\"],\"Effect\":\"Allow\",\"Resource\":\"arn:aws:codebuild:*:890942158228:report-group/*\"},{\"Action\":[\"ecr:UploadLayerPart\",\"ecr:PutImage\",\"ecr:InitiateLayerUpload\",\"ecr:GetDownloadUrlForLayer\",\"ecr:GetAuthorizationToken\",\"ecr:CompleteLayerUpload\",\"ecr:BatchGetImage\",\"ecr:BatchCheckLayerAvailability\"],\"Effect\":\"Allow\",\"Resource\":\"*\"},{\"Action\":[\"ecs:UpdateService\",\"ecs:TagResource\",\"ecs:RegisterTaskDefinition\",\"ecs:DescribeTaskDefinition\"],\"Effect\":\"Allow\",\"Resource\":\"*\"},{\"Action\":[\"s3:PutObject\",\"s3:GetObjectVersion\",\"s3:GetObject\",\"s3:GetBucketLocation\",\"s3:GetBucketAcl\"],\"Effect\":\"Allow\",\"Resource\":[\"arn:aws:s3:::aws-pipeline-store-selin-tf-890942158228/*\",\"arn:aws:s3:::aws-pipeline-store-selin-tf-890942158228\"]},{\"Action\":[\"s3:GetObject\",\"s3:DeleteObject\"],\"Effect\":\"Deny\",\"Resource\":\"arn:aws:s3:::*/AWSLogs/*\"},{\"Action\":[\"logs:PutLogEvents\",\"logs:CreateLogStream\",\"logs:CreateLogGroup\"],\"Effect\":\"Allow\",\"Resource\":\"arn:aws:logs:*:890942158228:log-group:/codebuild/*\"}]}"
              }
            ],
            "managed_policy_arns": [
              "arn:aws:iam::aws:policy/AmazonElasticContainerRegistryPublicReadOnly"
            ],
            "max_session_duration": 3600,
            "name": "codebuild_service_role_selin-tf-api_project",
            "name_prefix": "",
            "path": "/servicerole/",
            "permissions_boundary": null,
            "tags": {},
            "tags_all": {
              "CmBillingGroup": "OTHER",
              "CodedResource": "true",
              "Environment": "playground",
              "IaC": "local",
              "Owner": "",
              "Service": "selin-tf"
            },
            "unique_id": "AROA464CKOWKCJ5HXLO7W"
          },
          "sensitive_attributes": [],
          "private": "bnVsbA==",
          "dependencies": [
            "data.aws_caller_identity.current",
            "module.pipeline_laravel.data.aws_caller_identity.current",
            "module.pipeline_laravel.data.aws_iam_policy_document.codebuild_assume_role_policy",
            "module.pipeline_laravel.data.aws_iam_policy_document.codebuild_role_policy",
            "module.s3_pipeline_store.aws_s3_bucket.default"
          ]
        }
      ]
    },
    {
      "module": "module.pipeline_laravel",
      "mode": "managed",
      "type": "aws_iam_role",
      "name": "codedeploy_service_role",
      "provider": "provider[\"registry.terraform.io/hashicorp/aws\"]",
      "instances": [
        {
          "schema_version": 0,
          "attributes": {
            "arn": "arn:aws:iam::890942158228:role/servicerole/codedeploy_service_role_selin-tf-api_application",
            "assume_role_policy": "{\"Statement\":[{\"Action\":\"sts:AssumeRole\",\"Effect\":\"Allow\",\"Principal\":{\"Service\":\"codedeploy.amazonaws.com\"}}],\"Version\":\"2012-10-17\"}",
            "create_date": "2024-06-02T14:19:19Z",
            "description": "",
            "force_detach_policies": false,
            "id": "codedeploy_service_role_selin-tf-api_application",
            "inline_policy": [
              {
                "name": "codebuild_role_policy",
                "policy": "{\"Version\":\"2012-10-17\",\"Statement\":[{\"Action\":\"iam:PassRole\",\"Condition\":{\"StringEqualsIfExists\":{\"iam:PassedToService\":\"ecs-tasks.amazonaws.com\"}},\"Effect\":\"Allow\",\"Resource\":[\"arn:aws:iam::890942158228:role/servicerole/ecs_task_role_*\",\"arn:aws:iam::890942158228:role/servicerole/ecs_task_execution_role_*\"]},{\"Action\":[\"codebuild:UpdateReport\",\"codebuild:CreateReportGroup\",\"codebuild:CreateReport\",\"codebuild:BatchPutTestCases\",\"codebuild:BatchPutCodeCoverages\"],\"Effect\":\"Allow\",\"Resource\":\"arn:aws:codebuild:*:890942158228:report-group/*\"},{\"Action\":[\"ecr:UploadLayerPart\",\"ecr:PutImage\",\"ecr:InitiateLayerUpload\",\"ecr:GetDownloadUrlForLayer\",\"ecr:GetAuthorizationToken\",\"ecr:CompleteLayerUpload\",\"ecr:BatchGetImage\",\"ecr:BatchCheckLayerAvailability\"],\"Effect\":\"Allow\",\"Resource\":\"*\"},{\"Action\":[\"ecs:UpdateService\",\"ecs:TagResource\",\"ecs:RegisterTaskDefinition\",\"ecs:DescribeTaskDefinition\"],\"Effect\":\"Allow\",\"Resource\":\"*\"},{\"Action\":[\"s3:PutObject\",\"s3:GetObjectVersion\",\"s3:GetObject\",\"s3:GetBucketLocation\",\"s3:GetBucketAcl\"],\"Effect\":\"Allow\",\"Resource\":[\"arn:aws:s3:::aws-pipeline-store-selin-tf-890942158228/*\",\"arn:aws:s3:::aws-pipeline-store-selin-tf-890942158228\"]},{\"Action\":[\"s3:GetObject\",\"s3:DeleteObject\"],\"Effect\":\"Deny\",\"Resource\":\"arn:aws:s3:::*/AWSLogs/*\"},{\"Action\":[\"logs:PutLogEvents\",\"logs:CreateLogStream\",\"logs:CreateLogGroup\"],\"Effect\":\"Allow\",\"Resource\":\"arn:aws:logs:*:890942158228:log-group:/codebuild/*\"}]}"
              }
            ],
            "managed_policy_arns": [
              "arn:aws:iam::aws:policy/AWSCodeDeployRoleForECS"
            ],
            "max_session_duration": 3600,
            "name": "codedeploy_service_role_selin-tf-api_application",
            "name_prefix": "",
            "path": "/servicerole/",
            "permissions_boundary": null,
            "tags": {},
            "tags_all": {
              "CmBillingGroup": "OTHER",
              "CodedResource": "true",
              "Environment": "playground",
              "IaC": "local",
              "Owner": "",
              "Service": "selin-tf"
            },
            "unique_id": "AROA464CKOWKLQF77MD5H"
          },
          "sensitive_attributes": [],
          "private": "bnVsbA==",
          "dependencies": [
            "module.pipeline_laravel.data.aws_iam_policy_document.codedeploy_assume_role_policy"
          ]
        }
      ]
    },
    {
      "module": "module.pipeline_laravel",
      "mode": "managed",
      "type": "aws_iam_role",
      "name": "codepipeline_service_role",
      "provider": "provider[\"registry.terraform.io/hashicorp/aws\"]",
      "instances": [
        {
          "schema_version": 0,
          "attributes": {
            "arn": "arn:aws:iam::890942158228:role/servicerole/codepipeline_service_role_selin-tf-api_pipeline",
            "assume_role_policy": "{\"Statement\":[{\"Action\":\"sts:AssumeRole\",\"Effect\":\"Allow\",\"Principal\":{\"Service\":\"codepipeline.amazonaws.com\"}}],\"Version\":\"2012-10-17\"}",
            "create_date": "2024-06-02T14:19:23Z",
            "description": "",
            "force_detach_policies": false,
            "id": "codepipeline_service_role_selin-tf-api_pipeline",
            "inline_policy": [
              {
                "name": "codepipeline_role_policy",
                "policy": "{\"Version\":\"2012-10-17\",\"Statement\":[{\"Action\":\"iam:PassRole\",\"Condition\":{\"StringEqualsIfExists\":{\"iam:PassedToService\":\"ecs-tasks.amazonaws.com\"}},\"Effect\":\"Allow\",\"Resource\":[\"arn:aws:iam::890942158228:role/servicerole/ecs_task_role_*\",\"arn:aws:iam::890942158228:role/servicerole/ecs_task_execution_role_*\"]},{\"Action\":\"codestar-connections:UseConnection\",\"Effect\":\"Allow\",\"Resource\":\"*\"},{\"Action\":\"ecr:DescribeImages\",\"Effect\":\"Allow\",\"Resource\":\"*\"},{\"Action\":[\"codebuild:StartBuildBatch\",\"codebuild:StartBuild\",\"codebuild:BatchGetBuilds\",\"codebuild:BatchGetBuildBatches\"],\"Effect\":\"Allow\",\"Resource\":\"arn:aws:codebuild:*:890942158228:*selin-tf-api*\"},{\"Action\":[\"codedeploy:RegisterApplicationRevision\",\"codedeploy:GetDeploymentConfig\",\"codedeploy:GetDeployment\",\"codedeploy:GetApplicationRevision\",\"codedeploy:GetApplication\",\"codedeploy:CreateDeployment\"],\"Effect\":\"Allow\",\"Resource\":\"arn:aws:codedeploy:*:890942158228:*selin-tf-api*\"},{\"Action\":[\"ecs:UpdateServicePrimaryTaskSet\",\"ecs:UpdateService\",\"ecs:DescribeServices\",\"ecs:DeleteTaskSet\"],\"Effect\":\"Allow\",\"Resource\":\"arn:aws:ecs:ap-northeast-1:890942158228:service/*selin-tf-api*\"},{\"Action\":[\"ecs:TagResource\",\"ecs:RegisterTaskDefinition\",\"ecs:DescribeTaskDefinition\"],\"Effect\":\"Allow\",\"Resource\":\"*\"},{\"Action\":\"sns:Publish\",\"Effect\":\"Allow\",\"Resource\":\"arn:aws:sns:ap-northeast-1:890942158228:CodeStarNotifications*\"},{\"Action\":\"s3:*\",\"Effect\":\"Allow\",\"Resource\":[\"arn:aws:s3:::aws-pipeline-store-selin-tf-890942158228/*\",\"arn:aws:s3:::aws-pipeline-store-selin-tf-890942158228\"]},{\"Action\":[\"s3:GetObject\",\"s3:DeleteObject\"],\"Effect\":\"Deny\",\"Resource\":\"arn:aws:s3:::*/AWSLogs/*\"}]}"
              }
            ],
            "managed_policy_arns": [
              "arn:aws:iam::aws:policy/AWSCodeDeployReadOnlyAccess"
            ],
            "max_session_duration": 3600,
            "name": "codepipeline_service_role_selin-tf-api_pipeline",
            "name_prefix": "",
            "path": "/servicerole/",
            "permissions_boundary": null,
            "tags": {},
            "tags_all": {
              "CmBillingGroup": "OTHER",
              "CodedResource": "true",
              "Environment": "playground",
              "IaC": "local",
              "Owner": "",
              "Service": "selin-tf"
            },
            "unique_id": "AROA464CKOWKFYUVEG2HM"
          },
          "sensitive_attributes": [],
          "private": "bnVsbA==",
          "dependencies": [
            "data.aws_caller_identity.current",
            "module.pipeline_laravel.data.aws_caller_identity.current",
            "module.pipeline_laravel.data.aws_iam_policy_document.codepipeline_assume_role_policy",
            "module.pipeline_laravel.data.aws_iam_policy_document.codepipeline_role_policy",
            "module.s3_pipeline_store.aws_s3_bucket.default"
          ]
        }
      ]
    },
    {
      "module": "module.s3_pipeline_store",
      "mode": "data",
      "type": "aws_caller_identity",
      "name": "current",
      "provider": "provider[\"registry.terraform.io/hashicorp/aws\"]",
      "instances": [
        {
          "schema_version": 0,
          "attributes": {
            "account_id": "890942158228",
            "arn": "arn:aws:iam::890942158228:user/joselin.macayanan",
            "id": "890942158228",
            "user_id": "AIDA464CKOWKP6BI6SPC2"
          },
          "sensitive_attributes": []
        }
      ]
    },
    {
      "module": "module.s3_pipeline_store",
      "mode": "data",
      "type": "aws_region",
      "name": "current",
      "provider": "provider[\"registry.terraform.io/hashicorp/aws\"]",
      "instances": [
        {
          "schema_version": 0,
          "attributes": {
            "description": "Asia Pacific (Singapore)",
            "endpoint": "ec2.ap-southeast-1.amazonaws.com",
            "id": "ap-southeast-1",
            "name": "ap-southeast-1"
          },
          "sensitive_attributes": []
        }
      ]
    },
    {
      "module": "module.s3_pipeline_store",
      "mode": "managed",
      "type": "aws_s3_bucket",
      "name": "default",
      "provider": "provider[\"registry.terraform.io/hashicorp/aws\"]",
      "instances": [
        {
          "schema_version": 0,
          "attributes": {
            "acceleration_status": "",
            "acl": null,
            "arn": "arn:aws:s3:::aws-pipeline-store-selin-tf-890942158228",
            "bucket": "aws-pipeline-store-selin-tf-890942158228",
            "bucket_domain_name": "aws-pipeline-store-selin-tf-890942158228.s3.amazonaws.com",
            "bucket_prefix": "",
            "bucket_regional_domain_name": "aws-pipeline-store-selin-tf-890942158228.s3.ap-southeast-1.amazonaws.com",
            "cors_rule": [],
            "force_destroy": true,
            "grant": [
              {
                "id": "68b3269bbb2db9f105dedb2b67d849b0d7dbd0cb910a5faf7c1addf0c203646a",
                "permissions": [
                  "FULL_CONTROL"
                ],
                "type": "CanonicalUser",
                "uri": ""
              }
            ],
            "hosted_zone_id": "Z3O0J2DXBE1FTB",
            "id": "aws-pipeline-store-selin-tf-890942158228",
            "lifecycle_rule": [
              {
                "abort_incomplete_multipart_upload_days": 7,
                "enabled": true,
                "expiration": [],
                "id": "abort_incomplete_multipart_upload",
                "noncurrent_version_expiration": [],
                "noncurrent_version_transition": [],
                "prefix": "",
                "tags": {},
                "transition": []
              },
              {
                "abort_incomplete_multipart_upload_days": 0,
                "enabled": true,
                "expiration": [],
                "id": "inteligent_tiering",
                "noncurrent_version_expiration": [],
                "noncurrent_version_transition": [
                  {
                    "days": 30,
                    "storage_class": "INTELLIGENT_TIERING"
                  }
                ],
                "prefix": "",
                "tags": {},
                "transition": [
                  {
                    "date": "",
                    "days": 30,
                    "storage_class": "INTELLIGENT_TIERING"
                  }
                ]
              }
            ],
            "logging": [],
            "object_lock_configuration": [],
            "object_lock_enabled": false,
            "policy": "",
            "region": "ap-southeast-1",
            "replication_configuration": [],
            "request_payer": "BucketOwner",
            "server_side_encryption_configuration": [
              {
                "rule": [
                  {
                    "apply_server_side_encryption_by_default": [
                      {
                        "kms_master_key_id": "",
                        "sse_algorithm": "AES256"
                      }
                    ],
                    "bucket_key_enabled": false
                  }
                ]
              }
            ],
            "tags": {},
            "tags_all": {},
            "timeouts": null,
            "versioning": [
              {
                "enabled": false,
                "mfa_delete": false
              }
            ],
            "website": [],
            "website_domain": null,
            "website_endpoint": null
          },
          "sensitive_attributes": [],
          "private": "eyJlMmJmYjczMC1lY2FhLTExZTYtOGY4OC0zNDM2M2JjN2M0YzAiOnsiY3JlYXRlIjoxMjAwMDAwMDAwMDAwLCJkZWxldGUiOjM2MDAwMDAwMDAwMDAsInJlYWQiOjEyMDAwMDAwMDAwMDAsInVwZGF0ZSI6MTIwMDAwMDAwMDAwMH19",
          "dependencies": [
            "data.aws_caller_identity.current"
          ]
        }
      ]
    },
    {
      "module": "module.s3_pipeline_store",
      "mode": "managed",
      "type": "aws_s3_bucket_intelligent_tiering_configuration",
      "name": "default",
      "provider": "provider[\"registry.terraform.io/hashicorp/aws\"]",
      "instances": [
        {
          "index_key": 0,
          "schema_version": 0,
          "attributes": {
            "bucket": "aws-pipeline-store-selin-tf-890942158228",
            "filter": [],
            "id": "aws-pipeline-store-selin-tf-890942158228:default",
            "name": "default",
            "status": "Enabled",
            "tiering": [
              {
                "access_tier": "ARCHIVE_ACCESS",
                "days": 90
              },
              {
                "access_tier": "DEEP_ARCHIVE_ACCESS",
                "days": 365
              }
            ]
          },
          "sensitive_attributes": [],
          "private": "bnVsbA==",
          "dependencies": [
            "data.aws_caller_identity.current",
            "module.s3_pipeline_store.aws_s3_bucket.default"
          ]
        }
      ]
    },
    {
      "module": "module.s3_pipeline_store",
      "mode": "managed",
      "type": "aws_s3_bucket_lifecycle_configuration",
      "name": "enable_archive",
      "provider": "provider[\"registry.terraform.io/hashicorp/aws\"]",
      "instances": [
        {
          "index_key": 0,
          "schema_version": 0,
          "attributes": {
            "bucket": "aws-pipeline-store-selin-tf-890942158228",
            "expected_bucket_owner": "",
            "id": "aws-pipeline-store-selin-tf-890942158228",
            "rule": [
              {
                "abort_incomplete_multipart_upload": [
                  {
                    "days_after_initiation": 7
                  }
                ],
                "expiration": [],
                "filter": [
                  {
                    "and": [],
                    "object_size_greater_than": null,
                    "object_size_less_than": null,
                    "prefix": null,
                    "tag": []
                  }
                ],
                "id": "abort_incomplete_multipart_upload",
                "noncurrent_version_expiration": [],
                "noncurrent_version_transition": [],
                "prefix": "",
                "status": "Enabled",
                "transition": []
              },
              {
                "abort_incomplete_multipart_upload": [],
                "expiration": [],
                "filter": [
                  {
                    "and": [],
                    "object_size_greater_than": null,
                    "object_size_less_than": null,
                    "prefix": null,
                    "tag": []
                  }
                ],
                "id": "inteligent_tiering",
                "noncurrent_version_expiration": [],
                "noncurrent_version_transition": [
                  {
                    "newer_noncurrent_versions": "",
                    "noncurrent_days": 30,
                    "storage_class": "INTELLIGENT_TIERING"
                  }
                ],
                "prefix": "",
                "status": "Enabled",
                "transition": [
                  {
                    "date": "",
                    "days": 30,
                    "storage_class": "INTELLIGENT_TIERING"
                  }
                ]
              }
            ]
          },
          "sensitive_attributes": [],
          "private": "bnVsbA==",
          "dependencies": [
            "data.aws_caller_identity.current",
            "module.s3_pipeline_store.aws_s3_bucket.default"
          ]
        }
      ]
    },
    {
      "module": "module.s3_pipeline_store",
      "mode": "managed",
      "type": "aws_s3_bucket_public_access_block",
      "name": "default",
      "provider": "provider[\"registry.terraform.io/hashicorp/aws\"]",
      "instances": [
        {
          "schema_version": 0,
          "attributes": {
            "block_public_acls": true,
            "block_public_policy": true,
            "bucket": "aws-pipeline-store-selin-tf-890942158228",
            "id": "aws-pipeline-store-selin-tf-890942158228",
            "ignore_public_acls": true,
            "restrict_public_buckets": true
          },
          "sensitive_attributes": [],
          "private": "bnVsbA==",
          "dependencies": [
            "data.aws_caller_identity.current",
            "module.s3_pipeline_store.aws_s3_bucket.default"
          ]
        }
      ]
    },
    {
      "module": "module.s3_pipeline_store",
      "mode": "managed",
      "type": "aws_s3_bucket_server_side_encryption_configuration",
      "name": "default",
      "provider": "provider[\"registry.terraform.io/hashicorp/aws\"]",
      "instances": [
        {
          "schema_version": 0,
          "attributes": {
            "bucket": "aws-pipeline-store-selin-tf-890942158228",
            "expected_bucket_owner": "",
            "id": "aws-pipeline-store-selin-tf-890942158228",
            "rule": [
              {
                "apply_server_side_encryption_by_default": [
                  {
                    "kms_master_key_id": "",
                    "sse_algorithm": "AES256"
                  }
                ],
                "bucket_key_enabled": false
              }
            ]
          },
          "sensitive_attributes": [],
          "private": "bnVsbA==",
          "dependencies": [
            "data.aws_caller_identity.current",
            "module.s3_pipeline_store.aws_s3_bucket.default"
          ]
        }
      ]
    },
    {
      "module": "module.vpc_workload",
      "mode": "data",
      "type": "aws_iam_policy_document",
      "name": "ec2_common_instance_profile",
      "provider": "provider[\"registry.terraform.io/hashicorp/aws\"]",
      "instances": [
        {
          "schema_version": 0,
          "attributes": {
            "id": "2851119427",
            "json": "{\n  \"Version\": \"2012-10-17\",\n  \"Statement\": [\n    {\n      \"Effect\": \"Allow\",\n      \"Action\": \"sts:AssumeRole\",\n      \"Principal\": {\n        \"Service\": \"ec2.amazonaws.com\"\n      }\n    }\n  ]\n}",
            "override_policy_documents": null,
            "policy_id": null,
            "source_policy_documents": null,
            "statement": [
              {
                "actions": [
                  "sts:AssumeRole"
                ],
                "condition": [],
                "effect": "Allow",
                "not_actions": [],
                "not_principals": [],
                "not_resources": [],
                "principals": [
                  {
                    "identifiers": [
                      "ec2.amazonaws.com"
                    ],
                    "type": "Service"
                  }
                ],
                "resources": [],
                "sid": ""
              }
            ],
            "version": "2012-10-17"
          },
          "sensitive_attributes": []
        }
      ]
    },
    {
      "module": "module.vpc_workload",
      "mode": "data",
      "type": "aws_iam_policy_document",
      "name": "ec2_nat_instance",
      "provider": "provider[\"registry.terraform.io/hashicorp/aws\"]",
      "instances": [
        {
          "schema_version": 0,
          "attributes": {
            "id": "2851119427",
            "json": "{\n  \"Version\": \"2012-10-17\",\n  \"Statement\": [\n    {\n      \"Effect\": \"Allow\",\n      \"Action\": \"sts:AssumeRole\",\n      \"Principal\": {\n        \"Service\": \"ec2.amazonaws.com\"\n      }\n    }\n  ]\n}",
            "override_policy_documents": null,
            "policy_id": null,
            "source_policy_documents": null,
            "statement": [
              {
                "actions": [
                  "sts:AssumeRole"
                ],
                "condition": [],
                "effect": "Allow",
                "not_actions": [],
                "not_principals": [],
                "not_resources": [],
                "principals": [
                  {
                    "identifiers": [
                      "ec2.amazonaws.com"
                    ],
                    "type": "Service"
                  }
                ],
                "resources": [],
                "sid": ""
              }
            ],
            "version": "2012-10-17"
          },
          "sensitive_attributes": []
        }
      ]
    },
    {
      "module": "module.vpc_workload",
      "mode": "data",
      "type": "aws_region",
      "name": "current",
      "provider": "provider[\"registry.terraform.io/hashicorp/aws\"]",
      "instances": [
        {
          "schema_version": 0,
          "attributes": {
            "description": "Asia Pacific (Singapore)",
            "endpoint": "ec2.ap-southeast-1.amazonaws.com",
            "id": "ap-southeast-1",
            "name": "ap-southeast-1"
          },
          "sensitive_attributes": []
        }
      ]
    },
    {
      "module": "module.vpc_workload",
      "mode": "data",
      "type": "aws_ssm_parameter",
      "name": "amzn2_arm_ami",
      "provider": "provider[\"registry.terraform.io/hashicorp/aws\"]",
      "instances": [
        {
          "schema_version": 0,
          "attributes": {
            "arn": "arn:aws:ssm:ap-southeast-1::parameter/aws/service/ami-amazon-linux-latest/amzn2-ami-hvm-arm64-gp2",
            "id": "/aws/service/ami-amazon-linux-latest/amzn2-ami-hvm-arm64-gp2",
            "insecure_value": "ami-0e2e863819580c71a",
            "name": "/aws/service/ami-amazon-linux-latest/amzn2-ami-hvm-arm64-gp2",
            "type": "String",
            "value": "ami-0e2e863819580c71a",
            "version": 100,
            "with_decryption": true
          },
          "sensitive_attributes": [
            [
              {
                "type": "get_attr",
                "value": "value"
              }
            ]
          ]
        }
      ]
    },
    {
      "module": "module.vpc_workload",
      "mode": "managed",
      "type": "aws_iam_instance_profile",
      "name": "bastion",
      "provider": "provider[\"registry.terraform.io/hashicorp/aws\"]",
      "instances": [
        {
          "schema_version": 0,
          "attributes": {
            "arn": "arn:aws:iam::890942158228:instance-profile/ec2_profile_bastion_instance_selin-tf",
            "create_date": "2024-06-02T14:19:21Z",
            "id": "ec2_profile_bastion_instance_selin-tf",
            "name": "ec2_profile_bastion_instance_selin-tf",
            "name_prefix": "",
            "path": "/",
            "role": "ec2_profile_bastion_instance_selin-tf",
            "tags": {},
            "tags_all": {
              "CmBillingGroup": "OTHER",
              "CodedResource": "true",
              "Environment": "playground",
              "IaC": "local",
              "Owner": "",
              "Service": "selin-tf"
            },
            "unique_id": "AIPA464CKOWKMZCEVMORA"
          },
          "sensitive_attributes": [],
          "private": "bnVsbA==",
          "dependencies": [
            "module.vpc_workload.aws_iam_role.ec2_instance_profile",
            "module.vpc_workload.data.aws_iam_policy_document.ec2_common_instance_profile"
          ]
        }
      ]
    },
    {
      "module": "module.vpc_workload",
      "mode": "managed",
      "type": "aws_iam_instance_profile",
      "name": "ec2_nat_instance",
      "provider": "provider[\"registry.terraform.io/hashicorp/aws\"]",
      "instances": [
        {
          "schema_version": 0,
          "attributes": {
            "arn": "arn:aws:iam::890942158228:instance-profile/ec2_profile_nat_instance_selin-tf_vpc",
            "create_date": "2024-06-02T14:19:21Z",
            "id": "ec2_profile_nat_instance_selin-tf_vpc",
            "name": "ec2_profile_nat_instance_selin-tf_vpc",
            "name_prefix": "",
            "path": "/",
            "role": "ec2_profile_nat_instance_selin-tf_vpc",
            "tags": {},
            "tags_all": {
              "CmBillingGroup": "OTHER",
              "CodedResource": "true",
              "Environment": "playground",
              "IaC": "local",
              "Owner": "",
              "Service": "selin-tf"
            },
            "unique_id": "AIPA464CKOWKI6YPJDMJ4"
          },
          "sensitive_attributes": [],
          "private": "bnVsbA==",
          "dependencies": [
            "module.vpc_workload.aws_iam_role.ec2_nat_instance",
            "module.vpc_workload.data.aws_iam_policy_document.ec2_nat_instance"
          ]
        }
      ]
    },
    {
      "module": "module.vpc_workload",
      "mode": "managed",
      "type": "aws_iam_role",
      "name": "ec2_instance_profile",
      "provider": "provider[\"registry.terraform.io/hashicorp/aws\"]",
      "instances": [
        {
          "schema_version": 0,
          "attributes": {
            "arn": "arn:aws:iam::890942158228:role/instanceprofile/ec2_profile_bastion_instance_selin-tf",
            "assume_role_policy": "{\"Statement\":[{\"Action\":\"sts:AssumeRole\",\"Effect\":\"Allow\",\"Principal\":{\"Service\":\"ec2.amazonaws.com\"}}],\"Version\":\"2012-10-17\"}",
            "create_date": "2024-06-02T14:19:19Z",
            "description": "",
            "force_detach_policies": false,
            "id": "ec2_profile_bastion_instance_selin-tf",
            "inline_policy": [],
            "managed_policy_arns": [
              "arn:aws:iam::aws:policy/AmazonSSMManagedInstanceCore"
            ],
            "max_session_duration": 3600,
            "name": "ec2_profile_bastion_instance_selin-tf",
            "name_prefix": "",
            "path": "/instanceprofile/",
            "permissions_boundary": null,
            "tags": {},
            "tags_all": {
              "CmBillingGroup": "OTHER",
              "CodedResource": "true",
              "Environment": "playground",
              "IaC": "local",
              "Owner": "",
              "Service": "selin-tf"
            },
            "unique_id": "AROA464CKOWKJ6H6T73ZQ"
          },
          "sensitive_attributes": [],
          "private": "bnVsbA==",
          "dependencies": [
            "module.vpc_workload.data.aws_iam_policy_document.ec2_common_instance_profile"
          ]
        }
      ]
    },
    {
      "module": "module.vpc_workload",
      "mode": "managed",
      "type": "aws_iam_role",
      "name": "ec2_nat_instance",
      "provider": "provider[\"registry.terraform.io/hashicorp/aws\"]",
      "instances": [
        {
          "schema_version": 0,
          "attributes": {
            "arn": "arn:aws:iam::890942158228:role/instanceprofile/ec2_profile_nat_instance_selin-tf_vpc",
            "assume_role_policy": "{\"Statement\":[{\"Action\":\"sts:AssumeRole\",\"Effect\":\"Allow\",\"Principal\":{\"Service\":\"ec2.amazonaws.com\"}}],\"Version\":\"2012-10-17\"}",
            "create_date": "2024-06-02T14:19:19Z",
            "description": "",
            "force_detach_policies": false,
            "id": "ec2_profile_nat_instance_selin-tf_vpc",
            "inline_policy": [],
            "managed_policy_arns": [
              "arn:aws:iam::aws:policy/AmazonSSMManagedInstanceCore"
            ],
            "max_session_duration": 3600,
            "name": "ec2_profile_nat_instance_selin-tf_vpc",
            "name_prefix": "",
            "path": "/instanceprofile/",
            "permissions_boundary": null,
            "tags": {},
            "tags_all": {
              "CmBillingGroup": "OTHER",
              "CodedResource": "true",
              "Environment": "playground",
              "IaC": "local",
              "Owner": "",
              "Service": "selin-tf"
            },
            "unique_id": "AROA464CKOWKG6QOTS74T"
          },
          "sensitive_attributes": [],
          "private": "bnVsbA==",
          "dependencies": [
            "module.vpc_workload.data.aws_iam_policy_document.ec2_nat_instance"
          ]
        }
      ]
    },
    {
      "module": "module.vpc_workload",
      "mode": "managed",
      "type": "aws_instance",
      "name": "bastion",
      "provider": "provider[\"registry.terraform.io/hashicorp/aws\"]",
      "instances": [
        {
          "index_key": 0,
          "schema_version": 1,
          "attributes": {
            "ami": "ami-0e2e863819580c71a",
            "arn": "arn:aws:ec2:ap-southeast-1:890942158228:instance/i-02cc43ebbb358cfb5",
            "associate_public_ip_address": false,
            "availability_zone": "ap-southeast-1b",
            "capacity_reservation_specification": [
              {
                "capacity_reservation_preference": "open",
                "capacity_reservation_target": []
              }
            ],
            "cpu_core_count": 2,
            "cpu_options": [
              {
                "amd_sev_snp": "",
                "core_count": 2,
                "threads_per_core": 1
              }
            ],
            "cpu_threads_per_core": 1,
            "credit_specification": [
              {
                "cpu_credits": "unlimited"
              }
            ],
            "disable_api_stop": false,
            "disable_api_termination": true,
            "ebs_block_device": [],
            "ebs_optimized": false,
            "enclave_options": [
              {
                "enabled": false
              }
            ],
            "ephemeral_block_device": [],
            "get_password_data": false,
            "hibernation": false,
            "host_id": "",
            "host_resource_group_arn": null,
            "iam_instance_profile": "ec2_profile_bastion_instance_selin-tf",
            "id": "i-02cc43ebbb358cfb5",
            "instance_initiated_shutdown_behavior": "stop",
            "instance_lifecycle": "",
            "instance_market_options": [],
            "instance_state": "running",
            "instance_type": "t4g.nano",
            "ipv6_address_count": 0,
            "ipv6_addresses": [],
            "key_name": "ec2.instance.selin-tf-bastion.ec2-user.id_rsa.pub",
            "launch_template": [],
            "maintenance_options": [
              {
                "auto_recovery": "default"
              }
            ],
            "metadata_options": [
              {
                "http_endpoint": "enabled",
                "http_put_response_hop_limit": 1,
                "http_tokens": "required",
                "instance_metadata_tags": "disabled"
              }
            ],
            "monitoring": false,
            "network_interface": [],
            "outpost_arn": "",
            "password_data": "",
            "placement_group": "",
            "placement_partition_number": 0,
            "primary_network_interface_id": "eni-067dd10bad13b3052",
            "private_dns": "ip-10-0-40-144.ap-southeast-1.compute.internal",
            "private_dns_name_options": [
              {
                "enable_resource_name_dns_a_record": true,
                "enable_resource_name_dns_aaaa_record": false,
                "hostname_type": "ip-name"
              }
            ],
            "private_ip": "10.0.40.144",
            "public_dns": "",
            "public_ip": "",
            "root_block_device": [
              {
                "delete_on_termination": true,
                "device_name": "/dev/xvda",
                "encrypted": true,
                "iops": 3000,
                "kms_key_id": "arn:aws:kms:ap-southeast-1:890942158228:key/1e04161c-fd69-4ea0-82c8-570309012d46",
                "tags": {},
                "throughput": 125,
                "volume_id": "vol-077838fa82d59eb6b",
                "volume_size": 8,
                "volume_type": "gp3"
              }
            ],
            "secondary_private_ips": [],
            "security_groups": [],
            "source_dest_check": false,
            "spot_instance_request_id": "",
            "subnet_id": "subnet-045e4a4998cd6121d",
            "tags": {
              "AWSBackupTarget": "false",
              "Name": "selin-tf-bastion"
            },
            "tags_all": {
              "AWSBackupTarget": "false",
              "CmBillingGroup": "OTHER",
              "CodedResource": "true",
              "Environment": "playground",
              "IaC": "local",
              "Name": "selin-tf-bastion",
              "Owner": "",
              "Service": "selin-tf"
            },
            "tenancy": "default",
            "timeouts": null,
            "user_data": "962cfe1caa92db4a120b37000ab19fcd81399b65",
            "user_data_base64": null,
            "user_data_replace_on_change": false,
            "volume_tags": {
              "Name": "selin-tf-bastion"
            },
            "vpc_security_group_ids": [
              "sg-02a0f88611930c870",
              "sg-0cf929c3f15e3d6f7"
            ]
          },
          "sensitive_attributes": [
            [
              {
                "type": "get_attr",
                "value": "ami"
              }
            ]
          ],
          "private": "eyJlMmJmYjczMC1lY2FhLTExZTYtOGY4OC0zNDM2M2JjN2M0YzAiOnsiY3JlYXRlIjo2MDAwMDAwMDAwMDAsImRlbGV0ZSI6MTIwMDAwMDAwMDAwMCwidXBkYXRlIjo2MDAwMDAwMDAwMDB9LCJzY2hlbWFfdmVyc2lvbiI6IjEifQ==",
          "dependencies": [
            "module.vpc_workload.aws_iam_instance_profile.bastion",
            "module.vpc_workload.aws_iam_role.ec2_instance_profile",
            "module.vpc_workload.aws_key_pair.ec2_keypair_bastion",
            "module.vpc_workload.aws_security_group.ec2_bastion",
            "module.vpc_workload.aws_security_group.manage_subnet_group",
            "module.vpc_workload.aws_subnet.manage",
            "module.vpc_workload.aws_vpc.default",
            "module.vpc_workload.data.aws_iam_policy_document.ec2_common_instance_profile",
            "module.vpc_workload.data.aws_ssm_parameter.amzn2_arm_ami",
            "module.vpc_workload.tls_private_key.ec2_keypair_bastion"
          ]
        }
      ]
    },
    {
      "module": "module.vpc_workload",
      "mode": "managed",
      "type": "aws_instance",
      "name": "ec2_nat_instance",
      "provider": "provider[\"registry.terraform.io/hashicorp/aws\"]",
      "instances": [
        {
          "index_key": 0,
          "schema_version": 1,
          "attributes": {
            "ami": "ami-0e2e863819580c71a",
            "arn": "arn:aws:ec2:ap-southeast-1:890942158228:instance/i-086c1132991f00169",
            "associate_public_ip_address": true,
            "availability_zone": "ap-southeast-1b",
            "capacity_reservation_specification": [
              {
                "capacity_reservation_preference": "open",
                "capacity_reservation_target": []
              }
            ],
            "cpu_core_count": 2,
            "cpu_options": [
              {
                "amd_sev_snp": "",
                "core_count": 2,
                "threads_per_core": 1
              }
            ],
            "cpu_threads_per_core": 1,
            "credit_specification": [
              {
                "cpu_credits": "unlimited"
              }
            ],
            "disable_api_stop": false,
            "disable_api_termination": true,
            "ebs_block_device": [],
            "ebs_optimized": false,
            "enclave_options": [
              {
                "enabled": false
              }
            ],
            "ephemeral_block_device": [],
            "get_password_data": false,
            "hibernation": false,
            "host_id": "",
            "host_resource_group_arn": null,
            "iam_instance_profile": "ec2_profile_nat_instance_selin-tf_vpc",
            "id": "i-086c1132991f00169",
            "instance_initiated_shutdown_behavior": "stop",
            "instance_lifecycle": "",
            "instance_market_options": [],
            "instance_state": "running",
            "instance_type": "t4g.nano",
            "ipv6_address_count": 1,
            "ipv6_addresses": [
              "2406:da18:edd:bc1e:32d6:a969:e8e7:c40b"
            ],
            "key_name": "ec2.instance.selin-tf-nat-instance.0.ec2-user.id_rsa.pub",
            "launch_template": [],
            "maintenance_options": [
              {
                "auto_recovery": "default"
              }
            ],
            "metadata_options": [
              {
                "http_endpoint": "enabled",
                "http_put_response_hop_limit": 1,
                "http_tokens": "required",
                "instance_metadata_tags": "disabled"
              }
            ],
            "monitoring": false,
            "network_interface": [],
            "outpost_arn": "",
            "password_data": "",
            "placement_group": "",
            "placement_partition_number": 0,
            "primary_network_interface_id": "eni-04aa1ac680532b936",
            "private_dns": "ip-10-0-30-19.ap-southeast-1.compute.internal",
            "private_dns_name_options": [
              {
                "enable_resource_name_dns_a_record": false,
                "enable_resource_name_dns_aaaa_record": false,
                "hostname_type": "ip-name"
              }
            ],
            "private_ip": "10.0.30.19",
            "public_dns": "ec2-18-141-159-90.ap-southeast-1.compute.amazonaws.com",
            "public_ip": "18.141.159.90",
            "root_block_device": [
              {
                "delete_on_termination": true,
                "device_name": "/dev/xvda",
                "encrypted": true,
                "iops": 3000,
                "kms_key_id": "arn:aws:kms:ap-southeast-1:890942158228:key/1e04161c-fd69-4ea0-82c8-570309012d46",
                "tags": {},
                "throughput": 125,
                "volume_id": "vol-057a5486eedf1a553",
                "volume_size": 8,
                "volume_type": "gp3"
              }
            ],
            "secondary_private_ips": [],
            "security_groups": [],
            "source_dest_check": false,
            "spot_instance_request_id": "",
            "subnet_id": "subnet-08f4133e4ffae5217",
            "tags": {
              "AWSBackupTarget": "false",
              "Name": "selin-tf-nat-instance[0]"
            },
            "tags_all": {
              "AWSBackupTarget": "false",
              "CmBillingGroup": "OTHER",
              "CodedResource": "true",
              "Environment": "playground",
              "IaC": "local",
              "Name": "selin-tf-nat-instance[0]",
              "Owner": "",
              "Service": "selin-tf"
            },
            "tenancy": "default",
            "timeouts": null,
            "user_data": "0f98518a47b7c66d0f1b09a8b75273cd25e6271c",
            "user_data_base64": null,
            "user_data_replace_on_change": false,
            "volume_tags": {
              "Name": "selin-tf-nat-instance[0]"
            },
            "vpc_security_group_ids": [
              "sg-0768739ba2a202528",
              "sg-07b65fda086a2d997"
            ]
          },
          "sensitive_attributes": [
            [
              {
                "type": "get_attr",
                "value": "ami"
              }
            ]
          ],
          "private": "eyJlMmJmYjczMC1lY2FhLTExZTYtOGY4OC0zNDM2M2JjN2M0YzAiOnsiY3JlYXRlIjo2MDAwMDAwMDAwMDAsImRlbGV0ZSI6MTIwMDAwMDAwMDAwMCwidXBkYXRlIjo2MDAwMDAwMDAwMDB9LCJzY2hlbWFfdmVyc2lvbiI6IjEifQ==",
          "dependencies": [
            "module.vpc_workload.aws_iam_instance_profile.ec2_nat_instance",
            "module.vpc_workload.aws_iam_role.ec2_nat_instance",
            "module.vpc_workload.aws_key_pair.ec2_keypair_natinstance",
            "module.vpc_workload.aws_security_group.ec2_bastion",
            "module.vpc_workload.aws_security_group.ec2_nat_instance",
            "module.vpc_workload.aws_security_group.nat_subnet_group",
            "module.vpc_workload.aws_subnet.nat",
            "module.vpc_workload.aws_vpc.default",
            "module.vpc_workload.data.aws_iam_policy_document.ec2_nat_instance",
            "module.vpc_workload.data.aws_ssm_parameter.amzn2_arm_ami",
            "module.vpc_workload.tls_private_key.ec2_keypair_natinstance"
          ]
        }
      ]
    },
    {
      "module": "module.vpc_workload",
      "mode": "managed",
      "type": "aws_internet_gateway",
      "name": "default",
      "provider": "provider[\"registry.terraform.io/hashicorp/aws\"]",
      "instances": [
        {
          "schema_version": 0,
          "attributes": {
            "arn": "arn:aws:ec2:ap-southeast-1:890942158228:internet-gateway/igw-04abb7b5b84113e2b",
            "id": "igw-04abb7b5b84113e2b",
            "owner_id": "890942158228",
            "tags": {
              "Name": "selin-tf-vpc-igw"
            },
            "tags_all": {
              "CmBillingGroup": "OTHER",
              "CodedResource": "true",
              "Environment": "playground",
              "IaC": "local",
              "Name": "selin-tf-vpc-igw",
              "Owner": "",
              "Service": "selin-tf"
            },
            "timeouts": null,
            "vpc_id": "vpc-01bf300ba725825a0"
          },
          "sensitive_attributes": [],
          "private": "eyJlMmJmYjczMC1lY2FhLTExZTYtOGY4OC0zNDM2M2JjN2M0YzAiOnsiY3JlYXRlIjoxMjAwMDAwMDAwMDAwLCJkZWxldGUiOjEyMDAwMDAwMDAwMDAsInVwZGF0ZSI6MTIwMDAwMDAwMDAwMH19",
          "dependencies": [
            "module.vpc_workload.aws_vpc.default"
          ]
        }
      ]
    },
    {
      "module": "module.vpc_workload",
      "mode": "managed",
      "type": "aws_key_pair",
      "name": "ec2_keypair_bastion",
      "provider": "provider[\"registry.terraform.io/hashicorp/aws\"]",
      "instances": [
        {
          "index_key": 0,
          "schema_version": 1,
          "attributes": {
            "arn": "arn:aws:ec2:ap-southeast-1:890942158228:key-pair/ec2.instance.selin-tf-bastion.ec2-user.id_rsa.pub",
            "fingerprint": "81:c4:8e:22:67:46:84:06:4a:4f:d0:7c:44:d2:ab:cc",
            "id": "ec2.instance.selin-tf-bastion.ec2-user.id_rsa.pub",
            "key_name": "ec2.instance.selin-tf-bastion.ec2-user.id_rsa.pub",
            "key_name_prefix": "",
            "key_pair_id": "key-0782ca0da25402eb3",
            "key_type": "rsa",
            "public_key": "ssh-rsa AAAAB3NzaC1yc2EAAAADAQABAAACAQCiQWgM5WFtX9inmqc0871b8AOzLGWAxsVa+t2EwI0YQleCsPSn4k0tgQAqeOn6/JU/2ZuSXf+113kE6cHL0kD6hFu71aE0TeTS9cDB7xhhSBGIi7tNvE37qJagJOMEaseH5q7NGusRX2Sxh/nFA3JAtnizfTKLhSnZ/GmrwcMfq0LSlIDY3HiN0qL0agCaZ1WFXz5sLREAeJ94oHeA3KgqebQ5bzGf3cWdyNMT0H1R6qpwAjeQjmCgGfdGigvRC24R16mxFZbLHqrZn0OUQTYEzaxwYOwyhi33lxSL80xMjEDXRs/aHZonyYxfkKBVvUPSGGTMp8hapnPupuKjkp+KCj+6OKIf2pcpGXUQK605FzAkpeGS/I6XwSUGiH3uzABZ24CkY+NJk+u6j9Imf1OJINNDfMzFq0I/nNYhfL+F/rOpPNKIvWtTTipg8PGJDyDoWpo+QDUu7Q6tFqCaAAdf2dhcKtK6x74mvWEoERnxZw8JEiS2wCSaheOcFDPMVhW6mXHSWIebiRM7P12KgSpiboViWkrQcC/lFkCsuabZkMGO8j4ogULQ0BMadFZLmJ1ReD2T71aLUS86RtEjupVcQLhdD5MZ3T22Lh6vGDFMj6+jzv1E7tuGxNTu1rWnARRmSUHyFolU6+OpsEqJ5VjwprmS2KCbHL1jEsjWJAMxWQ==",
            "tags": {},
            "tags_all": {
              "CmBillingGroup": "OTHER",
              "CodedResource": "true",
              "Environment": "playground",
              "IaC": "local",
              "Owner": "",
              "Service": "selin-tf"
            }
          },
          "sensitive_attributes": [
            [
              {
                "type": "get_attr",
                "value": "public_key"
              }
            ]
          ],
          "private": "eyJzY2hlbWFfdmVyc2lvbiI6IjEifQ==",
          "dependencies": [
            "module.vpc_workload.tls_private_key.ec2_keypair_bastion"
          ]
        }
      ]
    },
    {
      "module": "module.vpc_workload",
      "mode": "managed",
      "type": "aws_key_pair",
      "name": "ec2_keypair_natinstance",
      "provider": "provider[\"registry.terraform.io/hashicorp/aws\"]",
      "instances": [
        {
          "index_key": 0,
          "schema_version": 1,
          "attributes": {
            "arn": "arn:aws:ec2:ap-southeast-1:890942158228:key-pair/ec2.instance.selin-tf-nat-instance.0.ec2-user.id_rsa.pub",
            "fingerprint": "36:7f:3f:11:5e:da:3b:ac:75:91:4e:09:54:1e:0e:f8",
            "id": "ec2.instance.selin-tf-nat-instance.0.ec2-user.id_rsa.pub",
            "key_name": "ec2.instance.selin-tf-nat-instance.0.ec2-user.id_rsa.pub",
            "key_name_prefix": "",
            "key_pair_id": "key-003dab2429e71bf53",
            "key_type": "rsa",
            "public_key": "ssh-rsa AAAAB3NzaC1yc2EAAAADAQABAAACAQDCb+07oxJOVtNvSR2osbbURIVZAQli/gOechuCM8iF5cJWOWtcSd5yTIqcx/nWedYHfQqGgHWRk4ANawqJdeTL5GM7v+7L6PZIZGa/wZfggeWmp4eqmOWLooOTEjl3OUUfvamszJwgUP9BqU3c8qNHihgF6MotJTelp+H8TYXZJj1u5j9qFZhcrSEP0CwJcG9O3XSYr7kZI7CBr0sWVOR3eN7NdHGSUpOeJ4zKMD+Ifi2r3aEAq76bcSnc4Tivpvj3ChGHhp0IsyHx3a541U3OJI30VVd27JPFigqf2+nQ+YwxFLKLbHfmad1UX6oY8dbzSWEq4UtX5NGS8xZ8cY0jbcUE4PBMXG/uCbnCaYQpmkL63L/CdfS2vv6im9CezMIlX2UOkBe2hsRHPxua6Uk5fP3cdCyvv2KSx12236ad8ilrgx2s/+L/iNC0ktSctIH1PH1HT5dULfJX62IqLVXk+YUJpCzC353lpsFpWps94kAeDkPMusL4RtMKiI2oGSXpBNNRxITh+MeLLP0TjRjcNDdGr+LUJES9+Jla5smGM1594NwIX7HR2Ye1UhY8K8mPqZTo74yBfCNEjXb9QX7karb6Gg/paCdpWQ1WQzivukqxanWdBhKiPkjg95lO21wXkHE04y0TQ4itFvKfXyezVK+ntWnFdB4xRS7IFdbMPQ==",
            "tags": {},
            "tags_all": {
              "CmBillingGroup": "OTHER",
              "CodedResource": "true",
              "Environment": "playground",
              "IaC": "local",
              "Owner": "",
              "Service": "selin-tf"
            }
          },
          "sensitive_attributes": [
            [
              {
                "type": "get_attr",
                "value": "public_key"
              }
            ]
          ],
          "private": "eyJzY2hlbWFfdmVyc2lvbiI6IjEifQ==",
          "dependencies": [
            "module.vpc_workload.tls_private_key.ec2_keypair_natinstance"
          ]
        }
      ]
    },
    {
      "module": "module.vpc_workload",
      "mode": "managed",
      "type": "aws_route53_record",
      "name": "nat_instance_in_a",
      "provider": "provider[\"registry.terraform.io/hashicorp/aws\"]",
      "instances": [
        {
          "index_key": 0,
          "schema_version": 2,
          "attributes": {
            "alias": [],
            "allow_overwrite": null,
            "cidr_routing_policy": [],
            "failover_routing_policy": [],
            "fqdn": "gw1.sre.bizmates.co.jp",
            "geolocation_routing_policy": [],
            "health_check_id": "",
            "id": "Z09199501MS1MJQMJ796B_gw1_A",
            "latency_routing_policy": [],
            "multivalue_answer_routing_policy": false,
            "name": "gw1",
            "records": [
              "18.141.159.90"
            ],
            "set_identifier": "",
            "ttl": 300,
            "type": "A",
            "weighted_routing_policy": [],
            "zone_id": "Z09199501MS1MJQMJ796B"
          },
          "sensitive_attributes": [],
          "private": "eyJzY2hlbWFfdmVyc2lvbiI6IjIifQ==",
          "dependencies": [
            "module.vpc_workload.aws_iam_instance_profile.ec2_nat_instance",
            "module.vpc_workload.aws_iam_role.ec2_nat_instance",
            "module.vpc_workload.aws_instance.ec2_nat_instance",
            "module.vpc_workload.aws_key_pair.ec2_keypair_natinstance",
            "module.vpc_workload.aws_security_group.ec2_bastion",
            "module.vpc_workload.aws_security_group.ec2_nat_instance",
            "module.vpc_workload.aws_security_group.nat_subnet_group",
            "module.vpc_workload.aws_subnet.nat",
            "module.vpc_workload.aws_vpc.default",
            "module.vpc_workload.data.aws_iam_policy_document.ec2_nat_instance",
            "module.vpc_workload.data.aws_ssm_parameter.amzn2_arm_ami",
            "module.vpc_workload.tls_private_key.ec2_keypair_natinstance"
          ]
        }
      ]
    },
    {
      "module": "module.vpc_workload",
      "mode": "managed",
      "type": "aws_route_table",
      "name": "local",
      "provider": "provider[\"registry.terraform.io/hashicorp/aws\"]",
      "instances": [
        {
          "schema_version": 0,
          "attributes": {
            "arn": "arn:aws:ec2:ap-southeast-1:890942158228:route-table/rtb-0fbaf69b129bea2a9",
            "id": "rtb-0fbaf69b129bea2a9",
            "owner_id": "890942158228",
            "propagating_vgws": [],
            "route": [],
            "tags": {
              "Name": "selin-tf-internal"
            },
            "tags_all": {
              "CmBillingGroup": "OTHER",
              "CodedResource": "true",
              "Environment": "playground",
              "IaC": "local",
              "Name": "selin-tf-internal",
              "Owner": "",
              "Service": "selin-tf"
            },
            "timeouts": null,
            "vpc_id": "vpc-01bf300ba725825a0"
          },
          "sensitive_attributes": [],
          "private": "eyJlMmJmYjczMC1lY2FhLTExZTYtOGY4OC0zNDM2M2JjN2M0YzAiOnsiY3JlYXRlIjozMDAwMDAwMDAwMDAsImRlbGV0ZSI6MzAwMDAwMDAwMDAwLCJ1cGRhdGUiOjEyMDAwMDAwMDAwMH19",
          "dependencies": [
            "module.vpc_workload.aws_vpc.default"
          ]
        }
      ]
    },
    {
      "module": "module.vpc_workload",
      "mode": "managed",
      "type": "aws_route_table",
      "name": "manage",
      "provider": "provider[\"registry.terraform.io/hashicorp/aws\"]",
      "instances": [
        {
          "index_key": 0,
          "schema_version": 0,
          "attributes": {
            "arn": "arn:aws:ec2:ap-southeast-1:890942158228:route-table/rtb-09d8604737fcf1b87",
            "id": "rtb-09d8604737fcf1b87",
            "owner_id": "890942158228",
            "propagating_vgws": [],
            "route": [
              {
                "carrier_gateway_id": "",
                "cidr_block": "0.0.0.0/0",
                "core_network_arn": "",
                "destination_prefix_list_id": "",
                "egress_only_gateway_id": "",
                "gateway_id": "",
                "ipv6_cidr_block": "",
                "local_gateway_id": "",
                "nat_gateway_id": "",
                "network_interface_id": "eni-04aa1ac680532b936",
                "transit_gateway_id": "",
                "vpc_endpoint_id": "",
                "vpc_peering_connection_id": ""
              }
            ],
            "tags": {
              "Name": "selin-tf-manage-route[0]"
            },
            "tags_all": {
              "CmBillingGroup": "OTHER",
              "CodedResource": "true",
              "Environment": "playground",
              "IaC": "local",
              "Name": "selin-tf-manage-route[0]",
              "Owner": "",
              "Service": "selin-tf"
            },
            "timeouts": null,
            "vpc_id": "vpc-01bf300ba725825a0"
          },
          "sensitive_attributes": [],
          "private": "eyJlMmJmYjczMC1lY2FhLTExZTYtOGY4OC0zNDM2M2JjN2M0YzAiOnsiY3JlYXRlIjozMDAwMDAwMDAwMDAsImRlbGV0ZSI6MzAwMDAwMDAwMDAwLCJ1cGRhdGUiOjEyMDAwMDAwMDAwMH19",
          "dependencies": [
            "module.vpc_workload.aws_eip.natgw_default",
            "module.vpc_workload.aws_iam_instance_profile.ec2_nat_instance",
            "module.vpc_workload.aws_iam_role.ec2_nat_instance",
            "module.vpc_workload.aws_instance.ec2_nat_instance",
            "module.vpc_workload.aws_internet_gateway.default",
            "module.vpc_workload.aws_key_pair.ec2_keypair_natinstance",
            "module.vpc_workload.aws_nat_gateway.default",
            "module.vpc_workload.aws_security_group.ec2_bastion",
            "module.vpc_workload.aws_security_group.ec2_nat_instance",
            "module.vpc_workload.aws_security_group.nat_subnet_group",
            "module.vpc_workload.aws_subnet.nat",
            "module.vpc_workload.aws_vpc.default",
            "module.vpc_workload.data.aws_iam_policy_document.ec2_nat_instance",
            "module.vpc_workload.data.aws_ssm_parameter.amzn2_arm_ami",
            "module.vpc_workload.tls_private_key.ec2_keypair_natinstance"
          ]
        },
        {
          "index_key": 1,
          "schema_version": 0,
          "attributes": {
            "arn": "arn:aws:ec2:ap-southeast-1:890942158228:route-table/rtb-0991f3487fdef321f",
            "id": "rtb-0991f3487fdef321f",
            "owner_id": "890942158228",
            "propagating_vgws": [],
            "route": [
              {
                "carrier_gateway_id": "",
                "cidr_block": "0.0.0.0/0",
                "core_network_arn": "",
                "destination_prefix_list_id": "",
                "egress_only_gateway_id": "",
                "gateway_id": "",
                "ipv6_cidr_block": "",
                "local_gateway_id": "",
                "nat_gateway_id": "",
                "network_interface_id": "eni-04aa1ac680532b936",
                "transit_gateway_id": "",
                "vpc_endpoint_id": "",
                "vpc_peering_connection_id": ""
              }
            ],
            "tags": {
              "Name": "selin-tf-manage-route[1]"
            },
            "tags_all": {
              "CmBillingGroup": "OTHER",
              "CodedResource": "true",
              "Environment": "playground",
              "IaC": "local",
              "Name": "selin-tf-manage-route[1]",
              "Owner": "",
              "Service": "selin-tf"
            },
            "timeouts": null,
            "vpc_id": "vpc-01bf300ba725825a0"
          },
          "sensitive_attributes": [],
          "private": "eyJlMmJmYjczMC1lY2FhLTExZTYtOGY4OC0zNDM2M2JjN2M0YzAiOnsiY3JlYXRlIjozMDAwMDAwMDAwMDAsImRlbGV0ZSI6MzAwMDAwMDAwMDAwLCJ1cGRhdGUiOjEyMDAwMDAwMDAwMH19",
          "dependencies": [
            "module.vpc_workload.aws_eip.natgw_default",
            "module.vpc_workload.aws_iam_instance_profile.ec2_nat_instance",
            "module.vpc_workload.aws_iam_role.ec2_nat_instance",
            "module.vpc_workload.aws_instance.ec2_nat_instance",
            "module.vpc_workload.aws_internet_gateway.default",
            "module.vpc_workload.aws_key_pair.ec2_keypair_natinstance",
            "module.vpc_workload.aws_nat_gateway.default",
            "module.vpc_workload.aws_security_group.ec2_bastion",
            "module.vpc_workload.aws_security_group.ec2_nat_instance",
            "module.vpc_workload.aws_security_group.nat_subnet_group",
            "module.vpc_workload.aws_subnet.nat",
            "module.vpc_workload.aws_vpc.default",
            "module.vpc_workload.data.aws_iam_policy_document.ec2_nat_instance",
            "module.vpc_workload.data.aws_ssm_parameter.amzn2_arm_ami",
            "module.vpc_workload.tls_private_key.ec2_keypair_natinstance"
          ]
        }
      ]
    },
    {
      "module": "module.vpc_workload",
      "mode": "managed",
      "type": "aws_route_table",
      "name": "nat",
      "provider": "provider[\"registry.terraform.io/hashicorp/aws\"]",
      "instances": [
        {
          "schema_version": 0,
          "attributes": {
            "arn": "arn:aws:ec2:ap-southeast-1:890942158228:route-table/rtb-0a98413636fc3f2e8",
            "id": "rtb-0a98413636fc3f2e8",
            "owner_id": "890942158228",
            "propagating_vgws": [],
            "route": [
              {
                "carrier_gateway_id": "",
                "cidr_block": "",
                "core_network_arn": "",
                "destination_prefix_list_id": "",
                "egress_only_gateway_id": "",
                "gateway_id": "igw-04abb7b5b84113e2b",
                "ipv6_cidr_block": "::/0",
                "local_gateway_id": "",
                "nat_gateway_id": "",
                "network_interface_id": "",
                "transit_gateway_id": "",
                "vpc_endpoint_id": "",
                "vpc_peering_connection_id": ""
              },
              {
                "carrier_gateway_id": "",
                "cidr_block": "0.0.0.0/0",
                "core_network_arn": "",
                "destination_prefix_list_id": "",
                "egress_only_gateway_id": "",
                "gateway_id": "igw-04abb7b5b84113e2b",
                "ipv6_cidr_block": "",
                "local_gateway_id": "",
                "nat_gateway_id": "",
                "network_interface_id": "",
                "transit_gateway_id": "",
                "vpc_endpoint_id": "",
                "vpc_peering_connection_id": ""
              }
            ],
            "tags": {
              "Name": "selin-tf-nat"
            },
            "tags_all": {
              "CmBillingGroup": "OTHER",
              "CodedResource": "true",
              "Environment": "playground",
              "IaC": "local",
              "Name": "selin-tf-nat",
              "Owner": "",
              "Service": "selin-tf"
            },
            "timeouts": null,
            "vpc_id": "vpc-01bf300ba725825a0"
          },
          "sensitive_attributes": [],
          "private": "eyJlMmJmYjczMC1lY2FhLTExZTYtOGY4OC0zNDM2M2JjN2M0YzAiOnsiY3JlYXRlIjozMDAwMDAwMDAwMDAsImRlbGV0ZSI6MzAwMDAwMDAwMDAwLCJ1cGRhdGUiOjEyMDAwMDAwMDAwMH19",
          "dependencies": [
            "module.vpc_workload.aws_internet_gateway.default",
            "module.vpc_workload.aws_vpc.default"
          ]
        }
      ]
    },
    {
      "module": "module.vpc_workload",
      "mode": "managed",
      "type": "aws_route_table",
      "name": "private",
      "provider": "provider[\"registry.terraform.io/hashicorp/aws\"]",
      "instances": [
        {
          "index_key": 0,
          "schema_version": 0,
          "attributes": {
            "arn": "arn:aws:ec2:ap-southeast-1:890942158228:route-table/rtb-07e6551ec9a1fff2d",
            "id": "rtb-07e6551ec9a1fff2d",
            "owner_id": "890942158228",
            "propagating_vgws": [],
            "route": [
              {
                "carrier_gateway_id": "",
                "cidr_block": "0.0.0.0/0",
                "core_network_arn": "",
                "destination_prefix_list_id": "",
                "egress_only_gateway_id": "",
                "gateway_id": "",
                "ipv6_cidr_block": "",
                "local_gateway_id": "",
                "nat_gateway_id": "",
                "network_interface_id": "eni-04aa1ac680532b936",
                "transit_gateway_id": "",
                "vpc_endpoint_id": "",
                "vpc_peering_connection_id": ""
              }
            ],
            "tags": {
              "Name": "selin-tf-private-route[0]"
            },
            "tags_all": {
              "CmBillingGroup": "OTHER",
              "CodedResource": "true",
              "Environment": "playground",
              "IaC": "local",
              "Name": "selin-tf-private-route[0]",
              "Owner": "",
              "Service": "selin-tf"
            },
            "timeouts": null,
            "vpc_id": "vpc-01bf300ba725825a0"
          },
          "sensitive_attributes": [],
          "private": "eyJlMmJmYjczMC1lY2FhLTExZTYtOGY4OC0zNDM2M2JjN2M0YzAiOnsiY3JlYXRlIjozMDAwMDAwMDAwMDAsImRlbGV0ZSI6MzAwMDAwMDAwMDAwLCJ1cGRhdGUiOjEyMDAwMDAwMDAwMH19",
          "dependencies": [
            "module.vpc_workload.aws_eip.natgw_default",
            "module.vpc_workload.aws_iam_instance_profile.ec2_nat_instance",
            "module.vpc_workload.aws_iam_role.ec2_nat_instance",
            "module.vpc_workload.aws_instance.ec2_nat_instance",
            "module.vpc_workload.aws_internet_gateway.default",
            "module.vpc_workload.aws_key_pair.ec2_keypair_natinstance",
            "module.vpc_workload.aws_nat_gateway.default",
            "module.vpc_workload.aws_security_group.ec2_bastion",
            "module.vpc_workload.aws_security_group.ec2_nat_instance",
            "module.vpc_workload.aws_security_group.nat_subnet_group",
            "module.vpc_workload.aws_subnet.nat",
            "module.vpc_workload.aws_vpc.default",
            "module.vpc_workload.data.aws_iam_policy_document.ec2_nat_instance",
            "module.vpc_workload.data.aws_ssm_parameter.amzn2_arm_ami",
            "module.vpc_workload.tls_private_key.ec2_keypair_natinstance"
          ]
        },
        {
          "index_key": 1,
          "schema_version": 0,
          "attributes": {
            "arn": "arn:aws:ec2:ap-southeast-1:890942158228:route-table/rtb-08564e3616cb76dde",
            "id": "rtb-08564e3616cb76dde",
            "owner_id": "890942158228",
            "propagating_vgws": [],
            "route": [
              {
                "carrier_gateway_id": "",
                "cidr_block": "0.0.0.0/0",
                "core_network_arn": "",
                "destination_prefix_list_id": "",
                "egress_only_gateway_id": "",
                "gateway_id": "",
                "ipv6_cidr_block": "",
                "local_gateway_id": "",
                "nat_gateway_id": "",
                "network_interface_id": "eni-04aa1ac680532b936",
                "transit_gateway_id": "",
                "vpc_endpoint_id": "",
                "vpc_peering_connection_id": ""
              }
            ],
            "tags": {
              "Name": "selin-tf-private-route[1]"
            },
            "tags_all": {
              "CmBillingGroup": "OTHER",
              "CodedResource": "true",
              "Environment": "playground",
              "IaC": "local",
              "Name": "selin-tf-private-route[1]",
              "Owner": "",
              "Service": "selin-tf"
            },
            "timeouts": null,
            "vpc_id": "vpc-01bf300ba725825a0"
          },
          "sensitive_attributes": [],
          "private": "eyJlMmJmYjczMC1lY2FhLTExZTYtOGY4OC0zNDM2M2JjN2M0YzAiOnsiY3JlYXRlIjozMDAwMDAwMDAwMDAsImRlbGV0ZSI6MzAwMDAwMDAwMDAwLCJ1cGRhdGUiOjEyMDAwMDAwMDAwMH19",
          "dependencies": [
            "module.vpc_workload.aws_eip.natgw_default",
            "module.vpc_workload.aws_iam_instance_profile.ec2_nat_instance",
            "module.vpc_workload.aws_iam_role.ec2_nat_instance",
            "module.vpc_workload.aws_instance.ec2_nat_instance",
            "module.vpc_workload.aws_internet_gateway.default",
            "module.vpc_workload.aws_key_pair.ec2_keypair_natinstance",
            "module.vpc_workload.aws_nat_gateway.default",
            "module.vpc_workload.aws_security_group.ec2_bastion",
            "module.vpc_workload.aws_security_group.ec2_nat_instance",
            "module.vpc_workload.aws_security_group.nat_subnet_group",
            "module.vpc_workload.aws_subnet.nat",
            "module.vpc_workload.aws_vpc.default",
            "module.vpc_workload.data.aws_iam_policy_document.ec2_nat_instance",
            "module.vpc_workload.data.aws_ssm_parameter.amzn2_arm_ami",
            "module.vpc_workload.tls_private_key.ec2_keypair_natinstance"
          ]
        }
      ]
    },
    {
      "module": "module.vpc_workload",
      "mode": "managed",
      "type": "aws_route_table",
      "name": "public",
      "provider": "provider[\"registry.terraform.io/hashicorp/aws\"]",
      "instances": [
        {
          "schema_version": 0,
          "attributes": {
            "arn": "arn:aws:ec2:ap-southeast-1:890942158228:route-table/rtb-0f1414600f3b93254",
            "id": "rtb-0f1414600f3b93254",
            "owner_id": "890942158228",
            "propagating_vgws": [],
            "route": [
              {
                "carrier_gateway_id": "",
                "cidr_block": "",
                "core_network_arn": "",
                "destination_prefix_list_id": "",
                "egress_only_gateway_id": "",
                "gateway_id": "igw-04abb7b5b84113e2b",
                "ipv6_cidr_block": "::/0",
                "local_gateway_id": "",
                "nat_gateway_id": "",
                "network_interface_id": "",
                "transit_gateway_id": "",
                "vpc_endpoint_id": "",
                "vpc_peering_connection_id": ""
              },
              {
                "carrier_gateway_id": "",
                "cidr_block": "0.0.0.0/0",
                "core_network_arn": "",
                "destination_prefix_list_id": "",
                "egress_only_gateway_id": "",
                "gateway_id": "igw-04abb7b5b84113e2b",
                "ipv6_cidr_block": "",
                "local_gateway_id": "",
                "nat_gateway_id": "",
                "network_interface_id": "",
                "transit_gateway_id": "",
                "vpc_endpoint_id": "",
                "vpc_peering_connection_id": ""
              }
            ],
            "tags": {
              "Name": "selin-tf-public"
            },
            "tags_all": {
              "CmBillingGroup": "OTHER",
              "CodedResource": "true",
              "Environment": "playground",
              "IaC": "local",
              "Name": "selin-tf-public",
              "Owner": "",
              "Service": "selin-tf"
            },
            "timeouts": null,
            "vpc_id": "vpc-01bf300ba725825a0"
          },
          "sensitive_attributes": [],
          "private": "eyJlMmJmYjczMC1lY2FhLTExZTYtOGY4OC0zNDM2M2JjN2M0YzAiOnsiY3JlYXRlIjozMDAwMDAwMDAwMDAsImRlbGV0ZSI6MzAwMDAwMDAwMDAwLCJ1cGRhdGUiOjEyMDAwMDAwMDAwMH19",
          "dependencies": [
            "module.vpc_workload.aws_internet_gateway.default",
            "module.vpc_workload.aws_vpc.default"
          ]
        }
      ]
    },
    {
      "module": "module.vpc_workload",
      "mode": "managed",
      "type": "aws_route_table",
      "name": "tgw",
      "provider": "provider[\"registry.terraform.io/hashicorp/aws\"]",
      "instances": [
        {
          "schema_version": 0,
          "attributes": {
            "arn": "arn:aws:ec2:ap-southeast-1:890942158228:route-table/rtb-0ede8f360cd2070f8",
            "id": "rtb-0ede8f360cd2070f8",
            "owner_id": "890942158228",
            "propagating_vgws": [],
            "route": [],
            "tags": {
              "Name": "selin-tf-tgw"
            },
            "tags_all": {
              "CmBillingGroup": "OTHER",
              "CodedResource": "true",
              "Environment": "playground",
              "IaC": "local",
              "Name": "selin-tf-tgw",
              "Owner": "",
              "Service": "selin-tf"
            },
            "timeouts": null,
            "vpc_id": "vpc-01bf300ba725825a0"
          },
          "sensitive_attributes": [],
          "private": "eyJlMmJmYjczMC1lY2FhLTExZTYtOGY4OC0zNDM2M2JjN2M0YzAiOnsiY3JlYXRlIjozMDAwMDAwMDAwMDAsImRlbGV0ZSI6MzAwMDAwMDAwMDAwLCJ1cGRhdGUiOjEyMDAwMDAwMDAwMH19",
          "dependencies": [
            "module.vpc_workload.aws_vpc.default"
          ]
        }
      ]
    },
    {
      "module": "module.vpc_workload",
      "mode": "managed",
      "type": "aws_route_table_association",
      "name": "local",
      "provider": "provider[\"registry.terraform.io/hashicorp/aws\"]",
      "instances": [
        {
          "index_key": 0,
          "schema_version": 0,
          "attributes": {
            "gateway_id": "",
            "id": "rtbassoc-03fee8ffe1e9f3f6e",
            "route_table_id": "rtb-0fbaf69b129bea2a9",
            "subnet_id": "subnet-043fc49e65b67a03b",
            "timeouts": null
          },
          "sensitive_attributes": [],
          "private": "eyJlMmJmYjczMC1lY2FhLTExZTYtOGY4OC0zNDM2M2JjN2M0YzAiOnsiY3JlYXRlIjozMDAwMDAwMDAwMDAsImRlbGV0ZSI6MzAwMDAwMDAwMDAwLCJ1cGRhdGUiOjEyMDAwMDAwMDAwMH19",
          "dependencies": [
            "module.vpc_workload.aws_route_table.local",
            "module.vpc_workload.aws_subnet.local",
            "module.vpc_workload.aws_vpc.default"
          ]
        },
        {
          "index_key": 1,
          "schema_version": 0,
          "attributes": {
            "gateway_id": "",
            "id": "rtbassoc-0775e39caff8b9a28",
            "route_table_id": "rtb-0fbaf69b129bea2a9",
            "subnet_id": "subnet-0175ff1517ecb8b50",
            "timeouts": null
          },
          "sensitive_attributes": [],
          "private": "eyJlMmJmYjczMC1lY2FhLTExZTYtOGY4OC0zNDM2M2JjN2M0YzAiOnsiY3JlYXRlIjozMDAwMDAwMDAwMDAsImRlbGV0ZSI6MzAwMDAwMDAwMDAwLCJ1cGRhdGUiOjEyMDAwMDAwMDAwMH19",
          "dependencies": [
            "module.vpc_workload.aws_route_table.local",
            "module.vpc_workload.aws_subnet.local",
            "module.vpc_workload.aws_vpc.default"
          ]
        }
      ]
    },
    {
      "module": "module.vpc_workload",
      "mode": "managed",
      "type": "aws_route_table_association",
      "name": "manage",
      "provider": "provider[\"registry.terraform.io/hashicorp/aws\"]",
      "instances": [
        {
          "index_key": 0,
          "schema_version": 0,
          "attributes": {
            "gateway_id": "",
            "id": "rtbassoc-017e1c8e406bd7e19",
            "route_table_id": "rtb-09d8604737fcf1b87",
            "subnet_id": "subnet-045e4a4998cd6121d",
            "timeouts": null
          },
          "sensitive_attributes": [],
          "private": "eyJlMmJmYjczMC1lY2FhLTExZTYtOGY4OC0zNDM2M2JjN2M0YzAiOnsiY3JlYXRlIjozMDAwMDAwMDAwMDAsImRlbGV0ZSI6MzAwMDAwMDAwMDAwLCJ1cGRhdGUiOjEyMDAwMDAwMDAwMH19",
          "dependencies": [
            "module.vpc_workload.aws_eip.natgw_default",
            "module.vpc_workload.aws_iam_instance_profile.ec2_nat_instance",
            "module.vpc_workload.aws_iam_role.ec2_nat_instance",
            "module.vpc_workload.aws_instance.ec2_nat_instance",
            "module.vpc_workload.aws_internet_gateway.default",
            "module.vpc_workload.aws_key_pair.ec2_keypair_natinstance",
            "module.vpc_workload.aws_nat_gateway.default",
            "module.vpc_workload.aws_route_table.manage",
            "module.vpc_workload.aws_security_group.ec2_bastion",
            "module.vpc_workload.aws_security_group.ec2_nat_instance",
            "module.vpc_workload.aws_security_group.nat_subnet_group",
            "module.vpc_workload.aws_subnet.manage",
            "module.vpc_workload.aws_subnet.nat",
            "module.vpc_workload.aws_vpc.default",
            "module.vpc_workload.data.aws_iam_policy_document.ec2_nat_instance",
            "module.vpc_workload.data.aws_ssm_parameter.amzn2_arm_ami",
            "module.vpc_workload.tls_private_key.ec2_keypair_natinstance"
          ]
        },
        {
          "index_key": 1,
          "schema_version": 0,
          "attributes": {
            "gateway_id": "",
            "id": "rtbassoc-094d7aa639c8dc146",
            "route_table_id": "rtb-0991f3487fdef321f",
            "subnet_id": "subnet-064540b5df14ec4f7",
            "timeouts": null
          },
          "sensitive_attributes": [],
          "private": "eyJlMmJmYjczMC1lY2FhLTExZTYtOGY4OC0zNDM2M2JjN2M0YzAiOnsiY3JlYXRlIjozMDAwMDAwMDAwMDAsImRlbGV0ZSI6MzAwMDAwMDAwMDAwLCJ1cGRhdGUiOjEyMDAwMDAwMDAwMH19",
          "dependencies": [
            "module.vpc_workload.aws_eip.natgw_default",
            "module.vpc_workload.aws_iam_instance_profile.ec2_nat_instance",
            "module.vpc_workload.aws_iam_role.ec2_nat_instance",
            "module.vpc_workload.aws_instance.ec2_nat_instance",
            "module.vpc_workload.aws_internet_gateway.default",
            "module.vpc_workload.aws_key_pair.ec2_keypair_natinstance",
            "module.vpc_workload.aws_nat_gateway.default",
            "module.vpc_workload.aws_route_table.manage",
            "module.vpc_workload.aws_security_group.ec2_bastion",
            "module.vpc_workload.aws_security_group.ec2_nat_instance",
            "module.vpc_workload.aws_security_group.nat_subnet_group",
            "module.vpc_workload.aws_subnet.manage",
            "module.vpc_workload.aws_subnet.nat",
            "module.vpc_workload.aws_vpc.default",
            "module.vpc_workload.data.aws_iam_policy_document.ec2_nat_instance",
            "module.vpc_workload.data.aws_ssm_parameter.amzn2_arm_ami",
            "module.vpc_workload.tls_private_key.ec2_keypair_natinstance"
          ]
        }
      ]
    },
    {
      "module": "module.vpc_workload",
      "mode": "managed",
      "type": "aws_route_table_association",
      "name": "nat",
      "provider": "provider[\"registry.terraform.io/hashicorp/aws\"]",
      "instances": [
        {
          "index_key": 0,
          "schema_version": 0,
          "attributes": {
            "gateway_id": "",
            "id": "rtbassoc-037a36f6f38c4eb6e",
            "route_table_id": "rtb-0a98413636fc3f2e8",
            "subnet_id": "subnet-08f4133e4ffae5217",
            "timeouts": null
          },
          "sensitive_attributes": [],
          "private": "eyJlMmJmYjczMC1lY2FhLTExZTYtOGY4OC0zNDM2M2JjN2M0YzAiOnsiY3JlYXRlIjozMDAwMDAwMDAwMDAsImRlbGV0ZSI6MzAwMDAwMDAwMDAwLCJ1cGRhdGUiOjEyMDAwMDAwMDAwMH19",
          "dependencies": [
            "module.vpc_workload.aws_internet_gateway.default",
            "module.vpc_workload.aws_route_table.nat",
            "module.vpc_workload.aws_subnet.nat",
            "module.vpc_workload.aws_vpc.default"
          ]
        },
        {
          "index_key": 1,
          "schema_version": 0,
          "attributes": {
            "gateway_id": "",
            "id": "rtbassoc-00a9ff9e9c1a404ff",
            "route_table_id": "rtb-0a98413636fc3f2e8",
            "subnet_id": "subnet-04891ea89d1b1e2ee",
            "timeouts": null
          },
          "sensitive_attributes": [],
          "private": "eyJlMmJmYjczMC1lY2FhLTExZTYtOGY4OC0zNDM2M2JjN2M0YzAiOnsiY3JlYXRlIjozMDAwMDAwMDAwMDAsImRlbGV0ZSI6MzAwMDAwMDAwMDAwLCJ1cGRhdGUiOjEyMDAwMDAwMDAwMH19",
          "dependencies": [
            "module.vpc_workload.aws_internet_gateway.default",
            "module.vpc_workload.aws_route_table.nat",
            "module.vpc_workload.aws_subnet.nat",
            "module.vpc_workload.aws_vpc.default"
          ]
        }
      ]
    },
    {
      "module": "module.vpc_workload",
      "mode": "managed",
      "type": "aws_route_table_association",
      "name": "private",
      "provider": "provider[\"registry.terraform.io/hashicorp/aws\"]",
      "instances": [
        {
          "index_key": 0,
          "schema_version": 0,
          "attributes": {
            "gateway_id": "",
            "id": "rtbassoc-0cc2f7c4fdccdc0cb",
            "route_table_id": "rtb-07e6551ec9a1fff2d",
            "subnet_id": "subnet-07b2d31c2475b615d",
            "timeouts": null
          },
          "sensitive_attributes": [],
          "private": "eyJlMmJmYjczMC1lY2FhLTExZTYtOGY4OC0zNDM2M2JjN2M0YzAiOnsiY3JlYXRlIjozMDAwMDAwMDAwMDAsImRlbGV0ZSI6MzAwMDAwMDAwMDAwLCJ1cGRhdGUiOjEyMDAwMDAwMDAwMH19",
          "dependencies": [
            "module.vpc_workload.aws_eip.natgw_default",
            "module.vpc_workload.aws_iam_instance_profile.ec2_nat_instance",
            "module.vpc_workload.aws_iam_role.ec2_nat_instance",
            "module.vpc_workload.aws_instance.ec2_nat_instance",
            "module.vpc_workload.aws_internet_gateway.default",
            "module.vpc_workload.aws_key_pair.ec2_keypair_natinstance",
            "module.vpc_workload.aws_nat_gateway.default",
            "module.vpc_workload.aws_route_table.private",
            "module.vpc_workload.aws_security_group.ec2_bastion",
            "module.vpc_workload.aws_security_group.ec2_nat_instance",
            "module.vpc_workload.aws_security_group.nat_subnet_group",
            "module.vpc_workload.aws_subnet.nat",
            "module.vpc_workload.aws_subnet.private",
            "module.vpc_workload.aws_vpc.default",
            "module.vpc_workload.data.aws_iam_policy_document.ec2_nat_instance",
            "module.vpc_workload.data.aws_ssm_parameter.amzn2_arm_ami",
            "module.vpc_workload.tls_private_key.ec2_keypair_natinstance"
          ]
        },
        {
          "index_key": 1,
          "schema_version": 0,
          "attributes": {
            "gateway_id": "",
            "id": "rtbassoc-0d8d12672cc13ce16",
            "route_table_id": "rtb-08564e3616cb76dde",
            "subnet_id": "subnet-04784f90287f8f505",
            "timeouts": null
          },
          "sensitive_attributes": [],
          "private": "eyJlMmJmYjczMC1lY2FhLTExZTYtOGY4OC0zNDM2M2JjN2M0YzAiOnsiY3JlYXRlIjozMDAwMDAwMDAwMDAsImRlbGV0ZSI6MzAwMDAwMDAwMDAwLCJ1cGRhdGUiOjEyMDAwMDAwMDAwMH19",
          "dependencies": [
            "module.vpc_workload.aws_eip.natgw_default",
            "module.vpc_workload.aws_iam_instance_profile.ec2_nat_instance",
            "module.vpc_workload.aws_iam_role.ec2_nat_instance",
            "module.vpc_workload.aws_instance.ec2_nat_instance",
            "module.vpc_workload.aws_internet_gateway.default",
            "module.vpc_workload.aws_key_pair.ec2_keypair_natinstance",
            "module.vpc_workload.aws_nat_gateway.default",
            "module.vpc_workload.aws_route_table.private",
            "module.vpc_workload.aws_security_group.ec2_bastion",
            "module.vpc_workload.aws_security_group.ec2_nat_instance",
            "module.vpc_workload.aws_security_group.nat_subnet_group",
            "module.vpc_workload.aws_subnet.nat",
            "module.vpc_workload.aws_subnet.private",
            "module.vpc_workload.aws_vpc.default",
            "module.vpc_workload.data.aws_iam_policy_document.ec2_nat_instance",
            "module.vpc_workload.data.aws_ssm_parameter.amzn2_arm_ami",
            "module.vpc_workload.tls_private_key.ec2_keypair_natinstance"
          ]
        }
      ]
    },
    {
      "module": "module.vpc_workload",
      "mode": "managed",
      "type": "aws_route_table_association",
      "name": "public",
      "provider": "provider[\"registry.terraform.io/hashicorp/aws\"]",
      "instances": [
        {
          "index_key": 0,
          "schema_version": 0,
          "attributes": {
            "gateway_id": "",
            "id": "rtbassoc-09c3ce752f03d08fd",
            "route_table_id": "rtb-0f1414600f3b93254",
            "subnet_id": "subnet-08309d02a04101db1",
            "timeouts": null
          },
          "sensitive_attributes": [],
          "private": "eyJlMmJmYjczMC1lY2FhLTExZTYtOGY4OC0zNDM2M2JjN2M0YzAiOnsiY3JlYXRlIjozMDAwMDAwMDAwMDAsImRlbGV0ZSI6MzAwMDAwMDAwMDAwLCJ1cGRhdGUiOjEyMDAwMDAwMDAwMH19",
          "dependencies": [
            "module.vpc_workload.aws_internet_gateway.default",
            "module.vpc_workload.aws_route_table.public",
            "module.vpc_workload.aws_subnet.public",
            "module.vpc_workload.aws_vpc.default"
          ]
        },
        {
          "index_key": 1,
          "schema_version": 0,
          "attributes": {
            "gateway_id": "",
            "id": "rtbassoc-06ae6e201a11c950c",
            "route_table_id": "rtb-0f1414600f3b93254",
            "subnet_id": "subnet-0db76712a7a1bb426",
            "timeouts": null
          },
          "sensitive_attributes": [],
          "private": "eyJlMmJmYjczMC1lY2FhLTExZTYtOGY4OC0zNDM2M2JjN2M0YzAiOnsiY3JlYXRlIjozMDAwMDAwMDAwMDAsImRlbGV0ZSI6MzAwMDAwMDAwMDAwLCJ1cGRhdGUiOjEyMDAwMDAwMDAwMH19",
          "dependencies": [
            "module.vpc_workload.aws_internet_gateway.default",
            "module.vpc_workload.aws_route_table.public",
            "module.vpc_workload.aws_subnet.public",
            "module.vpc_workload.aws_vpc.default"
          ]
        }
      ]
    },
    {
      "module": "module.vpc_workload",
      "mode": "managed",
      "type": "aws_route_table_association",
      "name": "tgw",
      "provider": "provider[\"registry.terraform.io/hashicorp/aws\"]",
      "instances": [
        {
          "index_key": 0,
          "schema_version": 0,
          "attributes": {
            "gateway_id": "",
            "id": "rtbassoc-06c858a998ff1a699",
            "route_table_id": "rtb-0ede8f360cd2070f8",
            "subnet_id": "subnet-07c9e0ead85c83ded",
            "timeouts": null
          },
          "sensitive_attributes": [],
          "private": "eyJlMmJmYjczMC1lY2FhLTExZTYtOGY4OC0zNDM2M2JjN2M0YzAiOnsiY3JlYXRlIjozMDAwMDAwMDAwMDAsImRlbGV0ZSI6MzAwMDAwMDAwMDAwLCJ1cGRhdGUiOjEyMDAwMDAwMDAwMH19",
          "dependencies": [
            "module.vpc_workload.aws_route_table.tgw",
            "module.vpc_workload.aws_subnet.tgw",
            "module.vpc_workload.aws_vpc.default"
          ]
        },
        {
          "index_key": 1,
          "schema_version": 0,
          "attributes": {
            "gateway_id": "",
            "id": "rtbassoc-06ad4e3d8aed06e3b",
            "route_table_id": "rtb-0ede8f360cd2070f8",
            "subnet_id": "subnet-006260efc4159dbbd",
            "timeouts": null
          },
          "sensitive_attributes": [],
          "private": "eyJlMmJmYjczMC1lY2FhLTExZTYtOGY4OC0zNDM2M2JjN2M0YzAiOnsiY3JlYXRlIjozMDAwMDAwMDAwMDAsImRlbGV0ZSI6MzAwMDAwMDAwMDAwLCJ1cGRhdGUiOjEyMDAwMDAwMDAwMH19",
          "dependencies": [
            "module.vpc_workload.aws_route_table.tgw",
            "module.vpc_workload.aws_subnet.tgw",
            "module.vpc_workload.aws_vpc.default"
          ]
        }
      ]
    },
    {
      "module": "module.vpc_workload",
      "mode": "managed",
      "type": "aws_secretsmanager_secret",
      "name": "ec2_keypair_bastion",
      "provider": "provider[\"registry.terraform.io/hashicorp/aws\"]",
      "instances": [
        {
          "index_key": 0,
          "schema_version": 0,
          "attributes": {
            "arn": "arn:aws:secretsmanager:ap-southeast-1:890942158228:secret:ec2.instance.selin-tf-bastion.ec2-user.id_rsa-E3UpFL",
            "description": "",
            "force_overwrite_replica_secret": false,
            "id": "arn:aws:secretsmanager:ap-southeast-1:890942158228:secret:ec2.instance.selin-tf-bastion.ec2-user.id_rsa-E3UpFL",
            "kms_key_id": "",
            "name": "ec2.instance.selin-tf-bastion.ec2-user.id_rsa",
            "name_prefix": "",
            "policy": "",
            "recovery_window_in_days": 0,
            "replica": [],
            "tags": {},
            "tags_all": {
              "CmBillingGroup": "OTHER",
              "CodedResource": "true",
              "Environment": "playground",
              "IaC": "local",
              "Owner": "",
              "Service": "selin-tf"
            }
          },
          "sensitive_attributes": [],
          "private": "bnVsbA=="
        }
      ]
    },
    {
      "module": "module.vpc_workload",
      "mode": "managed",
      "type": "aws_secretsmanager_secret",
      "name": "ec2_keypair_natinstance",
      "provider": "provider[\"registry.terraform.io/hashicorp/aws\"]",
      "instances": [
        {
          "index_key": 0,
          "schema_version": 0,
          "attributes": {
            "arn": "arn:aws:secretsmanager:ap-southeast-1:890942158228:secret:ec2.instance.selin-tf-nat-instance.0.ec2-user.id_rsa-iEeoyp",
            "description": "",
            "force_overwrite_replica_secret": false,
            "id": "arn:aws:secretsmanager:ap-southeast-1:890942158228:secret:ec2.instance.selin-tf-nat-instance.0.ec2-user.id_rsa-iEeoyp",
            "kms_key_id": "",
            "name": "ec2.instance.selin-tf-nat-instance.0.ec2-user.id_rsa",
            "name_prefix": "",
            "policy": "",
            "recovery_window_in_days": 0,
            "replica": [],
            "tags": {},
            "tags_all": {
              "CmBillingGroup": "OTHER",
              "CodedResource": "true",
              "Environment": "playground",
              "IaC": "local",
              "Owner": "",
              "Service": "selin-tf"
            }
          },
          "sensitive_attributes": [],
          "private": "bnVsbA=="
        }
      ]
    },
    {
      "module": "module.vpc_workload",
      "mode": "managed",
      "type": "aws_secretsmanager_secret_version",
      "name": "ec2_keypair_bastion",
      "provider": "provider[\"registry.terraform.io/hashicorp/aws\"]",
      "instances": [
        {
          "index_key": 0,
          "schema_version": 0,
          "attributes": {
            "arn": "arn:aws:secretsmanager:ap-southeast-1:890942158228:secret:ec2.instance.selin-tf-bastion.ec2-user.id_rsa-E3UpFL",
            "id": "arn:aws:secretsmanager:ap-southeast-1:890942158228:secret:ec2.instance.selin-tf-bastion.ec2-user.id_rsa-E3UpFL|6FB42443-7C13-4CF1-9ADC-23EF96ECC42C",
            "secret_binary": "LS0tLS1CRUdJTiBPUEVOU1NIIFBSSVZBVEUgS0VZLS0tLS0KYjNCbGJuTnphQzFyWlhrdGRqRUFBQUFBQkc1dmJtVUFBQUFFYm05dVpRQUFBQUFBQUFBQkFBQUNGd0FBQUFkegpjMmd0Y25OaEFBQUFBd0VBQVFBQUFnRUFva0ZvRE9WaGJWL1lwNXFuTlBPOVcvQURzeXhsZ01iRld2cmRoTUNOCkdFSlhnckQwcCtKTkxZRUFLbmpwK3Z5VlA5bWJrbDMvdGRkNUJPbkJ5OUpBK29SYnU5V2hORTNrMHZYQXdlOFkKWVVnUmlJdTdUYnhOKzZpV29DVGpCR3JIaCthdXpScnJFVjlrc1lmNXhRTnlRTFo0czMweWk0VXAyZnhwcThIRApINnRDMHBTQTJOeDRqZEtpOUdvQW1tZFZoVjgrYkMwUkFIaWZlS0IzZ055b0tubTBPVzh4bjkzRm5jalRFOUI5ClVlcXFjQUkza0k1Z29CbjNSb29MMFF0dUVkZXBzUldXeXg2cTJaOURsRUUyQk0yc2NHRHNNb1l0OTVjVWkvTk0KVEl4QTEwYlAyaDJhSjhtTVg1Q2dWYjFEMGhoa3pLZklXcVp6N3FiaW81S2ZpZ28vdWppaUg5cVhLUmwxRUN1dApPUmN3SktYaGt2eU9sOEVsQm9oOTdzd0FXZHVBcEdQalNaUHJ1by9TSm45VGlTRFRRM3pNeGF0Q1A1eldJWHkvCmhmNnpxVHpTaUwxclUwNHFZUER4aVE4ZzZGcWFQa0ExTHUwT3JSYWdtZ0FIWDluWVhDclN1c2UrSnIxaEtCRVoKOFdjUENSSWt0c0FrbW9Yam5CUXp6RllWdXBseDBsaUhtNGtUT3o5ZGlvRXFZbTZGWWxwSzBIQXY1UlpBckxtbQoyWkRCanZJK0tJRkMwTkFUR25SV1M1aWRVWGc5ays5V2kxRXZPa2JSSTdxVlhFQzRYUStUR2QwOXRpNGVyeGd4ClRJK3ZvODc5Uk83YmhzVFU3dGExcHdFVVprbEI4aGFKVk92anFiQktpZVZZOEthNWt0aWdteHk5WXhMSTFpUUQKTVZrQUFBYzQ5eDlJTnZjZlNEWUFBQUFIYzNOb0xYSnpZUUFBQWdFQW9rRm9ET1ZoYlYvWXA1cW5OUE85Vy9BRApzeXhsZ01iRld2cmRoTUNOR0VKWGdyRDBwK0pOTFlFQUtuanArdnlWUDltYmtsMy90ZGQ1Qk9uQnk5SkErb1JiCnU5V2hORTNrMHZYQXdlOFlZVWdSaUl1N1RieE4rNmlXb0NUakJHckhoK2F1elJyckVWOWtzWWY1eFFOeVFMWjQKczMweWk0VXAyZnhwcThIREg2dEMwcFNBMk54NGpkS2k5R29BbW1kVmhWOCtiQzBSQUhpZmVLQjNnTnlvS25tMApPVzh4bjkzRm5jalRFOUI5VWVxcWNBSTNrSTVnb0JuM1Jvb0wwUXR1RWRlcHNSV1d5eDZxMlo5RGxFRTJCTTJzCmNHRHNNb1l0OTVjVWkvTk1USXhBMTBiUDJoMmFKOG1NWDVDZ1ZiMUQwaGhrektmSVdxWno3cWJpbzVLZmlnby8KdWppaUg5cVhLUmwxRUN1dE9SY3dKS1hoa3Z5T2w4RWxCb2g5N3N3QVdkdUFwR1BqU1pQcnVvL1NKbjlUaVNEVApRM3pNeGF0Q1A1eldJWHkvaGY2enFUelNpTDFyVTA0cVlQRHhpUThnNkZxYVBrQTFMdTBPclJhZ21nQUhYOW5ZClhDclN1c2UrSnIxaEtCRVo4V2NQQ1JJa3RzQWttb1hqbkJRenpGWVZ1cGx4MGxpSG00a1RPejlkaW9FcVltNkYKWWxwSzBIQXY1UlpBckxtbTJaREJqdkkrS0lGQzBOQVRHblJXUzVpZFVYZzlrKzlXaTFFdk9rYlJJN3FWWEVDNApYUStUR2QwOXRpNGVyeGd4VEkrdm84NzlSTzdiaHNUVTd0YTFwd0VVWmtsQjhoYUpWT3ZqcWJCS2llVlk4S2E1Cmt0aWdteHk5WXhMSTFpUURNVmtBQUFBREFRQUJBQUFDQUZQQmU1cWNsYXhGKzZxWTlKTXE5cWFNd1B3dWdMNzIKM0UxWWpoekc0STZUUUdVZ1AwcWlVTUNhaEtGb0JUQWdUbExGVzc4MGNwbEZmeDBBSlorM0N2L0dieXdJM013SgpJWU9jaEVJWHovZjNvY1ZnaS9GV3NOS2xkZ3Q0dnc4NnA0RUpuVllXL1J6Y3B6ZlZQeU5wNGdKeHJ1RElVZDBmCmdqa2FTTm4yaldpOW1TTG1zWlJBU3FLN0JvOHdZTnRUV0J3ZXpEUS9Geld0RG5UUU1KLytSM2lWbG1qSGMxQlkKeEhmc2dMa0x1SVVlbzVocUxKQ2NUbGlXenNSRTRsQ29tOHJ1RHBSdzFvUkhjbDRnRGx4clJSMDVwamZrY0VpcwpadklWdE8rQlNmT0J1cjdsdU1tWTJraUxpOENSQVpNQXZnK25zL0RJODIySDJ2Um9oVGwycUk5Z2VhZ0ZldGd2CjN2ZFp3WDc4L1VDMzBSSDQyVXB5Ri90Z2dXTGZ4a2ZOMUpvLzl6a25CaGJRWUlrYUQwNW5vUTMwU1dLK3NyZ28Kc3BxY3JNRzZZbzc1M0xvS3Q4RDJpT2xhQU1iaFpZWUR2d3E3R1lnWUd3azN2cDd0eldNNEJmODB1NDlabzRnVwpOVTNPdS9TMVA3Qjh5VThLb3Q2Qm1iTjB6dEpvZXovcUxWWWZJcTJyTzJlV25NNjRJSDZoVmhTN2pLL1ZvYUZOCk1tMGFheHNPVUxPZHRYSkZrekNZRnhLcXYrR1ZIL2tuUGlJR1RYVXFuSjY5eGpIU1lUeE5WZVJObCsyVmZtOFUKeFlxQ0RTN203a2NwckdjY3Zjc1hRMlJDNlhFWTVTMjNyUk9hdTZmVElHbDBLaHIybVZ2V25TZEhWamRqdG9oNgp4cGZ4TGV0VzJ6WUJBQUFCQUcrTjR5dEFsMmdhcUNwdGdjbTh4Ty85WWFxeEdIQTdxRXA0WjBoMXBibGVHRE9kCjFqRjVmMlNjZ0cybjZCQWdUWkt4ZzJWWjhmTHpmbWhOZG5NK2lZMmZvQXlkRE1KV2dKOEtrcE1RcTBiN2JlY2MKVmRYNHRuUHcxMFRWaHBOaGFtb3QyejRDRmdDUnlYUS9yMVU5SFp3clUzb1BoWGRUanlScVhXeEtkNmlLWlhDRgoreWZVU2o1TVVyWXJWNXhtSDhWdGorMFlVTktyQlFMSnhyUDVDaGVUR2xmMkNna1dJTmFQTUVHbHlNWHdsQWNSCmllKzdJakdsdXRHb0F6SGUyc1VXWXU2dGhVdVlaeHdOTTFHOGQvR3dhYVozMzJiZm4wR3hMNVBuQTBTcHVEVzgKTC9wM0g4bXZFcWs4b1NmSERFQyt4bXdvanpTOHY5WTV1T1N6VFVBQUFBRUJBTURCclg1ZXBQS1BYQXd1eng3MgplY0RoNFNwcEw1c0lWMmxEWUVXdDZJZ09hN2lnSEp5ZE9xNXEyZkt6ZVJ4TFp5YTl2Y3ZLUkhLRjBsVlVLUTU3ClhxUDBRbkMzQ0I2R2ZpcjBSOG84Q2cyY1VYV280NzBvNGpwQTg0NG00Z083L0ZKcGRsc1NveXM1bUI2UGF5NFkKTXBWR3N5UHVVNFhndUZQcW10Sm5hdEFNaVFYVER0c3ZoY0k4a3ptNVQ1UlBQNk1hZ1E5RDJqSEowakMvSG50dQowUUlXYzRUR054TVBoV0VxeGZBVU9XS0NuT1lmQ29WM2hGWVB1OFZDZW8xeGx5dUtoZyttWDY4T0V1aFpOZTNvCjBwbmh4UkRxTWNWcXl1VERQd1l5eVZpb1IwVHRDMUhmbE1qSGkxZjJyNi9iZ0lRNnp3TWhpaFo5b2E4M1Z1QzAKRHVFQUFBRUJBTmQ5MVlZRFJGZFNJZVB2aXY0K1V3Nk4veDdTakx1cGlLclh6VFZaYXlxUHVNeElEcGc1NitySwpVRnpEem1jNlpjVHZ6Snh1VVFIdG9tUklmSSsyRjA4Skt2V3U5ZEh0cUNhaGVJY0pkMzFYSXczR0QxT1Q1UWxRClNQSERoWnQwYkpxdHNLcE5DcmdCdEVKMGl6aXFRVDYxQXAyVGw2S0NrQXFUVW5sWU5KKzFyZU5JTis5anQ1LzQKV2N6RnBETzV0K3JtMGpPYVlVVEZ2SmZkVWUrN3REMXJHbjhtVWt2MEdqZWFHUENNZkQvaStIWDVHUm1WbFo3ZgpCalozajNrLzZGbVpzY25SbWhZT2x1a21qY3JwWnBxQVJRTkRPQTFCbTlGdnIrTTdBS3d6TU0wb0tONnBrSVVJCmlvVmxTTFREZXpXaEJpT0Q2SGdjNVM4Sm5aM3FTWGtBQUFBQUFRSUQKLS0tLS1FTkQgT1BFTlNTSCBQUklWQVRFIEtFWS0tLS0tCg==",
            "secret_id": "arn:aws:secretsmanager:ap-southeast-1:890942158228:secret:ec2.instance.selin-tf-bastion.ec2-user.id_rsa-E3UpFL",
            "secret_string": "",
            "version_id": "6FB42443-7C13-4CF1-9ADC-23EF96ECC42C",
            "version_stages": [
              "AWSCURRENT"
            ]
          },
          "sensitive_attributes": [
            [
              {
                "type": "get_attr",
                "value": "secret_binary"
              }
            ],
            [
              {
                "type": "get_attr",
                "value": "secret_string"
              }
            ]
          ],
          "private": "bnVsbA==",
          "dependencies": [
            "module.vpc_workload.aws_secretsmanager_secret.ec2_keypair_bastion",
            "module.vpc_workload.tls_private_key.ec2_keypair_bastion"
          ]
        }
      ]
    },
    {
      "module": "module.vpc_workload",
      "mode": "managed",
      "type": "aws_secretsmanager_secret_version",
      "name": "ec2_keypair_natinstance",
      "provider": "provider[\"registry.terraform.io/hashicorp/aws\"]",
      "instances": [
        {
          "index_key": 0,
          "schema_version": 0,
          "attributes": {
            "arn": "arn:aws:secretsmanager:ap-southeast-1:890942158228:secret:ec2.instance.selin-tf-nat-instance.0.ec2-user.id_rsa-iEeoyp",
            "id": "arn:aws:secretsmanager:ap-southeast-1:890942158228:secret:ec2.instance.selin-tf-nat-instance.0.ec2-user.id_rsa-iEeoyp|8A840E3F-AAA2-4234-8A80-B2CB6CE8E80F",
            "secret_binary": "LS0tLS1CRUdJTiBPUEVOU1NIIFBSSVZBVEUgS0VZLS0tLS0KYjNCbGJuTnphQzFyWlhrdGRqRUFBQUFBQkc1dmJtVUFBQUFFYm05dVpRQUFBQUFBQUFBQkFBQUNGd0FBQUFkegpjMmd0Y25OaEFBQUFBd0VBQVFBQUFnRUF3bS90TzZNU1RsYlRiMGtkcUxHMjFFU0ZXUUVKWXY0RG5uSWJnalBJCmhlWENWamxyWEVuZWNreUtuTWY1MW5uV0IzMEtob0Ixa1pPQURXc0tpWFhreStSak83L3V5K2oyU0dSbXY4R1gKNElIbHBxZUhxcGpsaTZLRGt4STVkemxGSDcycHJNeWNJRkQvUWFsTjNQS2pSNG9ZQmVqS0xTVTNwYWZoL0UyRgoyU1k5YnVZL2FoV1lYSzBoRDlBc0NYQnZUdDEwbUsrNUdTT3dnYTlMRmxUa2QzamV6WFJ4a2xLVG5pZU15akEvCmlINHRxOTJoQUt1K20zRXAzT0U0cjZiNDl3b1JoNGFkQ0xNaDhkMnVlTlZOemlTTjlGVlhkdXlUeFlvS245dnAKMFBtTU1SU3lpMngzNW1uZFZGK3FHUEhXODBsaEt1RkxWK1RSa3ZNV2ZIR05JMjNGQk9Ed1RGeHY3Z201d21tRQpLWnBDK3R5L3duWDB0cjcrb3B2UW5zekNKVjlsRHBBWHRvYkVSejhibXVsSk9YejkzSFFzcjc5aWtzZGR0dCttCm5mSXBhNE1kclAvaS80alF0SkxVbkxTQjlUeDlSMCtYVkMzeVYrdGlLaTFWNVBtRkNhUXN3dCtkNWFiQmFWcWIKUGVKQUhnNUR6THJDK0ViVENvaU5xQmtsNlFUVFVjU0U0ZmpIaXl6OUU0MFkzRFEzUnEvaTFDUkV2ZmlaV3ViSgpoak5lZmVEY0NGK3gwZG1IdFZJV1BDdkpqNm1VNk8rTWdYd2pSSTEyL1VGKzVHcTIraG9QNldnbmFWa05Wa000CnI3cEtzV3AxblFZU29qNUk0UGVaVHR0Y0Y1QnhOT010RTBPSXJSYnluMThuczFTdnA3VnB4WFFlTVVVdXlCWFcKekQwQUFBYzQvdVFTQmY3a0VnVUFBQUFIYzNOb0xYSnpZUUFBQWdFQXdtL3RPNk1TVGxiVGIwa2RxTEcyMUVTRgpXUUVKWXY0RG5uSWJnalBJaGVYQ1ZqbHJYRW5lY2t5S25NZjUxbm5XQjMwS2hvQjFrWk9BRFdzS2lYWGt5K1JqCk83L3V5K2oyU0dSbXY4R1g0SUhscHFlSHFwamxpNktEa3hJNWR6bEZINzJwck15Y0lGRC9RYWxOM1BLalI0b1kKQmVqS0xTVTNwYWZoL0UyRjJTWTlidVkvYWhXWVhLMGhEOUFzQ1hCdlR0MTBtSys1R1NPd2dhOUxGbFRrZDNqZQp6WFJ4a2xLVG5pZU15akEvaUg0dHE5MmhBS3UrbTNFcDNPRTRyNmI0OXdvUmg0YWRDTE1oOGQydWVOVk56aVNOCjlGVlhkdXlUeFlvS245dnAwUG1NTVJTeWkyeDM1bW5kVkYrcUdQSFc4MGxoS3VGTFYrVFJrdk1XZkhHTkkyM0YKQk9Ed1RGeHY3Z201d21tRUtacEMrdHkvd25YMHRyNytvcHZRbnN6Q0pWOWxEcEFYdG9iRVJ6OGJtdWxKT1h6OQozSFFzcjc5aWtzZGR0dCttbmZJcGE0TWRyUC9pLzRqUXRKTFVuTFNCOVR4OVIwK1hWQzN5Vit0aUtpMVY1UG1GCkNhUXN3dCtkNWFiQmFWcWJQZUpBSGc1RHpMckMrRWJUQ29pTnFCa2w2UVRUVWNTRTRmakhpeXo5RTQwWTNEUTMKUnEvaTFDUkV2ZmlaV3ViSmhqTmVmZURjQ0YreDBkbUh0VklXUEN2Smo2bVU2TytNZ1h3alJJMTIvVUYrNUdxMgoraG9QNldnbmFWa05Wa000cjdwS3NXcDFuUVlTb2o1STRQZVpUdHRjRjVCeE5PTXRFME9JclJieW4xOG5zMVN2CnA3VnB4WFFlTVVVdXlCWFd6RDBBQUFBREFRQUJBQUFDQUV5Q05sdE5JNXJuMTNMbTFtRFc3UlpCa0NjaG5VdnkKb0FIczdKNGpPamhWM0U2SmNaRnpEN0R5SldqajE0OXBpYXFRclYrWGxLdWYycmRzODB4N3MzZjNlb1M4Vlg2dgpRSm5qeC9xVWR1ckVzbFVOZnZqR0NTMFUyYWs1ZHB0UFViL1hwYmgxR3Nvc2xRU0ZWam9tejlFS3FjRkpoS1NYCkRIcUd3UW5DaDNTVzgzMTc1R0FkOTBJZ2JlNEhBQTBHelFXL1ptM2VWM3RvNjc5YjlyUG0yNitYUkRTY0tVUm0KY2VlOXNFeXZCNUR4OVk2M091OUVwVkFOQzJmNng0OTJxR2lzOFpEZWkxUXRDS0pmbEpPL2Uwb3VZQjFRcDRZSQpPVzExa0JDdlBDWWF5K3RVTloxZkpSN3BjVW9PQ3FTZUpQSytZUm02WlNkRXhxS0lQTVRpK2FIVHJqY1dYQ2tyCkFyRmxnb1BjVDNNOFM4bnU3bm5oYm5jV3V1L0Q1b2tNcnVoTzlsRU9MdWs4VlY3d25PaXpnOVJyNnlrdDgwdXMKWVZTWU8vNTJPQ0MranY3SnJrbGhtQmx0OHFaRjJrUkFqMDlUQUZwTjZ1c21lcWxRNDM1WFF3SXpsNERTNWR4UgpjZUFiM3dYSDVGZDJTb0JCVWxSQTlZdzRWcTJGQ3hFM2N3Q3lSOGVTdmdxN3R4WFNQWmhWZzN2bXluUE9ROS9tCmtwU3dBZFdNM1VQY2pRcFdPVHpsQ0x6MmI5T3BxVzBTUnJmNjBEdnpUblMvUzJCcS9oWDZBV3k1eFJEUjZhZzcKU1E5U3RtdzBlTzV3Z2FWdGZrVHM4dm5NRURodTNZZVZ2cUZKaXJaQmJGMzJjSHY2c0hHWWdOc3ovRWkrZUNScgpzMzQ3ZnByR2NtMkJBQUFCQUNqclA5aWhsdWt5dERJT3NTZS9HOG5IaWRqL2VrdHBlOThaWXdMNCtXSEhzbWxhCnI4eGUvT3oxUnRuck5XYmN0a3FOeVlhY3Z2OTQ1SkM1dkRCejQ2MnVkSjRQL096VXlEQ1c3NHIxQTYzR29TVGoKL0EzQ1ZNRVBLYlB1ak9ZM3U1emVrdWtQZFJkendMOE0yUGZaY0l5NHdlUStlcW5KbkVvQldDSkYwTFgxcGw4Kwp3aWx0a2RhTjBPUTBUMjM5RFNLbnhCRXpPM3dxN001bXpCTjdzUEs0VktCOUYyOW45bkpTRC9ZVEtkaCs5dkZNCjNBdEdhWHBCbzhnZFM1V08rTWFkclVFWmd3MmFueXh1ZDNvYmtOMGVQUW8xL1ZRVDlxODlkNWNQVTI2NGlFdTUKaHU3Zm5DYVhLZ2EvTjN1UjV3cnpLdlRiT1ZlRStid2ZTQ1AyZG04QUFBRUJBTjNGMDhoMmFmTDhqd0pwSW1zbApkY2lMK01scHNNbVdVZ2dWYXRvb0FXd1d6dEtLTWlFV2xLZHVFek9vOW0xdURHQ3p2YWJ1aXZFajRsd2FHOStSClNWYlk2MVZPU0Q5RGpCclpzQjd0VTcra3N0TGE2YjdQZTV4Q0QvRmFnMm5QT1dhc29rTTBQT0FiSFQ4REhqQVoKdXZ5RjJaOHFsOEtFdDFwamNIMnpoLzd0Vm0ySWZyRHlwWlJabkxrUzg3T2V5SFUxSklDSVJnME52RXdvYnhCTAovTEgrUVZaTWEwcUVMeThCV04zK3J0MndGay9ZakRhbnNDZjJVZ212SlhCWFJQMmorR0V5Q2JsaGIwN3ZDMXhzClovK05BNUhDQXZPKzRvSno2MVJzVUNnaklad083ZlhSdUx2K3BtNGxmZ0lINEJrMFh4K2NsYjc1UjNadlJXQ3kKVlJVQUFBRUJBT0J5RkpSTFdkTENPbUF1NWlGY0lEbkNzekFLazBoTTFrN3ZNR0hiOHNJbllKUHZ5WWNIUU5BUQpGZUxvTkwxOUpib3NteWhLRkhMeUFLZDB4d1BVZFErOTlwOVRaTUR0QXRZQUIyMEhUd3NsSWZ6V0lkeCtEcU5YClFjbGhDdXV5a3JyazZHaEFJQnorRDl6dWNZajlwV3JqMnorS3Q3SmcwL0h0T0h0TTVtR1RKV0ZTNkJqTDlRNy8KcFdCTjdQM3VWRW9WWGNlM3p2MVhEdjFyMHJjaDdEUFJCUFR4cVpGOU1QTVFjakxyY3RLUm0vWUdvUkNnSHlQUApQUVllVVh1TXAwdmNPU0FmcGpjZWdDTVQzQ3B6SlVtNjRWdFlYaDZqUWZKeldmTXJMd2hMckVzNTVVaHIvMTd1CjBsVDVBVmx5WWJ6RzllS01qVmR1NlJwWU5ONWpOSWtBQUFBQUFRSUQKLS0tLS1FTkQgT1BFTlNTSCBQUklWQVRFIEtFWS0tLS0tCg==",
            "secret_id": "arn:aws:secretsmanager:ap-southeast-1:890942158228:secret:ec2.instance.selin-tf-nat-instance.0.ec2-user.id_rsa-iEeoyp",
            "secret_string": "",
            "version_id": "8A840E3F-AAA2-4234-8A80-B2CB6CE8E80F",
            "version_stages": [
              "AWSCURRENT"
            ]
          },
          "sensitive_attributes": [
            [
              {
                "type": "get_attr",
                "value": "secret_binary"
              }
            ],
            [
              {
                "type": "get_attr",
                "value": "secret_string"
              }
            ]
          ],
          "private": "bnVsbA==",
          "dependencies": [
            "module.vpc_workload.aws_secretsmanager_secret.ec2_keypair_natinstance",
            "module.vpc_workload.tls_private_key.ec2_keypair_natinstance"
          ]
        }
      ]
    },
    {
      "module": "module.vpc_workload",
      "mode": "managed",
      "type": "aws_security_group",
      "name": "ec2_bastion",
      "provider": "provider[\"registry.terraform.io/hashicorp/aws\"]",
      "instances": [
        {
          "schema_version": 1,
          "attributes": {
            "arn": "arn:aws:ec2:ap-southeast-1:890942158228:security-group/sg-0cf929c3f15e3d6f7",
            "description": "Bastion only.",
            "egress": [
              {
                "cidr_blocks": [
                  "0.0.0.0/0"
                ],
                "description": "",
                "from_port": 0,
                "ipv6_cidr_blocks": [],
                "prefix_list_ids": [],
                "protocol": "-1",
                "security_groups": [],
                "self": false,
                "to_port": 0
              }
            ],
            "id": "sg-0cf929c3f15e3d6f7",
            "ingress": [
              {
                "cidr_blocks": [
                  "10.0.0.0/8"
                ],
                "description": "ICMP (For network debugging.)",
                "from_port": -1,
                "ipv6_cidr_blocks": [],
                "prefix_list_ids": [],
                "protocol": "icmp",
                "security_groups": [],
                "self": false,
                "to_port": -1
              }
            ],
            "name": "selin-tf-ec2-bastion",
            "name_prefix": "",
            "owner_id": "890942158228",
            "revoke_rules_on_delete": false,
            "tags": {
              "Name": "selin-tf-ec2-bastion"
            },
            "tags_all": {
              "CmBillingGroup": "OTHER",
              "CodedResource": "true",
              "Environment": "playground",
              "IaC": "local",
              "Name": "selin-tf-ec2-bastion",
              "Owner": "",
              "Service": "selin-tf"
            },
            "timeouts": null,
            "vpc_id": "vpc-01bf300ba725825a0"
          },
          "sensitive_attributes": [],
          "private": "eyJlMmJmYjczMC1lY2FhLTExZTYtOGY4OC0zNDM2M2JjN2M0YzAiOnsiY3JlYXRlIjo2MDAwMDAwMDAwMDAsImRlbGV0ZSI6OTAwMDAwMDAwMDAwfSwic2NoZW1hX3ZlcnNpb24iOiIxIn0=",
          "dependencies": [
            "module.vpc_workload.aws_vpc.default"
          ]
        }
      ]
    },
    {
      "module": "module.vpc_workload",
      "mode": "managed",
      "type": "aws_security_group",
      "name": "ec2_nat_instance",
      "provider": "provider[\"registry.terraform.io/hashicorp/aws\"]",
      "instances": [
        {
          "schema_version": 1,
          "attributes": {
            "arn": "arn:aws:ec2:ap-southeast-1:890942158228:security-group/sg-07b65fda086a2d997",
            "description": "NAT-Instance only",
            "egress": [
              {
                "cidr_blocks": [
                  "0.0.0.0/0"
                ],
                "description": "",
                "from_port": 0,
                "ipv6_cidr_blocks": [],
                "prefix_list_ids": [],
                "protocol": "-1",
                "security_groups": [],
                "self": false,
                "to_port": 0
              }
            ],
            "id": "sg-07b65fda086a2d997",
            "ingress": [
              {
                "cidr_blocks": [
                  "10.0.0.0/16"
                ],
                "description": "Allow full access from VPC CIDR.",
                "from_port": 0,
                "ipv6_cidr_blocks": [],
                "prefix_list_ids": [],
                "protocol": "-1",
                "security_groups": [],
                "self": false,
                "to_port": 0
              }
            ],
            "name": "selin-tf-ec2-nat-instance",
            "name_prefix": "",
            "owner_id": "890942158228",
            "revoke_rules_on_delete": false,
            "tags": {
              "Name": "selin-tf-ec2-nat-instance"
            },
            "tags_all": {
              "CmBillingGroup": "OTHER",
              "CodedResource": "true",
              "Environment": "playground",
              "IaC": "local",
              "Name": "selin-tf-ec2-nat-instance",
              "Owner": "",
              "Service": "selin-tf"
            },
            "timeouts": null,
            "vpc_id": "vpc-01bf300ba725825a0"
          },
          "sensitive_attributes": [],
          "private": "eyJlMmJmYjczMC1lY2FhLTExZTYtOGY4OC0zNDM2M2JjN2M0YzAiOnsiY3JlYXRlIjo2MDAwMDAwMDAwMDAsImRlbGV0ZSI6OTAwMDAwMDAwMDAwfSwic2NoZW1hX3ZlcnNpb24iOiIxIn0=",
          "dependencies": [
            "module.vpc_workload.aws_vpc.default"
          ]
        }
      ]
    },
    {
      "module": "module.vpc_workload",
      "mode": "managed",
      "type": "aws_security_group",
      "name": "http_server_external",
      "provider": "provider[\"registry.terraform.io/hashicorp/aws\"]",
      "instances": [
        {
          "schema_version": 1,
          "attributes": {
            "arn": "arn:aws:ec2:ap-southeast-1:890942158228:security-group/sg-0aea3e2395b5ab357",
            "description": "Allow HTTP/HTTPS access from public subnet group.",
            "egress": [
              {
                "cidr_blocks": [
                  "0.0.0.0/0"
                ],
                "description": "",
                "from_port": 0,
                "ipv6_cidr_blocks": [
                  "::/0"
                ],
                "prefix_list_ids": [],
                "protocol": "-1",
                "security_groups": [],
                "self": false,
                "to_port": 0
              }
            ],
            "id": "sg-0aea3e2395b5ab357",
            "ingress": [
              {
                "cidr_blocks": [],
                "description": "HTTP access from public subnet group.",
                "from_port": 80,
                "ipv6_cidr_blocks": [],
                "prefix_list_ids": [],
                "protocol": "tcp",
                "security_groups": [
                  "sg-064925d2cc5d9db10",
                  "sg-0cf929c3f15e3d6f7"
                ],
                "self": false,
                "to_port": 80
              },
              {
                "cidr_blocks": [],
                "description": "HTTPS access from public subnet group.",
                "from_port": 443,
                "ipv6_cidr_blocks": [],
                "prefix_list_ids": [],
                "protocol": "tcp",
                "security_groups": [
                  "sg-064925d2cc5d9db10",
                  "sg-0cf929c3f15e3d6f7"
                ],
                "self": false,
                "to_port": 443
              }
            ],
            "name": "selin-tf-http-server-external",
            "name_prefix": "",
            "owner_id": "890942158228",
            "revoke_rules_on_delete": false,
            "tags": {
              "Name": "selin-tf-http-server-external"
            },
            "tags_all": {
              "CmBillingGroup": "OTHER",
              "CodedResource": "true",
              "Environment": "playground",
              "IaC": "local",
              "Name": "selin-tf-http-server-external",
              "Owner": "",
              "Service": "selin-tf"
            },
            "timeouts": null,
            "vpc_id": "vpc-01bf300ba725825a0"
          },
          "sensitive_attributes": [],
          "private": "eyJlMmJmYjczMC1lY2FhLTExZTYtOGY4OC0zNDM2M2JjN2M0YzAiOnsiY3JlYXRlIjo2MDAwMDAwMDAwMDAsImRlbGV0ZSI6OTAwMDAwMDAwMDAwfSwic2NoZW1hX3ZlcnNpb24iOiIxIn0=",
          "dependencies": [
            "module.vpc_workload.aws_security_group.ec2_bastion",
            "module.vpc_workload.aws_security_group.public_subnet_group",
            "module.vpc_workload.aws_vpc.default"
          ]
        }
      ]
    },
    {
      "module": "module.vpc_workload",
      "mode": "managed",
      "type": "aws_security_group",
      "name": "http_server_internal",
      "provider": "provider[\"registry.terraform.io/hashicorp/aws\"]",
      "instances": [
        {
          "schema_version": 1,
          "attributes": {
            "arn": "arn:aws:ec2:ap-southeast-1:890942158228:security-group/sg-0a7f605901f98e9f0",
            "description": "Allow HTTP/HTTPS access from private subnet cidr.",
            "egress": [
              {
                "cidr_blocks": [
                  "0.0.0.0/0"
                ],
                "description": "",
                "from_port": 0,
                "ipv6_cidr_blocks": [
                  "::/0"
                ],
                "prefix_list_ids": [],
                "protocol": "-1",
                "security_groups": [],
                "self": false,
                "to_port": 0
              }
            ],
            "id": "sg-0a7f605901f98e9f0",
            "ingress": [
              {
                "cidr_blocks": [
                  "10.0.0.0/8"
                ],
                "description": "HTTP",
                "from_port": 80,
                "ipv6_cidr_blocks": [],
                "prefix_list_ids": [],
                "protocol": "tcp",
                "security_groups": [],
                "self": false,
                "to_port": 80
              },
              {
                "cidr_blocks": [
                  "10.0.0.0/8"
                ],
                "description": "HTTPS",
                "from_port": 443,
                "ipv6_cidr_blocks": [],
                "prefix_list_ids": [],
                "protocol": "tcp",
                "security_groups": [],
                "self": false,
                "to_port": 443
              }
            ],
            "name": "selin-tf-http-server-internal",
            "name_prefix": "",
            "owner_id": "890942158228",
            "revoke_rules_on_delete": false,
            "tags": {
              "Name": "selin-tf-http-server-internal"
            },
            "tags_all": {
              "CmBillingGroup": "OTHER",
              "CodedResource": "true",
              "Environment": "playground",
              "IaC": "local",
              "Name": "selin-tf-http-server-internal",
              "Owner": "",
              "Service": "selin-tf"
            },
            "timeouts": null,
            "vpc_id": "vpc-01bf300ba725825a0"
          },
          "sensitive_attributes": [],
          "private": "eyJlMmJmYjczMC1lY2FhLTExZTYtOGY4OC0zNDM2M2JjN2M0YzAiOnsiY3JlYXRlIjo2MDAwMDAwMDAwMDAsImRlbGV0ZSI6OTAwMDAwMDAwMDAwfSwic2NoZW1hX3ZlcnNpb24iOiIxIn0=",
          "dependencies": [
            "module.vpc_workload.aws_vpc.default"
          ]
        }
      ]
    },
    {
      "module": "module.vpc_workload",
      "mode": "managed",
      "type": "aws_security_group",
      "name": "internal_server",
      "provider": "provider[\"registry.terraform.io/hashicorp/aws\"]",
      "instances": [
        {
          "schema_version": 1,
          "attributes": {
            "arn": "arn:aws:ec2:ap-southeast-1:890942158228:security-group/sg-0ae61323a8420a7d2",
            "description": "Resources with no external communication in private subnet.",
            "egress": [
              {
                "cidr_blocks": [
                  "0.0.0.0/0"
                ],
                "description": "",
                "from_port": 0,
                "ipv6_cidr_blocks": [
                  "::/0"
                ],
                "prefix_list_ids": [],
                "protocol": "-1",
                "security_groups": [],
                "self": false,
                "to_port": 0
              }
            ],
            "id": "sg-0ae61323a8420a7d2",
            "ingress": [],
            "name": "selin-tf-internal-server",
            "name_prefix": "",
            "owner_id": "890942158228",
            "revoke_rules_on_delete": false,
            "tags": {
              "Name": "selin-tf-internal-server"
            },
            "tags_all": {
              "CmBillingGroup": "OTHER",
              "CodedResource": "true",
              "Environment": "playground",
              "IaC": "local",
              "Name": "selin-tf-internal-server",
              "Owner": "",
              "Service": "selin-tf"
            },
            "timeouts": null,
            "vpc_id": "vpc-01bf300ba725825a0"
          },
          "sensitive_attributes": [],
          "private": "eyJlMmJmYjczMC1lY2FhLTExZTYtOGY4OC0zNDM2M2JjN2M0YzAiOnsiY3JlYXRlIjo2MDAwMDAwMDAwMDAsImRlbGV0ZSI6OTAwMDAwMDAwMDAwfSwic2NoZW1hX3ZlcnNpb24iOiIxIn0=",
          "dependencies": [
            "module.vpc_workload.aws_vpc.default"
          ]
        }
      ]
    },
    {
      "module": "module.vpc_workload",
      "mode": "managed",
      "type": "aws_security_group",
      "name": "internal_subnet_group",
      "provider": "provider[\"registry.terraform.io/hashicorp/aws\"]",
      "instances": [
        {
          "schema_version": 1,
          "attributes": {
            "arn": "arn:aws:ec2:ap-southeast-1:890942158228:security-group/sg-06abc916fbdcbb428",
            "description": "Internal subnet resource group.",
            "egress": [
              {
                "cidr_blocks": [
                  "0.0.0.0/0"
                ],
                "description": "",
                "from_port": 0,
                "ipv6_cidr_blocks": [
                  "::/0"
                ],
                "prefix_list_ids": [],
                "protocol": "-1",
                "security_groups": [],
                "self": false,
                "to_port": 0
              }
            ],
            "id": "sg-06abc916fbdcbb428",
            "ingress": [
              {
                "cidr_blocks": [],
                "description": "Communication between nodes in a subnet",
                "from_port": 0,
                "ipv6_cidr_blocks": [],
                "prefix_list_ids": [],
                "protocol": "-1",
                "security_groups": [],
                "self": true,
                "to_port": 0
              },
              {
                "cidr_blocks": [],
                "description": "ICMP from Bastion",
                "from_port": -1,
                "ipv6_cidr_blocks": [],
                "prefix_list_ids": [],
                "protocol": "icmp",
                "security_groups": [
                  "sg-0cf929c3f15e3d6f7"
                ],
                "self": false,
                "to_port": -1
              }
            ],
            "name": "selin-tf-internal-subnet-group",
            "name_prefix": "",
            "owner_id": "890942158228",
            "revoke_rules_on_delete": false,
            "tags": {
              "Name": "selin-tf-internal-subnet-group"
            },
            "tags_all": {
              "CmBillingGroup": "OTHER",
              "CodedResource": "true",
              "Environment": "playground",
              "IaC": "local",
              "Name": "selin-tf-internal-subnet-group",
              "Owner": "",
              "Service": "selin-tf"
            },
            "timeouts": null,
            "vpc_id": "vpc-01bf300ba725825a0"
          },
          "sensitive_attributes": [],
          "private": "eyJlMmJmYjczMC1lY2FhLTExZTYtOGY4OC0zNDM2M2JjN2M0YzAiOnsiY3JlYXRlIjo2MDAwMDAwMDAwMDAsImRlbGV0ZSI6OTAwMDAwMDAwMDAwfSwic2NoZW1hX3ZlcnNpb24iOiIxIn0=",
          "dependencies": [
            "module.vpc_workload.aws_security_group.ec2_bastion",
            "module.vpc_workload.aws_vpc.default"
          ]
        }
      ]
    },
    {
      "module": "module.vpc_workload",
      "mode": "managed",
      "type": "aws_security_group",
      "name": "manage_subnet_group",
      "provider": "provider[\"registry.terraform.io/hashicorp/aws\"]",
      "instances": [
        {
          "schema_version": 1,
          "attributes": {
            "arn": "arn:aws:ec2:ap-southeast-1:890942158228:security-group/sg-02a0f88611930c870",
            "description": "Manage subnet resource group.",
            "egress": [
              {
                "cidr_blocks": [
                  "0.0.0.0/0"
                ],
                "description": "",
                "from_port": 0,
                "ipv6_cidr_blocks": [
                  "::/0"
                ],
                "prefix_list_ids": [],
                "protocol": "-1",
                "security_groups": [],
                "self": false,
                "to_port": 0
              }
            ],
            "id": "sg-02a0f88611930c870",
            "ingress": [
              {
                "cidr_blocks": [],
                "description": "Communication between nodes in a subnet",
                "from_port": 0,
                "ipv6_cidr_blocks": [],
                "prefix_list_ids": [],
                "protocol": "-1",
                "security_groups": [],
                "self": true,
                "to_port": 0
              },
              {
                "cidr_blocks": [],
                "description": "ICMP from Bastion",
                "from_port": -1,
                "ipv6_cidr_blocks": [],
                "prefix_list_ids": [],
                "protocol": "icmp",
                "security_groups": [
                  "sg-0cf929c3f15e3d6f7"
                ],
                "self": false,
                "to_port": -1
              }
            ],
            "name": "selin-tf-manage-subnet-group",
            "name_prefix": "",
            "owner_id": "890942158228",
            "revoke_rules_on_delete": false,
            "tags": {
              "Name": "selin-tf-manage-subnet-group"
            },
            "tags_all": {
              "CmBillingGroup": "OTHER",
              "CodedResource": "true",
              "Environment": "playground",
              "IaC": "local",
              "Name": "selin-tf-manage-subnet-group",
              "Owner": "",
              "Service": "selin-tf"
            },
            "timeouts": null,
            "vpc_id": "vpc-01bf300ba725825a0"
          },
          "sensitive_attributes": [],
          "private": "eyJlMmJmYjczMC1lY2FhLTExZTYtOGY4OC0zNDM2M2JjN2M0YzAiOnsiY3JlYXRlIjo2MDAwMDAwMDAwMDAsImRlbGV0ZSI6OTAwMDAwMDAwMDAwfSwic2NoZW1hX3ZlcnNpb24iOiIxIn0=",
          "dependencies": [
            "module.vpc_workload.aws_security_group.ec2_bastion",
            "module.vpc_workload.aws_vpc.default"
          ]
        }
      ]
    },
    {
      "module": "module.vpc_workload",
      "mode": "managed",
      "type": "aws_security_group",
      "name": "mysql_server",
      "provider": "provider[\"registry.terraform.io/hashicorp/aws\"]",
      "instances": [
        {
          "schema_version": 1,
          "attributes": {
            "arn": "arn:aws:ec2:ap-southeast-1:890942158228:security-group/sg-097a7a346652fa10a",
            "description": "Allow MySQL access from private subnet group.",
            "egress": [
              {
                "cidr_blocks": [
                  "0.0.0.0/0"
                ],
                "description": "",
                "from_port": 0,
                "ipv6_cidr_blocks": [
                  "::/0"
                ],
                "prefix_list_ids": [],
                "protocol": "-1",
                "security_groups": [],
                "self": false,
                "to_port": 0
              }
            ],
            "id": "sg-097a7a346652fa10a",
            "ingress": [
              {
                "cidr_blocks": [],
                "description": "MySQL",
                "from_port": 3306,
                "ipv6_cidr_blocks": [],
                "prefix_list_ids": [],
                "protocol": "tcp",
                "security_groups": [
                  "sg-051389d615f65eda1",
                  "sg-0cf929c3f15e3d6f7"
                ],
                "self": false,
                "to_port": 3306
              }
            ],
            "name": "selin-tf-mysql-server",
            "name_prefix": "",
            "owner_id": "890942158228",
            "revoke_rules_on_delete": false,
            "tags": {
              "Name": "selin-tf-mysql-server"
            },
            "tags_all": {
              "CmBillingGroup": "OTHER",
              "CodedResource": "true",
              "Environment": "playground",
              "IaC": "local",
              "Name": "selin-tf-mysql-server",
              "Owner": "",
              "Service": "selin-tf"
            },
            "timeouts": null,
            "vpc_id": "vpc-01bf300ba725825a0"
          },
          "sensitive_attributes": [],
          "private": "eyJlMmJmYjczMC1lY2FhLTExZTYtOGY4OC0zNDM2M2JjN2M0YzAiOnsiY3JlYXRlIjo2MDAwMDAwMDAwMDAsImRlbGV0ZSI6OTAwMDAwMDAwMDAwfSwic2NoZW1hX3ZlcnNpb24iOiIxIn0=",
          "dependencies": [
            "module.vpc_workload.aws_security_group.ec2_bastion",
            "module.vpc_workload.aws_security_group.private_subnet_group",
            "module.vpc_workload.aws_vpc.default"
          ]
        }
      ]
    },
    {
      "module": "module.vpc_workload",
      "mode": "managed",
      "type": "aws_security_group",
      "name": "nat_subnet_group",
      "provider": "provider[\"registry.terraform.io/hashicorp/aws\"]",
      "instances": [
        {
          "schema_version": 1,
          "attributes": {
            "arn": "arn:aws:ec2:ap-southeast-1:890942158228:security-group/sg-0768739ba2a202528",
            "description": "NAT subnet resource group.",
            "egress": [
              {
                "cidr_blocks": [
                  "0.0.0.0/0"
                ],
                "description": "",
                "from_port": 0,
                "ipv6_cidr_blocks": [
                  "::/0"
                ],
                "prefix_list_ids": [],
                "protocol": "-1",
                "security_groups": [],
                "self": false,
                "to_port": 0
              }
            ],
            "id": "sg-0768739ba2a202528",
            "ingress": [
              {
                "cidr_blocks": [],
                "description": "ICMP from Bastion",
                "from_port": -1,
                "ipv6_cidr_blocks": [],
                "prefix_list_ids": [],
                "protocol": "icmp",
                "security_groups": [
                  "sg-0cf929c3f15e3d6f7"
                ],
                "self": false,
                "to_port": -1
              }
            ],
            "name": "selin-tf-nat-subnet-group",
            "name_prefix": "",
            "owner_id": "890942158228",
            "revoke_rules_on_delete": false,
            "tags": {
              "Name": "selin-tf-nat-subnet-group"
            },
            "tags_all": {
              "CmBillingGroup": "OTHER",
              "CodedResource": "true",
              "Environment": "playground",
              "IaC": "local",
              "Name": "selin-tf-nat-subnet-group",
              "Owner": "",
              "Service": "selin-tf"
            },
            "timeouts": null,
            "vpc_id": "vpc-01bf300ba725825a0"
          },
          "sensitive_attributes": [],
          "private": "eyJlMmJmYjczMC1lY2FhLTExZTYtOGY4OC0zNDM2M2JjN2M0YzAiOnsiY3JlYXRlIjo2MDAwMDAwMDAwMDAsImRlbGV0ZSI6OTAwMDAwMDAwMDAwfSwic2NoZW1hX3ZlcnNpb24iOiIxIn0=",
          "dependencies": [
            "module.vpc_workload.aws_security_group.ec2_bastion",
            "module.vpc_workload.aws_vpc.default"
          ]
        }
      ]
    },
    {
      "module": "module.vpc_workload",
      "mode": "managed",
      "type": "aws_security_group",
      "name": "nfs_server",
      "provider": "provider[\"registry.terraform.io/hashicorp/aws\"]",
      "instances": [
        {
          "schema_version": 1,
          "attributes": {
            "arn": "arn:aws:ec2:ap-southeast-1:890942158228:security-group/sg-06bd228055fe26a9a",
            "description": "Allow NFS access from private subnet group.",
            "egress": [
              {
                "cidr_blocks": [
                  "0.0.0.0/0"
                ],
                "description": "",
                "from_port": 0,
                "ipv6_cidr_blocks": [
                  "::/0"
                ],
                "prefix_list_ids": [],
                "protocol": "-1",
                "security_groups": [],
                "self": false,
                "to_port": 0
              }
            ],
            "id": "sg-06bd228055fe26a9a",
            "ingress": [
              {
                "cidr_blocks": [],
                "description": "NFS",
                "from_port": 2049,
                "ipv6_cidr_blocks": [],
                "prefix_list_ids": [],
                "protocol": "tcp",
                "security_groups": [
                  "sg-051389d615f65eda1",
                  "sg-0cf929c3f15e3d6f7"
                ],
                "self": false,
                "to_port": 2049
              }
            ],
            "name": "selin-tf-nfs-server",
            "name_prefix": "",
            "owner_id": "890942158228",
            "revoke_rules_on_delete": false,
            "tags": {
              "Name": "selin-tf-nfs-server"
            },
            "tags_all": {
              "CmBillingGroup": "OTHER",
              "CodedResource": "true",
              "Environment": "playground",
              "IaC": "local",
              "Name": "selin-tf-nfs-server",
              "Owner": "",
              "Service": "selin-tf"
            },
            "timeouts": null,
            "vpc_id": "vpc-01bf300ba725825a0"
          },
          "sensitive_attributes": [],
          "private": "eyJlMmJmYjczMC1lY2FhLTExZTYtOGY4OC0zNDM2M2JjN2M0YzAiOnsiY3JlYXRlIjo2MDAwMDAwMDAwMDAsImRlbGV0ZSI6OTAwMDAwMDAwMDAwfSwic2NoZW1hX3ZlcnNpb24iOiIxIn0=",
          "dependencies": [
            "module.vpc_workload.aws_security_group.ec2_bastion",
            "module.vpc_workload.aws_security_group.private_subnet_group",
            "module.vpc_workload.aws_vpc.default"
          ]
        }
      ]
    },
    {
      "module": "module.vpc_workload",
      "mode": "managed",
      "type": "aws_security_group",
      "name": "private_subnet_group",
      "provider": "provider[\"registry.terraform.io/hashicorp/aws\"]",
      "instances": [
        {
          "schema_version": 1,
          "attributes": {
            "arn": "arn:aws:ec2:ap-southeast-1:890942158228:security-group/sg-051389d615f65eda1",
            "description": "Private subnet resource group.",
            "egress": [
              {
                "cidr_blocks": [
                  "0.0.0.0/0"
                ],
                "description": "",
                "from_port": 0,
                "ipv6_cidr_blocks": [
                  "::/0"
                ],
                "prefix_list_ids": [],
                "protocol": "-1",
                "security_groups": [],
                "self": false,
                "to_port": 0
              }
            ],
            "id": "sg-051389d615f65eda1",
            "ingress": [
              {
                "cidr_blocks": [],
                "description": "Communication between nodes in a subnet",
                "from_port": 0,
                "ipv6_cidr_blocks": [],
                "prefix_list_ids": [],
                "protocol": "-1",
                "security_groups": [],
                "self": true,
                "to_port": 0
              },
              {
                "cidr_blocks": [],
                "description": "ICMP from Bastion",
                "from_port": -1,
                "ipv6_cidr_blocks": [],
                "prefix_list_ids": [],
                "protocol": "icmp",
                "security_groups": [
                  "sg-0cf929c3f15e3d6f7"
                ],
                "self": false,
                "to_port": -1
              }
            ],
            "name": "selin-tf-private-subnet-group",
            "name_prefix": "",
            "owner_id": "890942158228",
            "revoke_rules_on_delete": true,
            "tags": {
              "Name": "selin-tf-private-subnet-group"
            },
            "tags_all": {
              "CmBillingGroup": "OTHER",
              "CodedResource": "true",
              "Environment": "playground",
              "IaC": "local",
              "Name": "selin-tf-private-subnet-group",
              "Owner": "",
              "Service": "selin-tf"
            },
            "timeouts": null,
            "vpc_id": "vpc-01bf300ba725825a0"
          },
          "sensitive_attributes": [],
          "private": "eyJlMmJmYjczMC1lY2FhLTExZTYtOGY4OC0zNDM2M2JjN2M0YzAiOnsiY3JlYXRlIjo2MDAwMDAwMDAwMDAsImRlbGV0ZSI6OTAwMDAwMDAwMDAwfSwic2NoZW1hX3ZlcnNpb24iOiIxIn0=",
          "dependencies": [
            "module.vpc_workload.aws_security_group.ec2_bastion",
            "module.vpc_workload.aws_vpc.default"
          ]
        }
      ]
    },
    {
      "module": "module.vpc_workload",
      "mode": "managed",
      "type": "aws_security_group",
      "name": "public_subnet_group",
      "provider": "provider[\"registry.terraform.io/hashicorp/aws\"]",
      "instances": [
        {
          "schema_version": 1,
          "attributes": {
            "arn": "arn:aws:ec2:ap-southeast-1:890942158228:security-group/sg-064925d2cc5d9db10",
            "description": "Public subnet resource group.",
            "egress": [
              {
                "cidr_blocks": [
                  "0.0.0.0/0"
                ],
                "description": "",
                "from_port": 0,
                "ipv6_cidr_blocks": [
                  "::/0"
                ],
                "prefix_list_ids": [],
                "protocol": "-1",
                "security_groups": [],
                "self": false,
                "to_port": 0
              }
            ],
            "id": "sg-064925d2cc5d9db10",
            "ingress": [
              {
                "cidr_blocks": [],
                "description": "ICMP from Bastion",
                "from_port": -1,
                "ipv6_cidr_blocks": [],
                "prefix_list_ids": [],
                "protocol": "icmp",
                "security_groups": [
                  "sg-0cf929c3f15e3d6f7"
                ],
                "self": false,
                "to_port": -1
              }
            ],
            "name": "selin-tf-public-subnet-group",
            "name_prefix": "",
            "owner_id": "890942158228",
            "revoke_rules_on_delete": false,
            "tags": {
              "Name": "selin-tf-public-subnet-group"
            },
            "tags_all": {
              "CmBillingGroup": "OTHER",
              "CodedResource": "true",
              "Environment": "playground",
              "IaC": "local",
              "Name": "selin-tf-public-subnet-group",
              "Owner": "",
              "Service": "selin-tf"
            },
            "timeouts": null,
            "vpc_id": "vpc-01bf300ba725825a0"
          },
          "sensitive_attributes": [],
          "private": "eyJlMmJmYjczMC1lY2FhLTExZTYtOGY4OC0zNDM2M2JjN2M0YzAiOnsiY3JlYXRlIjo2MDAwMDAwMDAwMDAsImRlbGV0ZSI6OTAwMDAwMDAwMDAwfSwic2NoZW1hX3ZlcnNpb24iOiIxIn0=",
          "dependencies": [
            "module.vpc_workload.aws_security_group.ec2_bastion",
            "module.vpc_workload.aws_vpc.default"
          ]
        }
      ]
    },
    {
      "module": "module.vpc_workload",
      "mode": "managed",
      "type": "aws_security_group",
      "name": "publish_internet",
      "provider": "provider[\"registry.terraform.io/hashicorp/aws\"]",
      "instances": [
        {
          "schema_version": 1,
          "attributes": {
            "arn": "arn:aws:ec2:ap-southeast-1:890942158228:security-group/sg-076f38df9f846e692",
            "description": "Allow public access.(ALB, Internet facing Instance)",
            "egress": [
              {
                "cidr_blocks": [
                  "0.0.0.0/0"
                ],
                "description": "",
                "from_port": 0,
                "ipv6_cidr_blocks": [
                  "::/0"
                ],
                "prefix_list_ids": [],
                "protocol": "-1",
                "security_groups": [],
                "self": false,
                "to_port": 0
              }
            ],
            "id": "sg-076f38df9f846e692",
            "ingress": [
              {
                "cidr_blocks": [
                  "0.0.0.0/0"
                ],
                "description": "HTTP Public access",
                "from_port": 80,
                "ipv6_cidr_blocks": [
                  "::/0"
                ],
                "prefix_list_ids": [],
                "protocol": "tcp",
                "security_groups": [],
                "self": false,
                "to_port": 80
              },
              {
                "cidr_blocks": [
                  "0.0.0.0/0"
                ],
                "description": "HTTPS Public access",
                "from_port": 443,
                "ipv6_cidr_blocks": [
                  "::/0"
                ],
                "prefix_list_ids": [],
                "protocol": "tcp",
                "security_groups": [],
                "self": false,
                "to_port": 443
              }
            ],
            "name": "selin-tf-publish-internet",
            "name_prefix": "",
            "owner_id": "890942158228",
            "revoke_rules_on_delete": false,
            "tags": {
              "Name": "selin-tf-publish-internet"
            },
            "tags_all": {
              "CmBillingGroup": "OTHER",
              "CodedResource": "true",
              "Environment": "playground",
              "IaC": "local",
              "Name": "selin-tf-publish-internet",
              "Owner": "",
              "Service": "selin-tf"
            },
            "timeouts": null,
            "vpc_id": "vpc-01bf300ba725825a0"
          },
          "sensitive_attributes": [],
          "private": "eyJlMmJmYjczMC1lY2FhLTExZTYtOGY4OC0zNDM2M2JjN2M0YzAiOnsiY3JlYXRlIjo2MDAwMDAwMDAwMDAsImRlbGV0ZSI6OTAwMDAwMDAwMDAwfSwic2NoZW1hX3ZlcnNpb24iOiIxIn0=",
          "dependencies": [
            "module.vpc_workload.aws_vpc.default"
          ]
        }
      ]
    },
    {
      "module": "module.vpc_workload",
      "mode": "managed",
      "type": "aws_security_group",
      "name": "publish_internet_with_test_port",
      "provider": "provider[\"registry.terraform.io/hashicorp/aws\"]",
      "instances": [
        {
          "schema_version": 1,
          "attributes": {
            "arn": "arn:aws:ec2:ap-southeast-1:890942158228:security-group/sg-0535ee3bcbacb9640",
            "description": "Allow public access.(Blue/Green ALB)",
            "egress": [
              {
                "cidr_blocks": [
                  "0.0.0.0/0"
                ],
                "description": "",
                "from_port": 0,
                "ipv6_cidr_blocks": [
                  "::/0"
                ],
                "prefix_list_ids": [],
                "protocol": "-1",
                "security_groups": [],
                "self": false,
                "to_port": 0
              }
            ],
            "id": "sg-0535ee3bcbacb9640",
            "ingress": [
              {
                "cidr_blocks": [
                  "0.0.0.0/0"
                ],
                "description": "HTTP Public access",
                "from_port": 80,
                "ipv6_cidr_blocks": [
                  "::/0"
                ],
                "prefix_list_ids": [],
                "protocol": "tcp",
                "security_groups": [],
                "self": false,
                "to_port": 80
              },
              {
                "cidr_blocks": [
                  "0.0.0.0/0"
                ],
                "description": "HTTPS Public access (Test port)",
                "from_port": 50443,
                "ipv6_cidr_blocks": [
                  "::/0"
                ],
                "prefix_list_ids": [],
                "protocol": "tcp",
                "security_groups": [],
                "self": false,
                "to_port": 50443
              },
              {
                "cidr_blocks": [
                  "0.0.0.0/0"
                ],
                "description": "HTTPS Public access",
                "from_port": 443,
                "ipv6_cidr_blocks": [
                  "::/0"
                ],
                "prefix_list_ids": [],
                "protocol": "tcp",
                "security_groups": [],
                "self": false,
                "to_port": 443
              }
            ],
            "name": "selin-tf-publish-internet-with-test-port",
            "name_prefix": "",
            "owner_id": "890942158228",
            "revoke_rules_on_delete": false,
            "tags": {
              "Name": "selin-tf-publish-internet-with-test-port"
            },
            "tags_all": {
              "CmBillingGroup": "OTHER",
              "CodedResource": "true",
              "Environment": "playground",
              "IaC": "local",
              "Name": "selin-tf-publish-internet-with-test-port",
              "Owner": "",
              "Service": "selin-tf"
            },
            "timeouts": null,
            "vpc_id": "vpc-01bf300ba725825a0"
          },
          "sensitive_attributes": [],
          "private": "eyJlMmJmYjczMC1lY2FhLTExZTYtOGY4OC0zNDM2M2JjN2M0YzAiOnsiY3JlYXRlIjo2MDAwMDAwMDAwMDAsImRlbGV0ZSI6OTAwMDAwMDAwMDAwfSwic2NoZW1hX3ZlcnNpb24iOiIxIn0=",
          "dependencies": [
            "module.vpc_workload.aws_vpc.default"
          ]
        }
      ]
    },
    {
      "module": "module.vpc_workload",
      "mode": "managed",
      "type": "aws_ssm_document",
      "name": "portforward_ec2_bastion",
      "provider": "provider[\"registry.terraform.io/hashicorp/aws\"]",
      "instances": [
        {
          "index_key": 0,
          "schema_version": 0,
          "attributes": {
            "arn": "arn:aws:ssm:ap-southeast-1:890942158228:document/session.portforward.ssh.ec2.selin-tf-bastion",
            "attachments_source": [],
            "content": "schemaVersion: '1.0'\ndescription: Document to start port forwarding session over Session Manager to remote host\nsessionType: Port\nparameters: \n  localPortNumber: \n    type: String\n    description: (Optional) Port number on local machine to forward traffic to. An open port is chosen at run-time if not provided\n    allowedPattern: ^([0-9]|[1-9][0-9]{1,3}|[1-5][0-9]{4}|6[0-4][0-9]{3}|65[0-4][0-9]{2}|655[0-2][0-9]|6553[0-5])$\n    default: \"22\"\nproperties:\n  portNumber: \"22\"\n  type: LocalPortForwarding\n  localPortNumber: \"{{ localPortNumber }}\"\n  host: \"ip-10-0-40-144.ap-southeast-1.compute.internal\"",
            "created_date": "2024-06-02T14:20:17Z",
            "default_version": "1",
            "description": "",
            "document_format": "YAML",
            "document_type": "Session",
            "document_version": "1",
            "hash": "2529451d649dade97da66e669236696d6c91995849ed48c91f5e098a59fd375b",
            "hash_type": "Sha256",
            "id": "session.portforward.ssh.ec2.selin-tf-bastion",
            "latest_version": "1",
            "name": "session.portforward.ssh.ec2.selin-tf-bastion",
            "owner": "890942158228",
            "parameter": [
              {
                "default_value": "22",
                "description": "(Optional) Port number on local machine to forward traffic to. An open port is chosen at run-time if not provided",
                "name": "localPortNumber",
                "type": "String"
              }
            ],
            "permissions": {},
            "platform_types": [
              "Windows",
              "Linux",
              "MacOS"
            ],
            "schema_version": "1.0",
            "status": "Active",
            "tags": {},
            "tags_all": {
              "CmBillingGroup": "OTHER",
              "CodedResource": "true",
              "Environment": "playground",
              "IaC": "local",
              "Owner": "",
              "Service": "selin-tf"
            },
            "target_type": "",
            "version_name": ""
          },
          "sensitive_attributes": [],
          "private": "bnVsbA==",
          "dependencies": [
            "module.vpc_workload.aws_iam_instance_profile.bastion",
            "module.vpc_workload.aws_iam_role.ec2_instance_profile",
            "module.vpc_workload.aws_instance.bastion",
            "module.vpc_workload.aws_key_pair.ec2_keypair_bastion",
            "module.vpc_workload.aws_security_group.ec2_bastion",
            "module.vpc_workload.aws_security_group.manage_subnet_group",
            "module.vpc_workload.aws_subnet.manage",
            "module.vpc_workload.aws_vpc.default",
            "module.vpc_workload.data.aws_iam_policy_document.ec2_common_instance_profile",
            "module.vpc_workload.data.aws_ssm_parameter.amzn2_arm_ami",
            "module.vpc_workload.tls_private_key.ec2_keypair_bastion"
          ]
        }
      ]
    },
    {
      "module": "module.vpc_workload",
      "mode": "managed",
      "type": "aws_subnet",
      "name": "local",
      "provider": "provider[\"registry.terraform.io/hashicorp/aws\"]",
      "instances": [
        {
          "index_key": 0,
          "schema_version": 1,
          "attributes": {
            "arn": "arn:aws:ec2:ap-southeast-1:890942158228:subnet/subnet-043fc49e65b67a03b",
            "assign_ipv6_address_on_creation": false,
            "availability_zone": "ap-southeast-1b",
            "availability_zone_id": "apse1-az1",
            "cidr_block": "10.0.20.0/24",
            "customer_owned_ipv4_pool": "",
            "enable_dns64": false,
            "enable_lni_at_device_index": 0,
            "enable_resource_name_dns_a_record_on_launch": true,
            "enable_resource_name_dns_aaaa_record_on_launch": false,
            "id": "subnet-043fc49e65b67a03b",
            "ipv6_cidr_block": "",
            "ipv6_cidr_block_association_id": "",
            "ipv6_native": false,
            "map_customer_owned_ip_on_launch": false,
            "map_public_ip_on_launch": false,
            "outpost_arn": "",
            "owner_id": "890942158228",
            "private_dns_hostname_type_on_launch": "ip-name",
            "tags": {
              "Name": "selin-tf-internal[0]"
            },
            "tags_all": {
              "CmBillingGroup": "OTHER",
              "CodedResource": "true",
              "Environment": "playground",
              "IaC": "local",
              "Name": "selin-tf-internal[0]",
              "Owner": "",
              "Service": "selin-tf"
            },
            "timeouts": null,
            "vpc_id": "vpc-01bf300ba725825a0"
          },
          "sensitive_attributes": [],
          "private": "eyJlMmJmYjczMC1lY2FhLTExZTYtOGY4OC0zNDM2M2JjN2M0YzAiOnsiY3JlYXRlIjo2MDAwMDAwMDAwMDAsImRlbGV0ZSI6MTIwMDAwMDAwMDAwMH0sInNjaGVtYV92ZXJzaW9uIjoiMSJ9",
          "dependencies": [
            "module.vpc_workload.aws_vpc.default"
          ]
        },
        {
          "index_key": 1,
          "schema_version": 1,
          "attributes": {
            "arn": "arn:aws:ec2:ap-southeast-1:890942158228:subnet/subnet-0175ff1517ecb8b50",
            "assign_ipv6_address_on_creation": false,
            "availability_zone": "ap-southeast-1c",
            "availability_zone_id": "apse1-az3",
            "cidr_block": "10.0.21.0/24",
            "customer_owned_ipv4_pool": "",
            "enable_dns64": false,
            "enable_lni_at_device_index": 0,
            "enable_resource_name_dns_a_record_on_launch": true,
            "enable_resource_name_dns_aaaa_record_on_launch": false,
            "id": "subnet-0175ff1517ecb8b50",
            "ipv6_cidr_block": "",
            "ipv6_cidr_block_association_id": "",
            "ipv6_native": false,
            "map_customer_owned_ip_on_launch": false,
            "map_public_ip_on_launch": false,
            "outpost_arn": "",
            "owner_id": "890942158228",
            "private_dns_hostname_type_on_launch": "ip-name",
            "tags": {
              "Name": "selin-tf-internal[1]"
            },
            "tags_all": {
              "CmBillingGroup": "OTHER",
              "CodedResource": "true",
              "Environment": "playground",
              "IaC": "local",
              "Name": "selin-tf-internal[1]",
              "Owner": "",
              "Service": "selin-tf"
            },
            "timeouts": null,
            "vpc_id": "vpc-01bf300ba725825a0"
          },
          "sensitive_attributes": [],
          "private": "eyJlMmJmYjczMC1lY2FhLTExZTYtOGY4OC0zNDM2M2JjN2M0YzAiOnsiY3JlYXRlIjo2MDAwMDAwMDAwMDAsImRlbGV0ZSI6MTIwMDAwMDAwMDAwMH0sInNjaGVtYV92ZXJzaW9uIjoiMSJ9",
          "dependencies": [
            "module.vpc_workload.aws_vpc.default"
          ]
        }
      ]
    },
    {
      "module": "module.vpc_workload",
      "mode": "managed",
      "type": "aws_subnet",
      "name": "manage",
      "provider": "provider[\"registry.terraform.io/hashicorp/aws\"]",
      "instances": [
        {
          "index_key": 0,
          "schema_version": 1,
          "attributes": {
            "arn": "arn:aws:ec2:ap-southeast-1:890942158228:subnet/subnet-045e4a4998cd6121d",
            "assign_ipv6_address_on_creation": false,
            "availability_zone": "ap-southeast-1b",
            "availability_zone_id": "apse1-az1",
            "cidr_block": "10.0.40.0/24",
            "customer_owned_ipv4_pool": "",
            "enable_dns64": false,
            "enable_lni_at_device_index": 0,
            "enable_resource_name_dns_a_record_on_launch": true,
            "enable_resource_name_dns_aaaa_record_on_launch": false,
            "id": "subnet-045e4a4998cd6121d",
            "ipv6_cidr_block": "",
            "ipv6_cidr_block_association_id": "",
            "ipv6_native": false,
            "map_customer_owned_ip_on_launch": false,
            "map_public_ip_on_launch": false,
            "outpost_arn": "",
            "owner_id": "890942158228",
            "private_dns_hostname_type_on_launch": "ip-name",
            "tags": {
              "Name": "selin-tf-manage[0]"
            },
            "tags_all": {
              "CmBillingGroup": "OTHER",
              "CodedResource": "true",
              "Environment": "playground",
              "IaC": "local",
              "Name": "selin-tf-manage[0]",
              "Owner": "",
              "Service": "selin-tf"
            },
            "timeouts": null,
            "vpc_id": "vpc-01bf300ba725825a0"
          },
          "sensitive_attributes": [],
          "private": "eyJlMmJmYjczMC1lY2FhLTExZTYtOGY4OC0zNDM2M2JjN2M0YzAiOnsiY3JlYXRlIjo2MDAwMDAwMDAwMDAsImRlbGV0ZSI6MTIwMDAwMDAwMDAwMH0sInNjaGVtYV92ZXJzaW9uIjoiMSJ9",
          "dependencies": [
            "module.vpc_workload.aws_vpc.default"
          ]
        },
        {
          "index_key": 1,
          "schema_version": 1,
          "attributes": {
            "arn": "arn:aws:ec2:ap-southeast-1:890942158228:subnet/subnet-064540b5df14ec4f7",
            "assign_ipv6_address_on_creation": false,
            "availability_zone": "ap-southeast-1c",
            "availability_zone_id": "apse1-az3",
            "cidr_block": "10.0.41.0/24",
            "customer_owned_ipv4_pool": "",
            "enable_dns64": false,
            "enable_lni_at_device_index": 0,
            "enable_resource_name_dns_a_record_on_launch": true,
            "enable_resource_name_dns_aaaa_record_on_launch": false,
            "id": "subnet-064540b5df14ec4f7",
            "ipv6_cidr_block": "",
            "ipv6_cidr_block_association_id": "",
            "ipv6_native": false,
            "map_customer_owned_ip_on_launch": false,
            "map_public_ip_on_launch": false,
            "outpost_arn": "",
            "owner_id": "890942158228",
            "private_dns_hostname_type_on_launch": "ip-name",
            "tags": {
              "Name": "selin-tf-manage[1]"
            },
            "tags_all": {
              "CmBillingGroup": "OTHER",
              "CodedResource": "true",
              "Environment": "playground",
              "IaC": "local",
              "Name": "selin-tf-manage[1]",
              "Owner": "",
              "Service": "selin-tf"
            },
            "timeouts": null,
            "vpc_id": "vpc-01bf300ba725825a0"
          },
          "sensitive_attributes": [],
          "private": "eyJlMmJmYjczMC1lY2FhLTExZTYtOGY4OC0zNDM2M2JjN2M0YzAiOnsiY3JlYXRlIjo2MDAwMDAwMDAwMDAsImRlbGV0ZSI6MTIwMDAwMDAwMDAwMH0sInNjaGVtYV92ZXJzaW9uIjoiMSJ9",
          "dependencies": [
            "module.vpc_workload.aws_vpc.default"
          ]
        }
      ]
    },
    {
      "module": "module.vpc_workload",
      "mode": "managed",
      "type": "aws_subnet",
      "name": "nat",
      "provider": "provider[\"registry.terraform.io/hashicorp/aws\"]",
      "instances": [
        {
          "index_key": 0,
          "schema_version": 1,
          "attributes": {
            "arn": "arn:aws:ec2:ap-southeast-1:890942158228:subnet/subnet-08f4133e4ffae5217",
            "assign_ipv6_address_on_creation": true,
            "availability_zone": "ap-southeast-1b",
            "availability_zone_id": "apse1-az1",
            "cidr_block": "10.0.30.0/24",
            "customer_owned_ipv4_pool": "",
            "enable_dns64": false,
            "enable_lni_at_device_index": 0,
            "enable_resource_name_dns_a_record_on_launch": false,
            "enable_resource_name_dns_aaaa_record_on_launch": false,
            "id": "subnet-08f4133e4ffae5217",
            "ipv6_cidr_block": "2406:da18:edd:bc1e::/64",
            "ipv6_cidr_block_association_id": "subnet-cidr-assoc-0a08e863b5d4100c8",
            "ipv6_native": false,
            "map_customer_owned_ip_on_launch": false,
            "map_public_ip_on_launch": true,
            "outpost_arn": "",
            "owner_id": "890942158228",
            "private_dns_hostname_type_on_launch": "ip-name",
            "tags": {
              "Name": "selin-tf-nat[0]"
            },
            "tags_all": {
              "CmBillingGroup": "OTHER",
              "CodedResource": "true",
              "Environment": "playground",
              "IaC": "local",
              "Name": "selin-tf-nat[0]",
              "Owner": "",
              "Service": "selin-tf"
            },
            "timeouts": null,
            "vpc_id": "vpc-01bf300ba725825a0"
          },
          "sensitive_attributes": [],
          "private": "eyJlMmJmYjczMC1lY2FhLTExZTYtOGY4OC0zNDM2M2JjN2M0YzAiOnsiY3JlYXRlIjo2MDAwMDAwMDAwMDAsImRlbGV0ZSI6MTIwMDAwMDAwMDAwMH0sInNjaGVtYV92ZXJzaW9uIjoiMSJ9",
          "dependencies": [
            "module.vpc_workload.aws_vpc.default"
          ]
        },
        {
          "index_key": 1,
          "schema_version": 1,
          "attributes": {
            "arn": "arn:aws:ec2:ap-southeast-1:890942158228:subnet/subnet-04891ea89d1b1e2ee",
            "assign_ipv6_address_on_creation": true,
            "availability_zone": "ap-southeast-1c",
            "availability_zone_id": "apse1-az3",
            "cidr_block": "10.0.31.0/24",
            "customer_owned_ipv4_pool": "",
            "enable_dns64": false,
            "enable_lni_at_device_index": 0,
            "enable_resource_name_dns_a_record_on_launch": false,
            "enable_resource_name_dns_aaaa_record_on_launch": false,
            "id": "subnet-04891ea89d1b1e2ee",
            "ipv6_cidr_block": "2406:da18:edd:bc1f::/64",
            "ipv6_cidr_block_association_id": "subnet-cidr-assoc-0746e616118a33687",
            "ipv6_native": false,
            "map_customer_owned_ip_on_launch": false,
            "map_public_ip_on_launch": true,
            "outpost_arn": "",
            "owner_id": "890942158228",
            "private_dns_hostname_type_on_launch": "ip-name",
            "tags": {
              "Name": "selin-tf-nat[1]"
            },
            "tags_all": {
              "CmBillingGroup": "OTHER",
              "CodedResource": "true",
              "Environment": "playground",
              "IaC": "local",
              "Name": "selin-tf-nat[1]",
              "Owner": "",
              "Service": "selin-tf"
            },
            "timeouts": null,
            "vpc_id": "vpc-01bf300ba725825a0"
          },
          "sensitive_attributes": [],
          "private": "eyJlMmJmYjczMC1lY2FhLTExZTYtOGY4OC0zNDM2M2JjN2M0YzAiOnsiY3JlYXRlIjo2MDAwMDAwMDAwMDAsImRlbGV0ZSI6MTIwMDAwMDAwMDAwMH0sInNjaGVtYV92ZXJzaW9uIjoiMSJ9",
          "dependencies": [
            "module.vpc_workload.aws_vpc.default"
          ]
        }
      ]
    },
    {
      "module": "module.vpc_workload",
      "mode": "managed",
      "type": "aws_subnet",
      "name": "private",
      "provider": "provider[\"registry.terraform.io/hashicorp/aws\"]",
      "instances": [
        {
          "index_key": 0,
          "schema_version": 1,
          "attributes": {
            "arn": "arn:aws:ec2:ap-southeast-1:890942158228:subnet/subnet-07b2d31c2475b615d",
            "assign_ipv6_address_on_creation": false,
            "availability_zone": "ap-southeast-1b",
            "availability_zone_id": "apse1-az1",
            "cidr_block": "10.0.10.0/24",
            "customer_owned_ipv4_pool": "",
            "enable_dns64": false,
            "enable_lni_at_device_index": 0,
            "enable_resource_name_dns_a_record_on_launch": true,
            "enable_resource_name_dns_aaaa_record_on_launch": false,
            "id": "subnet-07b2d31c2475b615d",
            "ipv6_cidr_block": "",
            "ipv6_cidr_block_association_id": "",
            "ipv6_native": false,
            "map_customer_owned_ip_on_launch": false,
            "map_public_ip_on_launch": false,
            "outpost_arn": "",
            "owner_id": "890942158228",
            "private_dns_hostname_type_on_launch": "ip-name",
            "tags": {
              "Name": "selin-tf-private[0]"
            },
            "tags_all": {
              "CmBillingGroup": "OTHER",
              "CodedResource": "true",
              "Environment": "playground",
              "IaC": "local",
              "Name": "selin-tf-private[0]",
              "Owner": "",
              "Service": "selin-tf"
            },
            "timeouts": null,
            "vpc_id": "vpc-01bf300ba725825a0"
          },
          "sensitive_attributes": [],
          "private": "eyJlMmJmYjczMC1lY2FhLTExZTYtOGY4OC0zNDM2M2JjN2M0YzAiOnsiY3JlYXRlIjo2MDAwMDAwMDAwMDAsImRlbGV0ZSI6MTIwMDAwMDAwMDAwMH0sInNjaGVtYV92ZXJzaW9uIjoiMSJ9",
          "dependencies": [
            "module.vpc_workload.aws_vpc.default"
          ]
        },
        {
          "index_key": 1,
          "schema_version": 1,
          "attributes": {
            "arn": "arn:aws:ec2:ap-southeast-1:890942158228:subnet/subnet-04784f90287f8f505",
            "assign_ipv6_address_on_creation": false,
            "availability_zone": "ap-southeast-1c",
            "availability_zone_id": "apse1-az3",
            "cidr_block": "10.0.11.0/24",
            "customer_owned_ipv4_pool": "",
            "enable_dns64": false,
            "enable_lni_at_device_index": 0,
            "enable_resource_name_dns_a_record_on_launch": true,
            "enable_resource_name_dns_aaaa_record_on_launch": false,
            "id": "subnet-04784f90287f8f505",
            "ipv6_cidr_block": "",
            "ipv6_cidr_block_association_id": "",
            "ipv6_native": false,
            "map_customer_owned_ip_on_launch": false,
            "map_public_ip_on_launch": false,
            "outpost_arn": "",
            "owner_id": "890942158228",
            "private_dns_hostname_type_on_launch": "ip-name",
            "tags": {
              "Name": "selin-tf-private[1]"
            },
            "tags_all": {
              "CmBillingGroup": "OTHER",
              "CodedResource": "true",
              "Environment": "playground",
              "IaC": "local",
              "Name": "selin-tf-private[1]",
              "Owner": "",
              "Service": "selin-tf"
            },
            "timeouts": null,
            "vpc_id": "vpc-01bf300ba725825a0"
          },
          "sensitive_attributes": [],
          "private": "eyJlMmJmYjczMC1lY2FhLTExZTYtOGY4OC0zNDM2M2JjN2M0YzAiOnsiY3JlYXRlIjo2MDAwMDAwMDAwMDAsImRlbGV0ZSI6MTIwMDAwMDAwMDAwMH0sInNjaGVtYV92ZXJzaW9uIjoiMSJ9",
          "dependencies": [
            "module.vpc_workload.aws_vpc.default"
          ]
        }
      ]
    },
    {
      "module": "module.vpc_workload",
      "mode": "managed",
      "type": "aws_subnet",
      "name": "public",
      "provider": "provider[\"registry.terraform.io/hashicorp/aws\"]",
      "instances": [
        {
          "index_key": 0,
          "schema_version": 1,
          "attributes": {
            "arn": "arn:aws:ec2:ap-southeast-1:890942158228:subnet/subnet-08309d02a04101db1",
            "assign_ipv6_address_on_creation": true,
            "availability_zone": "ap-southeast-1b",
            "availability_zone_id": "apse1-az1",
            "cidr_block": "10.0.0.0/24",
            "customer_owned_ipv4_pool": "",
            "enable_dns64": false,
            "enable_lni_at_device_index": 0,
            "enable_resource_name_dns_a_record_on_launch": false,
            "enable_resource_name_dns_aaaa_record_on_launch": false,
            "id": "subnet-08309d02a04101db1",
            "ipv6_cidr_block": "2406:da18:edd:bc00::/64",
            "ipv6_cidr_block_association_id": "subnet-cidr-assoc-0f1c0d3cec6dd0809",
            "ipv6_native": false,
            "map_customer_owned_ip_on_launch": false,
            "map_public_ip_on_launch": true,
            "outpost_arn": "",
            "owner_id": "890942158228",
            "private_dns_hostname_type_on_launch": "ip-name",
            "tags": {
              "Name": "selin-tf-public[0]"
            },
            "tags_all": {
              "CmBillingGroup": "OTHER",
              "CodedResource": "true",
              "Environment": "playground",
              "IaC": "local",
              "Name": "selin-tf-public[0]",
              "Owner": "",
              "Service": "selin-tf"
            },
            "timeouts": null,
            "vpc_id": "vpc-01bf300ba725825a0"
          },
          "sensitive_attributes": [],
          "private": "eyJlMmJmYjczMC1lY2FhLTExZTYtOGY4OC0zNDM2M2JjN2M0YzAiOnsiY3JlYXRlIjo2MDAwMDAwMDAwMDAsImRlbGV0ZSI6MTIwMDAwMDAwMDAwMH0sInNjaGVtYV92ZXJzaW9uIjoiMSJ9",
          "dependencies": [
            "module.vpc_workload.aws_vpc.default"
          ]
        },
        {
          "index_key": 1,
          "schema_version": 1,
          "attributes": {
            "arn": "arn:aws:ec2:ap-southeast-1:890942158228:subnet/subnet-0db76712a7a1bb426",
            "assign_ipv6_address_on_creation": true,
            "availability_zone": "ap-southeast-1c",
            "availability_zone_id": "apse1-az3",
            "cidr_block": "10.0.1.0/24",
            "customer_owned_ipv4_pool": "",
            "enable_dns64": false,
            "enable_lni_at_device_index": 0,
            "enable_resource_name_dns_a_record_on_launch": false,
            "enable_resource_name_dns_aaaa_record_on_launch": false,
            "id": "subnet-0db76712a7a1bb426",
            "ipv6_cidr_block": "2406:da18:edd:bc01::/64",
            "ipv6_cidr_block_association_id": "subnet-cidr-assoc-01138d47a22050fcc",
            "ipv6_native": false,
            "map_customer_owned_ip_on_launch": false,
            "map_public_ip_on_launch": true,
            "outpost_arn": "",
            "owner_id": "890942158228",
            "private_dns_hostname_type_on_launch": "ip-name",
            "tags": {
              "Name": "selin-tf-public[1]"
            },
            "tags_all": {
              "CmBillingGroup": "OTHER",
              "CodedResource": "true",
              "Environment": "playground",
              "IaC": "local",
              "Name": "selin-tf-public[1]",
              "Owner": "",
              "Service": "selin-tf"
            },
            "timeouts": null,
            "vpc_id": "vpc-01bf300ba725825a0"
          },
          "sensitive_attributes": [],
          "private": "eyJlMmJmYjczMC1lY2FhLTExZTYtOGY4OC0zNDM2M2JjN2M0YzAiOnsiY3JlYXRlIjo2MDAwMDAwMDAwMDAsImRlbGV0ZSI6MTIwMDAwMDAwMDAwMH0sInNjaGVtYV92ZXJzaW9uIjoiMSJ9",
          "dependencies": [
            "module.vpc_workload.aws_vpc.default"
          ]
        }
      ]
    },
    {
      "module": "module.vpc_workload",
      "mode": "managed",
      "type": "aws_subnet",
      "name": "tgw",
      "provider": "provider[\"registry.terraform.io/hashicorp/aws\"]",
      "instances": [
        {
          "index_key": 0,
          "schema_version": 1,
          "attributes": {
            "arn": "arn:aws:ec2:ap-southeast-1:890942158228:subnet/subnet-07c9e0ead85c83ded",
            "assign_ipv6_address_on_creation": false,
            "availability_zone": "ap-southeast-1b",
            "availability_zone_id": "apse1-az1",
            "cidr_block": "10.0.50.0/24",
            "customer_owned_ipv4_pool": "",
            "enable_dns64": false,
            "enable_lni_at_device_index": 0,
            "enable_resource_name_dns_a_record_on_launch": false,
            "enable_resource_name_dns_aaaa_record_on_launch": false,
            "id": "subnet-07c9e0ead85c83ded",
            "ipv6_cidr_block": "",
            "ipv6_cidr_block_association_id": "",
            "ipv6_native": false,
            "map_customer_owned_ip_on_launch": false,
            "map_public_ip_on_launch": false,
            "outpost_arn": "",
            "owner_id": "890942158228",
            "private_dns_hostname_type_on_launch": "ip-name",
            "tags": {
              "Name": "selin-tf-tgw[0]"
            },
            "tags_all": {
              "CmBillingGroup": "OTHER",
              "CodedResource": "true",
              "Environment": "playground",
              "IaC": "local",
              "Name": "selin-tf-tgw[0]",
              "Owner": "",
              "Service": "selin-tf"
            },
            "timeouts": null,
            "vpc_id": "vpc-01bf300ba725825a0"
          },
          "sensitive_attributes": [],
          "private": "eyJlMmJmYjczMC1lY2FhLTExZTYtOGY4OC0zNDM2M2JjN2M0YzAiOnsiY3JlYXRlIjo2MDAwMDAwMDAwMDAsImRlbGV0ZSI6MTIwMDAwMDAwMDAwMH0sInNjaGVtYV92ZXJzaW9uIjoiMSJ9",
          "dependencies": [
            "module.vpc_workload.aws_vpc.default"
          ]
        },
        {
          "index_key": 1,
          "schema_version": 1,
          "attributes": {
            "arn": "arn:aws:ec2:ap-southeast-1:890942158228:subnet/subnet-006260efc4159dbbd",
            "assign_ipv6_address_on_creation": false,
            "availability_zone": "ap-southeast-1c",
            "availability_zone_id": "apse1-az3",
            "cidr_block": "10.0.51.0/24",
            "customer_owned_ipv4_pool": "",
            "enable_dns64": false,
            "enable_lni_at_device_index": 0,
            "enable_resource_name_dns_a_record_on_launch": false,
            "enable_resource_name_dns_aaaa_record_on_launch": false,
            "id": "subnet-006260efc4159dbbd",
            "ipv6_cidr_block": "",
            "ipv6_cidr_block_association_id": "",
            "ipv6_native": false,
            "map_customer_owned_ip_on_launch": false,
            "map_public_ip_on_launch": false,
            "outpost_arn": "",
            "owner_id": "890942158228",
            "private_dns_hostname_type_on_launch": "ip-name",
            "tags": {
              "Name": "selin-tf-tgw[1]"
            },
            "tags_all": {
              "CmBillingGroup": "OTHER",
              "CodedResource": "true",
              "Environment": "playground",
              "IaC": "local",
              "Name": "selin-tf-tgw[1]",
              "Owner": "",
              "Service": "selin-tf"
            },
            "timeouts": null,
            "vpc_id": "vpc-01bf300ba725825a0"
          },
          "sensitive_attributes": [],
          "private": "eyJlMmJmYjczMC1lY2FhLTExZTYtOGY4OC0zNDM2M2JjN2M0YzAiOnsiY3JlYXRlIjo2MDAwMDAwMDAwMDAsImRlbGV0ZSI6MTIwMDAwMDAwMDAwMH0sInNjaGVtYV92ZXJzaW9uIjoiMSJ9",
          "dependencies": [
            "module.vpc_workload.aws_vpc.default"
          ]
        }
      ]
    },
    {
      "module": "module.vpc_workload",
      "mode": "managed",
      "type": "aws_vpc",
      "name": "default",
      "provider": "provider[\"registry.terraform.io/hashicorp/aws\"]",
      "instances": [
        {
          "schema_version": 1,
          "attributes": {
            "arn": "arn:aws:ec2:ap-southeast-1:890942158228:vpc/vpc-01bf300ba725825a0",
            "assign_generated_ipv6_cidr_block": true,
            "cidr_block": "10.0.0.0/16",
            "default_network_acl_id": "acl-0cecb1ac1059daf0e",
            "default_route_table_id": "rtb-07a1b2777d5cb4182",
            "default_security_group_id": "sg-047f715862bae607c",
            "dhcp_options_id": "dopt-bc6f9dda",
            "enable_dns_hostnames": true,
            "enable_dns_support": true,
            "enable_network_address_usage_metrics": false,
            "id": "vpc-01bf300ba725825a0",
            "instance_tenancy": "default",
            "ipv4_ipam_pool_id": null,
            "ipv4_netmask_length": null,
            "ipv6_association_id": "vpc-cidr-assoc-03df60254f565e499",
            "ipv6_cidr_block": "2406:da18:edd:bc00::/56",
            "ipv6_cidr_block_network_border_group": "ap-southeast-1",
            "ipv6_ipam_pool_id": "",
            "ipv6_netmask_length": 0,
            "main_route_table_id": "rtb-07a1b2777d5cb4182",
            "owner_id": "890942158228",
            "tags": {
              "Name": "selin-tf-vpc"
            },
            "tags_all": {
              "CmBillingGroup": "OTHER",
              "CodedResource": "true",
              "Environment": "playground",
              "IaC": "local",
              "Name": "selin-tf-vpc",
              "Owner": "",
              "Service": "selin-tf"
            }
          },
          "sensitive_attributes": [],
          "private": "eyJzY2hlbWFfdmVyc2lvbiI6IjEifQ=="
        }
      ]
    },
    {
      "module": "module.vpc_workload",
      "mode": "managed",
      "type": "aws_vpc_endpoint",
      "name": "dynamodb",
      "provider": "provider[\"registry.terraform.io/hashicorp/aws\"]",
      "instances": [
        {
          "schema_version": 0,
          "attributes": {
            "arn": "arn:aws:ec2:ap-southeast-1:890942158228:vpc-endpoint/vpce-0ace4cf02ad1ba009",
            "auto_accept": null,
            "cidr_blocks": [
              "35.71.118.0/25",
              "52.94.11.0/24",
              "35.71.118.128/26"
            ],
            "dns_entry": [],
            "dns_options": [],
            "id": "vpce-0ace4cf02ad1ba009",
            "ip_address_type": "",
            "network_interface_ids": [],
            "owner_id": "890942158228",
            "policy": "{\"Statement\":[{\"Action\":\"*\",\"Effect\":\"Allow\",\"Principal\":\"*\",\"Resource\":\"*\"}],\"Version\":\"2008-10-17\"}",
            "prefix_list_id": "pl-67a5400e",
            "private_dns_enabled": false,
            "requester_managed": false,
            "route_table_ids": [
              "rtb-07e6551ec9a1fff2d",
              "rtb-08564e3616cb76dde",
              "rtb-0fbaf69b129bea2a9"
            ],
            "security_group_ids": [],
            "service_name": "com.amazonaws.ap-southeast-1.dynamodb",
            "state": "available",
            "subnet_ids": [],
            "tags": {},
            "tags_all": {
              "CmBillingGroup": "OTHER",
              "CodedResource": "true",
              "Environment": "playground",
              "IaC": "local",
              "Owner": "",
              "Service": "selin-tf"
            },
            "timeouts": null,
            "vpc_endpoint_type": "Gateway",
            "vpc_id": "vpc-01bf300ba725825a0"
          },
          "sensitive_attributes": [],
          "private": "eyJlMmJmYjczMC1lY2FhLTExZTYtOGY4OC0zNDM2M2JjN2M0YzAiOnsiY3JlYXRlIjo2MDAwMDAwMDAwMDAsImRlbGV0ZSI6NjAwMDAwMDAwMDAwLCJ1cGRhdGUiOjYwMDAwMDAwMDAwMH19",
          "dependencies": [
            "module.vpc_workload.aws_eip.natgw_default",
            "module.vpc_workload.aws_iam_instance_profile.ec2_nat_instance",
            "module.vpc_workload.aws_iam_role.ec2_nat_instance",
            "module.vpc_workload.aws_instance.ec2_nat_instance",
            "module.vpc_workload.aws_internet_gateway.default",
            "module.vpc_workload.aws_key_pair.ec2_keypair_natinstance",
            "module.vpc_workload.aws_nat_gateway.default",
            "module.vpc_workload.aws_route_table.local",
            "module.vpc_workload.aws_route_table.private",
            "module.vpc_workload.aws_security_group.ec2_bastion",
            "module.vpc_workload.aws_security_group.ec2_nat_instance",
            "module.vpc_workload.aws_security_group.nat_subnet_group",
            "module.vpc_workload.aws_subnet.nat",
            "module.vpc_workload.aws_vpc.default",
            "module.vpc_workload.data.aws_iam_policy_document.ec2_nat_instance",
            "module.vpc_workload.data.aws_region.current",
            "module.vpc_workload.data.aws_ssm_parameter.amzn2_arm_ami",
            "module.vpc_workload.tls_private_key.ec2_keypair_natinstance"
          ]
        }
      ]
    },
    {
      "module": "module.vpc_workload",
      "mode": "managed",
      "type": "aws_vpc_endpoint",
      "name": "s3",
      "provider": "provider[\"registry.terraform.io/hashicorp/aws\"]",
      "instances": [
        {
          "schema_version": 0,
          "attributes": {
            "arn": "arn:aws:ec2:ap-southeast-1:890942158228:vpc-endpoint/vpce-0a127f47de108c4ac",
            "auto_accept": null,
            "cidr_blocks": [
              "52.219.32.0/21",
              "3.5.146.0/23",
              "18.34.248.0/22",
              "3.5.148.0/22",
              "18.34.64.0/21",
              "52.219.40.0/22",
              "52.219.124.0/22",
              "52.219.128.0/21",
              "52.219.184.0/21",
              "16.12.48.0/21",
              "52.219.164.0/22",
              "52.219.180.0/22"
            ],
            "dns_entry": [],
            "dns_options": [],
            "id": "vpce-0a127f47de108c4ac",
            "ip_address_type": "",
            "network_interface_ids": [],
            "owner_id": "890942158228",
            "policy": "{\"Statement\":[{\"Action\":\"*\",\"Effect\":\"Allow\",\"Principal\":\"*\",\"Resource\":\"*\"}],\"Version\":\"2008-10-17\"}",
            "prefix_list_id": "pl-6fa54006",
            "private_dns_enabled": false,
            "requester_managed": false,
            "route_table_ids": [
              "rtb-07e6551ec9a1fff2d",
              "rtb-08564e3616cb76dde",
              "rtb-0fbaf69b129bea2a9"
            ],
            "security_group_ids": [],
            "service_name": "com.amazonaws.ap-southeast-1.s3",
            "state": "available",
            "subnet_ids": [],
            "tags": {},
            "tags_all": {
              "CmBillingGroup": "OTHER",
              "CodedResource": "true",
              "Environment": "playground",
              "IaC": "local",
              "Owner": "",
              "Service": "selin-tf"
            },
            "timeouts": null,
            "vpc_endpoint_type": "Gateway",
            "vpc_id": "vpc-01bf300ba725825a0"
          },
          "sensitive_attributes": [],
          "private": "eyJlMmJmYjczMC1lY2FhLTExZTYtOGY4OC0zNDM2M2JjN2M0YzAiOnsiY3JlYXRlIjo2MDAwMDAwMDAwMDAsImRlbGV0ZSI6NjAwMDAwMDAwMDAwLCJ1cGRhdGUiOjYwMDAwMDAwMDAwMH19",
          "dependencies": [
            "module.vpc_workload.aws_eip.natgw_default",
            "module.vpc_workload.aws_iam_instance_profile.ec2_nat_instance",
            "module.vpc_workload.aws_iam_role.ec2_nat_instance",
            "module.vpc_workload.aws_instance.ec2_nat_instance",
            "module.vpc_workload.aws_internet_gateway.default",
            "module.vpc_workload.aws_key_pair.ec2_keypair_natinstance",
            "module.vpc_workload.aws_nat_gateway.default",
            "module.vpc_workload.aws_route_table.local",
            "module.vpc_workload.aws_route_table.private",
            "module.vpc_workload.aws_security_group.ec2_bastion",
            "module.vpc_workload.aws_security_group.ec2_nat_instance",
            "module.vpc_workload.aws_security_group.nat_subnet_group",
            "module.vpc_workload.aws_subnet.nat",
            "module.vpc_workload.aws_vpc.default",
            "module.vpc_workload.data.aws_iam_policy_document.ec2_nat_instance",
            "module.vpc_workload.data.aws_region.current",
            "module.vpc_workload.data.aws_ssm_parameter.amzn2_arm_ami",
            "module.vpc_workload.tls_private_key.ec2_keypair_natinstance"
          ]
        }
      ]
    },
    {
      "module": "module.vpc_workload",
      "mode": "managed",
      "type": "tls_private_key",
      "name": "ec2_keypair_bastion",
      "provider": "provider[\"registry.terraform.io/hashicorp/tls\"]",
      "instances": [
        {
          "index_key": 0,
          "schema_version": 1,
          "attributes": {
            "algorithm": "RSA",
            "ecdsa_curve": "P224",
            "id": "1979b3a39ef612b1787c817d3f7757d1d6c5733a",
            "private_key_openssh": "-----BEGIN OPENSSH PRIVATE KEY-----\nb3BlbnNzaC1rZXktdjEAAAAABG5vbmUAAAAEbm9uZQAAAAAAAAABAAACFwAAAAdz\nc2gtcnNhAAAAAwEAAQAAAgEAokFoDOVhbV/Yp5qnNPO9W/ADsyxlgMbFWvrdhMCN\nGEJXgrD0p+JNLYEAKnjp+vyVP9mbkl3/tdd5BOnBy9JA+oRbu9WhNE3k0vXAwe8Y\nYUgRiIu7TbxN+6iWoCTjBGrHh+auzRrrEV9ksYf5xQNyQLZ4s30yi4Up2fxpq8HD\nH6tC0pSA2Nx4jdKi9GoAmmdVhV8+bC0RAHifeKB3gNyoKnm0OW8xn93FncjTE9B9\nUeqqcAI3kI5goBn3RooL0QtuEdepsRWWyx6q2Z9DlEE2BM2scGDsMoYt95cUi/NM\nTIxA10bP2h2aJ8mMX5CgVb1D0hhkzKfIWqZz7qbio5Kfigo/ujiiH9qXKRl1ECut\nORcwJKXhkvyOl8ElBoh97swAWduApGPjSZPruo/SJn9TiSDTQ3zMxatCP5zWIXy/\nhf6zqTzSiL1rU04qYPDxiQ8g6FqaPkA1Lu0OrRagmgAHX9nYXCrSuse+Jr1hKBEZ\n8WcPCRIktsAkmoXjnBQzzFYVuplx0liHm4kTOz9dioEqYm6FYlpK0HAv5RZArLmm\n2ZDBjvI+KIFC0NATGnRWS5idUXg9k+9Wi1EvOkbRI7qVXEC4XQ+TGd09ti4erxgx\nTI+vo879RO7bhsTU7ta1pwEUZklB8haJVOvjqbBKieVY8Ka5ktigmxy9YxLI1iQD\nMVkAAAc49x9INvcfSDYAAAAHc3NoLXJzYQAAAgEAokFoDOVhbV/Yp5qnNPO9W/AD\nsyxlgMbFWvrdhMCNGEJXgrD0p+JNLYEAKnjp+vyVP9mbkl3/tdd5BOnBy9JA+oRb\nu9WhNE3k0vXAwe8YYUgRiIu7TbxN+6iWoCTjBGrHh+auzRrrEV9ksYf5xQNyQLZ4\ns30yi4Up2fxpq8HDH6tC0pSA2Nx4jdKi9GoAmmdVhV8+bC0RAHifeKB3gNyoKnm0\nOW8xn93FncjTE9B9UeqqcAI3kI5goBn3RooL0QtuEdepsRWWyx6q2Z9DlEE2BM2s\ncGDsMoYt95cUi/NMTIxA10bP2h2aJ8mMX5CgVb1D0hhkzKfIWqZz7qbio5Kfigo/\nujiiH9qXKRl1ECutORcwJKXhkvyOl8ElBoh97swAWduApGPjSZPruo/SJn9TiSDT\nQ3zMxatCP5zWIXy/hf6zqTzSiL1rU04qYPDxiQ8g6FqaPkA1Lu0OrRagmgAHX9nY\nXCrSuse+Jr1hKBEZ8WcPCRIktsAkmoXjnBQzzFYVuplx0liHm4kTOz9dioEqYm6F\nYlpK0HAv5RZArLmm2ZDBjvI+KIFC0NATGnRWS5idUXg9k+9Wi1EvOkbRI7qVXEC4\nXQ+TGd09ti4erxgxTI+vo879RO7bhsTU7ta1pwEUZklB8haJVOvjqbBKieVY8Ka5\nktigmxy9YxLI1iQDMVkAAAADAQABAAACAFPBe5qclaxF+6qY9JMq9qaMwPwugL72\n3E1YjhzG4I6TQGUgP0qiUMCahKFoBTAgTlLFW780cplFfx0AJZ+3Cv/GbywI3MwJ\nIYOchEIXz/f3ocVgi/FWsNKldgt4vw86p4EJnVYW/RzcpzfVPyNp4gJxruDIUd0f\ngjkaSNn2jWi9mSLmsZRASqK7Bo8wYNtTWBwezDQ/FzWtDnTQMJ/+R3iVlmjHc1BY\nxHfsgLkLuIUeo5hqLJCcTliWzsRE4lCom8ruDpRw1oRHcl4gDlxrRR05pjfkcEis\nZvIVtO+BSfOBur7luMmY2kiLi8CRAZMAvg+ns/DI822H2vRohTl2qI9geagFetgv\n3vdZwX78/UC30RH42UpyF/tggWLfxkfN1Jo/9zknBhbQYIkaD05noQ30SWK+srgo\nspqcrMG6Yo753LoKt8D2iOlaAMbhZYYDvwq7GYgYGwk3vp7tzWM4Bf80u49Zo4gW\nNU3Ou/S1P7B8yU8Kot6BmbN0ztJoez/qLVYfIq2rO2eWnM64IH6hVhS7jK/VoaFN\nMm0aaxsOULOdtXJFkzCYFxKqv+GVH/knPiIGTXUqnJ69xjHSYTxNVeRNl+2Vfm8U\nxYqCDS7m7kcprGccvcsXQ2RC6XEY5S23rROau6fTIGl0Khr2mVvWnSdHVjdjtoh6\nxpfxLetW2zYBAAABAG+N4ytAl2gaqCptgcm8xO/9YaqxGHA7qEp4Z0h1pbleGDOd\n1jF5f2ScgG2n6BAgTZKxg2VZ8fLzfmhNdnM+iY2foAydDMJWgJ8KkpMQq0b7becc\nVdX4tnPw10TVhpNhamot2z4CFgCRyXQ/r1U9HZwrU3oPhXdTjyRqXWxKd6iKZXCF\n+yfUSj5MUrYrV5xmH8Vtj+0YUNKrBQLJxrP5CheTGlf2CgkWINaPMEGlyMXwlAcR\nie+7IjGlutGoAzHe2sUWYu6thUuYZxwNM1G8d/GwaaZ332bfn0GxL5PnA0SpuDW8\nL/p3H8mvEqk8oSfHDEC+xmwojzS8v9Y5uOSzTUAAAAEBAMDBrX5epPKPXAwuzx72\necDh4SppL5sIV2lDYEWt6IgOa7igHJydOq5q2fKzeRxLZya9vcvKRHKF0lVUKQ57\nXqP0QnC3CB6Gfir0R8o8Cg2cUXWo470o4jpA844m4gO7/FJpdlsSoys5mB6Pay4Y\nMpVGsyPuU4XguFPqmtJnatAMiQXTDtsvhcI8kzm5T5RPP6MagQ9D2jHJ0jC/Hntu\n0QIWc4TGNxMPhWEqxfAUOWKCnOYfCoV3hFYPu8VCeo1xlyuKhg+mX68OEuhZNe3o\n0pnhxRDqMcVqyuTDPwYyyVioR0TtC1HflMjHi1f2r6/bgIQ6zwMhihZ9oa83VuC0\nDuEAAAEBANd91YYDRFdSIePviv4+Uw6N/x7SjLupiKrXzTVZayqPuMxIDpg56+rK\nUFzDzmc6ZcTvzJxuUQHtomRIfI+2F08JKvWu9dHtqCaheIcJd31XIw3GD1OT5QlQ\nSPHDhZt0bJqtsKpNCrgBtEJ0iziqQT61Ap2Tl6KCkAqTUnlYNJ+1reNIN+9jt5/4\nWczFpDO5t+rm0jOaYUTFvJfdUe+7tD1rGn8mUkv0GjeaGPCMfD/i+HX5GRmVlZ7f\nBjZ3j3k/6FmZscnRmhYOlukmjcrpZpqARQNDOA1Bm9Fvr+M7AKwzMM0oKN6pkIUI\nioVlSLTDezWhBiOD6Hgc5S8JnZ3qSXkAAAAAAQID\n-----END OPENSSH PRIVATE KEY-----\n",
            "private_key_pem": "-----BEGIN RSA PRIVATE KEY-----\nMIIJKAIBAAKCAgEAokFoDOVhbV/Yp5qnNPO9W/ADsyxlgMbFWvrdhMCNGEJXgrD0\np+JNLYEAKnjp+vyVP9mbkl3/tdd5BOnBy9JA+oRbu9WhNE3k0vXAwe8YYUgRiIu7\nTbxN+6iWoCTjBGrHh+auzRrrEV9ksYf5xQNyQLZ4s30yi4Up2fxpq8HDH6tC0pSA\n2Nx4jdKi9GoAmmdVhV8+bC0RAHifeKB3gNyoKnm0OW8xn93FncjTE9B9UeqqcAI3\nkI5goBn3RooL0QtuEdepsRWWyx6q2Z9DlEE2BM2scGDsMoYt95cUi/NMTIxA10bP\n2h2aJ8mMX5CgVb1D0hhkzKfIWqZz7qbio5Kfigo/ujiiH9qXKRl1ECutORcwJKXh\nkvyOl8ElBoh97swAWduApGPjSZPruo/SJn9TiSDTQ3zMxatCP5zWIXy/hf6zqTzS\niL1rU04qYPDxiQ8g6FqaPkA1Lu0OrRagmgAHX9nYXCrSuse+Jr1hKBEZ8WcPCRIk\ntsAkmoXjnBQzzFYVuplx0liHm4kTOz9dioEqYm6FYlpK0HAv5RZArLmm2ZDBjvI+\nKIFC0NATGnRWS5idUXg9k+9Wi1EvOkbRI7qVXEC4XQ+TGd09ti4erxgxTI+vo879\nRO7bhsTU7ta1pwEUZklB8haJVOvjqbBKieVY8Ka5ktigmxy9YxLI1iQDMVkCAwEA\nAQKCAgBTwXuanJWsRfuqmPSTKvamjMD8LoC+9txNWI4cxuCOk0BlID9KolDAmoSh\naAUwIE5SxVu/NHKZRX8dACWftwr/xm8sCNzMCSGDnIRCF8/396HFYIvxVrDSpXYL\neL8POqeBCZ1WFv0c3Kc31T8jaeICca7gyFHdH4I5GkjZ9o1ovZki5rGUQEqiuwaP\nMGDbU1gcHsw0Pxc1rQ500DCf/kd4lZZox3NQWMR37IC5C7iFHqOYaiyQnE5Yls7E\nROJQqJvK7g6UcNaER3JeIA5ca0UdOaY35HBIrGbyFbTvgUnzgbq+5bjJmNpIi4vA\nkQGTAL4Pp7PwyPNth9r0aIU5dqiPYHmoBXrYL973WcF+/P1At9ER+NlKchf7YIFi\n38ZHzdSaP/c5JwYW0GCJGg9OZ6EN9ElivrK4KLKanKzBumKO+dy6CrfA9ojpWgDG\n4WWGA78KuxmIGBsJN76e7c1jOAX/NLuPWaOIFjVNzrv0tT+wfMlPCqLegZmzdM7S\naHs/6i1WHyKtqztnlpzOuCB+oVYUu4yv1aGhTTJtGmsbDlCznbVyRZMwmBcSqr/h\nlR/5Jz4iBk11KpyevcYx0mE8TVXkTZftlX5vFMWKgg0u5u5HKaxnHL3LF0NkQulx\nGOUtt60Tmrun0yBpdCoa9plb1p0nR1Y3Y7aIesaX8S3rVts2AQKCAQEAwMGtfl6k\n8o9cDC7PHvZ5wOHhKmkvmwhXaUNgRa3oiA5ruKAcnJ06rmrZ8rN5HEtnJr29y8pE\ncoXSVVQpDnteo/RCcLcIHoZ+KvRHyjwKDZxRdajjvSjiOkDzjibiA7v8Uml2WxKj\nKzmYHo9rLhgylUazI+5TheC4U+qa0mdq0AyJBdMO2y+FwjyTOblPlE8/oxqBD0Pa\nMcnSML8ee27RAhZzhMY3Ew+FYSrF8BQ5YoKc5h8KhXeEVg+7xUJ6jXGXK4qGD6Zf\nrw4S6Fk17ejSmeHFEOoxxWrK5MM/BjLJWKhHRO0LUd+UyMeLV/avr9uAhDrPAyGK\nFn2hrzdW4LQO4QKCAQEA133VhgNEV1Ih4++K/j5TDo3/HtKMu6mIqtfNNVlrKo+4\nzEgOmDnr6spQXMPOZzplxO/MnG5RAe2iZEh8j7YXTwkq9a710e2oJqF4hwl3fVcj\nDcYPU5PlCVBI8cOFm3Rsmq2wqk0KuAG0QnSLOKpBPrUCnZOXooKQCpNSeVg0n7Wt\n40g372O3n/hZzMWkM7m36ubSM5phRMW8l91R77u0PWsafyZSS/QaN5oY8Ix8P+L4\ndfkZGZWVnt8GNnePeT/oWZmxydGaFg6W6SaNyulmmoBFA0M4DUGb0W+v4zsArDMw\nzSgo3qmQhQiKhWVItMN7NaEGI4PoeBzlLwmdnepJeQKCAQBDEiFgW2Zh0GhjBNal\nG3Z6Gx7SNw+NjnV79ynElSLYVMw+zdem1z7X+e4keTanFcWqwVMNWjA++Tma31H5\n7AueWRvVRJrapEm6gI2KXSHSYpYlrsKvy04MnxUgXX8/dWXy9ydrwSxtmfjIiXbt\n7xWKw7MJyZ/ecbcx2+xLUhjkk7gKAsqkkgCk+Zbw+v4pyPmHs2089osxz9wHgjkF\nEiY/57gCd0Yqp7fte4isZR0infgiSqLKli/CEm9v0BX8qY3EZMsJHwckTm1d08zk\nH6NIUDrWC+eNnf9DYnzHl1xgMQ27eg/6SSXoRybBUOEI/APX/u6RVFZMRSLBaSwd\nvAmBAoIBAQCgqMtx/6uLIsvroaNSDGtmFY3YkAemvi4LmZsAJGuWrtKLU0m2SrDO\nOwoRL1cKdWp8moBFPKYetun0tGpRxuO35FDoHQpe+j38lzRCEVfJ1hZnZXv1xvTi\nrb3Eqg5JqVJzO/3T6l6Mc5DOXw+RLrY4J0IM84YA/jCgAdhiadXKIOzE4An7669y\nj/l7hvr2KYeqlW6wVHAikv4Zh0NYZexqQhjeJVcEE7kcLUJczZCxHOo7In2JKpID\ngamjIB6SuofjjYgUvLWRrkzrBPiACOWbWPibBxmaIIkoa4mJ82p7+CpxOnjGEUuT\nM5v6+llrk7afdC8ceXLvYjOojxW5L3yZAoIBAG+N4ytAl2gaqCptgcm8xO/9Yaqx\nGHA7qEp4Z0h1pbleGDOd1jF5f2ScgG2n6BAgTZKxg2VZ8fLzfmhNdnM+iY2foAyd\nDMJWgJ8KkpMQq0b7beccVdX4tnPw10TVhpNhamot2z4CFgCRyXQ/r1U9HZwrU3oP\nhXdTjyRqXWxKd6iKZXCF+yfUSj5MUrYrV5xmH8Vtj+0YUNKrBQLJxrP5CheTGlf2\nCgkWINaPMEGlyMXwlAcRie+7IjGlutGoAzHe2sUWYu6thUuYZxwNM1G8d/GwaaZ3\n32bfn0GxL5PnA0SpuDW8L/p3H8mvEqk8oSfHDEC+xmwojzS8v9Y5uOSzTUA=\n-----END RSA PRIVATE KEY-----\n",
            "private_key_pem_pkcs8": "-----BEGIN PRIVATE KEY-----\nMIIJQgIBADANBgkqhkiG9w0BAQEFAASCCSwwggkoAgEAAoICAQCiQWgM5WFtX9in\nmqc0871b8AOzLGWAxsVa+t2EwI0YQleCsPSn4k0tgQAqeOn6/JU/2ZuSXf+113kE\n6cHL0kD6hFu71aE0TeTS9cDB7xhhSBGIi7tNvE37qJagJOMEaseH5q7NGusRX2Sx\nh/nFA3JAtnizfTKLhSnZ/GmrwcMfq0LSlIDY3HiN0qL0agCaZ1WFXz5sLREAeJ94\noHeA3KgqebQ5bzGf3cWdyNMT0H1R6qpwAjeQjmCgGfdGigvRC24R16mxFZbLHqrZ\nn0OUQTYEzaxwYOwyhi33lxSL80xMjEDXRs/aHZonyYxfkKBVvUPSGGTMp8hapnPu\npuKjkp+KCj+6OKIf2pcpGXUQK605FzAkpeGS/I6XwSUGiH3uzABZ24CkY+NJk+u6\nj9Imf1OJINNDfMzFq0I/nNYhfL+F/rOpPNKIvWtTTipg8PGJDyDoWpo+QDUu7Q6t\nFqCaAAdf2dhcKtK6x74mvWEoERnxZw8JEiS2wCSaheOcFDPMVhW6mXHSWIebiRM7\nP12KgSpiboViWkrQcC/lFkCsuabZkMGO8j4ogULQ0BMadFZLmJ1ReD2T71aLUS86\nRtEjupVcQLhdD5MZ3T22Lh6vGDFMj6+jzv1E7tuGxNTu1rWnARRmSUHyFolU6+Op\nsEqJ5VjwprmS2KCbHL1jEsjWJAMxWQIDAQABAoICAFPBe5qclaxF+6qY9JMq9qaM\nwPwugL723E1YjhzG4I6TQGUgP0qiUMCahKFoBTAgTlLFW780cplFfx0AJZ+3Cv/G\nbywI3MwJIYOchEIXz/f3ocVgi/FWsNKldgt4vw86p4EJnVYW/RzcpzfVPyNp4gJx\nruDIUd0fgjkaSNn2jWi9mSLmsZRASqK7Bo8wYNtTWBwezDQ/FzWtDnTQMJ/+R3iV\nlmjHc1BYxHfsgLkLuIUeo5hqLJCcTliWzsRE4lCom8ruDpRw1oRHcl4gDlxrRR05\npjfkcEisZvIVtO+BSfOBur7luMmY2kiLi8CRAZMAvg+ns/DI822H2vRohTl2qI9g\neagFetgv3vdZwX78/UC30RH42UpyF/tggWLfxkfN1Jo/9zknBhbQYIkaD05noQ30\nSWK+srgospqcrMG6Yo753LoKt8D2iOlaAMbhZYYDvwq7GYgYGwk3vp7tzWM4Bf80\nu49Zo4gWNU3Ou/S1P7B8yU8Kot6BmbN0ztJoez/qLVYfIq2rO2eWnM64IH6hVhS7\njK/VoaFNMm0aaxsOULOdtXJFkzCYFxKqv+GVH/knPiIGTXUqnJ69xjHSYTxNVeRN\nl+2Vfm8UxYqCDS7m7kcprGccvcsXQ2RC6XEY5S23rROau6fTIGl0Khr2mVvWnSdH\nVjdjtoh6xpfxLetW2zYBAoIBAQDAwa1+XqTyj1wMLs8e9nnA4eEqaS+bCFdpQ2BF\nreiIDmu4oBycnTquatnys3kcS2cmvb3LykRyhdJVVCkOe16j9EJwtwgehn4q9EfK\nPAoNnFF1qOO9KOI6QPOOJuIDu/xSaXZbEqMrOZgej2suGDKVRrMj7lOF4LhT6prS\nZ2rQDIkF0w7bL4XCPJM5uU+UTz+jGoEPQ9oxydIwvx57btECFnOExjcTD4VhKsXw\nFDligpzmHwqFd4RWD7vFQnqNcZcrioYPpl+vDhLoWTXt6NKZ4cUQ6jHFasrkwz8G\nMslYqEdE7QtR35TIx4tX9q+v24CEOs8DIYoWfaGvN1bgtA7hAoIBAQDXfdWGA0RX\nUiHj74r+PlMOjf8e0oy7qYiq1801WWsqj7jMSA6YOevqylBcw85nOmXE78ycblEB\n7aJkSHyPthdPCSr1rvXR7agmoXiHCXd9VyMNxg9Tk+UJUEjxw4WbdGyarbCqTQq4\nAbRCdIs4qkE+tQKdk5eigpAKk1J5WDSfta3jSDfvY7ef+FnMxaQzubfq5tIzmmFE\nxbyX3VHvu7Q9axp/JlJL9Bo3mhjwjHw/4vh1+RkZlZWe3wY2d495P+hZmbHJ0ZoW\nDpbpJo3K6WaagEUDQzgNQZvRb6/jOwCsMzDNKCjeqZCFCIqFZUi0w3s1oQYjg+h4\nHOUvCZ2d6kl5AoIBAEMSIWBbZmHQaGME1qUbdnobHtI3D42OdXv3KcSVIthUzD7N\n16bXPtf57iR5NqcVxarBUw1aMD75OZrfUfnsC55ZG9VEmtqkSbqAjYpdIdJiliWu\nwq/LTgyfFSBdfz91ZfL3J2vBLG2Z+MiJdu3vFYrDswnJn95xtzHb7EtSGOSTuAoC\nyqSSAKT5lvD6/inI+YezbTz2izHP3AeCOQUSJj/nuAJ3Riqnt+17iKxlHSKd+CJK\nosqWL8ISb2/QFfypjcRkywkfByRObV3TzOQfo0hQOtYL542d/0NifMeXXGAxDbt6\nD/pJJehHJsFQ4Qj8A9f+7pFUVkxFIsFpLB28CYECggEBAKCoy3H/q4siy+uho1IM\na2YVjdiQB6a+LguZmwAka5au0otTSbZKsM47ChEvVwp1anyagEU8ph626fS0alHG\n47fkUOgdCl76PfyXNEIRV8nWFmdle/XG9OKtvcSqDkmpUnM7/dPqXoxzkM5fD5Eu\ntjgnQgzzhgD+MKAB2GJp1cog7MTgCfvrr3KP+XuG+vYph6qVbrBUcCKS/hmHQ1hl\n7GpCGN4lVwQTuRwtQlzNkLEc6jsifYkqkgOBqaMgHpK6h+ONiBS8tZGuTOsE+IAI\n5ZtY+JsHGZogiShriYnzanv4KnE6eMYRS5Mzm/r6WWuTtp90Lxx5cu9iM6iPFbkv\nfJkCggEAb43jK0CXaBqoKm2BybzE7/1hqrEYcDuoSnhnSHWluV4YM53WMXl/ZJyA\nbafoECBNkrGDZVnx8vN+aE12cz6JjZ+gDJ0MwlaAnwqSkxCrRvtt5xxV1fi2c/DX\nRNWGk2Fqai3bPgIWAJHJdD+vVT0dnCtTeg+Fd1OPJGpdbEp3qIplcIX7J9RKPkxS\ntitXnGYfxW2P7RhQ0qsFAsnGs/kKF5MaV/YKCRYg1o8wQaXIxfCUBxGJ77siMaW6\n0agDMd7axRZi7q2FS5hnHA0zUbx38bBppnffZt+fQbEvk+cDRKm4Nbwv+ncfya8S\nqTyhJ8cMQL7GbCiPNLy/1jm45LNNQA==\n-----END PRIVATE KEY-----\n",
            "public_key_fingerprint_md5": "65:3d:fb:ef:f3:02:ff:4d:a4:cf:8b:d9:db:4e:d4:bd",
            "public_key_fingerprint_sha256": "SHA256:e1OkiD5BKlAw+Bs9iCRObVRg1OiqrjFR/85IWTkECZs",
            "public_key_openssh": "ssh-rsa AAAAB3NzaC1yc2EAAAADAQABAAACAQCiQWgM5WFtX9inmqc0871b8AOzLGWAxsVa+t2EwI0YQleCsPSn4k0tgQAqeOn6/JU/2ZuSXf+113kE6cHL0kD6hFu71aE0TeTS9cDB7xhhSBGIi7tNvE37qJagJOMEaseH5q7NGusRX2Sxh/nFA3JAtnizfTKLhSnZ/GmrwcMfq0LSlIDY3HiN0qL0agCaZ1WFXz5sLREAeJ94oHeA3KgqebQ5bzGf3cWdyNMT0H1R6qpwAjeQjmCgGfdGigvRC24R16mxFZbLHqrZn0OUQTYEzaxwYOwyhi33lxSL80xMjEDXRs/aHZonyYxfkKBVvUPSGGTMp8hapnPupuKjkp+KCj+6OKIf2pcpGXUQK605FzAkpeGS/I6XwSUGiH3uzABZ24CkY+NJk+u6j9Imf1OJINNDfMzFq0I/nNYhfL+F/rOpPNKIvWtTTipg8PGJDyDoWpo+QDUu7Q6tFqCaAAdf2dhcKtK6x74mvWEoERnxZw8JEiS2wCSaheOcFDPMVhW6mXHSWIebiRM7P12KgSpiboViWkrQcC/lFkCsuabZkMGO8j4ogULQ0BMadFZLmJ1ReD2T71aLUS86RtEjupVcQLhdD5MZ3T22Lh6vGDFMj6+jzv1E7tuGxNTu1rWnARRmSUHyFolU6+OpsEqJ5VjwprmS2KCbHL1jEsjWJAMxWQ==\n",
            "public_key_pem": "-----BEGIN PUBLIC KEY-----\nMIICIjANBgkqhkiG9w0BAQEFAAOCAg8AMIICCgKCAgEAokFoDOVhbV/Yp5qnNPO9\nW/ADsyxlgMbFWvrdhMCNGEJXgrD0p+JNLYEAKnjp+vyVP9mbkl3/tdd5BOnBy9JA\n+oRbu9WhNE3k0vXAwe8YYUgRiIu7TbxN+6iWoCTjBGrHh+auzRrrEV9ksYf5xQNy\nQLZ4s30yi4Up2fxpq8HDH6tC0pSA2Nx4jdKi9GoAmmdVhV8+bC0RAHifeKB3gNyo\nKnm0OW8xn93FncjTE9B9UeqqcAI3kI5goBn3RooL0QtuEdepsRWWyx6q2Z9DlEE2\nBM2scGDsMoYt95cUi/NMTIxA10bP2h2aJ8mMX5CgVb1D0hhkzKfIWqZz7qbio5Kf\nigo/ujiiH9qXKRl1ECutORcwJKXhkvyOl8ElBoh97swAWduApGPjSZPruo/SJn9T\niSDTQ3zMxatCP5zWIXy/hf6zqTzSiL1rU04qYPDxiQ8g6FqaPkA1Lu0OrRagmgAH\nX9nYXCrSuse+Jr1hKBEZ8WcPCRIktsAkmoXjnBQzzFYVuplx0liHm4kTOz9dioEq\nYm6FYlpK0HAv5RZArLmm2ZDBjvI+KIFC0NATGnRWS5idUXg9k+9Wi1EvOkbRI7qV\nXEC4XQ+TGd09ti4erxgxTI+vo879RO7bhsTU7ta1pwEUZklB8haJVOvjqbBKieVY\n8Ka5ktigmxy9YxLI1iQDMVkCAwEAAQ==\n-----END PUBLIC KEY-----\n",
            "rsa_bits": 4096
          },
          "sensitive_attributes": [
            [
              {
                "type": "get_attr",
                "value": "private_key_openssh"
              }
            ],
            [
              {
                "type": "get_attr",
                "value": "private_key_pem"
              }
            ],
            [
              {
                "type": "get_attr",
                "value": "private_key_pem_pkcs8"
              }
            ]
          ]
        }
      ]
    },
    {
      "module": "module.vpc_workload",
      "mode": "managed",
      "type": "tls_private_key",
      "name": "ec2_keypair_natinstance",
      "provider": "provider[\"registry.terraform.io/hashicorp/tls\"]",
      "instances": [
        {
          "index_key": 0,
          "schema_version": 1,
          "attributes": {
            "algorithm": "RSA",
            "ecdsa_curve": "P224",
            "id": "8ddcb7382f9b45d9af02887b62b4acfa074add05",
            "private_key_openssh": "-----BEGIN OPENSSH PRIVATE KEY-----\nb3BlbnNzaC1rZXktdjEAAAAABG5vbmUAAAAEbm9uZQAAAAAAAAABAAACFwAAAAdz\nc2gtcnNhAAAAAwEAAQAAAgEAwm/tO6MSTlbTb0kdqLG21ESFWQEJYv4DnnIbgjPI\nheXCVjlrXEneckyKnMf51nnWB30KhoB1kZOADWsKiXXky+RjO7/uy+j2SGRmv8GX\n4IHlpqeHqpjli6KDkxI5dzlFH72prMycIFD/QalN3PKjR4oYBejKLSU3pafh/E2F\n2SY9buY/ahWYXK0hD9AsCXBvTt10mK+5GSOwga9LFlTkd3jezXRxklKTnieMyjA/\niH4tq92hAKu+m3Ep3OE4r6b49woRh4adCLMh8d2ueNVNziSN9FVXduyTxYoKn9vp\n0PmMMRSyi2x35mndVF+qGPHW80lhKuFLV+TRkvMWfHGNI23FBODwTFxv7gm5wmmE\nKZpC+ty/wnX0tr7+opvQnszCJV9lDpAXtobERz8bmulJOXz93HQsr79iksddtt+m\nnfIpa4MdrP/i/4jQtJLUnLSB9Tx9R0+XVC3yV+tiKi1V5PmFCaQswt+d5abBaVqb\nPeJAHg5DzLrC+EbTCoiNqBkl6QTTUcSE4fjHiyz9E40Y3DQ3Rq/i1CREvfiZWubJ\nhjNefeDcCF+x0dmHtVIWPCvJj6mU6O+MgXwjRI12/UF+5Gq2+hoP6WgnaVkNVkM4\nr7pKsWp1nQYSoj5I4PeZTttcF5BxNOMtE0OIrRbyn18ns1Svp7VpxXQeMUUuyBXW\nzD0AAAc4/uQSBf7kEgUAAAAHc3NoLXJzYQAAAgEAwm/tO6MSTlbTb0kdqLG21ESF\nWQEJYv4DnnIbgjPIheXCVjlrXEneckyKnMf51nnWB30KhoB1kZOADWsKiXXky+Rj\nO7/uy+j2SGRmv8GX4IHlpqeHqpjli6KDkxI5dzlFH72prMycIFD/QalN3PKjR4oY\nBejKLSU3pafh/E2F2SY9buY/ahWYXK0hD9AsCXBvTt10mK+5GSOwga9LFlTkd3je\nzXRxklKTnieMyjA/iH4tq92hAKu+m3Ep3OE4r6b49woRh4adCLMh8d2ueNVNziSN\n9FVXduyTxYoKn9vp0PmMMRSyi2x35mndVF+qGPHW80lhKuFLV+TRkvMWfHGNI23F\nBODwTFxv7gm5wmmEKZpC+ty/wnX0tr7+opvQnszCJV9lDpAXtobERz8bmulJOXz9\n3HQsr79iksddtt+mnfIpa4MdrP/i/4jQtJLUnLSB9Tx9R0+XVC3yV+tiKi1V5PmF\nCaQswt+d5abBaVqbPeJAHg5DzLrC+EbTCoiNqBkl6QTTUcSE4fjHiyz9E40Y3DQ3\nRq/i1CREvfiZWubJhjNefeDcCF+x0dmHtVIWPCvJj6mU6O+MgXwjRI12/UF+5Gq2\n+hoP6WgnaVkNVkM4r7pKsWp1nQYSoj5I4PeZTttcF5BxNOMtE0OIrRbyn18ns1Sv\np7VpxXQeMUUuyBXWzD0AAAADAQABAAACAEyCNltNI5rn13Lm1mDW7RZBkCchnUvy\noAHs7J4jOjhV3E6JcZFzD7DyJWjj149piaqQrV+XlKuf2rds80x7s3f3eoS8VX6v\nQJnjx/qUdurEslUNfvjGCS0U2ak5dptPUb/Xpbh1GsoslQSFVjomz9EKqcFJhKSX\nDHqGwQnCh3SW83175GAd90Igbe4HAA0GzQW/Zm3eV3to679b9rPm26+XRDScKURm\ncee9sEyvB5Dx9Y63Ou9EpVANC2f6x492qGis8ZDei1QtCKJflJO/e0ouYB1Qp4YI\nOW11kBCvPCYay+tUNZ1fJR7pcUoOCqSeJPK+YRm6ZSdExqKIPMTi+aHTrjcWXCkr\nArFlgoPcT3M8S8nu7nnhbncWuu/D5okMruhO9lEOLuk8VV7wnOizg9Rr6ykt80us\nYVSYO/52OCC+jv7JrklhmBlt8qZF2kRAj09TAFpN6usmeqlQ435XQwIzl4DS5dxR\nceAb3wXH5Fd2SoBBUlRA9Yw4Vq2FCxE3cwCyR8eSvgq7txXSPZhVg3vmynPOQ9/m\nkpSwAdWM3UPcjQpWOTzlCLz2b9OpqW0SRrf60DvzTnS/S2Bq/hX6AWy5xRDR6ag7\nSQ9Stmw0eO5wgaVtfkTs8vnMEDhu3YeVvqFJirZBbF32cHv6sHGYgNsz/Ei+eCRr\ns347fprGcm2BAAABACjrP9ihlukytDIOsSe/G8nHidj/ektpe98ZYwL4+WHHsmla\nr8xe/Oz1RtnrNWbctkqNyYacvv945JC5vDBz462udJ4P/OzUyDCW74r1A63GoSTj\n/A3CVMEPKbPujOY3u5zekukPdRdzwL8M2PfZcIy4weQ+eqnJnEoBWCJF0LX1pl8+\nwiltkdaN0OQ0T239DSKnxBEzO3wq7M5mzBN7sPK4VKB9F29n9nJSD/YTKdh+9vFM\n3AtGaXpBo8gdS5WO+MadrUEZgw2anyxud3obkN0ePQo1/VQT9q89d5cPU264iEu5\nhu7fnCaXKga/N3uR5wrzKvTbOVeE+bwfSCP2dm8AAAEBAN3F08h2afL8jwJpImsl\ndciL+MlpsMmWUggVatooAWwWztKKMiEWlKduEzOo9m1uDGCzvabuivEj4lwaG9+R\nSVbY61VOSD9DjBrZsB7tU7+kstLa6b7Pe5xCD/Fag2nPOWasokM0POAbHT8DHjAZ\nuvyF2Z8ql8KEt1pjcH2zh/7tVm2IfrDypZRZnLkS87OeyHU1JICIRg0NvEwobxBL\n/LH+QVZMa0qELy8BWN3+rt2wFk/YjDansCf2UgmvJXBXRP2j+GEyCblhb07vC1xs\nZ/+NA5HCAvO+4oJz61RsUCgjIZwO7fXRuLv+pm4lfgIH4Bk0Xx+clb75R3ZvRWCy\nVRUAAAEBAOByFJRLWdLCOmAu5iFcIDnCszAKk0hM1k7vMGHb8sInYJPvyYcHQNAQ\nFeLoNL19JbosmyhKFHLyAKd0xwPUdQ+99p9TZMDtAtYAB20HTwslIfzWIdx+DqNX\nQclhCuuykrrk6GhAIBz+D9zucYj9pWrj2z+Kt7Jg0/HtOHtM5mGTJWFS6BjL9Q7/\npWBN7P3uVEoVXce3zv1XDv1r0rch7DPRBPTxqZF9MPMQcjLrctKRm/YGoRCgHyPP\nPQYeUXuMp0vcOSAfpjcegCMT3CpzJUm64VtYXh6jQfJzWfMrLwhLrEs55Uhr/17u\n0lT5AVlyYbzG9eKMjVdu6RpYNN5jNIkAAAAAAQID\n-----END OPENSSH PRIVATE KEY-----\n",
            "private_key_pem": "-----BEGIN RSA PRIVATE KEY-----\nMIIJKAIBAAKCAgEAwm/tO6MSTlbTb0kdqLG21ESFWQEJYv4DnnIbgjPIheXCVjlr\nXEneckyKnMf51nnWB30KhoB1kZOADWsKiXXky+RjO7/uy+j2SGRmv8GX4IHlpqeH\nqpjli6KDkxI5dzlFH72prMycIFD/QalN3PKjR4oYBejKLSU3pafh/E2F2SY9buY/\nahWYXK0hD9AsCXBvTt10mK+5GSOwga9LFlTkd3jezXRxklKTnieMyjA/iH4tq92h\nAKu+m3Ep3OE4r6b49woRh4adCLMh8d2ueNVNziSN9FVXduyTxYoKn9vp0PmMMRSy\ni2x35mndVF+qGPHW80lhKuFLV+TRkvMWfHGNI23FBODwTFxv7gm5wmmEKZpC+ty/\nwnX0tr7+opvQnszCJV9lDpAXtobERz8bmulJOXz93HQsr79iksddtt+mnfIpa4Md\nrP/i/4jQtJLUnLSB9Tx9R0+XVC3yV+tiKi1V5PmFCaQswt+d5abBaVqbPeJAHg5D\nzLrC+EbTCoiNqBkl6QTTUcSE4fjHiyz9E40Y3DQ3Rq/i1CREvfiZWubJhjNefeDc\nCF+x0dmHtVIWPCvJj6mU6O+MgXwjRI12/UF+5Gq2+hoP6WgnaVkNVkM4r7pKsWp1\nnQYSoj5I4PeZTttcF5BxNOMtE0OIrRbyn18ns1Svp7VpxXQeMUUuyBXWzD0CAwEA\nAQKCAgBMgjZbTSOa59dy5tZg1u0WQZAnIZ1L8qAB7OyeIzo4VdxOiXGRcw+w8iVo\n49ePaYmqkK1fl5Srn9q3bPNMe7N393qEvFV+r0CZ48f6lHbqxLJVDX74xgktFNmp\nOXabT1G/16W4dRrKLJUEhVY6Js/RCqnBSYSklwx6hsEJwod0lvN9e+RgHfdCIG3u\nBwANBs0Fv2Zt3ld7aOu/W/az5tuvl0Q0nClEZnHnvbBMrweQ8fWOtzrvRKVQDQtn\n+sePdqhorPGQ3otULQiiX5STv3tKLmAdUKeGCDltdZAQrzwmGsvrVDWdXyUe6XFK\nDgqkniTyvmEZumUnRMaiiDzE4vmh0643FlwpKwKxZYKD3E9zPEvJ7u554W53Frrv\nw+aJDK7oTvZRDi7pPFVe8Jzos4PUa+spLfNLrGFUmDv+djggvo7+ya5JYZgZbfKm\nRdpEQI9PUwBaTerrJnqpUON+V0MCM5eA0uXcUXHgG98Fx+RXdkqAQVJUQPWMOFat\nhQsRN3MAskfHkr4Ku7cV0j2YVYN75spzzkPf5pKUsAHVjN1D3I0KVjk85Qi89m/T\nqaltEka3+tA78050v0tgav4V+gFsucUQ0emoO0kPUrZsNHjucIGlbX5E7PL5zBA4\nbt2Hlb6hSYq2QWxd9nB7+rBxmIDbM/xIvngka7N+O36axnJtgQKCAQEA3cXTyHZp\n8vyPAmkiayV1yIv4yWmwyZZSCBVq2igBbBbO0ooyIRaUp24TM6j2bW4MYLO9pu6K\n8SPiXBob35FJVtjrVU5IP0OMGtmwHu1Tv6Sy0trpvs97nEIP8VqDac85ZqyiQzQ8\n4BsdPwMeMBm6/IXZnyqXwoS3WmNwfbOH/u1WbYh+sPKllFmcuRLzs57IdTUkgIhG\nDQ28TChvEEv8sf5BVkxrSoQvLwFY3f6u3bAWT9iMNqewJ/ZSCa8lcFdE/aP4YTIJ\nuWFvTu8LXGxn/40DkcIC877ignPrVGxQKCMhnA7t9dG4u/6mbiV+AgfgGTRfH5yV\nvvlHdm9FYLJVFQKCAQEA4HIUlEtZ0sI6YC7mIVwgOcKzMAqTSEzWTu8wYdvywidg\nk+/JhwdA0BAV4ug0vX0luiybKEoUcvIAp3THA9R1D732n1NkwO0C1gAHbQdPCyUh\n/NYh3H4Oo1dByWEK67KSuuToaEAgHP4P3O5xiP2lauPbP4q3smDT8e04e0zmYZMl\nYVLoGMv1Dv+lYE3s/e5UShVdx7fO/VcO/WvStyHsM9EE9PGpkX0w8xByMuty0pGb\n9gahEKAfI889Bh5Re4ynS9w5IB+mNx6AIxPcKnMlSbrhW1heHqNB8nNZ8ysvCEus\nSznlSGv/Xu7SVPkBWXJhvMb14oyNV27pGlg03mM0iQKCAQAWd0boBM7g1aLrHJlm\n/0l6Qmu2g6VsFnVC6mCDrw/N0lWrUGKZpX7zoxwA3LnyBfbtCOhKc9nRadAxgleW\ng1JJoPneD2sUNZSI18qWp3YXcOjIoXKSaNRd1PdmfMPZQSvQceaSJkWQck65Jmi1\neLXPhQOxsw/ina0xU+d+ZGR/d62MtQoYhMwvRhCxUvErHgeyj+qdtrBZ/C06DdKK\ndRgpM9eMlXs89j0NZvaIrpcqT/9CoW46zyvyMGrJHlwNkFml1CmCNx5zECLFfUPK\nXhT+91sINf40kP7DNlj9mWdZWY27EGwcvd0X9kkH2XZ1YDTceMi2HBezW+9YWRdP\nH2GtAoIBAQCjrk6Xv0PoUcEkt88YcQkHVpg65tt2FKMNuZ29IBwvv2vNN0fu8zkv\nAywS6Gjd79B9r14PycaT9SzI8n7Yqi4cptqeYsDNeYth6W+A8Z2RcSkSLE9Rb5TZ\nRh8x71V5gidDqQBcVreUrSuAYVvnHaNvCnCwLEe/DKJEgk14jiJM8nSGP2IIA2XZ\n5FIEo4+7t/08ccyMg92uH7lM0z8+UrzhJQPKZhrVgUkbWdkOjWqVaZ8lkrwPVdaf\n1NiaB65AvdibmCUI6kvbUqD789XSF1sQI/uJFC6/hSvo1nq4vbt0/0rNKZGueSQp\nZV16noV/Z80jUK2s4/eH1dilX8JelFaRAoIBACjrP9ihlukytDIOsSe/G8nHidj/\nektpe98ZYwL4+WHHsmlar8xe/Oz1RtnrNWbctkqNyYacvv945JC5vDBz462udJ4P\n/OzUyDCW74r1A63GoSTj/A3CVMEPKbPujOY3u5zekukPdRdzwL8M2PfZcIy4weQ+\neqnJnEoBWCJF0LX1pl8+wiltkdaN0OQ0T239DSKnxBEzO3wq7M5mzBN7sPK4VKB9\nF29n9nJSD/YTKdh+9vFM3AtGaXpBo8gdS5WO+MadrUEZgw2anyxud3obkN0ePQo1\n/VQT9q89d5cPU264iEu5hu7fnCaXKga/N3uR5wrzKvTbOVeE+bwfSCP2dm8=\n-----END RSA PRIVATE KEY-----\n",
            "private_key_pem_pkcs8": "-----BEGIN PRIVATE KEY-----\nMIIJQgIBADANBgkqhkiG9w0BAQEFAASCCSwwggkoAgEAAoICAQDCb+07oxJOVtNv\nSR2osbbURIVZAQli/gOechuCM8iF5cJWOWtcSd5yTIqcx/nWedYHfQqGgHWRk4AN\nawqJdeTL5GM7v+7L6PZIZGa/wZfggeWmp4eqmOWLooOTEjl3OUUfvamszJwgUP9B\nqU3c8qNHihgF6MotJTelp+H8TYXZJj1u5j9qFZhcrSEP0CwJcG9O3XSYr7kZI7CB\nr0sWVOR3eN7NdHGSUpOeJ4zKMD+Ifi2r3aEAq76bcSnc4Tivpvj3ChGHhp0IsyHx\n3a541U3OJI30VVd27JPFigqf2+nQ+YwxFLKLbHfmad1UX6oY8dbzSWEq4UtX5NGS\n8xZ8cY0jbcUE4PBMXG/uCbnCaYQpmkL63L/CdfS2vv6im9CezMIlX2UOkBe2hsRH\nPxua6Uk5fP3cdCyvv2KSx12236ad8ilrgx2s/+L/iNC0ktSctIH1PH1HT5dULfJX\n62IqLVXk+YUJpCzC353lpsFpWps94kAeDkPMusL4RtMKiI2oGSXpBNNRxITh+MeL\nLP0TjRjcNDdGr+LUJES9+Jla5smGM1594NwIX7HR2Ye1UhY8K8mPqZTo74yBfCNE\njXb9QX7karb6Gg/paCdpWQ1WQzivukqxanWdBhKiPkjg95lO21wXkHE04y0TQ4it\nFvKfXyezVK+ntWnFdB4xRS7IFdbMPQIDAQABAoICAEyCNltNI5rn13Lm1mDW7RZB\nkCchnUvyoAHs7J4jOjhV3E6JcZFzD7DyJWjj149piaqQrV+XlKuf2rds80x7s3f3\neoS8VX6vQJnjx/qUdurEslUNfvjGCS0U2ak5dptPUb/Xpbh1GsoslQSFVjomz9EK\nqcFJhKSXDHqGwQnCh3SW83175GAd90Igbe4HAA0GzQW/Zm3eV3to679b9rPm26+X\nRDScKURmcee9sEyvB5Dx9Y63Ou9EpVANC2f6x492qGis8ZDei1QtCKJflJO/e0ou\nYB1Qp4YIOW11kBCvPCYay+tUNZ1fJR7pcUoOCqSeJPK+YRm6ZSdExqKIPMTi+aHT\nrjcWXCkrArFlgoPcT3M8S8nu7nnhbncWuu/D5okMruhO9lEOLuk8VV7wnOizg9Rr\n6ykt80usYVSYO/52OCC+jv7JrklhmBlt8qZF2kRAj09TAFpN6usmeqlQ435XQwIz\nl4DS5dxRceAb3wXH5Fd2SoBBUlRA9Yw4Vq2FCxE3cwCyR8eSvgq7txXSPZhVg3vm\nynPOQ9/mkpSwAdWM3UPcjQpWOTzlCLz2b9OpqW0SRrf60DvzTnS/S2Bq/hX6AWy5\nxRDR6ag7SQ9Stmw0eO5wgaVtfkTs8vnMEDhu3YeVvqFJirZBbF32cHv6sHGYgNsz\n/Ei+eCRrs347fprGcm2BAoIBAQDdxdPIdmny/I8CaSJrJXXIi/jJabDJllIIFWra\nKAFsFs7SijIhFpSnbhMzqPZtbgxgs72m7orxI+JcGhvfkUlW2OtVTkg/Q4wa2bAe\n7VO/pLLS2um+z3ucQg/xWoNpzzlmrKJDNDzgGx0/Ax4wGbr8hdmfKpfChLdaY3B9\ns4f+7VZtiH6w8qWUWZy5EvOznsh1NSSAiEYNDbxMKG8QS/yx/kFWTGtKhC8vAVjd\n/q7dsBZP2Iw2p7An9lIJryVwV0T9o/hhMgm5YW9O7wtcbGf/jQORwgLzvuKCc+tU\nbFAoIyGcDu310bi7/qZuJX4CB+AZNF8fnJW++Ud2b0VgslUVAoIBAQDgchSUS1nS\nwjpgLuYhXCA5wrMwCpNITNZO7zBh2/LCJ2CT78mHB0DQEBXi6DS9fSW6LJsoShRy\n8gCndMcD1HUPvfafU2TA7QLWAAdtB08LJSH81iHcfg6jV0HJYQrrspK65OhoQCAc\n/g/c7nGI/aVq49s/ireyYNPx7Th7TOZhkyVhUugYy/UO/6VgTez97lRKFV3Ht879\nVw79a9K3Iewz0QT08amRfTDzEHIy63LSkZv2BqEQoB8jzz0GHlF7jKdL3DkgH6Y3\nHoAjE9wqcyVJuuFbWF4eo0Hyc1nzKy8IS6xLOeVIa/9e7tJU+QFZcmG8xvXijI1X\nbukaWDTeYzSJAoIBABZ3RugEzuDVouscmWb/SXpCa7aDpWwWdULqYIOvD83SVatQ\nYpmlfvOjHADcufIF9u0I6Epz2dFp0DGCV5aDUkmg+d4PaxQ1lIjXypandhdw6Mih\ncpJo1F3U92Z8w9lBK9Bx5pImRZByTrkmaLV4tc+FA7GzD+KdrTFT535kZH93rYy1\nChiEzC9GELFS8SseB7KP6p22sFn8LToN0op1GCkz14yVezz2PQ1m9oiulypP/0Kh\nbjrPK/IwaskeXA2QWaXUKYI3HnMQIsV9Q8peFP73Wwg1/jSQ/sM2WP2ZZ1lZjbsQ\nbBy93Rf2SQfZdnVgNNx4yLYcF7Nb71hZF08fYa0CggEBAKOuTpe/Q+hRwSS3zxhx\nCQdWmDrm23YUow25nb0gHC+/a803R+7zOS8DLBLoaN3v0H2vXg/JxpP1LMjyftiq\nLhym2p5iwM15i2Hpb4DxnZFxKRIsT1FvlNlGHzHvVXmCJ0OpAFxWt5StK4BhW+cd\no28KcLAsR78MokSCTXiOIkzydIY/YggDZdnkUgSjj7u3/TxxzIyD3a4fuUzTPz5S\nvOElA8pmGtWBSRtZ2Q6NapVpnyWSvA9V1p/U2JoHrkC92JuYJQjqS9tSoPvz1dIX\nWxAj+4kULr+FK+jWeri9u3T/Ss0pka55JCllXXqehX9nzSNQrazj94fV2KVfwl6U\nVpECggEAKOs/2KGW6TK0Mg6xJ78byceJ2P96S2l73xljAvj5YceyaVqvzF787PVG\n2es1Zty2So3Jhpy+/3jkkLm8MHPjra50ng/87NTIMJbvivUDrcahJOP8DcJUwQ8p\ns+6M5je7nN6S6Q91F3PAvwzY99lwjLjB5D56qcmcSgFYIkXQtfWmXz7CKW2R1o3Q\n5DRPbf0NIqfEETM7fCrszmbME3uw8rhUoH0Xb2f2clIP9hMp2H728UzcC0ZpekGj\nyB1LlY74xp2tQRmDDZqfLG53ehuQ3R49CjX9VBP2rz13lw9TbriIS7mG7t+cJpcq\nBr83e5HnCvMq9Ns5V4T5vB9II/Z2bw==\n-----END PRIVATE KEY-----\n",
            "public_key_fingerprint_md5": "b5:26:ba:6c:65:21:46:37:2a:12:dd:83:2e:f5:e3:04",
            "public_key_fingerprint_sha256": "SHA256:bXyD0Nz8vF9fXNqTzMh+EBvgA95hyigijd663E7l6jQ",
            "public_key_openssh": "ssh-rsa AAAAB3NzaC1yc2EAAAADAQABAAACAQDCb+07oxJOVtNvSR2osbbURIVZAQli/gOechuCM8iF5cJWOWtcSd5yTIqcx/nWedYHfQqGgHWRk4ANawqJdeTL5GM7v+7L6PZIZGa/wZfggeWmp4eqmOWLooOTEjl3OUUfvamszJwgUP9BqU3c8qNHihgF6MotJTelp+H8TYXZJj1u5j9qFZhcrSEP0CwJcG9O3XSYr7kZI7CBr0sWVOR3eN7NdHGSUpOeJ4zKMD+Ifi2r3aEAq76bcSnc4Tivpvj3ChGHhp0IsyHx3a541U3OJI30VVd27JPFigqf2+nQ+YwxFLKLbHfmad1UX6oY8dbzSWEq4UtX5NGS8xZ8cY0jbcUE4PBMXG/uCbnCaYQpmkL63L/CdfS2vv6im9CezMIlX2UOkBe2hsRHPxua6Uk5fP3cdCyvv2KSx12236ad8ilrgx2s/+L/iNC0ktSctIH1PH1HT5dULfJX62IqLVXk+YUJpCzC353lpsFpWps94kAeDkPMusL4RtMKiI2oGSXpBNNRxITh+MeLLP0TjRjcNDdGr+LUJES9+Jla5smGM1594NwIX7HR2Ye1UhY8K8mPqZTo74yBfCNEjXb9QX7karb6Gg/paCdpWQ1WQzivukqxanWdBhKiPkjg95lO21wXkHE04y0TQ4itFvKfXyezVK+ntWnFdB4xRS7IFdbMPQ==\n",
            "public_key_pem": "-----BEGIN PUBLIC KEY-----\nMIICIjANBgkqhkiG9w0BAQEFAAOCAg8AMIICCgKCAgEAwm/tO6MSTlbTb0kdqLG2\n1ESFWQEJYv4DnnIbgjPIheXCVjlrXEneckyKnMf51nnWB30KhoB1kZOADWsKiXXk\ny+RjO7/uy+j2SGRmv8GX4IHlpqeHqpjli6KDkxI5dzlFH72prMycIFD/QalN3PKj\nR4oYBejKLSU3pafh/E2F2SY9buY/ahWYXK0hD9AsCXBvTt10mK+5GSOwga9LFlTk\nd3jezXRxklKTnieMyjA/iH4tq92hAKu+m3Ep3OE4r6b49woRh4adCLMh8d2ueNVN\nziSN9FVXduyTxYoKn9vp0PmMMRSyi2x35mndVF+qGPHW80lhKuFLV+TRkvMWfHGN\nI23FBODwTFxv7gm5wmmEKZpC+ty/wnX0tr7+opvQnszCJV9lDpAXtobERz8bmulJ\nOXz93HQsr79iksddtt+mnfIpa4MdrP/i/4jQtJLUnLSB9Tx9R0+XVC3yV+tiKi1V\n5PmFCaQswt+d5abBaVqbPeJAHg5DzLrC+EbTCoiNqBkl6QTTUcSE4fjHiyz9E40Y\n3DQ3Rq/i1CREvfiZWubJhjNefeDcCF+x0dmHtVIWPCvJj6mU6O+MgXwjRI12/UF+\n5Gq2+hoP6WgnaVkNVkM4r7pKsWp1nQYSoj5I4PeZTttcF5BxNOMtE0OIrRbyn18n\ns1Svp7VpxXQeMUUuyBXWzD0CAwEAAQ==\n-----END PUBLIC KEY-----\n",
            "rsa_bits": 4096
          },
          "sensitive_attributes": [
            [
              {
                "type": "get_attr",
                "value": "private_key_pem_pkcs8"
              }
            ],
            [
              {
                "type": "get_attr",
                "value": "private_key_pem"
              }
            ],
            [
              {
                "type": "get_attr",
                "value": "private_key_openssh"
              }
            ]
          ]
        }
      ]
    }
  ],
  "check_results": null
}
