{
  "version": 4,
  "terraform_version": "1.8.3",
  "serial": 2256,
  "lineage": "e9ea8121-4c9c-d82f-3b63-71bc383de03d",
  "outputs": {},
  "resources": [
    {
      "mode": "data",
      "type": "aws_caller_identity",
      "name": "current",
      "provider": "provider[\"registry.terraform.io/hashicorp/aws\"]",
      "instances": [
        {
          "schema_version": 0,
          "attributes": {
            "account_id": "890942158228",
            "arn": "arn:aws:iam::890942158228:user/joselin.macayanan",
            "id": "890942158228",
            "user_id": "AIDA464CKOWKP6BI6SPC2"
          },
          "sensitive_attributes": []
        }
      ]
    },
    {
      "mode": "data",
      "type": "aws_iam_policy_document",
      "name": "assumerole_ecs-tasks_laravel",
      "provider": "provider[\"registry.terraform.io/hashicorp/aws\"]",
      "instances": [
        {
          "schema_version": 0,
          "attributes": {
            "id": "1077804475",
            "json": "{\n  \"Version\": \"2012-10-17\",\n  \"Statement\": [\n    {\n      \"Effect\": \"Allow\",\n      \"Action\": \"sts:AssumeRole\",\n      \"Principal\": {\n        \"Service\": \"ecs-tasks.amazonaws.com\"\n      }\n    }\n  ]\n}",
            "override_policy_documents": null,
            "policy_id": null,
            "source_policy_documents": null,
            "statement": [
              {
                "actions": [
                  "sts:AssumeRole"
                ],
                "condition": [],
                "effect": "Allow",
                "not_actions": [],
                "not_principals": [],
                "not_resources": [],
                "principals": [
                  {
                    "identifiers": [
                      "ecs-tasks.amazonaws.com"
                    ],
                    "type": "Service"
                  }
                ],
                "resources": [],
                "sid": ""
              }
            ],
            "version": "2012-10-17"
          },
          "sensitive_attributes": []
        }
      ]
    },
    {
      "mode": "data",
      "type": "aws_iam_policy_document",
      "name": "ecs_task_basic_action_for_laravel",
      "provider": "provider[\"registry.terraform.io/hashicorp/aws\"]",
      "instances": [
        {
          "schema_version": 0,
          "attributes": {
            "id": "880481505",
            "json": "{\n  \"Version\": \"2012-10-17\",\n  \"Statement\": [\n    {\n      \"Sid\": \"Exec\",\n      \"Effect\": \"Allow\",\n      \"Action\": [\n        \"ssmmessages:OpenDataChannel\",\n        \"ssmmessages:OpenControlChannel\",\n        \"ssmmessages:CreateDataChannel\",\n        \"ssmmessages:CreateControlChannel\",\n        \"ssm:UpdateInstanceInformation\"\n      ],\n      \"Resource\": \"*\"\n    },\n    {\n      \"Sid\": \"Logs\",\n      \"Effect\": \"Allow\",\n      \"Action\": [\n        \"logs:PutLogEvents\",\n        \"logs:DescribeLogStreams\",\n        \"logs:DescribeLogGroups\",\n        \"logs:CreateLogStream\",\n        \"logs:CreateLogGroup\"\n      ],\n      \"Resource\": \"arn:aws:logs:*:890942158228:log-group:/ecs/*\"\n    },\n    {\n      \"Sid\": \"S3PreventActions\",\n      \"Effect\": \"Deny\",\n      \"Action\": [\n        \"s3:PutObject\",\n        \"s3:GetObject\",\n        \"s3:DeleteObject\"\n      ],\n      \"Resource\": \"arn:aws:s3:::*log*/*\"\n    }\n  ]\n}",
            "override_policy_documents": null,
            "policy_id": null,
            "source_policy_documents": null,
            "statement": [
              {
                "actions": [
                  "ssm:UpdateInstanceInformation",
                  "ssmmessages:CreateControlChannel",
                  "ssmmessages:CreateDataChannel",
                  "ssmmessages:OpenControlChannel",
                  "ssmmessages:OpenDataChannel"
                ],
                "condition": [],
                "effect": "Allow",
                "not_actions": [],
                "not_principals": [],
                "not_resources": [],
                "principals": [],
                "resources": [
                  "*"
                ],
                "sid": "Exec"
              },
              {
                "actions": [
                  "logs:CreateLogGroup",
                  "logs:CreateLogStream",
                  "logs:DescribeLogGroups",
                  "logs:DescribeLogStreams",
                  "logs:PutLogEvents"
                ],
                "condition": [],
                "effect": "Allow",
                "not_actions": [],
                "not_principals": [],
                "not_resources": [],
                "principals": [],
                "resources": [
                  "arn:aws:logs:*:890942158228:log-group:/ecs/*"
                ],
                "sid": "Logs"
              },
              {
                "actions": [
                  "s3:DeleteObject",
                  "s3:GetObject",
                  "s3:PutObject"
                ],
                "condition": [],
                "effect": "Deny",
                "not_actions": [],
                "not_principals": [],
                "not_resources": [],
                "principals": [],
                "resources": [
                  "arn:aws:s3:::*log*/*"
                ],
                "sid": "S3PreventActions"
              }
            ],
            "version": "2012-10-17"
          },
          "sensitive_attributes": []
        }
      ]
    },
    {
      "mode": "data",
      "type": "aws_iam_policy_document",
      "name": "ecs_task_execusion_basic_action_laravel",
      "provider": "provider[\"registry.terraform.io/hashicorp/aws\"]",
      "instances": [
        {
          "schema_version": 0,
          "attributes": {
            "id": "555952150",
            "json": "{\n  \"Version\": \"2012-10-17\",\n  \"Statement\": [\n    {\n      \"Sid\": \"KMS\",\n      \"Effect\": \"Allow\",\n      \"Action\": \"kms:Decrypt\",\n      \"Resource\": \"arn:aws:kms:ap-northeast-1:890942158228:key/*\"\n    },\n    {\n      \"Sid\": \"ECR\",\n      \"Effect\": \"Allow\",\n      \"Action\": [\n        \"ecr:GetDownloadUrlForLayer\",\n        \"ecr:GetAuthorizationToken\",\n        \"ecr:BatchGetImage\",\n        \"ecr:BatchCheckLayerAvailability\"\n      ],\n      \"Resource\": \"*\"\n    },\n    {\n      \"Sid\": \"CloudWatch\",\n      \"Effect\": \"Allow\",\n      \"Action\": [\n        \"logs:PutLogEvents\",\n        \"logs:CreateLogStream\",\n        \"logs:CreateLogGroup\"\n      ],\n      \"Resource\": \"arn:aws:logs:*:890942158228:log-group:/ecs/*\"\n    }\n  ]\n}",
            "override_policy_documents": null,
            "policy_id": null,
            "source_policy_documents": null,
            "statement": [
              {
                "actions": [
                  "kms:Decrypt"
                ],
                "condition": [],
                "effect": "Allow",
                "not_actions": [],
                "not_principals": [],
                "not_resources": [],
                "principals": [],
                "resources": [
                  "arn:aws:kms:ap-northeast-1:890942158228:key/*"
                ],
                "sid": "KMS"
              },
              {
                "actions": [
                  "ecr:BatchCheckLayerAvailability",
                  "ecr:BatchGetImage",
                  "ecr:GetAuthorizationToken",
                  "ecr:GetDownloadUrlForLayer"
                ],
                "condition": [],
                "effect": "Allow",
                "not_actions": [],
                "not_principals": [],
                "not_resources": [],
                "principals": [],
                "resources": [
                  "*"
                ],
                "sid": "ECR"
              },
              {
                "actions": [
                  "logs:CreateLogGroup",
                  "logs:CreateLogStream",
                  "logs:PutLogEvents"
                ],
                "condition": [],
                "effect": "Allow",
                "not_actions": [],
                "not_principals": [],
                "not_resources": [],
                "principals": [],
                "resources": [
                  "arn:aws:logs:*:890942158228:log-group:/ecs/*"
                ],
                "sid": "CloudWatch"
              }
            ],
            "version": "2012-10-17"
          },
          "sensitive_attributes": []
        }
      ]
    },
    {
      "mode": "data",
      "type": "aws_iam_policy_document",
      "name": "secrets_parameter_action_for_laravel",
      "provider": "provider[\"registry.terraform.io/hashicorp/aws\"]",
      "instances": [
        {
          "schema_version": 0,
          "attributes": {
            "id": "464014726",
            "json": "{\n  \"Version\": \"2012-10-17\",\n  \"Statement\": [\n    {\n      \"Sid\": \"SecretsManager\",\n      \"Effect\": \"Allow\",\n      \"Action\": \"secretsmanager:GetSecretValue\",\n      \"Resource\": \"*\"\n    },\n    {\n      \"Sid\": \"SystemsManager\",\n      \"Effect\": \"Allow\",\n      \"Action\": \"ssm:GetParameters\",\n      \"Resource\": \"arn:aws:ssm:*:890942158228:parameter/*\"\n    }\n  ]\n}",
            "override_policy_documents": null,
            "policy_id": null,
            "source_policy_documents": null,
            "statement": [
              {
                "actions": [
                  "secretsmanager:GetSecretValue"
                ],
                "condition": [],
                "effect": "Allow",
                "not_actions": [],
                "not_principals": [],
                "not_resources": [],
                "principals": [],
                "resources": [
                  "*"
                ],
                "sid": "SecretsManager"
              },
              {
                "actions": [
                  "ssm:GetParameters"
                ],
                "condition": [],
                "effect": "Allow",
                "not_actions": [],
                "not_principals": [],
                "not_resources": [],
                "principals": [],
                "resources": [
                  "arn:aws:ssm:*:890942158228:parameter/*"
                ],
                "sid": "SystemsManager"
              }
            ],
            "version": "2012-10-17"
          },
          "sensitive_attributes": []
        }
      ]
    },
    {
      "mode": "data",
      "type": "aws_region",
      "name": "current",
      "provider": "provider[\"registry.terraform.io/hashicorp/aws\"]",
      "instances": [
        {
          "schema_version": 0,
          "attributes": {
            "description": "Asia Pacific (Tokyo)",
            "endpoint": "ec2.ap-northeast-1.amazonaws.com",
            "id": "ap-northeast-1",
            "name": "ap-northeast-1"
          },
          "sensitive_attributes": []
        }
      ]
    },
    {
      "mode": "managed",
      "type": "aws_cloudwatch_log_group",
      "name": "laravel",
      "provider": "provider[\"registry.terraform.io/hashicorp/aws\"]",
      "instances": [
        {
          "schema_version": 0,
          "attributes": {
            "arn": "arn:aws:logs:ap-northeast-1:890942158228:log-group:/ecs/selin-tf/selin-tf-api",
            "id": "/ecs/selin-tf/selin-tf-api",
            "kms_key_id": "",
            "name": "/ecs/selin-tf/selin-tf-api",
            "name_prefix": "",
            "retention_in_days": 30,
            "skip_destroy": false,
            "tags": {},
            "tags_all": {
              "CmBillingGroup": "OTHER",
              "CodedResource": "true",
              "Environment": "playground",
              "IaC": "local",
              "Owner": "",
              "Service": "selin-tf"
            }
          },
          "sensitive_attributes": [],
          "private": "bnVsbA==",
          "dependencies": [
            "module.ecs_cluster_workload.aws_cloudwatch_log_group.containerinsights_performance",
            "module.ecs_cluster_workload.aws_cloudwatch_log_group.default",
            "module.ecs_cluster_workload.aws_ecs_cluster.default"
          ]
        }
      ]
    },
    {
      "mode": "managed",
      "type": "aws_ecs_task_definition",
      "name": "init_laravel",
      "provider": "provider[\"registry.terraform.io/hashicorp/aws\"]",
      "instances": [
        {
          "schema_version": 1,
          "attributes": {
            "arn": "arn:aws:ecs:ap-northeast-1:890942158228:task-definition/selin-tf-api:1",
            "arn_without_revision": "arn:aws:ecs:ap-northeast-1:890942158228:task-definition/selin-tf-api",
            "container_definitions": "[{\"cpu\":0,\"environment\":[],\"essential\":true,\"image\":\"890942158228.dkr.ecr.ap-northeast-1.amazonaws.com/selin-tf-api/nginx:latest\",\"linuxParameters\":{\"initProcessEnabled\":true},\"logConfiguration\":{\"logDriver\":\"awslogs\",\"options\":{\"awslogs-create-group\":\"true\",\"awslogs-group\":\"/ecs/selin-tf/selin-tf-api\",\"awslogs-region\":\"ap-northeast-1\",\"awslogs-stream-prefix\":\"container\"}},\"mountPoints\":[],\"name\":\"nginx\",\"portMappings\":[{\"containerPort\":80,\"hostPort\":80,\"protocol\":\"tcp\"}],\"systemControls\":[],\"volumesFrom\":[]},{\"cpu\":0,\"environment\":[{\"name\":\"APP_DEBUG\",\"value\":\"true\"},{\"name\":\"APP_ENV\",\"value\":\"prod\"},{\"name\":\"APP_KEY\",\"value\":\"base64:i8ZI10k9Nob0lqQHR+Z7W53w8UtTZfX0dOIEerT6bOw=\"},{\"name\":\"APP_NAME\",\"value\":\"Laravel\"}],\"essential\":false,\"image\":\"890942158228.dkr.ecr.ap-northeast-1.amazonaws.com/selin-tf-api/php-fpm:latest\",\"linuxParameters\":{\"initProcessEnabled\":true},\"logConfiguration\":{\"logDriver\":\"awslogs\",\"options\":{\"awslogs-create-group\":\"true\",\"awslogs-group\":\"/ecs/selin-tf/selin-tf-api\",\"awslogs-region\":\"ap-northeast-1\",\"awslogs-stream-prefix\":\"container\"}},\"mountPoints\":[],\"name\":\"php-fpm\",\"portMappings\":[{\"containerPort\":9000,\"hostPort\":9000,\"protocol\":\"tcp\"}],\"secrets\":[],\"systemControls\":[],\"volumesFrom\":[]}]",
            "cpu": "512",
            "ephemeral_storage": [],
            "execution_role_arn": "arn:aws:iam::890942158228:role/servicerole/ecs_task_execution_role_selin-tf-api",
            "family": "selin-tf-api",
            "id": "selin-tf-api",
            "inference_accelerator": [],
            "ipc_mode": "",
            "memory": "1024",
            "network_mode": "awsvpc",
            "pid_mode": "",
            "placement_constraints": [],
            "proxy_configuration": [],
            "requires_compatibilities": [
              "FARGATE"
            ],
            "revision": 1,
            "runtime_platform": [
              {
                "cpu_architecture": "X86_64",
                "operating_system_family": "LINUX"
              }
            ],
            "skip_destroy": false,
            "tags": {},
            "tags_all": {
              "CmBillingGroup": "OTHER",
              "CodedResource": "true",
              "Environment": "playground",
              "IaC": "local",
              "Owner": "",
              "Service": "selin-tf"
            },
            "task_role_arn": "arn:aws:iam::890942158228:role/servicerole/ecs_task_role_selin-tf-api",
            "volume": []
          },
          "sensitive_attributes": [],
          "private": "eyJzY2hlbWFfdmVyc2lvbiI6IjEifQ==",
          "dependencies": [
            "aws_iam_role.ecs_task_execution_role_laravel",
            "aws_iam_role.ecs_task_role_laravel",
            "data.aws_caller_identity.current",
            "data.aws_iam_policy_document.assumerole_ecs-tasks_laravel",
            "data.aws_iam_policy_document.ecs_task_basic_action_for_laravel",
            "data.aws_iam_policy_document.ecs_task_execusion_basic_action_laravel",
            "data.aws_iam_policy_document.secrets_parameter_action_for_laravel",
            "data.aws_region.current",
            "module.ecs_cluster_workload.aws_cloudwatch_log_group.containerinsights_performance",
            "module.ecs_cluster_workload.aws_cloudwatch_log_group.default",
            "module.ecs_cluster_workload.aws_ecs_cluster.default"
          ]
        }
      ]
    },
    {
      "mode": "managed",
      "type": "aws_iam_role",
      "name": "ecs_task_execution_role_laravel",
      "provider": "provider[\"registry.terraform.io/hashicorp/aws\"]",
      "instances": [
        {
          "schema_version": 0,
          "attributes": {
            "arn": "arn:aws:iam::890942158228:role/servicerole/ecs_task_execution_role_selin-tf-api",
            "assume_role_policy": "{\"Statement\":[{\"Action\":\"sts:AssumeRole\",\"Effect\":\"Allow\",\"Principal\":{\"Service\":\"ecs-tasks.amazonaws.com\"}}],\"Version\":\"2012-10-17\"}",
            "create_date": "2024-06-09T04:28:21Z",
            "description": "",
            "force_detach_policies": false,
            "id": "ecs_task_execution_role_selin-tf-api",
            "inline_policy": [
              {
                "name": "ecs_task_execusion_basic_action_laravel",
                "policy": "{\"Version\":\"2012-10-17\",\"Statement\":[{\"Action\":\"kms:Decrypt\",\"Effect\":\"Allow\",\"Resource\":\"arn:aws:kms:ap-northeast-1:890942158228:key/*\",\"Sid\":\"KMS\"},{\"Action\":[\"ecr:GetDownloadUrlForLayer\",\"ecr:GetAuthorizationToken\",\"ecr:BatchGetImage\",\"ecr:BatchCheckLayerAvailability\"],\"Effect\":\"Allow\",\"Resource\":\"*\",\"Sid\":\"ECR\"},{\"Action\":[\"logs:PutLogEvents\",\"logs:CreateLogStream\",\"logs:CreateLogGroup\"],\"Effect\":\"Allow\",\"Resource\":\"arn:aws:logs:*:890942158228:log-group:/ecs/*\",\"Sid\":\"CloudWatch\"}]}"
              },
              {
                "name": "secrets_parameter_action_for_laravel",
                "policy": "{\"Version\":\"2012-10-17\",\"Statement\":[{\"Action\":\"secretsmanager:GetSecretValue\",\"Effect\":\"Allow\",\"Resource\":\"*\",\"Sid\":\"SecretsManager\"},{\"Action\":\"ssm:GetParameters\",\"Effect\":\"Allow\",\"Resource\":\"arn:aws:ssm:*:890942158228:parameter/*\",\"Sid\":\"SystemsManager\"}]}"
              }
            ],
            "managed_policy_arns": [],
            "max_session_duration": 3600,
            "name": "ecs_task_execution_role_selin-tf-api",
            "name_prefix": "",
            "path": "/servicerole/",
            "permissions_boundary": null,
            "tags": {},
            "tags_all": {
              "CmBillingGroup": "OTHER",
              "CodedResource": "true",
              "Environment": "playground",
              "IaC": "local",
              "Owner": "",
              "Service": "selin-tf"
            },
            "unique_id": "AROA464CKOWKEJ7GZQWRB"
          },
          "sensitive_attributes": [],
          "private": "bnVsbA==",
          "dependencies": [
            "data.aws_caller_identity.current",
            "data.aws_iam_policy_document.assumerole_ecs-tasks_laravel",
            "data.aws_iam_policy_document.ecs_task_execusion_basic_action_laravel",
            "data.aws_iam_policy_document.secrets_parameter_action_for_laravel",
            "data.aws_region.current"
          ]
        }
      ]
    },
    {
      "mode": "managed",
      "type": "aws_iam_role",
      "name": "ecs_task_role_laravel",
      "provider": "provider[\"registry.terraform.io/hashicorp/aws\"]",
      "instances": [
        {
          "schema_version": 0,
          "attributes": {
            "arn": "arn:aws:iam::890942158228:role/servicerole/ecs_task_role_selin-tf-api",
            "assume_role_policy": "{\"Statement\":[{\"Action\":\"sts:AssumeRole\",\"Effect\":\"Allow\",\"Principal\":{\"Service\":\"ecs-tasks.amazonaws.com\"}}],\"Version\":\"2012-10-17\"}",
            "create_date": "2024-06-09T04:28:20Z",
            "description": "",
            "force_detach_policies": false,
            "id": "ecs_task_role_selin-tf-api",
            "inline_policy": [
              {
                "name": "ecs_task_basic_action_for_laravel",
                "policy": "{\"Version\":\"2012-10-17\",\"Statement\":[{\"Action\":[\"ssmmessages:OpenDataChannel\",\"ssmmessages:OpenControlChannel\",\"ssmmessages:CreateDataChannel\",\"ssmmessages:CreateControlChannel\",\"ssm:UpdateInstanceInformation\"],\"Effect\":\"Allow\",\"Resource\":\"*\",\"Sid\":\"Exec\"},{\"Action\":[\"logs:PutLogEvents\",\"logs:DescribeLogStreams\",\"logs:DescribeLogGroups\",\"logs:CreateLogStream\",\"logs:CreateLogGroup\"],\"Effect\":\"Allow\",\"Resource\":\"arn:aws:logs:*:890942158228:log-group:/ecs/*\",\"Sid\":\"Logs\"},{\"Action\":[\"s3:PutObject\",\"s3:GetObject\",\"s3:DeleteObject\"],\"Effect\":\"Deny\",\"Resource\":\"arn:aws:s3:::*log*/*\",\"Sid\":\"S3PreventActions\"}]}"
              },
              {
                "name": "secrets_parameter_action_for_laravel",
                "policy": "{\"Version\":\"2012-10-17\",\"Statement\":[{\"Action\":\"secretsmanager:GetSecretValue\",\"Effect\":\"Allow\",\"Resource\":\"*\",\"Sid\":\"SecretsManager\"},{\"Action\":\"ssm:GetParameters\",\"Effect\":\"Allow\",\"Resource\":\"arn:aws:ssm:*:890942158228:parameter/*\",\"Sid\":\"SystemsManager\"}]}"
              }
            ],
            "managed_policy_arns": [],
            "max_session_duration": 3600,
            "name": "ecs_task_role_selin-tf-api",
            "name_prefix": "",
            "path": "/servicerole/",
            "permissions_boundary": null,
            "tags": {},
            "tags_all": {
              "CmBillingGroup": "OTHER",
              "CodedResource": "true",
              "Environment": "playground",
              "IaC": "local",
              "Owner": "",
              "Service": "selin-tf"
            },
            "unique_id": "AROA464CKOWKOU2KHR3R6"
          },
          "sensitive_attributes": [],
          "private": "bnVsbA==",
          "dependencies": [
            "data.aws_caller_identity.current",
            "data.aws_iam_policy_document.assumerole_ecs-tasks_laravel",
            "data.aws_iam_policy_document.ecs_task_basic_action_for_laravel",
            "data.aws_iam_policy_document.secrets_parameter_action_for_laravel"
          ]
        }
      ]
    },
    {
      "module": "module.alb_workload_internet_facing",
      "mode": "data",
      "type": "aws_iam_policy_document",
      "name": "alb_access_log",
      "provider": "provider[\"registry.terraform.io/hashicorp/aws\"]",
      "instances": [
        {
          "schema_version": 0,
          "attributes": {
            "id": "3092009338",
            "json": "{\n  \"Version\": \"2012-10-17\",\n  \"Statement\": [\n    {\n      \"Effect\": \"Allow\",\n      \"Action\": \"s3:PutObject\",\n      \"Resource\": \"arn:aws:s3:::aws-alb-accesslog-selin-tf-alb-890942158228/*\",\n      \"Principal\": {\n        \"AWS\": \"arn:aws:iam::582318560864:root\"\n      }\n    },\n    {\n      \"Effect\": \"Allow\",\n      \"Action\": \"s3:PutObject\",\n      \"Resource\": \"arn:aws:s3:::aws-alb-accesslog-selin-tf-alb-890942158228/*\",\n      \"Principal\": {\n        \"Service\": \"delivery.logs.amazonaws.com\"\n      },\n      \"Condition\": {\n        \"StringEquals\": {\n          \"s3:x-amz-acl\": \"bucket-owner-full-control\"\n        }\n      }\n    },\n    {\n      \"Effect\": \"Allow\",\n      \"Action\": \"s3:GetBucketAcl\",\n      \"Resource\": \"arn:aws:s3:::aws-alb-accesslog-selin-tf-alb-890942158228\",\n      \"Principal\": {\n        \"Service\": \"delivery.logs.amazonaws.com\"\n      }\n    }\n  ]\n}",
            "override_policy_documents": null,
            "policy_id": null,
            "source_policy_documents": null,
            "statement": [
              {
                "actions": [
                  "s3:PutObject"
                ],
                "condition": [],
                "effect": "Allow",
                "not_actions": [],
                "not_principals": [],
                "not_resources": [],
                "principals": [
                  {
                    "identifiers": [
                      "arn:aws:iam::582318560864:root"
                    ],
                    "type": "AWS"
                  }
                ],
                "resources": [
                  "arn:aws:s3:::aws-alb-accesslog-selin-tf-alb-890942158228/*"
                ],
                "sid": ""
              },
              {
                "actions": [
                  "s3:PutObject"
                ],
                "condition": [
                  {
                    "test": "StringEquals",
                    "values": [
                      "bucket-owner-full-control"
                    ],
                    "variable": "s3:x-amz-acl"
                  }
                ],
                "effect": "Allow",
                "not_actions": [],
                "not_principals": [],
                "not_resources": [],
                "principals": [
                  {
                    "identifiers": [
                      "delivery.logs.amazonaws.com"
                    ],
                    "type": "Service"
                  }
                ],
                "resources": [
                  "arn:aws:s3:::aws-alb-accesslog-selin-tf-alb-890942158228/*"
                ],
                "sid": ""
              },
              {
                "actions": [
                  "s3:GetBucketAcl"
                ],
                "condition": [],
                "effect": "Allow",
                "not_actions": [],
                "not_principals": [],
                "not_resources": [],
                "principals": [
                  {
                    "identifiers": [
                      "delivery.logs.amazonaws.com"
                    ],
                    "type": "Service"
                  }
                ],
                "resources": [
                  "arn:aws:s3:::aws-alb-accesslog-selin-tf-alb-890942158228"
                ],
                "sid": ""
              }
            ],
            "version": "2012-10-17"
          },
          "sensitive_attributes": []
        }
      ]
    },
    {
      "module": "module.alb_workload_internet_facing",
      "mode": "managed",
      "type": "aws_lb",
      "name": "default",
      "provider": "provider[\"registry.terraform.io/hashicorp/aws\"]",
      "instances": [
        {
          "schema_version": 0,
          "attributes": {
            "access_logs": [
              {
                "bucket": "aws-alb-accesslog-selin-tf-alb-890942158228",
                "enabled": true,
                "prefix": ""
              }
            ],
            "arn": "arn:aws:elasticloadbalancing:ap-northeast-1:890942158228:loadbalancer/app/selin-tf-alb/34e95d3004d0aceb",
            "arn_suffix": "app/selin-tf-alb/34e95d3004d0aceb",
            "customer_owned_ipv4_pool": "",
            "desync_mitigation_mode": "defensive",
            "dns_name": "selin-tf-alb-1969135175.ap-northeast-1.elb.amazonaws.com",
            "drop_invalid_header_fields": false,
            "enable_cross_zone_load_balancing": true,
            "enable_deletion_protection": false,
            "enable_http2": true,
            "enable_tls_version_and_cipher_suite_headers": false,
            "enable_waf_fail_open": false,
            "enable_xff_client_port": false,
            "id": "arn:aws:elasticloadbalancing:ap-northeast-1:890942158228:loadbalancer/app/selin-tf-alb/34e95d3004d0aceb",
            "idle_timeout": 60,
            "internal": false,
            "ip_address_type": "dualstack",
            "load_balancer_type": "application",
            "name": "selin-tf-alb",
            "name_prefix": null,
            "preserve_host_header": false,
            "security_groups": [
              "sg-09e6cfee202d36654",
              "sg-0d1a00e2dc6e55795"
            ],
            "subnet_mapping": [
              {
                "allocation_id": "",
                "ipv6_address": "",
                "outpost_id": "",
                "private_ipv4_address": "",
                "subnet_id": "subnet-06af1219de8982b5d"
              },
              {
                "allocation_id": "",
                "ipv6_address": "",
                "outpost_id": "",
                "private_ipv4_address": "",
                "subnet_id": "subnet-0cf222f14a5ad7324"
              }
            ],
            "subnets": [
              "subnet-06af1219de8982b5d",
              "subnet-0cf222f14a5ad7324"
            ],
            "tags": {},
            "tags_all": {
              "CmBillingGroup": "OTHER",
              "CodedResource": "true",
              "Environment": "playground",
              "IaC": "local",
              "Owner": "",
              "Service": "selin-tf"
            },
            "timeouts": null,
            "vpc_id": "vpc-086af42df53e8fb6d",
            "xff_header_processing_mode": "append",
            "zone_id": "Z14GRHDCWA56QT"
          },
          "sensitive_attributes": [],
          "private": "eyJlMmJmYjczMC1lY2FhLTExZTYtOGY4OC0zNDM2M2JjN2M0YzAiOnsiY3JlYXRlIjo2MDAwMDAwMDAwMDAsImRlbGV0ZSI6NjAwMDAwMDAwMDAwLCJ1cGRhdGUiOjYwMDAwMDAwMDAwMH19",
          "dependencies": [
            "data.aws_caller_identity.current",
            "module.alb_workload_internet_facing.aws_s3_bucket.alb_access_log",
            "module.vpc_workload.aws_security_group.ec2_bastion",
            "module.vpc_workload.aws_security_group.public_subnet_group",
            "module.vpc_workload.aws_security_group.publish_internet",
            "module.vpc_workload.aws_subnet.public",
            "module.vpc_workload.aws_vpc.default"
          ]
        }
      ]
    },
    {
      "module": "module.alb_workload_internet_facing",
      "mode": "managed",
      "type": "aws_lb_listener",
      "name": "port_443",
      "provider": "provider[\"registry.terraform.io/hashicorp/aws\"]",
      "instances": [
        {
          "schema_version": 0,
          "attributes": {
            "alpn_policy": null,
            "arn": "arn:aws:elasticloadbalancing:ap-northeast-1:890942158228:listener/app/selin-tf-alb/34e95d3004d0aceb/bf9b0891499f7b6c",
            "certificate_arn": "arn:aws:acm:ap-northeast-1:890942158228:certificate/974445f0-da15-40a7-8225-3232914ad461",
            "default_action": [
              {
                "authenticate_cognito": [],
                "authenticate_oidc": [],
                "fixed_response": [
                  {
                    "content_type": "text/plain",
                    "message_body": "",
                    "status_code": "502"
                  }
                ],
                "forward": [],
                "order": 1,
                "redirect": [],
                "target_group_arn": "",
                "type": "fixed-response"
              }
            ],
            "id": "arn:aws:elasticloadbalancing:ap-northeast-1:890942158228:listener/app/selin-tf-alb/34e95d3004d0aceb/bf9b0891499f7b6c",
            "load_balancer_arn": "arn:aws:elasticloadbalancing:ap-northeast-1:890942158228:loadbalancer/app/selin-tf-alb/34e95d3004d0aceb",
            "port": 443,
            "protocol": "HTTPS",
            "ssl_policy": "ELBSecurityPolicy-2016-08",
            "tags": {},
            "tags_all": {
              "CmBillingGroup": "OTHER",
              "CodedResource": "true",
              "Environment": "playground",
              "IaC": "local",
              "Owner": "",
              "Service": "selin-tf"
            },
            "timeouts": null
          },
          "sensitive_attributes": [],
          "private": "eyJlMmJmYjczMC1lY2FhLTExZTYtOGY4OC0zNDM2M2JjN2M0YzAiOnsicmVhZCI6NjAwMDAwMDAwMDAwfX0=",
          "dependencies": [
            "data.aws_caller_identity.current",
            "module.alb_workload_internet_facing.aws_lb.default",
            "module.alb_workload_internet_facing.aws_s3_bucket.alb_access_log",
            "module.vpc_workload.aws_security_group.ec2_bastion",
            "module.vpc_workload.aws_security_group.public_subnet_group",
            "module.vpc_workload.aws_security_group.publish_internet",
            "module.vpc_workload.aws_subnet.public",
            "module.vpc_workload.aws_vpc.default"
          ]
        }
      ]
    },
    {
      "module": "module.alb_workload_internet_facing",
      "mode": "managed",
      "type": "aws_lb_listener",
      "name": "port_80",
      "provider": "provider[\"registry.terraform.io/hashicorp/aws\"]",
      "instances": [
        {
          "schema_version": 0,
          "attributes": {
            "alpn_policy": null,
            "arn": "arn:aws:elasticloadbalancing:ap-northeast-1:890942158228:listener/app/selin-tf-alb/34e95d3004d0aceb/a8a1996df2afe3de",
            "certificate_arn": null,
            "default_action": [
              {
                "authenticate_cognito": [],
                "authenticate_oidc": [],
                "fixed_response": [],
                "forward": [],
                "order": 1,
                "redirect": [
                  {
                    "host": "#{host}",
                    "path": "/#{path}",
                    "port": "443",
                    "protocol": "HTTPS",
                    "query": "#{query}",
                    "status_code": "HTTP_301"
                  }
                ],
                "target_group_arn": "",
                "type": "redirect"
              }
            ],
            "id": "arn:aws:elasticloadbalancing:ap-northeast-1:890942158228:listener/app/selin-tf-alb/34e95d3004d0aceb/a8a1996df2afe3de",
            "load_balancer_arn": "arn:aws:elasticloadbalancing:ap-northeast-1:890942158228:loadbalancer/app/selin-tf-alb/34e95d3004d0aceb",
            "port": 80,
            "protocol": "HTTP",
            "ssl_policy": "",
            "tags": {},
            "tags_all": {
              "CmBillingGroup": "OTHER",
              "CodedResource": "true",
              "Environment": "playground",
              "IaC": "local",
              "Owner": "",
              "Service": "selin-tf"
            },
            "timeouts": null
          },
          "sensitive_attributes": [],
          "private": "eyJlMmJmYjczMC1lY2FhLTExZTYtOGY4OC0zNDM2M2JjN2M0YzAiOnsicmVhZCI6NjAwMDAwMDAwMDAwfX0=",
          "dependencies": [
            "data.aws_caller_identity.current",
            "module.alb_workload_internet_facing.aws_lb.default",
            "module.alb_workload_internet_facing.aws_s3_bucket.alb_access_log",
            "module.vpc_workload.aws_security_group.ec2_bastion",
            "module.vpc_workload.aws_security_group.public_subnet_group",
            "module.vpc_workload.aws_security_group.publish_internet",
            "module.vpc_workload.aws_subnet.public",
            "module.vpc_workload.aws_vpc.default"
          ]
        }
      ]
    },
    {
      "module": "module.alb_workload_internet_facing",
      "mode": "managed",
      "type": "aws_lb_listener_certificate",
      "name": "default",
      "provider": "provider[\"registry.terraform.io/hashicorp/aws\"]",
      "instances": [
        {
          "index_key": "arn:aws:acm:ap-northeast-1:890942158228:certificate/974445f0-da15-40a7-8225-3232914ad461",
          "schema_version": 0,
          "attributes": {
            "certificate_arn": "arn:aws:acm:ap-northeast-1:890942158228:certificate/974445f0-da15-40a7-8225-3232914ad461",
            "id": "arn:aws:elasticloadbalancing:ap-northeast-1:890942158228:listener/app/selin-tf-alb/34e95d3004d0aceb/bf9b0891499f7b6c_arn:aws:acm:ap-northeast-1:890942158228:certificate/974445f0-da15-40a7-8225-3232914ad461",
            "listener_arn": "arn:aws:elasticloadbalancing:ap-northeast-1:890942158228:listener/app/selin-tf-alb/34e95d3004d0aceb/bf9b0891499f7b6c"
          },
          "sensitive_attributes": [],
          "private": "bnVsbA==",
          "dependencies": [
            "data.aws_caller_identity.current",
            "module.alb_workload_internet_facing.aws_lb.default",
            "module.alb_workload_internet_facing.aws_lb_listener.port_443",
            "module.alb_workload_internet_facing.aws_s3_bucket.alb_access_log",
            "module.vpc_workload.aws_security_group.ec2_bastion",
            "module.vpc_workload.aws_security_group.public_subnet_group",
            "module.vpc_workload.aws_security_group.publish_internet",
            "module.vpc_workload.aws_subnet.public",
            "module.vpc_workload.aws_vpc.default"
          ]
        }
      ]
    },
    {
      "module": "module.alb_workload_internet_facing",
      "mode": "managed",
      "type": "aws_route53_record",
      "name": "in_a",
      "provider": "provider[\"registry.terraform.io/hashicorp/aws\"]",
      "instances": [
        {
          "index_key": 0,
          "schema_version": 2,
          "attributes": {
            "alias": [
              {
                "evaluate_target_health": true,
                "name": "selin-tf-alb-1969135175.ap-northeast-1.elb.amazonaws.com",
                "zone_id": "Z14GRHDCWA56QT"
              }
            ],
            "allow_overwrite": null,
            "cidr_routing_policy": [],
            "failover_routing_policy": [],
            "fqdn": "joselin.sre.bizmates.co.jp",
            "geolocation_routing_policy": [],
            "health_check_id": "",
            "id": "Z09199501MS1MJQMJ796B_joselin.sre.bizmates.co.jp_A",
            "latency_routing_policy": [],
            "multivalue_answer_routing_policy": false,
            "name": "joselin.sre.bizmates.co.jp",
            "records": [],
            "set_identifier": "",
            "ttl": 0,
            "type": "A",
            "weighted_routing_policy": [],
            "zone_id": "Z09199501MS1MJQMJ796B"
          },
          "sensitive_attributes": [],
          "private": "eyJzY2hlbWFfdmVyc2lvbiI6IjIifQ==",
          "dependencies": [
            "data.aws_caller_identity.current",
            "module.alb_workload_internet_facing.aws_lb.default",
            "module.alb_workload_internet_facing.aws_s3_bucket.alb_access_log",
            "module.vpc_workload.aws_security_group.ec2_bastion",
            "module.vpc_workload.aws_security_group.public_subnet_group",
            "module.vpc_workload.aws_security_group.publish_internet",
            "module.vpc_workload.aws_subnet.public",
            "module.vpc_workload.aws_vpc.default"
          ]
        }
      ]
    },
    {
      "module": "module.alb_workload_internet_facing",
      "mode": "managed",
      "type": "aws_s3_bucket",
      "name": "alb_access_log",
      "provider": "provider[\"registry.terraform.io/hashicorp/aws\"]",
      "instances": [
        {
          "schema_version": 0,
          "attributes": {
            "acceleration_status": "",
            "acl": null,
            "arn": "arn:aws:s3:::aws-alb-accesslog-selin-tf-alb-890942158228",
            "bucket": "aws-alb-accesslog-selin-tf-alb-890942158228",
            "bucket_domain_name": "aws-alb-accesslog-selin-tf-alb-890942158228.s3.amazonaws.com",
            "bucket_prefix": "",
            "bucket_regional_domain_name": "aws-alb-accesslog-selin-tf-alb-890942158228.s3.ap-northeast-1.amazonaws.com",
            "cors_rule": [],
            "force_destroy": true,
            "grant": [
              {
                "id": "68b3269bbb2db9f105dedb2b67d849b0d7dbd0cb910a5faf7c1addf0c203646a",
                "permissions": [
                  "FULL_CONTROL"
                ],
                "type": "CanonicalUser",
                "uri": ""
              }
            ],
            "hosted_zone_id": "Z2M4EHUR26P7ZW",
            "id": "aws-alb-accesslog-selin-tf-alb-890942158228",
            "lifecycle_rule": [
              {
                "abort_incomplete_multipart_upload_days": 0,
                "enabled": true,
                "expiration": [],
                "id": "inteligent_tiering",
                "noncurrent_version_expiration": [],
                "noncurrent_version_transition": [
                  {
                    "days": 30,
                    "storage_class": "INTELLIGENT_TIERING"
                  }
                ],
                "prefix": "",
                "tags": {},
                "transition": [
                  {
                    "date": "",
                    "days": 30,
                    "storage_class": "INTELLIGENT_TIERING"
                  }
                ]
              },
              {
                "abort_incomplete_multipart_upload_days": 7,
                "enabled": true,
                "expiration": [],
                "id": "abort_incomplete_multipart_upload",
                "noncurrent_version_expiration": [],
                "noncurrent_version_transition": [],
                "prefix": "",
                "tags": {},
                "transition": []
              }
            ],
            "logging": [],
            "object_lock_configuration": [],
            "object_lock_enabled": false,
            "policy": "{\"Statement\":[{\"Action\":\"s3:PutObject\",\"Effect\":\"Allow\",\"Principal\":{\"AWS\":\"arn:aws:iam::582318560864:root\"},\"Resource\":\"arn:aws:s3:::aws-alb-accesslog-selin-tf-alb-890942158228/*\"},{\"Action\":\"s3:PutObject\",\"Condition\":{\"StringEquals\":{\"s3:x-amz-acl\":\"bucket-owner-full-control\"}},\"Effect\":\"Allow\",\"Principal\":{\"Service\":\"delivery.logs.amazonaws.com\"},\"Resource\":\"arn:aws:s3:::aws-alb-accesslog-selin-tf-alb-890942158228/*\"},{\"Action\":\"s3:GetBucketAcl\",\"Effect\":\"Allow\",\"Principal\":{\"Service\":\"delivery.logs.amazonaws.com\"},\"Resource\":\"arn:aws:s3:::aws-alb-accesslog-selin-tf-alb-890942158228\"}],\"Version\":\"2012-10-17\"}",
            "region": "ap-northeast-1",
            "replication_configuration": [],
            "request_payer": "BucketOwner",
            "server_side_encryption_configuration": [
              {
                "rule": [
                  {
                    "apply_server_side_encryption_by_default": [
                      {
                        "kms_master_key_id": "",
                        "sse_algorithm": "AES256"
                      }
                    ],
                    "bucket_key_enabled": false
                  }
                ]
              }
            ],
            "tags": {},
            "tags_all": {},
            "timeouts": null,
            "versioning": [
              {
                "enabled": false,
                "mfa_delete": false
              }
            ],
            "website": [],
            "website_domain": null,
            "website_endpoint": null
          },
          "sensitive_attributes": [],
          "private": "eyJlMmJmYjczMC1lY2FhLTExZTYtOGY4OC0zNDM2M2JjN2M0YzAiOnsiY3JlYXRlIjoxMjAwMDAwMDAwMDAwLCJkZWxldGUiOjM2MDAwMDAwMDAwMDAsInJlYWQiOjEyMDAwMDAwMDAwMDAsInVwZGF0ZSI6MTIwMDAwMDAwMDAwMH19",
          "dependencies": [
            "data.aws_caller_identity.current"
          ]
        }
      ]
    },
    {
      "module": "module.alb_workload_internet_facing",
      "mode": "managed",
      "type": "aws_s3_bucket_intelligent_tiering_configuration",
      "name": "alb_access_log",
      "provider": "provider[\"registry.terraform.io/hashicorp/aws\"]",
      "instances": [
        {
          "schema_version": 0,
          "attributes": {
            "bucket": "aws-alb-accesslog-selin-tf-alb-890942158228",
            "filter": [],
            "id": "aws-alb-accesslog-selin-tf-alb-890942158228:default",
            "name": "default",
            "status": "Enabled",
            "tiering": [
              {
                "access_tier": "ARCHIVE_ACCESS",
                "days": 90
              },
              {
                "access_tier": "DEEP_ARCHIVE_ACCESS",
                "days": 365
              }
            ]
          },
          "sensitive_attributes": [],
          "private": "bnVsbA==",
          "dependencies": [
            "data.aws_caller_identity.current",
            "module.alb_workload_internet_facing.aws_s3_bucket.alb_access_log"
          ]
        }
      ]
    },
    {
      "module": "module.alb_workload_internet_facing",
      "mode": "managed",
      "type": "aws_s3_bucket_lifecycle_configuration",
      "name": "alb_access_log",
      "provider": "provider[\"registry.terraform.io/hashicorp/aws\"]",
      "instances": [
        {
          "schema_version": 0,
          "attributes": {
            "bucket": "aws-alb-accesslog-selin-tf-alb-890942158228",
            "expected_bucket_owner": "",
            "id": "aws-alb-accesslog-selin-tf-alb-890942158228",
            "rule": [
              {
                "abort_incomplete_multipart_upload": [],
                "expiration": [],
                "filter": [
                  {
                    "and": [],
                    "object_size_greater_than": null,
                    "object_size_less_than": null,
                    "prefix": null,
                    "tag": []
                  }
                ],
                "id": "inteligent_tiering",
                "noncurrent_version_expiration": [],
                "noncurrent_version_transition": [
                  {
                    "newer_noncurrent_versions": "",
                    "noncurrent_days": 30,
                    "storage_class": "INTELLIGENT_TIERING"
                  }
                ],
                "prefix": "",
                "status": "Enabled",
                "transition": [
                  {
                    "date": "",
                    "days": 30,
                    "storage_class": "INTELLIGENT_TIERING"
                  }
                ]
              },
              {
                "abort_incomplete_multipart_upload": [
                  {
                    "days_after_initiation": 7
                  }
                ],
                "expiration": [],
                "filter": [
                  {
                    "and": [],
                    "object_size_greater_than": null,
                    "object_size_less_than": null,
                    "prefix": null,
                    "tag": []
                  }
                ],
                "id": "abort_incomplete_multipart_upload",
                "noncurrent_version_expiration": [],
                "noncurrent_version_transition": [],
                "prefix": "",
                "status": "Enabled",
                "transition": []
              }
            ]
          },
          "sensitive_attributes": [],
          "private": "bnVsbA==",
          "dependencies": [
            "data.aws_caller_identity.current",
            "module.alb_workload_internet_facing.aws_s3_bucket.alb_access_log"
          ]
        }
      ]
    },
    {
      "module": "module.alb_workload_internet_facing",
      "mode": "managed",
      "type": "aws_s3_bucket_policy",
      "name": "alb_access_log",
      "provider": "provider[\"registry.terraform.io/hashicorp/aws\"]",
      "instances": [
        {
          "schema_version": 0,
          "attributes": {
            "bucket": "aws-alb-accesslog-selin-tf-alb-890942158228",
            "id": "aws-alb-accesslog-selin-tf-alb-890942158228",
            "policy": "{\"Statement\":[{\"Action\":\"s3:PutObject\",\"Effect\":\"Allow\",\"Principal\":{\"AWS\":\"arn:aws:iam::582318560864:root\"},\"Resource\":\"arn:aws:s3:::aws-alb-accesslog-selin-tf-alb-890942158228/*\"},{\"Action\":\"s3:PutObject\",\"Condition\":{\"StringEquals\":{\"s3:x-amz-acl\":\"bucket-owner-full-control\"}},\"Effect\":\"Allow\",\"Principal\":{\"Service\":\"delivery.logs.amazonaws.com\"},\"Resource\":\"arn:aws:s3:::aws-alb-accesslog-selin-tf-alb-890942158228/*\"},{\"Action\":\"s3:GetBucketAcl\",\"Effect\":\"Allow\",\"Principal\":{\"Service\":\"delivery.logs.amazonaws.com\"},\"Resource\":\"arn:aws:s3:::aws-alb-accesslog-selin-tf-alb-890942158228\"}],\"Version\":\"2012-10-17\"}"
          },
          "sensitive_attributes": [],
          "private": "bnVsbA==",
          "dependencies": [
            "data.aws_caller_identity.current",
            "module.alb_workload_internet_facing.aws_s3_bucket.alb_access_log",
            "module.alb_workload_internet_facing.data.aws_iam_policy_document.alb_access_log"
          ]
        }
      ]
    },
    {
      "module": "module.alb_workload_internet_facing",
      "mode": "managed",
      "type": "aws_s3_bucket_public_access_block",
      "name": "alb_access_log",
      "provider": "provider[\"registry.terraform.io/hashicorp/aws\"]",
      "instances": [
        {
          "schema_version": 0,
          "attributes": {
            "block_public_acls": true,
            "block_public_policy": true,
            "bucket": "aws-alb-accesslog-selin-tf-alb-890942158228",
            "id": "aws-alb-accesslog-selin-tf-alb-890942158228",
            "ignore_public_acls": true,
            "restrict_public_buckets": true
          },
          "sensitive_attributes": [],
          "private": "bnVsbA==",
          "dependencies": [
            "data.aws_caller_identity.current",
            "module.alb_workload_internet_facing.aws_s3_bucket.alb_access_log"
          ]
        }
      ]
    },
    {
      "module": "module.alb_workload_internet_facing",
      "mode": "managed",
      "type": "aws_s3_bucket_server_side_encryption_configuration",
      "name": "alb_access_log",
      "provider": "provider[\"registry.terraform.io/hashicorp/aws\"]",
      "instances": [
        {
          "schema_version": 0,
          "attributes": {
            "bucket": "aws-alb-accesslog-selin-tf-alb-890942158228",
            "expected_bucket_owner": "",
            "id": "aws-alb-accesslog-selin-tf-alb-890942158228",
            "rule": [
              {
                "apply_server_side_encryption_by_default": [
                  {
                    "kms_master_key_id": "",
                    "sse_algorithm": "AES256"
                  }
                ],
                "bucket_key_enabled": false
              }
            ]
          },
          "sensitive_attributes": [],
          "private": "bnVsbA==",
          "dependencies": [
            "data.aws_caller_identity.current",
            "module.alb_workload_internet_facing.aws_s3_bucket.alb_access_log"
          ]
        }
      ]
    },
    {
      "module": "module.ecr_laravel[\"selin-tf-api/nginx\"]",
      "mode": "managed",
      "type": "aws_ecr_lifecycle_policy",
      "name": "default",
      "provider": "provider[\"registry.terraform.io/hashicorp/aws\"]",
      "instances": [
        {
          "index_key": 0,
          "schema_version": 0,
          "attributes": {
            "id": "selin-tf-api/nginx",
            "policy": "{\"rules\":[{\"action\":{\"type\":\"expire\"},\"description\":\"Rule 1\",\"rulePriority\":1,\"selection\":{\"countNumber\":10,\"countType\":\"imageCountMoreThan\",\"tagStatus\":\"any\"}}]}",
            "registry_id": "890942158228",
            "repository": "selin-tf-api/nginx"
          },
          "sensitive_attributes": [],
          "private": "bnVsbA==",
          "dependencies": [
            "module.ecr_laravel.aws_ecr_repository.default"
          ]
        }
      ]
    },
    {
      "module": "module.ecr_laravel[\"selin-tf-api/nginx\"]",
      "mode": "managed",
      "type": "aws_ecr_repository",
      "name": "default",
      "provider": "provider[\"registry.terraform.io/hashicorp/aws\"]",
      "instances": [
        {
          "schema_version": 0,
          "attributes": {
            "arn": "arn:aws:ecr:ap-northeast-1:890942158228:repository/selin-tf-api/nginx",
            "encryption_configuration": [
              {
                "encryption_type": "AES256",
                "kms_key": ""
              }
            ],
            "force_delete": false,
            "id": "selin-tf-api/nginx",
            "image_scanning_configuration": [
              {
                "scan_on_push": true
              }
            ],
            "image_tag_mutability": "MUTABLE",
            "name": "selin-tf-api/nginx",
            "registry_id": "890942158228",
            "repository_url": "890942158228.dkr.ecr.ap-northeast-1.amazonaws.com/selin-tf-api/nginx",
            "tags": {},
            "tags_all": {
              "CmBillingGroup": "OTHER",
              "CodedResource": "true",
              "Environment": "playground",
              "IaC": "local",
              "Owner": "",
              "Service": "selin-tf"
            },
            "timeouts": null
          },
          "sensitive_attributes": [],
          "private": "eyJlMmJmYjczMC1lY2FhLTExZTYtOGY4OC0zNDM2M2JjN2M0YzAiOnsiZGVsZXRlIjoxMjAwMDAwMDAwMDAwfX0="
        }
      ]
    },
    {
      "module": "module.ecr_laravel[\"selin-tf-api/php-fpm\"]",
      "mode": "managed",
      "type": "aws_ecr_lifecycle_policy",
      "name": "default",
      "provider": "provider[\"registry.terraform.io/hashicorp/aws\"]",
      "instances": [
        {
          "index_key": 0,
          "schema_version": 0,
          "attributes": {
            "id": "selin-tf-api/php-fpm",
            "policy": "{\"rules\":[{\"action\":{\"type\":\"expire\"},\"description\":\"Rule 1\",\"rulePriority\":1,\"selection\":{\"countNumber\":10,\"countType\":\"imageCountMoreThan\",\"tagStatus\":\"any\"}}]}",
            "registry_id": "890942158228",
            "repository": "selin-tf-api/php-fpm"
          },
          "sensitive_attributes": [],
          "private": "bnVsbA==",
          "dependencies": [
            "module.ecr_laravel.aws_ecr_repository.default"
          ]
        }
      ]
    },
    {
      "module": "module.ecr_laravel[\"selin-tf-api/php-fpm\"]",
      "mode": "managed",
      "type": "aws_ecr_repository",
      "name": "default",
      "provider": "provider[\"registry.terraform.io/hashicorp/aws\"]",
      "instances": [
        {
          "schema_version": 0,
          "attributes": {
            "arn": "arn:aws:ecr:ap-northeast-1:890942158228:repository/selin-tf-api/php-fpm",
            "encryption_configuration": [
              {
                "encryption_type": "AES256",
                "kms_key": ""
              }
            ],
            "force_delete": false,
            "id": "selin-tf-api/php-fpm",
            "image_scanning_configuration": [
              {
                "scan_on_push": true
              }
            ],
            "image_tag_mutability": "MUTABLE",
            "name": "selin-tf-api/php-fpm",
            "registry_id": "890942158228",
            "repository_url": "890942158228.dkr.ecr.ap-northeast-1.amazonaws.com/selin-tf-api/php-fpm",
            "tags": {},
            "tags_all": {
              "CmBillingGroup": "OTHER",
              "CodedResource": "true",
              "Environment": "playground",
              "IaC": "local",
              "Owner": "",
              "Service": "selin-tf"
            },
            "timeouts": null
          },
          "sensitive_attributes": [],
          "private": "eyJlMmJmYjczMC1lY2FhLTExZTYtOGY4OC0zNDM2M2JjN2M0YzAiOnsiZGVsZXRlIjoxMjAwMDAwMDAwMDAwfX0="
        }
      ]
    },
    {
      "module": "module.ecs_cluster_workload",
      "mode": "managed",
      "type": "aws_cloudwatch_log_group",
      "name": "containerinsights_performance",
      "provider": "provider[\"registry.terraform.io/hashicorp/aws\"]",
      "instances": [
        {
          "schema_version": 0,
          "attributes": {
            "arn": "arn:aws:logs:ap-northeast-1:890942158228:log-group:/aws/ecs/containerinsights/selin-tf/performance",
            "id": "/aws/ecs/containerinsights/selin-tf/performance",
            "kms_key_id": "",
            "name": "/aws/ecs/containerinsights/selin-tf/performance",
            "name_prefix": "",
            "retention_in_days": 1,
            "skip_destroy": false,
            "tags": {},
            "tags_all": {
              "CmBillingGroup": "OTHER",
              "CodedResource": "true",
              "Environment": "playground",
              "IaC": "local",
              "Owner": "",
              "Service": "selin-tf"
            }
          },
          "sensitive_attributes": [],
          "private": "bnVsbA=="
        }
      ]
    },
    {
      "module": "module.ecs_cluster_workload",
      "mode": "managed",
      "type": "aws_cloudwatch_log_group",
      "name": "default",
      "provider": "provider[\"registry.terraform.io/hashicorp/aws\"]",
      "instances": [
        {
          "schema_version": 0,
          "attributes": {
            "arn": "arn:aws:logs:ap-northeast-1:890942158228:log-group:/ecs/cluster/selin-tf/exec/",
            "id": "/ecs/cluster/selin-tf/exec/",
            "kms_key_id": "",
            "name": "/ecs/cluster/selin-tf/exec/",
            "name_prefix": "",
            "retention_in_days": 30,
            "skip_destroy": false,
            "tags": {},
            "tags_all": {
              "CmBillingGroup": "OTHER",
              "CodedResource": "true",
              "Environment": "playground",
              "IaC": "local",
              "Owner": "",
              "Service": "selin-tf"
            }
          },
          "sensitive_attributes": [],
          "private": "bnVsbA=="
        }
      ]
    },
    {
      "module": "module.ecs_cluster_workload",
      "mode": "managed",
      "type": "aws_ecs_account_setting_default",
      "name": "awsvpc_trunking",
      "provider": "provider[\"registry.terraform.io/hashicorp/aws\"]",
      "instances": [
        {
          "schema_version": 0,
          "attributes": {
            "id": "arn:aws:iam::890942158228:root",
            "name": "awsvpcTrunking",
            "principal_arn": "arn:aws:iam::890942158228:root",
            "value": "enabled"
          },
          "sensitive_attributes": [],
          "private": "bnVsbA=="
        }
      ]
    },
    {
      "module": "module.ecs_cluster_workload",
      "mode": "managed",
      "type": "aws_ecs_account_setting_default",
      "name": "container_insights",
      "provider": "provider[\"registry.terraform.io/hashicorp/aws\"]",
      "instances": [
        {
          "schema_version": 0,
          "attributes": {
            "id": "arn:aws:iam::890942158228:root",
            "name": "containerInsights",
            "principal_arn": "arn:aws:iam::890942158228:root",
            "value": "enabled"
          },
          "sensitive_attributes": [],
          "private": "bnVsbA=="
        }
      ]
    },
    {
      "module": "module.ecs_cluster_workload",
      "mode": "managed",
      "type": "aws_ecs_cluster",
      "name": "default",
      "provider": "provider[\"registry.terraform.io/hashicorp/aws\"]",
      "instances": [
        {
          "schema_version": 0,
          "attributes": {
            "arn": "arn:aws:ecs:ap-northeast-1:890942158228:cluster/selin-tf",
            "configuration": [
              {
                "execute_command_configuration": [
                  {
                    "kms_key_id": "",
                    "log_configuration": [
                      {
                        "cloud_watch_encryption_enabled": false,
                        "cloud_watch_log_group_name": "/ecs/cluster/selin-tf/exec/",
                        "s3_bucket_encryption_enabled": false,
                        "s3_bucket_name": "",
                        "s3_key_prefix": ""
                      }
                    ],
                    "logging": "OVERRIDE"
                  }
                ]
              }
            ],
            "id": "arn:aws:ecs:ap-northeast-1:890942158228:cluster/selin-tf",
            "name": "selin-tf",
            "service_connect_defaults": [],
            "setting": [
              {
                "name": "containerInsights",
                "value": "enabled"
              }
            ],
            "tags": {
              "Name": "selin-tf"
            },
            "tags_all": {
              "CmBillingGroup": "OTHER",
              "CodedResource": "true",
              "Environment": "playground",
              "IaC": "local",
              "Name": "selin-tf",
              "Owner": "",
              "Service": "selin-tf"
            }
          },
          "sensitive_attributes": [],
          "private": "bnVsbA==",
          "dependencies": [
            "module.ecs_cluster_workload.aws_cloudwatch_log_group.containerinsights_performance",
            "module.ecs_cluster_workload.aws_cloudwatch_log_group.default"
          ]
        }
      ]
    },
    {
      "module": "module.ecs_cluster_workload",
      "mode": "managed",
      "type": "aws_ecs_cluster_capacity_providers",
      "name": "default",
      "provider": "provider[\"registry.terraform.io/hashicorp/aws\"]",
      "instances": [
        {
          "schema_version": 0,
          "attributes": {
            "capacity_providers": [
              "FARGATE",
              "FARGATE_SPOT"
            ],
            "cluster_name": "selin-tf",
            "default_capacity_provider_strategy": [
              {
                "base": 0,
                "capacity_provider": "FARGATE_SPOT",
                "weight": 100
              },
              {
                "base": 1,
                "capacity_provider": "FARGATE",
                "weight": 0
              }
            ],
            "id": "selin-tf"
          },
          "sensitive_attributes": [],
          "private": "bnVsbA==",
          "dependencies": [
            "module.ecs_cluster_workload.aws_cloudwatch_log_group.containerinsights_performance",
            "module.ecs_cluster_workload.aws_cloudwatch_log_group.default",
            "module.ecs_cluster_workload.aws_ecs_cluster.default"
          ]
        }
      ]
    },
    {
      "module": "module.ecs_cluster_workload",
      "mode": "managed",
      "type": "aws_service_discovery_private_dns_namespace",
      "name": "default",
      "provider": "provider[\"registry.terraform.io/hashicorp/aws\"]",
      "instances": [
        {
          "schema_version": 0,
          "attributes": {
            "arn": "arn:aws:servicediscovery:ap-northeast-1:890942158228:namespace/ns-t756ckjugzkwzpwe",
            "description": "Namespace of selin-tf cluster",
            "hosted_zone": "Z09306842J4HPEDR5ZBMC",
            "id": "ns-t756ckjugzkwzpwe",
            "name": "selin.tf.internal",
            "tags": {},
            "tags_all": {
              "CmBillingGroup": "OTHER",
              "CodedResource": "true",
              "Environment": "playground",
              "IaC": "local",
              "Owner": "",
              "Service": "selin-tf"
            },
            "vpc": "vpc-086af42df53e8fb6d"
          },
          "sensitive_attributes": [],
          "private": "bnVsbA==",
          "dependencies": [
            "module.vpc_workload.aws_vpc.default"
          ]
        }
      ]
    },
    {
      "module": "module.fargate_api_service",
      "mode": "managed",
      "type": "aws_ecs_service",
      "name": "external",
      "provider": "provider[\"registry.terraform.io/hashicorp/aws\"]",
      "instances": [
        {
          "index_key": 0,
          "schema_version": 0,
          "attributes": {
            "alarms": [],
            "capacity_provider_strategy": [
              {
                "base": 0,
                "capacity_provider": "FARGATE_SPOT",
                "weight": 100
              },
              {
                "base": 2,
                "capacity_provider": "FARGATE",
                "weight": 0
              }
            ],
            "cluster": "arn:aws:ecs:ap-northeast-1:890942158228:cluster/selin-tf",
            "deployment_circuit_breaker": [
              {
                "enable": false,
                "rollback": false
              }
            ],
            "deployment_controller": [
              {
                "type": "ECS"
              }
            ],
            "deployment_maximum_percent": 200,
            "deployment_minimum_healthy_percent": 100,
            "desired_count": 1,
            "enable_ecs_managed_tags": false,
            "enable_execute_command": true,
            "force_new_deployment": true,
            "health_check_grace_period_seconds": 90,
            "iam_role": "/aws-service-role/ecs.amazonaws.com/AWSServiceRoleForECS",
            "id": "arn:aws:ecs:ap-northeast-1:890942158228:service/selin-tf/selin-tf-api",
            "launch_type": "",
            "load_balancer": [
              {
                "container_name": "nginx",
                "container_port": 80,
                "elb_name": "",
                "target_group_arn": "arn:aws:elasticloadbalancing:ap-northeast-1:890942158228:targetgroup/selin-tf-api/fa5b4159b2a6815c"
              }
            ],
            "name": "selin-tf-api",
            "network_configuration": [
              {
                "assign_public_ip": false,
                "security_groups": [
                  "sg-05ab4af3ab28ea0c3",
                  "sg-080ccc858d4647585"
                ],
                "subnets": [
                  "subnet-03ea143fce7de7390",
                  "subnet-04b07c5e5aec73278"
                ]
              }
            ],
            "ordered_placement_strategy": [],
            "placement_constraints": [],
            "platform_version": "LATEST",
            "propagate_tags": "SERVICE",
            "scheduling_strategy": "REPLICA",
            "service_connect_configuration": [],
            "service_registries": [
              {
                "container_name": "",
                "container_port": 0,
                "port": 0,
                "registry_arn": "arn:aws:servicediscovery:ap-northeast-1:890942158228:service/srv-ykqbtic57e3hjwuy"
              }
            ],
            "tags": {},
            "tags_all": {
              "CmBillingGroup": "OTHER",
              "CodedResource": "true",
              "Environment": "playground",
              "IaC": "local",
              "Owner": "",
              "Service": "selin-tf"
            },
            "task_definition": "selin-tf-api:3",
            "timeouts": null,
            "triggers": {},
            "wait_for_steady_state": false
          },
          "sensitive_attributes": [],
          "private": "eyJlMmJmYjczMC1lY2FhLTExZTYtOGY4OC0zNDM2M2JjN2M0YzAiOnsiY3JlYXRlIjoxMjAwMDAwMDAwMDAwLCJkZWxldGUiOjEyMDAwMDAwMDAwMDAsInVwZGF0ZSI6MTIwMDAwMDAwMDAwMH19",
          "dependencies": [
            "aws_ecs_task_definition.init_laravel",
            "aws_iam_role.ecs_task_execution_role_laravel",
            "aws_iam_role.ecs_task_role_laravel",
            "data.aws_caller_identity.current",
            "data.aws_iam_policy_document.assumerole_ecs-tasks_laravel",
            "data.aws_iam_policy_document.ecs_task_basic_action_for_laravel",
            "data.aws_iam_policy_document.ecs_task_execusion_basic_action_laravel",
            "data.aws_iam_policy_document.secrets_parameter_action_for_laravel",
            "data.aws_region.current",
            "module.ecs_cluster_workload.aws_cloudwatch_log_group.containerinsights_performance",
            "module.ecs_cluster_workload.aws_cloudwatch_log_group.default",
            "module.ecs_cluster_workload.aws_ecs_cluster.default",
            "module.ecs_cluster_workload.aws_service_discovery_private_dns_namespace.default",
            "module.fargate_api_service.aws_lb_target_group.default",
            "module.fargate_api_service.aws_lb_target_group.enable_target_blue",
            "module.fargate_api_service.aws_service_discovery_service.default",
            "module.vpc_workload.aws_security_group.ec2_bastion",
            "module.vpc_workload.aws_security_group.http_server_external",
            "module.vpc_workload.aws_security_group.private_subnet_group",
            "module.vpc_workload.aws_security_group.public_subnet_group",
            "module.vpc_workload.aws_subnet.private",
            "module.vpc_workload.aws_vpc.default"
          ]
        }
      ]
    },
    {
      "module": "module.fargate_api_service",
      "mode": "managed",
      "type": "aws_lb_listener_rule",
      "name": "onlyfw",
      "provider": "provider[\"registry.terraform.io/hashicorp/aws\"]",
      "instances": [
        {
          "index_key": 0,
          "schema_version": 0,
          "attributes": {
            "action": [
              {
                "authenticate_cognito": [],
                "authenticate_oidc": [],
                "fixed_response": [],
                "forward": [],
                "order": 1,
                "redirect": [],
                "target_group_arn": "arn:aws:elasticloadbalancing:ap-northeast-1:890942158228:targetgroup/selin-tf-api/fa5b4159b2a6815c",
                "type": "forward"
              }
            ],
            "arn": "arn:aws:elasticloadbalancing:ap-northeast-1:890942158228:listener-rule/app/selin-tf-alb/34e95d3004d0aceb/bf9b0891499f7b6c/29c6941a838a527b",
            "condition": [
              {
                "host_header": [
                  {
                    "values": [
                      "joselin.sre.bizmates.co.jp"
                    ]
                  }
                ],
                "http_header": [],
                "http_request_method": [],
                "path_pattern": [],
                "query_string": [],
                "source_ip": []
              },
              {
                "host_header": [],
                "http_header": [],
                "http_request_method": [],
                "path_pattern": [
                  {
                    "values": [
                      "/",
                      "/*"
                    ]
                  }
                ],
                "query_string": [],
                "source_ip": []
              }
            ],
            "id": "arn:aws:elasticloadbalancing:ap-northeast-1:890942158228:listener-rule/app/selin-tf-alb/34e95d3004d0aceb/bf9b0891499f7b6c/29c6941a838a527b",
            "listener_arn": "arn:aws:elasticloadbalancing:ap-northeast-1:890942158228:listener/app/selin-tf-alb/34e95d3004d0aceb/bf9b0891499f7b6c",
            "priority": 120,
            "tags": {},
            "tags_all": {
              "CmBillingGroup": "OTHER",
              "CodedResource": "true",
              "Environment": "playground",
              "IaC": "local",
              "Owner": "",
              "Service": "selin-tf"
            }
          },
          "sensitive_attributes": [],
          "private": "bnVsbA==",
          "dependencies": [
            "data.aws_caller_identity.current",
            "module.alb_workload_internet_facing.aws_lb.default",
            "module.alb_workload_internet_facing.aws_lb_listener.port_443",
            "module.alb_workload_internet_facing.aws_s3_bucket.alb_access_log",
            "module.fargate_api_service.aws_lb_target_group.default",
            "module.fargate_api_service.aws_lb_target_group.enable_target_blue",
            "module.vpc_workload.aws_security_group.ec2_bastion",
            "module.vpc_workload.aws_security_group.public_subnet_group",
            "module.vpc_workload.aws_security_group.publish_internet",
            "module.vpc_workload.aws_subnet.public",
            "module.vpc_workload.aws_vpc.default"
          ]
        }
      ]
    },
    {
      "module": "module.fargate_api_service",
      "mode": "managed",
      "type": "aws_lb_target_group",
      "name": "default",
      "provider": "provider[\"registry.terraform.io/hashicorp/aws\"]",
      "instances": [
        {
          "index_key": 0,
          "schema_version": 0,
          "attributes": {
            "arn": "arn:aws:elasticloadbalancing:ap-northeast-1:890942158228:targetgroup/selin-tf-api/fa5b4159b2a6815c",
            "arn_suffix": "targetgroup/selin-tf-api/fa5b4159b2a6815c",
            "connection_termination": false,
            "deregistration_delay": "60",
            "health_check": [
              {
                "enabled": true,
                "healthy_threshold": 2,
                "interval": 60,
                "matcher": "200",
                "path": "/",
                "port": "80",
                "protocol": "HTTP",
                "timeout": 30,
                "unhealthy_threshold": 5
              }
            ],
            "id": "arn:aws:elasticloadbalancing:ap-northeast-1:890942158228:targetgroup/selin-tf-api/fa5b4159b2a6815c",
            "ip_address_type": "ipv4",
            "lambda_multi_value_headers_enabled": false,
            "load_balancing_algorithm_type": "round_robin",
            "load_balancing_cross_zone_enabled": "use_load_balancer_configuration",
            "name": "selin-tf-api",
            "name_prefix": null,
            "port": 80,
            "preserve_client_ip": null,
            "protocol": "HTTP",
            "protocol_version": "HTTP1",
            "proxy_protocol_v2": false,
            "slow_start": 0,
            "stickiness": [
              {
                "cookie_duration": 86400,
                "cookie_name": "",
                "enabled": false,
                "type": "lb_cookie"
              }
            ],
            "tags": {},
            "tags_all": {
              "CmBillingGroup": "OTHER",
              "CodedResource": "true",
              "Environment": "playground",
              "IaC": "local",
              "Owner": "",
              "Service": "selin-tf"
            },
            "target_failover": [
              {
                "on_deregistration": null,
                "on_unhealthy": null
              }
            ],
            "target_type": "ip",
            "vpc_id": "vpc-086af42df53e8fb6d"
          },
          "sensitive_attributes": [],
          "private": "bnVsbA==",
          "dependencies": [
            "module.vpc_workload.aws_vpc.default"
          ]
        }
      ]
    },
    {
      "module": "module.fargate_api_service",
      "mode": "managed",
      "type": "aws_service_discovery_service",
      "name": "default",
      "provider": "provider[\"registry.terraform.io/hashicorp/aws\"]",
      "instances": [
        {
          "schema_version": 0,
          "attributes": {
            "arn": "arn:aws:servicediscovery:ap-northeast-1:890942158228:service/srv-ykqbtic57e3hjwuy",
            "description": "",
            "dns_config": [
              {
                "dns_records": [
                  {
                    "ttl": 10,
                    "type": "A"
                  }
                ],
                "namespace_id": "ns-t756ckjugzkwzpwe",
                "routing_policy": "MULTIVALUE"
              }
            ],
            "force_destroy": false,
            "health_check_config": [],
            "health_check_custom_config": [
              {
                "failure_threshold": 1
              }
            ],
            "id": "srv-ykqbtic57e3hjwuy",
            "name": "selin-tf-api",
            "namespace_id": "ns-t756ckjugzkwzpwe",
            "tags": {},
            "tags_all": {
              "CmBillingGroup": "OTHER",
              "CodedResource": "true",
              "Environment": "playground",
              "IaC": "local",
              "Owner": "",
              "Service": "selin-tf"
            },
            "type": "DNS_HTTP"
          },
          "sensitive_attributes": [],
          "private": "bnVsbA==",
          "dependencies": [
            "module.ecs_cluster_workload.aws_service_discovery_private_dns_namespace.default",
            "module.vpc_workload.aws_vpc.default"
          ]
        }
      ]
    },
    {
      "module": "module.pipeline_laravel",
      "mode": "data",
      "type": "aws_caller_identity",
      "name": "current",
      "provider": "provider[\"registry.terraform.io/hashicorp/aws\"]",
      "instances": [
        {
          "schema_version": 0,
          "attributes": {
            "account_id": "890942158228",
            "arn": "arn:aws:iam::890942158228:user/joselin.macayanan",
            "id": "890942158228",
            "user_id": "AIDA464CKOWKP6BI6SPC2"
          },
          "sensitive_attributes": []
        }
      ]
    },
    {
      "module": "module.pipeline_laravel",
      "mode": "data",
      "type": "aws_iam_policy_document",
      "name": "codebuild_assume_role_policy",
      "provider": "provider[\"registry.terraform.io/hashicorp/aws\"]",
      "instances": [
        {
          "schema_version": 0,
          "attributes": {
            "id": "1229436035",
            "json": "{\n  \"Version\": \"2012-10-17\",\n  \"Statement\": [\n    {\n      \"Effect\": \"Allow\",\n      \"Action\": \"sts:AssumeRole\",\n      \"Principal\": {\n        \"Service\": \"codebuild.amazonaws.com\"\n      }\n    }\n  ]\n}",
            "override_policy_documents": null,
            "policy_id": null,
            "source_policy_documents": null,
            "statement": [
              {
                "actions": [
                  "sts:AssumeRole"
                ],
                "condition": [],
                "effect": "Allow",
                "not_actions": [],
                "not_principals": [],
                "not_resources": [],
                "principals": [
                  {
                    "identifiers": [
                      "codebuild.amazonaws.com"
                    ],
                    "type": "Service"
                  }
                ],
                "resources": [],
                "sid": ""
              }
            ],
            "version": "2012-10-17"
          },
          "sensitive_attributes": []
        }
      ]
    },
    {
      "module": "module.pipeline_laravel",
      "mode": "data",
      "type": "aws_iam_policy_document",
      "name": "codebuild_role_policy",
      "provider": "provider[\"registry.terraform.io/hashicorp/aws\"]",
      "instances": [
        {
          "schema_version": 0,
          "attributes": {
            "id": "3111820897",
            "json": "{\n  \"Version\": \"2012-10-17\",\n  \"Statement\": [\n    {\n      \"Effect\": \"Allow\",\n      \"Action\": \"iam:PassRole\",\n      \"Resource\": [\n        \"arn:aws:iam::890942158228:role/servicerole/ecs_task_role_*\",\n        \"arn:aws:iam::890942158228:role/servicerole/ecs_task_execution_role_*\"\n      ],\n      \"Condition\": {\n        \"StringEqualsIfExists\": {\n          \"iam:PassedToService\": \"ecs-tasks.amazonaws.com\"\n        }\n      }\n    },\n    {\n      \"Effect\": \"Allow\",\n      \"Action\": [\n        \"codebuild:UpdateReport\",\n        \"codebuild:CreateReportGroup\",\n        \"codebuild:CreateReport\",\n        \"codebuild:BatchPutTestCases\",\n        \"codebuild:BatchPutCodeCoverages\"\n      ],\n      \"Resource\": \"arn:aws:codebuild:*:890942158228:report-group/*\"\n    },\n    {\n      \"Effect\": \"Allow\",\n      \"Action\": [\n        \"ecr:UploadLayerPart\",\n        \"ecr:PutImage\",\n        \"ecr:InitiateLayerUpload\",\n        \"ecr:GetDownloadUrlForLayer\",\n        \"ecr:GetAuthorizationToken\",\n        \"ecr:CompleteLayerUpload\",\n        \"ecr:BatchGetImage\",\n        \"ecr:BatchCheckLayerAvailability\"\n      ],\n      \"Resource\": \"*\"\n    },\n    {\n      \"Effect\": \"Allow\",\n      \"Action\": [\n        \"ecs:UpdateService\",\n        \"ecs:TagResource\",\n        \"ecs:RegisterTaskDefinition\",\n        \"ecs:DescribeTaskDefinition\"\n      ],\n      \"Resource\": \"*\"\n    },\n    {\n      \"Effect\": \"Allow\",\n      \"Action\": [\n        \"s3:PutObject\",\n        \"s3:GetObjectVersion\",\n        \"s3:GetObject\",\n        \"s3:GetBucketLocation\",\n        \"s3:GetBucketAcl\"\n      ],\n      \"Resource\": [\n        \"arn:aws:s3:::aws-pipeline-store-selin-tf-890942158228/*\",\n        \"arn:aws:s3:::aws-pipeline-store-selin-tf-890942158228\"\n      ]\n    },\n    {\n      \"Effect\": \"Deny\",\n      \"Action\": [\n        \"s3:GetObject\",\n        \"s3:DeleteObject\"\n      ],\n      \"Resource\": \"arn:aws:s3:::*/AWSLogs/*\"\n    },\n    {\n      \"Effect\": \"Allow\",\n      \"Action\": [\n        \"logs:PutLogEvents\",\n        \"logs:CreateLogStream\",\n        \"logs:CreateLogGroup\"\n      ],\n      \"Resource\": \"arn:aws:logs:*:890942158228:log-group:/codebuild/*\"\n    }\n  ]\n}",
            "override_policy_documents": null,
            "policy_id": null,
            "source_policy_documents": null,
            "statement": [
              {
                "actions": [
                  "iam:PassRole"
                ],
                "condition": [
                  {
                    "test": "StringEqualsIfExists",
                    "values": [
                      "ecs-tasks.amazonaws.com"
                    ],
                    "variable": "iam:PassedToService"
                  }
                ],
                "effect": "Allow",
                "not_actions": [],
                "not_principals": [],
                "not_resources": [],
                "principals": [],
                "resources": [
                  "arn:aws:iam::890942158228:role/servicerole/ecs_task_execution_role_*",
                  "arn:aws:iam::890942158228:role/servicerole/ecs_task_role_*"
                ],
                "sid": ""
              },
              {
                "actions": [
                  "codebuild:BatchPutCodeCoverages",
                  "codebuild:BatchPutTestCases",
                  "codebuild:CreateReport",
                  "codebuild:CreateReportGroup",
                  "codebuild:UpdateReport"
                ],
                "condition": [],
                "effect": "Allow",
                "not_actions": [],
                "not_principals": [],
                "not_resources": [],
                "principals": [],
                "resources": [
                  "arn:aws:codebuild:*:890942158228:report-group/*"
                ],
                "sid": ""
              },
              {
                "actions": [
                  "ecr:BatchCheckLayerAvailability",
                  "ecr:BatchGetImage",
                  "ecr:CompleteLayerUpload",
                  "ecr:GetAuthorizationToken",
                  "ecr:GetDownloadUrlForLayer",
                  "ecr:InitiateLayerUpload",
                  "ecr:PutImage",
                  "ecr:UploadLayerPart"
                ],
                "condition": [],
                "effect": "Allow",
                "not_actions": [],
                "not_principals": [],
                "not_resources": [],
                "principals": [],
                "resources": [
                  "*"
                ],
                "sid": ""
              },
              {
                "actions": [
                  "ecs:DescribeTaskDefinition",
                  "ecs:RegisterTaskDefinition",
                  "ecs:TagResource",
                  "ecs:UpdateService"
                ],
                "condition": [],
                "effect": "Allow",
                "not_actions": [],
                "not_principals": [],
                "not_resources": [],
                "principals": [],
                "resources": [
                  "*"
                ],
                "sid": ""
              },
              {
                "actions": [
                  "s3:GetBucketAcl",
                  "s3:GetBucketLocation",
                  "s3:GetObject",
                  "s3:GetObjectVersion",
                  "s3:PutObject"
                ],
                "condition": [],
                "effect": "Allow",
                "not_actions": [],
                "not_principals": [],
                "not_resources": [],
                "principals": [],
                "resources": [
                  "arn:aws:s3:::aws-pipeline-store-selin-tf-890942158228",
                  "arn:aws:s3:::aws-pipeline-store-selin-tf-890942158228/*"
                ],
                "sid": ""
              },
              {
                "actions": [
                  "s3:DeleteObject",
                  "s3:GetObject"
                ],
                "condition": [],
                "effect": "Deny",
                "not_actions": [],
                "not_principals": [],
                "not_resources": [],
                "principals": [],
                "resources": [
                  "arn:aws:s3:::*/AWSLogs/*"
                ],
                "sid": ""
              },
              {
                "actions": [
                  "logs:CreateLogGroup",
                  "logs:CreateLogStream",
                  "logs:PutLogEvents"
                ],
                "condition": [],
                "effect": "Allow",
                "not_actions": [],
                "not_principals": [],
                "not_resources": [],
                "principals": [],
                "resources": [
                  "arn:aws:logs:*:890942158228:log-group:/codebuild/*"
                ],
                "sid": ""
              }
            ],
            "version": "2012-10-17"
          },
          "sensitive_attributes": []
        }
      ]
    },
    {
      "module": "module.pipeline_laravel",
      "mode": "data",
      "type": "aws_iam_policy_document",
      "name": "codedeploy_assume_role_policy",
      "provider": "provider[\"registry.terraform.io/hashicorp/aws\"]",
      "instances": [
        {
          "schema_version": 0,
          "attributes": {
            "id": "4250039221",
            "json": "{\n  \"Version\": \"2012-10-17\",\n  \"Statement\": [\n    {\n      \"Effect\": \"Allow\",\n      \"Action\": \"sts:AssumeRole\",\n      \"Principal\": {\n        \"Service\": \"codedeploy.amazonaws.com\"\n      }\n    }\n  ]\n}",
            "override_policy_documents": null,
            "policy_id": null,
            "source_policy_documents": null,
            "statement": [
              {
                "actions": [
                  "sts:AssumeRole"
                ],
                "condition": [],
                "effect": "Allow",
                "not_actions": [],
                "not_principals": [],
                "not_resources": [],
                "principals": [
                  {
                    "identifiers": [
                      "codedeploy.amazonaws.com"
                    ],
                    "type": "Service"
                  }
                ],
                "resources": [],
                "sid": ""
              }
            ],
            "version": "2012-10-17"
          },
          "sensitive_attributes": []
        }
      ]
    },
    {
      "module": "module.pipeline_laravel",
      "mode": "data",
      "type": "aws_iam_policy_document",
      "name": "codepipeline_assume_role_policy",
      "provider": "provider[\"registry.terraform.io/hashicorp/aws\"]",
      "instances": [
        {
          "schema_version": 0,
          "attributes": {
            "id": "2245101310",
            "json": "{\n  \"Version\": \"2012-10-17\",\n  \"Statement\": [\n    {\n      \"Effect\": \"Allow\",\n      \"Action\": \"sts:AssumeRole\",\n      \"Principal\": {\n        \"Service\": \"codepipeline.amazonaws.com\"\n      }\n    }\n  ]\n}",
            "override_policy_documents": null,
            "policy_id": null,
            "source_policy_documents": null,
            "statement": [
              {
                "actions": [
                  "sts:AssumeRole"
                ],
                "condition": [],
                "effect": "Allow",
                "not_actions": [],
                "not_principals": [],
                "not_resources": [],
                "principals": [
                  {
                    "identifiers": [
                      "codepipeline.amazonaws.com"
                    ],
                    "type": "Service"
                  }
                ],
                "resources": [],
                "sid": ""
              }
            ],
            "version": "2012-10-17"
          },
          "sensitive_attributes": []
        }
      ]
    },
    {
      "module": "module.pipeline_laravel",
      "mode": "data",
      "type": "aws_iam_policy_document",
      "name": "codepipeline_role_policy",
      "provider": "provider[\"registry.terraform.io/hashicorp/aws\"]",
      "instances": [
        {
          "schema_version": 0,
          "attributes": {
            "id": "4246458624",
            "json": "{\n  \"Version\": \"2012-10-17\",\n  \"Statement\": [\n    {\n      \"Effect\": \"Allow\",\n      \"Action\": \"iam:PassRole\",\n      \"Resource\": [\n        \"arn:aws:iam::890942158228:role/servicerole/ecs_task_role_*\",\n        \"arn:aws:iam::890942158228:role/servicerole/ecs_task_execution_role_*\"\n      ],\n      \"Condition\": {\n        \"StringEqualsIfExists\": {\n          \"iam:PassedToService\": \"ecs-tasks.amazonaws.com\"\n        }\n      }\n    },\n    {\n      \"Effect\": \"Allow\",\n      \"Action\": \"codestar-connections:UseConnection\",\n      \"Resource\": \"*\"\n    },\n    {\n      \"Effect\": \"Allow\",\n      \"Action\": \"ecr:DescribeImages\",\n      \"Resource\": \"*\"\n    },\n    {\n      \"Effect\": \"Allow\",\n      \"Action\": [\n        \"codebuild:StartBuildBatch\",\n        \"codebuild:StartBuild\",\n        \"codebuild:BatchGetBuilds\",\n        \"codebuild:BatchGetBuildBatches\"\n      ],\n      \"Resource\": \"arn:aws:codebuild:*:890942158228:*selin-tf-api*\"\n    },\n    {\n      \"Effect\": \"Allow\",\n      \"Action\": [\n        \"codedeploy:RegisterApplicationRevision\",\n        \"codedeploy:GetDeploymentConfig\",\n        \"codedeploy:GetDeployment\",\n        \"codedeploy:GetApplicationRevision\",\n        \"codedeploy:GetApplication\",\n        \"codedeploy:CreateDeployment\"\n      ],\n      \"Resource\": \"arn:aws:codedeploy:*:890942158228:*selin-tf-api*\"\n    },\n    {\n      \"Effect\": \"Allow\",\n      \"Action\": [\n        \"ecs:UpdateServicePrimaryTaskSet\",\n        \"ecs:UpdateService\",\n        \"ecs:DescribeServices\",\n        \"ecs:DeleteTaskSet\"\n      ],\n      \"Resource\": \"arn:aws:ecs:ap-northeast-1:890942158228:service/*selin-tf-api*\"\n    },\n    {\n      \"Effect\": \"Allow\",\n      \"Action\": [\n        \"ecs:TagResource\",\n        \"ecs:RegisterTaskDefinition\",\n        \"ecs:DescribeTaskDefinition\"\n      ],\n      \"Resource\": \"*\"\n    },\n    {\n      \"Effect\": \"Allow\",\n      \"Action\": \"sns:Publish\",\n      \"Resource\": \"arn:aws:sns:ap-northeast-1:890942158228:CodeStarNotifications*\"\n    },\n    {\n      \"Effect\": \"Allow\",\n      \"Action\": \"s3:*\",\n      \"Resource\": [\n        \"arn:aws:s3:::aws-pipeline-store-selin-tf-890942158228/*\",\n        \"arn:aws:s3:::aws-pipeline-store-selin-tf-890942158228\"\n      ]\n    },\n    {\n      \"Effect\": \"Deny\",\n      \"Action\": [\n        \"s3:GetObject\",\n        \"s3:DeleteObject\"\n      ],\n      \"Resource\": \"arn:aws:s3:::*/AWSLogs/*\"\n    }\n  ]\n}",
            "override_policy_documents": null,
            "policy_id": null,
            "source_policy_documents": null,
            "statement": [
              {
                "actions": [
                  "iam:PassRole"
                ],
                "condition": [
                  {
                    "test": "StringEqualsIfExists",
                    "values": [
                      "ecs-tasks.amazonaws.com"
                    ],
                    "variable": "iam:PassedToService"
                  }
                ],
                "effect": "Allow",
                "not_actions": [],
                "not_principals": [],
                "not_resources": [],
                "principals": [],
                "resources": [
                  "arn:aws:iam::890942158228:role/servicerole/ecs_task_execution_role_*",
                  "arn:aws:iam::890942158228:role/servicerole/ecs_task_role_*"
                ],
                "sid": ""
              },
              {
                "actions": [
                  "codestar-connections:UseConnection"
                ],
                "condition": [],
                "effect": "Allow",
                "not_actions": [],
                "not_principals": [],
                "not_resources": [],
                "principals": [],
                "resources": [
                  "*"
                ],
                "sid": ""
              },
              {
                "actions": [
                  "ecr:DescribeImages"
                ],
                "condition": [],
                "effect": "Allow",
                "not_actions": [],
                "not_principals": [],
                "not_resources": [],
                "principals": [],
                "resources": [
                  "*"
                ],
                "sid": ""
              },
              {
                "actions": [
                  "codebuild:BatchGetBuildBatches",
                  "codebuild:BatchGetBuilds",
                  "codebuild:StartBuild",
                  "codebuild:StartBuildBatch"
                ],
                "condition": [],
                "effect": "Allow",
                "not_actions": [],
                "not_principals": [],
                "not_resources": [],
                "principals": [],
                "resources": [
                  "arn:aws:codebuild:*:890942158228:*selin-tf-api*"
                ],
                "sid": ""
              },
              {
                "actions": [
                  "codedeploy:CreateDeployment",
                  "codedeploy:GetApplication",
                  "codedeploy:GetApplicationRevision",
                  "codedeploy:GetDeployment",
                  "codedeploy:GetDeploymentConfig",
                  "codedeploy:RegisterApplicationRevision"
                ],
                "condition": [],
                "effect": "Allow",
                "not_actions": [],
                "not_principals": [],
                "not_resources": [],
                "principals": [],
                "resources": [
                  "arn:aws:codedeploy:*:890942158228:*selin-tf-api*"
                ],
                "sid": ""
              },
              {
                "actions": [
                  "ecs:DeleteTaskSet",
                  "ecs:DescribeServices",
                  "ecs:UpdateService",
                  "ecs:UpdateServicePrimaryTaskSet"
                ],
                "condition": [],
                "effect": "Allow",
                "not_actions": [],
                "not_principals": [],
                "not_resources": [],
                "principals": [],
                "resources": [
                  "arn:aws:ecs:ap-northeast-1:890942158228:service/*selin-tf-api*"
                ],
                "sid": ""
              },
              {
                "actions": [
                  "ecs:DescribeTaskDefinition",
                  "ecs:RegisterTaskDefinition",
                  "ecs:TagResource"
                ],
                "condition": [],
                "effect": "Allow",
                "not_actions": [],
                "not_principals": [],
                "not_resources": [],
                "principals": [],
                "resources": [
                  "*"
                ],
                "sid": ""
              },
              {
                "actions": [
                  "sns:Publish"
                ],
                "condition": [],
                "effect": "Allow",
                "not_actions": [],
                "not_principals": [],
                "not_resources": [],
                "principals": [],
                "resources": [
                  "arn:aws:sns:ap-northeast-1:890942158228:CodeStarNotifications*"
                ],
                "sid": ""
              },
              {
                "actions": [
                  "s3:*"
                ],
                "condition": [],
                "effect": "Allow",
                "not_actions": [],
                "not_principals": [],
                "not_resources": [],
                "principals": [],
                "resources": [
                  "arn:aws:s3:::aws-pipeline-store-selin-tf-890942158228",
                  "arn:aws:s3:::aws-pipeline-store-selin-tf-890942158228/*"
                ],
                "sid": ""
              },
              {
                "actions": [
                  "s3:DeleteObject",
                  "s3:GetObject"
                ],
                "condition": [],
                "effect": "Deny",
                "not_actions": [],
                "not_principals": [],
                "not_resources": [],
                "principals": [],
                "resources": [
                  "arn:aws:s3:::*/AWSLogs/*"
                ],
                "sid": ""
              }
            ],
            "version": "2012-10-17"
          },
          "sensitive_attributes": []
        }
      ]
    },
    {
      "module": "module.pipeline_laravel",
      "mode": "data",
      "type": "aws_region",
      "name": "current",
      "provider": "provider[\"registry.terraform.io/hashicorp/aws\"]",
      "instances": [
        {
          "schema_version": 0,
          "attributes": {
            "description": "Asia Pacific (Tokyo)",
            "endpoint": "ec2.ap-northeast-1.amazonaws.com",
            "id": "ap-northeast-1",
            "name": "ap-northeast-1"
          },
          "sensitive_attributes": []
        }
      ]
    },
    {
      "module": "module.pipeline_laravel",
      "mode": "managed",
      "type": "aws_cloudwatch_log_group",
      "name": "codebuild_default",
      "provider": "provider[\"registry.terraform.io/hashicorp/aws\"]",
      "instances": [
        {
          "schema_version": 0,
          "attributes": {
            "arn": "arn:aws:logs:ap-northeast-1:890942158228:log-group:/codebuild/selin-tf-api",
            "id": "/codebuild/selin-tf-api",
            "kms_key_id": "",
            "name": "/codebuild/selin-tf-api",
            "name_prefix": "",
            "retention_in_days": 30,
            "skip_destroy": false,
            "tags": {},
            "tags_all": {
              "CmBillingGroup": "OTHER",
              "CodedResource": "true",
              "Environment": "playground",
              "IaC": "local",
              "Owner": "",
              "Service": "selin-tf"
            }
          },
          "sensitive_attributes": [],
          "private": "bnVsbA=="
        }
      ]
    },
    {
      "module": "module.pipeline_laravel",
      "mode": "managed",
      "type": "aws_codebuild_project",
      "name": "default",
      "provider": "provider[\"registry.terraform.io/hashicorp/aws\"]",
      "instances": [
        {
          "index_key": 0,
          "schema_version": 0,
          "attributes": {
            "arn": "arn:aws:codebuild:ap-northeast-1:890942158228:project/selin-tf-api",
            "artifacts": [
              {
                "artifact_identifier": "",
                "bucket_owner_access": "",
                "encryption_disabled": false,
                "location": "",
                "name": "selin-tf-api",
                "namespace_type": "",
                "override_artifact_name": false,
                "packaging": "NONE",
                "path": "",
                "type": "CODEPIPELINE"
              }
            ],
            "badge_enabled": false,
            "badge_url": "",
            "build_batch_config": [],
            "build_timeout": 30,
            "cache": [
              {
                "location": "",
                "modes": [],
                "type": "NO_CACHE"
              }
            ],
            "concurrent_build_limit": 0,
            "description": "selin-tf-api build project.",
            "encryption_key": "arn:aws:kms:ap-northeast-1:890942158228:alias/aws/s3",
            "environment": [
              {
                "certificate": "",
                "compute_type": "BUILD_GENERAL1_MEDIUM",
                "environment_variable": [
                  {
                    "name": "build_vars_cluster",
                    "type": "PLAINTEXT",
                    "value": "selin-tf"
                  },
                  {
                    "name": "build_vars_container_image_prefix",
                    "type": "PLAINTEXT",
                    "value": "890942158228.dkr.ecr.ap-northeast-1.amazonaws.com"
                  },
                  {
                    "name": "build_vars_domain_root",
                    "type": "PLAINTEXT",
                    "value": "ex.joselin.sre.bizmates.co.jp"
                  },
                  {
                    "name": "build_vars_environment",
                    "type": "PLAINTEXT",
                    "value": "dev"
                  },
                  {
                    "name": "build_vars_service",
                    "type": "PLAINTEXT",
                    "value": "selin-tf-api"
                  },
                  {
                    "name": "build_vars_taskdef",
                    "type": "PLAINTEXT",
                    "value": "selin-tf-api"
                  }
                ],
                "image": "aws/codebuild/amazonlinux2-x86_64-standard:4.0",
                "image_pull_credentials_type": "CODEBUILD",
                "privileged_mode": true,
                "registry_credential": [],
                "type": "LINUX_CONTAINER"
              }
            ],
            "file_system_locations": [],
            "id": "arn:aws:codebuild:ap-northeast-1:890942158228:project/selin-tf-api",
            "logs_config": [
              {
                "cloudwatch_logs": [
                  {
                    "group_name": "/codebuild/selin-tf-api",
                    "status": "ENABLED",
                    "stream_name": "selin-tf-api"
                  }
                ],
                "s3_logs": [
                  {
                    "bucket_owner_access": "",
                    "encryption_disabled": true,
                    "location": "aws-pipeline-store-selin-tf-890942158228/selin-tf-api/BuildLog",
                    "status": "ENABLED"
                  }
                ]
              }
            ],
            "name": "selin-tf-api",
            "project_visibility": "PRIVATE",
            "public_project_alias": "",
            "queued_timeout": 480,
            "resource_access_role": "",
            "secondary_artifacts": [],
            "secondary_source_version": [],
            "secondary_sources": [],
            "service_role": "arn:aws:iam::890942158228:role/servicerole/codebuild_service_role_selin-tf-api_project",
            "source": [
              {
                "build_status_config": [],
                "buildspec": "./buildspec.yml",
                "git_clone_depth": 0,
                "git_submodules_config": [],
                "insecure_ssl": false,
                "location": "",
                "report_build_status": false,
                "type": "CODEPIPELINE"
              }
            ],
            "source_version": "",
            "tags": {},
            "tags_all": {
              "CmBillingGroup": "OTHER",
              "CodedResource": "true",
              "Environment": "playground",
              "IaC": "local",
              "Owner": "",
              "Service": "selin-tf"
            },
            "vpc_config": []
          },
          "sensitive_attributes": [],
          "private": "bnVsbA==",
          "dependencies": [
            "aws_ecs_task_definition.init_laravel",
            "aws_iam_role.ecs_task_execution_role_laravel",
            "aws_iam_role.ecs_task_role_laravel",
            "data.aws_caller_identity.current",
            "data.aws_iam_policy_document.assumerole_ecs-tasks_laravel",
            "data.aws_iam_policy_document.ecs_task_basic_action_for_laravel",
            "data.aws_iam_policy_document.ecs_task_execusion_basic_action_laravel",
            "data.aws_iam_policy_document.secrets_parameter_action_for_laravel",
            "data.aws_region.current",
            "module.ecs_cluster_workload.aws_cloudwatch_log_group.containerinsights_performance",
            "module.ecs_cluster_workload.aws_cloudwatch_log_group.default",
            "module.ecs_cluster_workload.aws_ecs_cluster.default",
            "module.pipeline_laravel.aws_cloudwatch_log_group.codebuild_default",
            "module.pipeline_laravel.aws_iam_role.codebuild_service_role",
            "module.pipeline_laravel.data.aws_caller_identity.current",
            "module.pipeline_laravel.data.aws_iam_policy_document.codebuild_assume_role_policy",
            "module.pipeline_laravel.data.aws_iam_policy_document.codebuild_role_policy",
            "module.s3_pipeline_store.aws_s3_bucket.default"
          ]
        }
      ]
    },
    {
      "module": "module.pipeline_laravel",
      "mode": "managed",
      "type": "aws_codepipeline",
      "name": "rolling_default",
      "provider": "provider[\"registry.terraform.io/hashicorp/aws\"]",
      "instances": [
        {
          "index_key": 0,
          "schema_version": 0,
          "attributes": {
            "arn": "arn:aws:codepipeline:ap-northeast-1:890942158228:selin-tf-api",
            "artifact_store": [
              {
                "encryption_key": [],
                "location": "aws-pipeline-store-selin-tf-890942158228",
                "region": "",
                "type": "S3"
              }
            ],
            "id": "selin-tf-api",
            "name": "selin-tf-api",
            "role_arn": "arn:aws:iam::890942158228:role/servicerole/codepipeline_service_role_selin-tf-api_pipeline",
            "stage": [
              {
                "action": [
                  {
                    "category": "Source",
                    "configuration": {
                      "BranchName": "master",
                      "ConnectionArn": "arn:aws:codestar-connections:ap-northeast-1:890942158228:connection/9cf36aaa-8c19-4919-96fc-622833e37ae3",
                      "DetectChanges": "true",
                      "FullRepositoryId": "joselin-bizmatesph/laravel-api-base-image"
                    },
                    "input_artifacts": [],
                    "name": "Source",
                    "namespace": "",
                    "output_artifacts": [
                      "SourceArtifact"
                    ],
                    "owner": "AWS",
                    "provider": "CodeStarSourceConnection",
                    "region": "",
                    "role_arn": "",
                    "run_order": 1,
                    "version": "1"
                  }
                ],
                "name": "Source"
              },
              {
                "action": [
                  {
                    "category": "Build",
                    "configuration": {
                      "ProjectName": "selin-tf-api"
                    },
                    "input_artifacts": [
                      "SourceArtifact"
                    ],
                    "name": "Build",
                    "namespace": "",
                    "output_artifacts": [
                      "BuildArtifact"
                    ],
                    "owner": "AWS",
                    "provider": "CodeBuild",
                    "region": "",
                    "role_arn": "",
                    "run_order": 1,
                    "version": "1"
                  }
                ],
                "name": "Build"
              },
              {
                "action": [
                  {
                    "category": "Approval",
                    "configuration": {
                      "CustomData": "Deployment",
                      "ExternalEntityLink": "Deployment Approval"
                    },
                    "input_artifacts": [],
                    "name": "Approve",
                    "namespace": "",
                    "output_artifacts": [],
                    "owner": "AWS",
                    "provider": "Manual",
                    "region": "",
                    "role_arn": "",
                    "run_order": 1,
                    "version": "1"
                  }
                ],
                "name": "Approve"
              },
              {
                "action": [
                  {
                    "category": "Deploy",
                    "configuration": {
                      "ClusterName": "selin-tf",
                      "DeploymentTimeout": "10",
                      "FileName": "imagedefinitions.json",
                      "ServiceName": "selin-tf-api"
                    },
                    "input_artifacts": [
                      "BuildArtifact"
                    ],
                    "name": "Deploy",
                    "namespace": "",
                    "output_artifacts": [],
                    "owner": "AWS",
                    "provider": "ECS",
                    "region": "",
                    "role_arn": "",
                    "run_order": 1,
                    "version": "1"
                  }
                ],
                "name": "Deploy"
              }
            ],
            "tags": {},
            "tags_all": {
              "CmBillingGroup": "OTHER",
              "CodedResource": "true",
              "Environment": "playground",
              "IaC": "local",
              "Owner": "",
              "Service": "selin-tf"
            }
          },
          "sensitive_attributes": [],
          "private": "bnVsbA==",
          "dependencies": [
            "data.aws_caller_identity.current",
            "module.ecs_cluster_workload.aws_cloudwatch_log_group.containerinsights_performance",
            "module.ecs_cluster_workload.aws_cloudwatch_log_group.default",
            "module.ecs_cluster_workload.aws_ecs_cluster.default",
            "module.pipeline_laravel.aws_codestarconnections_connection.default",
            "module.pipeline_laravel.aws_iam_role.codepipeline_service_role",
            "module.pipeline_laravel.data.aws_caller_identity.current",
            "module.pipeline_laravel.data.aws_iam_policy_document.codepipeline_assume_role_policy",
            "module.pipeline_laravel.data.aws_iam_policy_document.codepipeline_role_policy",
            "module.s3_pipeline_store.aws_s3_bucket.default"
          ]
        }
      ]
    },
    {
      "module": "module.pipeline_laravel",
      "mode": "managed",
      "type": "aws_codestarconnections_connection",
      "name": "default",
      "provider": "provider[\"registry.terraform.io/hashicorp/aws\"]",
      "instances": [
        {
          "schema_version": 0,
          "attributes": {
            "arn": "arn:aws:codestar-connections:ap-northeast-1:890942158228:connection/9cf36aaa-8c19-4919-96fc-622833e37ae3",
            "connection_status": "AVAILABLE",
            "host_arn": "",
            "id": "arn:aws:codestar-connections:ap-northeast-1:890942158228:connection/9cf36aaa-8c19-4919-96fc-622833e37ae3",
            "name": "selin-tf-api",
            "provider_type": "GitHub",
            "tags": {},
            "tags_all": {
              "CmBillingGroup": "OTHER",
              "CodedResource": "true",
              "Environment": "playground",
              "IaC": "local",
              "Owner": "",
              "Service": "selin-tf"
            }
          },
          "sensitive_attributes": [],
          "private": "bnVsbA=="
        }
      ]
    },
    {
      "module": "module.pipeline_laravel",
      "mode": "managed",
      "type": "aws_iam_role",
      "name": "codebuild_service_role",
      "provider": "provider[\"registry.terraform.io/hashicorp/aws\"]",
      "instances": [
        {
          "schema_version": 0,
          "attributes": {
            "arn": "arn:aws:iam::890942158228:role/servicerole/codebuild_service_role_selin-tf-api_project",
            "assume_role_policy": "{\"Statement\":[{\"Action\":\"sts:AssumeRole\",\"Effect\":\"Allow\",\"Principal\":{\"Service\":\"codebuild.amazonaws.com\"}}],\"Version\":\"2012-10-17\"}",
            "create_date": "2024-06-09T05:22:33Z",
            "description": "",
            "force_detach_policies": false,
            "id": "codebuild_service_role_selin-tf-api_project",
            "inline_policy": [
              {
                "name": "codebuild_role_policy",
                "policy": "{\"Version\":\"2012-10-17\",\"Statement\":[{\"Action\":\"iam:PassRole\",\"Condition\":{\"StringEqualsIfExists\":{\"iam:PassedToService\":\"ecs-tasks.amazonaws.com\"}},\"Effect\":\"Allow\",\"Resource\":[\"arn:aws:iam::890942158228:role/servicerole/ecs_task_role_*\",\"arn:aws:iam::890942158228:role/servicerole/ecs_task_execution_role_*\"]},{\"Action\":[\"codebuild:UpdateReport\",\"codebuild:CreateReportGroup\",\"codebuild:CreateReport\",\"codebuild:BatchPutTestCases\",\"codebuild:BatchPutCodeCoverages\"],\"Effect\":\"Allow\",\"Resource\":\"arn:aws:codebuild:*:890942158228:report-group/*\"},{\"Action\":[\"ecr:UploadLayerPart\",\"ecr:PutImage\",\"ecr:InitiateLayerUpload\",\"ecr:GetDownloadUrlForLayer\",\"ecr:GetAuthorizationToken\",\"ecr:CompleteLayerUpload\",\"ecr:BatchGetImage\",\"ecr:BatchCheckLayerAvailability\"],\"Effect\":\"Allow\",\"Resource\":\"*\"},{\"Action\":[\"ecs:UpdateService\",\"ecs:TagResource\",\"ecs:RegisterTaskDefinition\",\"ecs:DescribeTaskDefinition\"],\"Effect\":\"Allow\",\"Resource\":\"*\"},{\"Action\":[\"s3:PutObject\",\"s3:GetObjectVersion\",\"s3:GetObject\",\"s3:GetBucketLocation\",\"s3:GetBucketAcl\"],\"Effect\":\"Allow\",\"Resource\":[\"arn:aws:s3:::aws-pipeline-store-selin-tf-890942158228/*\",\"arn:aws:s3:::aws-pipeline-store-selin-tf-890942158228\"]},{\"Action\":[\"s3:GetObject\",\"s3:DeleteObject\"],\"Effect\":\"Deny\",\"Resource\":\"arn:aws:s3:::*/AWSLogs/*\"},{\"Action\":[\"logs:PutLogEvents\",\"logs:CreateLogStream\",\"logs:CreateLogGroup\"],\"Effect\":\"Allow\",\"Resource\":\"arn:aws:logs:*:890942158228:log-group:/codebuild/*\"}]}"
              }
            ],
            "managed_policy_arns": [
              "arn:aws:iam::aws:policy/AmazonElasticContainerRegistryPublicReadOnly"
            ],
            "max_session_duration": 3600,
            "name": "codebuild_service_role_selin-tf-api_project",
            "name_prefix": "",
            "path": "/servicerole/",
            "permissions_boundary": null,
            "tags": {},
            "tags_all": {
              "CmBillingGroup": "OTHER",
              "CodedResource": "true",
              "Environment": "playground",
              "IaC": "local",
              "Owner": "",
              "Service": "selin-tf"
            },
            "unique_id": "AROA464CKOWKDFD5AXULA"
          },
          "sensitive_attributes": [],
          "private": "bnVsbA==",
          "dependencies": [
            "data.aws_caller_identity.current",
            "module.pipeline_laravel.data.aws_caller_identity.current",
            "module.pipeline_laravel.data.aws_iam_policy_document.codebuild_assume_role_policy",
            "module.pipeline_laravel.data.aws_iam_policy_document.codebuild_role_policy",
            "module.s3_pipeline_store.aws_s3_bucket.default"
          ]
        }
      ]
    },
    {
      "module": "module.pipeline_laravel",
      "mode": "managed",
      "type": "aws_iam_role",
      "name": "codedeploy_service_role",
      "provider": "provider[\"registry.terraform.io/hashicorp/aws\"]",
      "instances": [
        {
          "schema_version": 0,
          "attributes": {
            "arn": "arn:aws:iam::890942158228:role/servicerole/codedeploy_service_role_selin-tf-api_application",
            "assume_role_policy": "{\"Statement\":[{\"Action\":\"sts:AssumeRole\",\"Effect\":\"Allow\",\"Principal\":{\"Service\":\"codedeploy.amazonaws.com\"}}],\"Version\":\"2012-10-17\"}",
            "create_date": "2024-06-09T04:28:20Z",
            "description": "",
            "force_detach_policies": false,
            "id": "codedeploy_service_role_selin-tf-api_application",
            "inline_policy": [],
            "managed_policy_arns": [
              "arn:aws:iam::aws:policy/AWSCodeDeployRoleForECS"
            ],
            "max_session_duration": 3600,
            "name": "codedeploy_service_role_selin-tf-api_application",
            "name_prefix": "",
            "path": "/servicerole/",
            "permissions_boundary": null,
            "tags": {},
            "tags_all": {
              "CmBillingGroup": "OTHER",
              "CodedResource": "true",
              "Environment": "playground",
              "IaC": "local",
              "Owner": "",
              "Service": "selin-tf"
            },
            "unique_id": "AROA464CKOWKBDXJNT7S3"
          },
          "sensitive_attributes": [],
          "private": "bnVsbA==",
          "dependencies": [
            "module.pipeline_laravel.data.aws_iam_policy_document.codedeploy_assume_role_policy"
          ]
        }
      ]
    },
    {
      "module": "module.pipeline_laravel",
      "mode": "managed",
      "type": "aws_iam_role",
      "name": "codepipeline_service_role",
      "provider": "provider[\"registry.terraform.io/hashicorp/aws\"]",
      "instances": [
        {
          "schema_version": 0,
          "attributes": {
            "arn": "arn:aws:iam::890942158228:role/servicerole/codepipeline_service_role_selin-tf-api_pipeline",
            "assume_role_policy": "{\"Statement\":[{\"Action\":\"sts:AssumeRole\",\"Effect\":\"Allow\",\"Principal\":{\"Service\":\"codepipeline.amazonaws.com\"}}],\"Version\":\"2012-10-17\"}",
            "create_date": "2024-06-09T05:22:33Z",
            "description": "",
            "force_detach_policies": false,
            "id": "codepipeline_service_role_selin-tf-api_pipeline",
            "inline_policy": [
              {
                "name": "codepipeline_role_policy",
                "policy": "{\"Version\":\"2012-10-17\",\"Statement\":[{\"Action\":\"iam:PassRole\",\"Condition\":{\"StringEqualsIfExists\":{\"iam:PassedToService\":\"ecs-tasks.amazonaws.com\"}},\"Effect\":\"Allow\",\"Resource\":[\"arn:aws:iam::890942158228:role/servicerole/ecs_task_role_*\",\"arn:aws:iam::890942158228:role/servicerole/ecs_task_execution_role_*\"]},{\"Action\":\"codestar-connections:UseConnection\",\"Effect\":\"Allow\",\"Resource\":\"*\"},{\"Action\":\"ecr:DescribeImages\",\"Effect\":\"Allow\",\"Resource\":\"*\"},{\"Action\":[\"codebuild:StartBuildBatch\",\"codebuild:StartBuild\",\"codebuild:BatchGetBuilds\",\"codebuild:BatchGetBuildBatches\"],\"Effect\":\"Allow\",\"Resource\":\"arn:aws:codebuild:*:890942158228:*selin-tf-api*\"},{\"Action\":[\"codedeploy:RegisterApplicationRevision\",\"codedeploy:GetDeploymentConfig\",\"codedeploy:GetDeployment\",\"codedeploy:GetApplicationRevision\",\"codedeploy:GetApplication\",\"codedeploy:CreateDeployment\"],\"Effect\":\"Allow\",\"Resource\":\"arn:aws:codedeploy:*:890942158228:*selin-tf-api*\"},{\"Action\":[\"ecs:UpdateServicePrimaryTaskSet\",\"ecs:UpdateService\",\"ecs:DescribeServices\",\"ecs:DeleteTaskSet\"],\"Effect\":\"Allow\",\"Resource\":\"arn:aws:ecs:ap-northeast-1:890942158228:service/*selin-tf-api*\"},{\"Action\":[\"ecs:TagResource\",\"ecs:RegisterTaskDefinition\",\"ecs:DescribeTaskDefinition\"],\"Effect\":\"Allow\",\"Resource\":\"*\"},{\"Action\":\"sns:Publish\",\"Effect\":\"Allow\",\"Resource\":\"arn:aws:sns:ap-northeast-1:890942158228:CodeStarNotifications*\"},{\"Action\":\"s3:*\",\"Effect\":\"Allow\",\"Resource\":[\"arn:aws:s3:::aws-pipeline-store-selin-tf-890942158228/*\",\"arn:aws:s3:::aws-pipeline-store-selin-tf-890942158228\"]},{\"Action\":[\"s3:GetObject\",\"s3:DeleteObject\"],\"Effect\":\"Deny\",\"Resource\":\"arn:aws:s3:::*/AWSLogs/*\"}]}"
              }
            ],
            "managed_policy_arns": [
              "arn:aws:iam::aws:policy/AWSCodeDeployReadOnlyAccess"
            ],
            "max_session_duration": 3600,
            "name": "codepipeline_service_role_selin-tf-api_pipeline",
            "name_prefix": "",
            "path": "/servicerole/",
            "permissions_boundary": null,
            "tags": {},
            "tags_all": {
              "CmBillingGroup": "OTHER",
              "CodedResource": "true",
              "Environment": "playground",
              "IaC": "local",
              "Owner": "",
              "Service": "selin-tf"
            },
            "unique_id": "AROA464CKOWKG67XVGTWN"
          },
          "sensitive_attributes": [],
          "private": "bnVsbA==",
          "dependencies": [
            "data.aws_caller_identity.current",
            "module.pipeline_laravel.data.aws_caller_identity.current",
            "module.pipeline_laravel.data.aws_iam_policy_document.codepipeline_assume_role_policy",
            "module.pipeline_laravel.data.aws_iam_policy_document.codepipeline_role_policy",
            "module.s3_pipeline_store.aws_s3_bucket.default"
          ]
        }
      ]
    },
    {
      "module": "module.s3_pipeline_store",
      "mode": "data",
      "type": "aws_caller_identity",
      "name": "current",
      "provider": "provider[\"registry.terraform.io/hashicorp/aws\"]",
      "instances": [
        {
          "schema_version": 0,
          "attributes": {
            "account_id": "890942158228",
            "arn": "arn:aws:iam::890942158228:user/joselin.macayanan",
            "id": "890942158228",
            "user_id": "AIDA464CKOWKP6BI6SPC2"
          },
          "sensitive_attributes": []
        }
      ]
    },
    {
      "module": "module.s3_pipeline_store",
      "mode": "data",
      "type": "aws_region",
      "name": "current",
      "provider": "provider[\"registry.terraform.io/hashicorp/aws\"]",
      "instances": [
        {
          "schema_version": 0,
          "attributes": {
            "description": "Asia Pacific (Tokyo)",
            "endpoint": "ec2.ap-northeast-1.amazonaws.com",
            "id": "ap-northeast-1",
            "name": "ap-northeast-1"
          },
          "sensitive_attributes": []
        }
      ]
    },
    {
      "module": "module.s3_pipeline_store",
      "mode": "managed",
      "type": "aws_s3_bucket",
      "name": "default",
      "provider": "provider[\"registry.terraform.io/hashicorp/aws\"]",
      "instances": [
        {
          "schema_version": 0,
          "attributes": {
            "acceleration_status": "",
            "acl": null,
            "arn": "arn:aws:s3:::aws-pipeline-store-selin-tf-890942158228",
            "bucket": "aws-pipeline-store-selin-tf-890942158228",
            "bucket_domain_name": "aws-pipeline-store-selin-tf-890942158228.s3.amazonaws.com",
            "bucket_prefix": "",
            "bucket_regional_domain_name": "aws-pipeline-store-selin-tf-890942158228.s3.ap-northeast-1.amazonaws.com",
            "cors_rule": [],
            "force_destroy": true,
            "grant": [
              {
                "id": "68b3269bbb2db9f105dedb2b67d849b0d7dbd0cb910a5faf7c1addf0c203646a",
                "permissions": [
                  "FULL_CONTROL"
                ],
                "type": "CanonicalUser",
                "uri": ""
              }
            ],
            "hosted_zone_id": "Z2M4EHUR26P7ZW",
            "id": "aws-pipeline-store-selin-tf-890942158228",
            "lifecycle_rule": [
              {
                "abort_incomplete_multipart_upload_days": 7,
                "enabled": true,
                "expiration": [],
                "id": "abort_incomplete_multipart_upload",
                "noncurrent_version_expiration": [],
                "noncurrent_version_transition": [],
                "prefix": "",
                "tags": {},
                "transition": []
              },
              {
                "abort_incomplete_multipart_upload_days": 0,
                "enabled": true,
                "expiration": [],
                "id": "inteligent_tiering",
                "noncurrent_version_expiration": [],
                "noncurrent_version_transition": [
                  {
                    "days": 30,
                    "storage_class": "INTELLIGENT_TIERING"
                  }
                ],
                "prefix": "",
                "tags": {},
                "transition": [
                  {
                    "date": "",
                    "days": 30,
                    "storage_class": "INTELLIGENT_TIERING"
                  }
                ]
              }
            ],
            "logging": [],
            "object_lock_configuration": [],
            "object_lock_enabled": false,
            "policy": "",
            "region": "ap-northeast-1",
            "replication_configuration": [],
            "request_payer": "BucketOwner",
            "server_side_encryption_configuration": [
              {
                "rule": [
                  {
                    "apply_server_side_encryption_by_default": [
                      {
                        "kms_master_key_id": "",
                        "sse_algorithm": "AES256"
                      }
                    ],
                    "bucket_key_enabled": false
                  }
                ]
              }
            ],
            "tags": {},
            "tags_all": {},
            "timeouts": null,
            "versioning": [
              {
                "enabled": false,
                "mfa_delete": false
              }
            ],
            "website": [],
            "website_domain": null,
            "website_endpoint": null
          },
          "sensitive_attributes": [],
          "private": "eyJlMmJmYjczMC1lY2FhLTExZTYtOGY4OC0zNDM2M2JjN2M0YzAiOnsiY3JlYXRlIjoxMjAwMDAwMDAwMDAwLCJkZWxldGUiOjM2MDAwMDAwMDAwMDAsInJlYWQiOjEyMDAwMDAwMDAwMDAsInVwZGF0ZSI6MTIwMDAwMDAwMDAwMH19",
          "dependencies": [
            "data.aws_caller_identity.current"
          ]
        }
      ]
    },
    {
      "module": "module.s3_pipeline_store",
      "mode": "managed",
      "type": "aws_s3_bucket_intelligent_tiering_configuration",
      "name": "default",
      "provider": "provider[\"registry.terraform.io/hashicorp/aws\"]",
      "instances": [
        {
          "index_key": 0,
          "schema_version": 0,
          "attributes": {
            "bucket": "aws-pipeline-store-selin-tf-890942158228",
            "filter": [],
            "id": "aws-pipeline-store-selin-tf-890942158228:default",
            "name": "default",
            "status": "Enabled",
            "tiering": [
              {
                "access_tier": "ARCHIVE_ACCESS",
                "days": 90
              },
              {
                "access_tier": "DEEP_ARCHIVE_ACCESS",
                "days": 365
              }
            ]
          },
          "sensitive_attributes": [],
          "private": "bnVsbA==",
          "dependencies": [
            "data.aws_caller_identity.current",
            "module.s3_pipeline_store.aws_s3_bucket.default"
          ]
        }
      ]
    },
    {
      "module": "module.s3_pipeline_store",
      "mode": "managed",
      "type": "aws_s3_bucket_lifecycle_configuration",
      "name": "enable_archive",
      "provider": "provider[\"registry.terraform.io/hashicorp/aws\"]",
      "instances": [
        {
          "index_key": 0,
          "schema_version": 0,
          "attributes": {
            "bucket": "aws-pipeline-store-selin-tf-890942158228",
            "expected_bucket_owner": "",
            "id": "aws-pipeline-store-selin-tf-890942158228",
            "rule": [
              {
                "abort_incomplete_multipart_upload": [
                  {
                    "days_after_initiation": 7
                  }
                ],
                "expiration": [],
                "filter": [
                  {
                    "and": [],
                    "object_size_greater_than": null,
                    "object_size_less_than": null,
                    "prefix": null,
                    "tag": []
                  }
                ],
                "id": "abort_incomplete_multipart_upload",
                "noncurrent_version_expiration": [],
                "noncurrent_version_transition": [],
                "prefix": "",
                "status": "Enabled",
                "transition": []
              },
              {
                "abort_incomplete_multipart_upload": [],
                "expiration": [],
                "filter": [
                  {
                    "and": [],
                    "object_size_greater_than": null,
                    "object_size_less_than": null,
                    "prefix": null,
                    "tag": []
                  }
                ],
                "id": "inteligent_tiering",
                "noncurrent_version_expiration": [],
                "noncurrent_version_transition": [
                  {
                    "newer_noncurrent_versions": "",
                    "noncurrent_days": 30,
                    "storage_class": "INTELLIGENT_TIERING"
                  }
                ],
                "prefix": "",
                "status": "Enabled",
                "transition": [
                  {
                    "date": "",
                    "days": 30,
                    "storage_class": "INTELLIGENT_TIERING"
                  }
                ]
              }
            ]
          },
          "sensitive_attributes": [],
          "private": "bnVsbA==",
          "dependencies": [
            "data.aws_caller_identity.current",
            "module.s3_pipeline_store.aws_s3_bucket.default"
          ]
        }
      ]
    },
    {
      "module": "module.s3_pipeline_store",
      "mode": "managed",
      "type": "aws_s3_bucket_public_access_block",
      "name": "default",
      "provider": "provider[\"registry.terraform.io/hashicorp/aws\"]",
      "instances": [
        {
          "schema_version": 0,
          "attributes": {
            "block_public_acls": true,
            "block_public_policy": true,
            "bucket": "aws-pipeline-store-selin-tf-890942158228",
            "id": "aws-pipeline-store-selin-tf-890942158228",
            "ignore_public_acls": true,
            "restrict_public_buckets": true
          },
          "sensitive_attributes": [],
          "private": "bnVsbA==",
          "dependencies": [
            "data.aws_caller_identity.current",
            "module.s3_pipeline_store.aws_s3_bucket.default"
          ]
        }
      ]
    },
    {
      "module": "module.s3_pipeline_store",
      "mode": "managed",
      "type": "aws_s3_bucket_server_side_encryption_configuration",
      "name": "default",
      "provider": "provider[\"registry.terraform.io/hashicorp/aws\"]",
      "instances": [
        {
          "schema_version": 0,
          "attributes": {
            "bucket": "aws-pipeline-store-selin-tf-890942158228",
            "expected_bucket_owner": "",
            "id": "aws-pipeline-store-selin-tf-890942158228",
            "rule": [
              {
                "apply_server_side_encryption_by_default": [
                  {
                    "kms_master_key_id": "",
                    "sse_algorithm": "AES256"
                  }
                ],
                "bucket_key_enabled": false
              }
            ]
          },
          "sensitive_attributes": [],
          "private": "bnVsbA==",
          "dependencies": [
            "data.aws_caller_identity.current",
            "module.s3_pipeline_store.aws_s3_bucket.default"
          ]
        }
      ]
    },
    {
      "module": "module.vpc_workload",
      "mode": "data",
      "type": "aws_iam_policy_document",
      "name": "ec2_common_instance_profile",
      "provider": "provider[\"registry.terraform.io/hashicorp/aws\"]",
      "instances": [
        {
          "schema_version": 0,
          "attributes": {
            "id": "2851119427",
            "json": "{\n  \"Version\": \"2012-10-17\",\n  \"Statement\": [\n    {\n      \"Effect\": \"Allow\",\n      \"Action\": \"sts:AssumeRole\",\n      \"Principal\": {\n        \"Service\": \"ec2.amazonaws.com\"\n      }\n    }\n  ]\n}",
            "override_policy_documents": null,
            "policy_id": null,
            "source_policy_documents": null,
            "statement": [
              {
                "actions": [
                  "sts:AssumeRole"
                ],
                "condition": [],
                "effect": "Allow",
                "not_actions": [],
                "not_principals": [],
                "not_resources": [],
                "principals": [
                  {
                    "identifiers": [
                      "ec2.amazonaws.com"
                    ],
                    "type": "Service"
                  }
                ],
                "resources": [],
                "sid": ""
              }
            ],
            "version": "2012-10-17"
          },
          "sensitive_attributes": []
        }
      ]
    },
    {
      "module": "module.vpc_workload",
      "mode": "data",
      "type": "aws_iam_policy_document",
      "name": "ec2_nat_instance",
      "provider": "provider[\"registry.terraform.io/hashicorp/aws\"]",
      "instances": [
        {
          "schema_version": 0,
          "attributes": {
            "id": "2851119427",
            "json": "{\n  \"Version\": \"2012-10-17\",\n  \"Statement\": [\n    {\n      \"Effect\": \"Allow\",\n      \"Action\": \"sts:AssumeRole\",\n      \"Principal\": {\n        \"Service\": \"ec2.amazonaws.com\"\n      }\n    }\n  ]\n}",
            "override_policy_documents": null,
            "policy_id": null,
            "source_policy_documents": null,
            "statement": [
              {
                "actions": [
                  "sts:AssumeRole"
                ],
                "condition": [],
                "effect": "Allow",
                "not_actions": [],
                "not_principals": [],
                "not_resources": [],
                "principals": [
                  {
                    "identifiers": [
                      "ec2.amazonaws.com"
                    ],
                    "type": "Service"
                  }
                ],
                "resources": [],
                "sid": ""
              }
            ],
            "version": "2012-10-17"
          },
          "sensitive_attributes": []
        }
      ]
    },
    {
      "module": "module.vpc_workload",
      "mode": "data",
      "type": "aws_region",
      "name": "current",
      "provider": "provider[\"registry.terraform.io/hashicorp/aws\"]",
      "instances": [
        {
          "schema_version": 0,
          "attributes": {
            "description": "Asia Pacific (Tokyo)",
            "endpoint": "ec2.ap-northeast-1.amazonaws.com",
            "id": "ap-northeast-1",
            "name": "ap-northeast-1"
          },
          "sensitive_attributes": []
        }
      ]
    },
    {
      "module": "module.vpc_workload",
      "mode": "data",
      "type": "aws_ssm_parameter",
      "name": "amzn2_arm_ami",
      "provider": "provider[\"registry.terraform.io/hashicorp/aws\"]",
      "instances": [
        {
          "schema_version": 0,
          "attributes": {
            "arn": "arn:aws:ssm:ap-northeast-1::parameter/aws/service/ami-amazon-linux-latest/amzn2-ami-hvm-arm64-gp2",
            "id": "/aws/service/ami-amazon-linux-latest/amzn2-ami-hvm-arm64-gp2",
            "insecure_value": "ami-0f8e611dc1af82728",
            "name": "/aws/service/ami-amazon-linux-latest/amzn2-ami-hvm-arm64-gp2",
            "type": "String",
            "value": "ami-0f8e611dc1af82728",
            "version": 100,
            "with_decryption": true
          },
          "sensitive_attributes": [
            [
              {
                "type": "get_attr",
                "value": "value"
              }
            ]
          ]
        }
      ]
    },
    {
      "module": "module.vpc_workload",
      "mode": "managed",
      "type": "aws_iam_instance_profile",
      "name": "bastion",
      "provider": "provider[\"registry.terraform.io/hashicorp/aws\"]",
      "instances": [
        {
          "schema_version": 0,
          "attributes": {
            "arn": "arn:aws:iam::890942158228:instance-profile/ec2_profile_bastion_instance_selin-tf",
            "create_date": "2024-06-09T04:28:22Z",
            "id": "ec2_profile_bastion_instance_selin-tf",
            "name": "ec2_profile_bastion_instance_selin-tf",
            "name_prefix": "",
            "path": "/",
            "role": "ec2_profile_bastion_instance_selin-tf",
            "tags": {},
            "tags_all": {
              "CmBillingGroup": "OTHER",
              "CodedResource": "true",
              "Environment": "playground",
              "IaC": "local",
              "Owner": "",
              "Service": "selin-tf"
            },
            "unique_id": "AIPA464CKOWKHHDAEQZLC"
          },
          "sensitive_attributes": [],
          "private": "bnVsbA==",
          "dependencies": [
            "module.vpc_workload.aws_iam_role.ec2_instance_profile",
            "module.vpc_workload.data.aws_iam_policy_document.ec2_common_instance_profile"
          ]
        }
      ]
    },
    {
      "module": "module.vpc_workload",
      "mode": "managed",
      "type": "aws_iam_instance_profile",
      "name": "ec2_nat_instance",
      "provider": "provider[\"registry.terraform.io/hashicorp/aws\"]",
      "instances": [
        {
          "schema_version": 0,
          "attributes": {
            "arn": "arn:aws:iam::890942158228:instance-profile/ec2_profile_nat_instance_selin-tf_vpc",
            "create_date": "2024-06-09T04:28:22Z",
            "id": "ec2_profile_nat_instance_selin-tf_vpc",
            "name": "ec2_profile_nat_instance_selin-tf_vpc",
            "name_prefix": "",
            "path": "/",
            "role": "ec2_profile_nat_instance_selin-tf_vpc",
            "tags": {},
            "tags_all": {
              "CmBillingGroup": "OTHER",
              "CodedResource": "true",
              "Environment": "playground",
              "IaC": "local",
              "Owner": "",
              "Service": "selin-tf"
            },
            "unique_id": "AIPA464CKOWKJSK7KSM6Q"
          },
          "sensitive_attributes": [],
          "private": "bnVsbA==",
          "dependencies": [
            "module.vpc_workload.aws_iam_role.ec2_nat_instance",
            "module.vpc_workload.data.aws_iam_policy_document.ec2_nat_instance"
          ]
        }
      ]
    },
    {
      "module": "module.vpc_workload",
      "mode": "managed",
      "type": "aws_iam_role",
      "name": "ec2_instance_profile",
      "provider": "provider[\"registry.terraform.io/hashicorp/aws\"]",
      "instances": [
        {
          "schema_version": 0,
          "attributes": {
            "arn": "arn:aws:iam::890942158228:role/instanceprofile/ec2_profile_bastion_instance_selin-tf",
            "assume_role_policy": "{\"Statement\":[{\"Action\":\"sts:AssumeRole\",\"Effect\":\"Allow\",\"Principal\":{\"Service\":\"ec2.amazonaws.com\"}}],\"Version\":\"2012-10-17\"}",
            "create_date": "2024-06-09T04:28:20Z",
            "description": "",
            "force_detach_policies": false,
            "id": "ec2_profile_bastion_instance_selin-tf",
            "inline_policy": [],
            "managed_policy_arns": [
              "arn:aws:iam::aws:policy/AmazonSSMManagedInstanceCore"
            ],
            "max_session_duration": 3600,
            "name": "ec2_profile_bastion_instance_selin-tf",
            "name_prefix": "",
            "path": "/instanceprofile/",
            "permissions_boundary": null,
            "tags": {},
            "tags_all": {
              "CmBillingGroup": "OTHER",
              "CodedResource": "true",
              "Environment": "playground",
              "IaC": "local",
              "Owner": "",
              "Service": "selin-tf"
            },
            "unique_id": "AROA464CKOWKFI6OEXZQW"
          },
          "sensitive_attributes": [],
          "private": "bnVsbA==",
          "dependencies": [
            "module.vpc_workload.data.aws_iam_policy_document.ec2_common_instance_profile"
          ]
        }
      ]
    },
    {
      "module": "module.vpc_workload",
      "mode": "managed",
      "type": "aws_iam_role",
      "name": "ec2_nat_instance",
      "provider": "provider[\"registry.terraform.io/hashicorp/aws\"]",
      "instances": [
        {
          "schema_version": 0,
          "attributes": {
            "arn": "arn:aws:iam::890942158228:role/instanceprofile/ec2_profile_nat_instance_selin-tf_vpc",
            "assume_role_policy": "{\"Statement\":[{\"Action\":\"sts:AssumeRole\",\"Effect\":\"Allow\",\"Principal\":{\"Service\":\"ec2.amazonaws.com\"}}],\"Version\":\"2012-10-17\"}",
            "create_date": "2024-06-09T04:28:20Z",
            "description": "",
            "force_detach_policies": false,
            "id": "ec2_profile_nat_instance_selin-tf_vpc",
            "inline_policy": [],
            "managed_policy_arns": [
              "arn:aws:iam::aws:policy/AmazonSSMManagedInstanceCore"
            ],
            "max_session_duration": 3600,
            "name": "ec2_profile_nat_instance_selin-tf_vpc",
            "name_prefix": "",
            "path": "/instanceprofile/",
            "permissions_boundary": null,
            "tags": {},
            "tags_all": {
              "CmBillingGroup": "OTHER",
              "CodedResource": "true",
              "Environment": "playground",
              "IaC": "local",
              "Owner": "",
              "Service": "selin-tf"
            },
            "unique_id": "AROA464CKOWKHU4VBHIRH"
          },
          "sensitive_attributes": [],
          "private": "bnVsbA==",
          "dependencies": [
            "module.vpc_workload.data.aws_iam_policy_document.ec2_nat_instance"
          ]
        }
      ]
    },
    {
      "module": "module.vpc_workload",
      "mode": "managed",
      "type": "aws_instance",
      "name": "bastion",
      "provider": "provider[\"registry.terraform.io/hashicorp/aws\"]",
      "instances": [
        {
          "index_key": 0,
          "schema_version": 1,
          "attributes": {
            "ami": "ami-0f8e611dc1af82728",
            "arn": "arn:aws:ec2:ap-northeast-1:890942158228:instance/i-0441d382d51a9c7f7",
            "associate_public_ip_address": false,
            "availability_zone": "ap-northeast-1a",
            "capacity_reservation_specification": [
              {
                "capacity_reservation_preference": "open",
                "capacity_reservation_target": []
              }
            ],
            "cpu_core_count": 2,
            "cpu_options": [
              {
                "amd_sev_snp": "",
                "core_count": 2,
                "threads_per_core": 1
              }
            ],
            "cpu_threads_per_core": 1,
            "credit_specification": [
              {
                "cpu_credits": "unlimited"
              }
            ],
            "disable_api_stop": false,
            "disable_api_termination": true,
            "ebs_block_device": [],
            "ebs_optimized": false,
            "enclave_options": [
              {
                "enabled": false
              }
            ],
            "ephemeral_block_device": [],
            "get_password_data": false,
            "hibernation": false,
            "host_id": "",
            "host_resource_group_arn": null,
            "iam_instance_profile": "ec2_profile_bastion_instance_selin-tf",
            "id": "i-0441d382d51a9c7f7",
            "instance_initiated_shutdown_behavior": "stop",
            "instance_lifecycle": "",
            "instance_market_options": [],
            "instance_state": "running",
            "instance_type": "t4g.nano",
            "ipv6_address_count": 0,
            "ipv6_addresses": [],
            "key_name": "ec2.instance.selin-tf-bastion.ec2-user.id_rsa.pub",
            "launch_template": [],
            "maintenance_options": [
              {
                "auto_recovery": "default"
              }
            ],
            "metadata_options": [
              {
                "http_endpoint": "enabled",
                "http_put_response_hop_limit": 1,
                "http_tokens": "required",
                "instance_metadata_tags": "disabled"
              }
            ],
            "monitoring": false,
            "network_interface": [],
            "outpost_arn": "",
            "password_data": "",
            "placement_group": "",
            "placement_partition_number": 0,
            "primary_network_interface_id": "eni-09614d2dce5ac0414",
            "private_dns": "ip-10-0-40-29.ap-northeast-1.compute.internal",
            "private_dns_name_options": [
              {
                "enable_resource_name_dns_a_record": true,
                "enable_resource_name_dns_aaaa_record": false,
                "hostname_type": "ip-name"
              }
            ],
            "private_ip": "10.0.40.29",
            "public_dns": "",
            "public_ip": "",
            "root_block_device": [
              {
                "delete_on_termination": true,
                "device_name": "/dev/xvda",
                "encrypted": true,
                "iops": 3000,
                "kms_key_id": "arn:aws:kms:ap-northeast-1:890942158228:key/96d546e4-905a-4941-906c-38c6a9a014c8",
                "tags": {},
                "throughput": 125,
                "volume_id": "vol-04715cb542f77c7e6",
                "volume_size": 8,
                "volume_type": "gp3"
              }
            ],
            "secondary_private_ips": [],
            "security_groups": [],
            "source_dest_check": false,
            "spot_instance_request_id": "",
            "subnet_id": "subnet-0d789eb5b578648a2",
            "tags": {
              "AWSBackupTarget": "false",
              "Name": "selin-tf-bastion"
            },
            "tags_all": {
              "AWSBackupTarget": "false",
              "CmBillingGroup": "OTHER",
              "CodedResource": "true",
              "Environment": "playground",
              "IaC": "local",
              "Name": "selin-tf-bastion",
              "Owner": "",
              "Service": "selin-tf"
            },
            "tenancy": "default",
            "timeouts": null,
            "user_data": "962cfe1caa92db4a120b37000ab19fcd81399b65",
            "user_data_base64": null,
            "user_data_replace_on_change": false,
            "volume_tags": {
              "Name": "selin-tf-bastion"
            },
            "vpc_security_group_ids": [
              "sg-06b5a809205fe30f5",
              "sg-09347ad19a09acb43"
            ]
          },
          "sensitive_attributes": [
            [
              {
                "type": "get_attr",
                "value": "ami"
              }
            ]
          ],
          "private": "eyJlMmJmYjczMC1lY2FhLTExZTYtOGY4OC0zNDM2M2JjN2M0YzAiOnsiY3JlYXRlIjo2MDAwMDAwMDAwMDAsImRlbGV0ZSI6MTIwMDAwMDAwMDAwMCwidXBkYXRlIjo2MDAwMDAwMDAwMDB9LCJzY2hlbWFfdmVyc2lvbiI6IjEifQ==",
          "dependencies": [
            "module.vpc_workload.aws_iam_instance_profile.bastion",
            "module.vpc_workload.aws_iam_role.ec2_instance_profile",
            "module.vpc_workload.aws_key_pair.ec2_keypair_bastion",
            "module.vpc_workload.aws_security_group.ec2_bastion",
            "module.vpc_workload.aws_security_group.manage_subnet_group",
            "module.vpc_workload.aws_subnet.manage",
            "module.vpc_workload.aws_vpc.default",
            "module.vpc_workload.data.aws_iam_policy_document.ec2_common_instance_profile",
            "module.vpc_workload.data.aws_ssm_parameter.amzn2_arm_ami",
            "module.vpc_workload.tls_private_key.ec2_keypair_bastion"
          ]
        }
      ]
    },
    {
      "module": "module.vpc_workload",
      "mode": "managed",
      "type": "aws_instance",
      "name": "ec2_nat_instance",
      "provider": "provider[\"registry.terraform.io/hashicorp/aws\"]",
      "instances": [
        {
          "index_key": 0,
          "schema_version": 1,
          "attributes": {
            "ami": "ami-0f8e611dc1af82728",
            "arn": "arn:aws:ec2:ap-northeast-1:890942158228:instance/i-0ad5df8bc98d47348",
            "associate_public_ip_address": true,
            "availability_zone": "ap-northeast-1a",
            "capacity_reservation_specification": [
              {
                "capacity_reservation_preference": "open",
                "capacity_reservation_target": []
              }
            ],
            "cpu_core_count": 2,
            "cpu_options": [
              {
                "amd_sev_snp": "",
                "core_count": 2,
                "threads_per_core": 1
              }
            ],
            "cpu_threads_per_core": 1,
            "credit_specification": [
              {
                "cpu_credits": "unlimited"
              }
            ],
            "disable_api_stop": false,
            "disable_api_termination": true,
            "ebs_block_device": [],
            "ebs_optimized": false,
            "enclave_options": [
              {
                "enabled": false
              }
            ],
            "ephemeral_block_device": [],
            "get_password_data": false,
            "hibernation": false,
            "host_id": "",
            "host_resource_group_arn": null,
            "iam_instance_profile": "ec2_profile_nat_instance_selin-tf_vpc",
            "id": "i-0ad5df8bc98d47348",
            "instance_initiated_shutdown_behavior": "stop",
            "instance_lifecycle": "",
            "instance_market_options": [],
            "instance_state": "running",
            "instance_type": "t4g.nano",
            "ipv6_address_count": 1,
            "ipv6_addresses": [
              "2406:da14:1562:111e:6cc0:120e:cd26:ebd"
            ],
            "key_name": "ec2.instance.selin-tf-nat-instance.0.ec2-user.id_rsa.pub",
            "launch_template": [],
            "maintenance_options": [
              {
                "auto_recovery": "default"
              }
            ],
            "metadata_options": [
              {
                "http_endpoint": "enabled",
                "http_put_response_hop_limit": 1,
                "http_tokens": "required",
                "instance_metadata_tags": "disabled"
              }
            ],
            "monitoring": false,
            "network_interface": [],
            "outpost_arn": "",
            "password_data": "",
            "placement_group": "",
            "placement_partition_number": 0,
            "primary_network_interface_id": "eni-0e3cd39022de4278a",
            "private_dns": "ip-10-0-30-119.ap-northeast-1.compute.internal",
            "private_dns_name_options": [
              {
                "enable_resource_name_dns_a_record": false,
                "enable_resource_name_dns_aaaa_record": false,
                "hostname_type": "ip-name"
              }
            ],
            "private_ip": "10.0.30.119",
            "public_dns": "ec2-57-180-40-33.ap-northeast-1.compute.amazonaws.com",
            "public_ip": "57.180.40.33",
            "root_block_device": [
              {
                "delete_on_termination": true,
                "device_name": "/dev/xvda",
                "encrypted": true,
                "iops": 3000,
                "kms_key_id": "arn:aws:kms:ap-northeast-1:890942158228:key/96d546e4-905a-4941-906c-38c6a9a014c8",
                "tags": {},
                "throughput": 125,
                "volume_id": "vol-01c41a14a2dc1567b",
                "volume_size": 8,
                "volume_type": "gp3"
              }
            ],
            "secondary_private_ips": [],
            "security_groups": [],
            "source_dest_check": false,
            "spot_instance_request_id": "",
            "subnet_id": "subnet-016eaa02bb0ae66b2",
            "tags": {
              "AWSBackupTarget": "false",
              "Name": "selin-tf-nat-instance[0]"
            },
            "tags_all": {
              "AWSBackupTarget": "false",
              "CmBillingGroup": "OTHER",
              "CodedResource": "true",
              "Environment": "playground",
              "IaC": "local",
              "Name": "selin-tf-nat-instance[0]",
              "Owner": "",
              "Service": "selin-tf"
            },
            "tenancy": "default",
            "timeouts": null,
            "user_data": "0f98518a47b7c66d0f1b09a8b75273cd25e6271c",
            "user_data_base64": null,
            "user_data_replace_on_change": false,
            "volume_tags": {
              "Name": "selin-tf-nat-instance[0]"
            },
            "vpc_security_group_ids": [
              "sg-04581fcf2574de7c2",
              "sg-0f8b2d57a2755ebe7"
            ]
          },
          "sensitive_attributes": [
            [
              {
                "type": "get_attr",
                "value": "ami"
              }
            ]
          ],
          "private": "eyJlMmJmYjczMC1lY2FhLTExZTYtOGY4OC0zNDM2M2JjN2M0YzAiOnsiY3JlYXRlIjo2MDAwMDAwMDAwMDAsImRlbGV0ZSI6MTIwMDAwMDAwMDAwMCwidXBkYXRlIjo2MDAwMDAwMDAwMDB9LCJzY2hlbWFfdmVyc2lvbiI6IjEifQ==",
          "dependencies": [
            "module.vpc_workload.aws_iam_instance_profile.ec2_nat_instance",
            "module.vpc_workload.aws_iam_role.ec2_nat_instance",
            "module.vpc_workload.aws_key_pair.ec2_keypair_natinstance",
            "module.vpc_workload.aws_security_group.ec2_bastion",
            "module.vpc_workload.aws_security_group.ec2_nat_instance",
            "module.vpc_workload.aws_security_group.nat_subnet_group",
            "module.vpc_workload.aws_subnet.nat",
            "module.vpc_workload.aws_vpc.default",
            "module.vpc_workload.data.aws_iam_policy_document.ec2_nat_instance",
            "module.vpc_workload.data.aws_ssm_parameter.amzn2_arm_ami",
            "module.vpc_workload.tls_private_key.ec2_keypair_natinstance"
          ]
        }
      ]
    },
    {
      "module": "module.vpc_workload",
      "mode": "managed",
      "type": "aws_internet_gateway",
      "name": "default",
      "provider": "provider[\"registry.terraform.io/hashicorp/aws\"]",
      "instances": [
        {
          "schema_version": 0,
          "attributes": {
            "arn": "arn:aws:ec2:ap-northeast-1:890942158228:internet-gateway/igw-03fb3d6c3c61762c8",
            "id": "igw-03fb3d6c3c61762c8",
            "owner_id": "890942158228",
            "tags": {
              "Name": "selin-tf-vpc-igw"
            },
            "tags_all": {
              "CmBillingGroup": "OTHER",
              "CodedResource": "true",
              "Environment": "playground",
              "IaC": "local",
              "Name": "selin-tf-vpc-igw",
              "Owner": "",
              "Service": "selin-tf"
            },
            "timeouts": null,
            "vpc_id": "vpc-086af42df53e8fb6d"
          },
          "sensitive_attributes": [],
          "private": "eyJlMmJmYjczMC1lY2FhLTExZTYtOGY4OC0zNDM2M2JjN2M0YzAiOnsiY3JlYXRlIjoxMjAwMDAwMDAwMDAwLCJkZWxldGUiOjEyMDAwMDAwMDAwMDAsInVwZGF0ZSI6MTIwMDAwMDAwMDAwMH19",
          "dependencies": [
            "module.vpc_workload.aws_vpc.default"
          ]
        }
      ]
    },
    {
      "module": "module.vpc_workload",
      "mode": "managed",
      "type": "aws_key_pair",
      "name": "ec2_keypair_bastion",
      "provider": "provider[\"registry.terraform.io/hashicorp/aws\"]",
      "instances": [
        {
          "index_key": 0,
          "schema_version": 1,
          "attributes": {
            "arn": "arn:aws:ec2:ap-northeast-1:890942158228:key-pair/ec2.instance.selin-tf-bastion.ec2-user.id_rsa.pub",
            "fingerprint": "66:a8:6d:ed:0d:eb:c0:80:d3:94:46:62:62:76:10:07",
            "id": "ec2.instance.selin-tf-bastion.ec2-user.id_rsa.pub",
            "key_name": "ec2.instance.selin-tf-bastion.ec2-user.id_rsa.pub",
            "key_name_prefix": "",
            "key_pair_id": "key-0b4a0030e4f1d9a6d",
            "key_type": "rsa",
            "public_key": "ssh-rsa AAAAB3NzaC1yc2EAAAADAQABAAACAQCvauVDvIoxr3sXj3YYhGloTxGCVLQAj/6kjcjWDRYEJ2Qxwch36DIyXgKn8eaSht++jrMSDjMHiqIoRcrEaqJ/GE8Pzwr+P9K1LBnH5pktkUAn4OgUYCRcccxYL0HHNPMv8v74AfVedJN+HsQ3Aob0uslYAgTTKvd1buidi4NusorV2yRve3geU89HCFPH+eZVRGQe078OtA+GFSI4P8D8CBgvVxBiq9UTOJLIKbcrZk71B9Q2cuiTiDHdGmOVrblw884/GmrFDw9mKZtPP0jrYhxW+W+FQZHIr3wzEIpIg9BwbzX/qz//Rnqj9TuWScd8FjjXv9faGpUb+WvXSCqCH5Wb7DrDTMIWy+v7TPU3mVRQMkZdLpPiU5dpm+dNTCqEbBNJBTn47xMW12iyxgoE9jNIhXpIza9rz5RPhP9kvpPcYvU/4nNvwNvnUgB8qpLz/IgrKZW3Mpykqpd/H/VpzpOtx1oGGvm9JnjVDQ72Ka+lZQd37nDuZ/3BvdF8LSo1NuLIoNPFnqp7zwWPXUGFGXdq58ijUKGZDm8N2QZdEmVdadU3BQzBCYX+edBeSAaOpB0d0Y8wpHz2XyrJy92irx4NPnIWXs8yCtSz3LzTeGlY8/MKs+DTDXDYhc8TIOVEzKm6pfg7ZPj5t59lCbZDuMNk4NHvyQ6A1gyHrBn+KQ==",
            "tags": {},
            "tags_all": {
              "CmBillingGroup": "OTHER",
              "CodedResource": "true",
              "Environment": "playground",
              "IaC": "local",
              "Owner": "",
              "Service": "selin-tf"
            }
          },
          "sensitive_attributes": [
            [
              {
                "type": "get_attr",
                "value": "public_key"
              }
            ]
          ],
          "private": "eyJzY2hlbWFfdmVyc2lvbiI6IjEifQ==",
          "dependencies": [
            "module.vpc_workload.tls_private_key.ec2_keypair_bastion"
          ]
        }
      ]
    },
    {
      "module": "module.vpc_workload",
      "mode": "managed",
      "type": "aws_key_pair",
      "name": "ec2_keypair_natinstance",
      "provider": "provider[\"registry.terraform.io/hashicorp/aws\"]",
      "instances": [
        {
          "index_key": 0,
          "schema_version": 1,
          "attributes": {
            "arn": "arn:aws:ec2:ap-northeast-1:890942158228:key-pair/ec2.instance.selin-tf-nat-instance.0.ec2-user.id_rsa.pub",
            "fingerprint": "a5:b7:1e:f6:67:f2:23:2b:89:83:91:da:69:f2:f1:2b",
            "id": "ec2.instance.selin-tf-nat-instance.0.ec2-user.id_rsa.pub",
            "key_name": "ec2.instance.selin-tf-nat-instance.0.ec2-user.id_rsa.pub",
            "key_name_prefix": "",
            "key_pair_id": "key-01f1145f9bdb65ce3",
            "key_type": "rsa",
            "public_key": "ssh-rsa AAAAB3NzaC1yc2EAAAADAQABAAACAQDN4tjS93HZP0Jh6iKzrtJfEHzjA7uHnAMps6w9RgJebqn5chvVsn7h6sEki8zIw94ihPaiBoYf2/ed9t/js99BCq6i3pGtbSC5HWUVlBpvRxvslCX7FHY6kwd7LBxk05zc5cH87YrsnjdM7TcIGruGVReZsRZjDEats+o0rKCH07hEREW00cSO7+oHpkKPKGW3cdy6MywvBPvUFGuGlnjDqYKyGSstdmbbz7+2FEm5d6ltjHmMoBh0skrndoQYGpFSs5lDD/+93RpwDmteXYdV9qYmuVZgJKIQufH1ZPVMcq37JwMg21JI3CY9wraCYMKmb4LC7BgAfR+9EpGLqUsi5pDKDiaBC4L9zk5YflpwUNoeLaZp1fZ8zeTVXkXHoSEsJhnQ6A2QiIbD47vLbT++MoGCtJEwnIseRyCpmpSCdvGtKtePTi1M39+sFCp3y7OXcGuRx2PSxoemOfTSxPuSJWqXNdP8IgnXDoXqxxaCmoykMSXHfFO3cMcjxbsvfVpGGiSpa9mna8zyHKP3nEwIEFhxYqGCyvKSaIKwYM6wqxuGoeUJHZOW2KbGUNkmkY53c0zZR1TL+HcZjLj20EVYCoHP1/gC/3lU1wNodn3vz8uHrY15ssdgEEikqBt2fTr05+gnGbyhnXaaYExzy1djmNoN29z/UVhbD+iiDaCeZQ==",
            "tags": {},
            "tags_all": {
              "CmBillingGroup": "OTHER",
              "CodedResource": "true",
              "Environment": "playground",
              "IaC": "local",
              "Owner": "",
              "Service": "selin-tf"
            }
          },
          "sensitive_attributes": [
            [
              {
                "type": "get_attr",
                "value": "public_key"
              }
            ]
          ],
          "private": "eyJzY2hlbWFfdmVyc2lvbiI6IjEifQ==",
          "dependencies": [
            "module.vpc_workload.tls_private_key.ec2_keypair_natinstance"
          ]
        }
      ]
    },
    {
      "module": "module.vpc_workload",
      "mode": "managed",
      "type": "aws_route53_record",
      "name": "nat_instance_in_a",
      "provider": "provider[\"registry.terraform.io/hashicorp/aws\"]",
      "instances": [
        {
          "index_key": 0,
          "schema_version": 2,
          "attributes": {
            "alias": [],
            "allow_overwrite": null,
            "cidr_routing_policy": [],
            "failover_routing_policy": [],
            "fqdn": "gw1.sre.bizmates.co.jp",
            "geolocation_routing_policy": [],
            "health_check_id": "",
            "id": "Z09199501MS1MJQMJ796B_gw1_A",
            "latency_routing_policy": [],
            "multivalue_answer_routing_policy": false,
            "name": "gw1",
            "records": [
              "57.180.40.33"
            ],
            "set_identifier": "",
            "ttl": 300,
            "type": "A",
            "weighted_routing_policy": [],
            "zone_id": "Z09199501MS1MJQMJ796B"
          },
          "sensitive_attributes": [],
          "private": "eyJzY2hlbWFfdmVyc2lvbiI6IjIifQ==",
          "dependencies": [
            "module.vpc_workload.aws_iam_instance_profile.ec2_nat_instance",
            "module.vpc_workload.aws_iam_role.ec2_nat_instance",
            "module.vpc_workload.aws_instance.ec2_nat_instance",
            "module.vpc_workload.aws_key_pair.ec2_keypair_natinstance",
            "module.vpc_workload.aws_security_group.ec2_bastion",
            "module.vpc_workload.aws_security_group.ec2_nat_instance",
            "module.vpc_workload.aws_security_group.nat_subnet_group",
            "module.vpc_workload.aws_subnet.nat",
            "module.vpc_workload.aws_vpc.default",
            "module.vpc_workload.data.aws_iam_policy_document.ec2_nat_instance",
            "module.vpc_workload.data.aws_ssm_parameter.amzn2_arm_ami",
            "module.vpc_workload.tls_private_key.ec2_keypair_natinstance"
          ]
        }
      ]
    },
    {
      "module": "module.vpc_workload",
      "mode": "managed",
      "type": "aws_route_table",
      "name": "local",
      "provider": "provider[\"registry.terraform.io/hashicorp/aws\"]",
      "instances": [
        {
          "schema_version": 0,
          "attributes": {
            "arn": "arn:aws:ec2:ap-northeast-1:890942158228:route-table/rtb-03d5e099cf5fbca88",
            "id": "rtb-03d5e099cf5fbca88",
            "owner_id": "890942158228",
            "propagating_vgws": [],
            "route": [],
            "tags": {
              "Name": "selin-tf-internal"
            },
            "tags_all": {
              "CmBillingGroup": "OTHER",
              "CodedResource": "true",
              "Environment": "playground",
              "IaC": "local",
              "Name": "selin-tf-internal",
              "Owner": "",
              "Service": "selin-tf"
            },
            "timeouts": null,
            "vpc_id": "vpc-086af42df53e8fb6d"
          },
          "sensitive_attributes": [],
          "private": "eyJlMmJmYjczMC1lY2FhLTExZTYtOGY4OC0zNDM2M2JjN2M0YzAiOnsiY3JlYXRlIjozMDAwMDAwMDAwMDAsImRlbGV0ZSI6MzAwMDAwMDAwMDAwLCJ1cGRhdGUiOjEyMDAwMDAwMDAwMH19",
          "dependencies": [
            "module.vpc_workload.aws_vpc.default"
          ]
        }
      ]
    },
    {
      "module": "module.vpc_workload",
      "mode": "managed",
      "type": "aws_route_table",
      "name": "manage",
      "provider": "provider[\"registry.terraform.io/hashicorp/aws\"]",
      "instances": [
        {
          "index_key": 0,
          "schema_version": 0,
          "attributes": {
            "arn": "arn:aws:ec2:ap-northeast-1:890942158228:route-table/rtb-05280eaea654c9d6b",
            "id": "rtb-05280eaea654c9d6b",
            "owner_id": "890942158228",
            "propagating_vgws": [],
            "route": [
              {
                "carrier_gateway_id": "",
                "cidr_block": "0.0.0.0/0",
                "core_network_arn": "",
                "destination_prefix_list_id": "",
                "egress_only_gateway_id": "",
                "gateway_id": "",
                "ipv6_cidr_block": "",
                "local_gateway_id": "",
                "nat_gateway_id": "",
                "network_interface_id": "eni-0e3cd39022de4278a",
                "transit_gateway_id": "",
                "vpc_endpoint_id": "",
                "vpc_peering_connection_id": ""
              }
            ],
            "tags": {
              "Name": "selin-tf-manage-route[0]"
            },
            "tags_all": {
              "CmBillingGroup": "OTHER",
              "CodedResource": "true",
              "Environment": "playground",
              "IaC": "local",
              "Name": "selin-tf-manage-route[0]",
              "Owner": "",
              "Service": "selin-tf"
            },
            "timeouts": null,
            "vpc_id": "vpc-086af42df53e8fb6d"
          },
          "sensitive_attributes": [],
          "private": "eyJlMmJmYjczMC1lY2FhLTExZTYtOGY4OC0zNDM2M2JjN2M0YzAiOnsiY3JlYXRlIjozMDAwMDAwMDAwMDAsImRlbGV0ZSI6MzAwMDAwMDAwMDAwLCJ1cGRhdGUiOjEyMDAwMDAwMDAwMH19",
          "dependencies": [
            "module.vpc_workload.aws_eip.natgw_default",
            "module.vpc_workload.aws_iam_instance_profile.ec2_nat_instance",
            "module.vpc_workload.aws_iam_role.ec2_nat_instance",
            "module.vpc_workload.aws_instance.ec2_nat_instance",
            "module.vpc_workload.aws_internet_gateway.default",
            "module.vpc_workload.aws_key_pair.ec2_keypair_natinstance",
            "module.vpc_workload.aws_nat_gateway.default",
            "module.vpc_workload.aws_security_group.ec2_bastion",
            "module.vpc_workload.aws_security_group.ec2_nat_instance",
            "module.vpc_workload.aws_security_group.nat_subnet_group",
            "module.vpc_workload.aws_subnet.nat",
            "module.vpc_workload.aws_vpc.default",
            "module.vpc_workload.data.aws_iam_policy_document.ec2_nat_instance",
            "module.vpc_workload.data.aws_ssm_parameter.amzn2_arm_ami",
            "module.vpc_workload.tls_private_key.ec2_keypair_natinstance"
          ]
        },
        {
          "index_key": 1,
          "schema_version": 0,
          "attributes": {
            "arn": "arn:aws:ec2:ap-northeast-1:890942158228:route-table/rtb-05efe8b3940434842",
            "id": "rtb-05efe8b3940434842",
            "owner_id": "890942158228",
            "propagating_vgws": [],
            "route": [
              {
                "carrier_gateway_id": "",
                "cidr_block": "0.0.0.0/0",
                "core_network_arn": "",
                "destination_prefix_list_id": "",
                "egress_only_gateway_id": "",
                "gateway_id": "",
                "ipv6_cidr_block": "",
                "local_gateway_id": "",
                "nat_gateway_id": "",
                "network_interface_id": "eni-0e3cd39022de4278a",
                "transit_gateway_id": "",
                "vpc_endpoint_id": "",
                "vpc_peering_connection_id": ""
              }
            ],
            "tags": {
              "Name": "selin-tf-manage-route[1]"
            },
            "tags_all": {
              "CmBillingGroup": "OTHER",
              "CodedResource": "true",
              "Environment": "playground",
              "IaC": "local",
              "Name": "selin-tf-manage-route[1]",
              "Owner": "",
              "Service": "selin-tf"
            },
            "timeouts": null,
            "vpc_id": "vpc-086af42df53e8fb6d"
          },
          "sensitive_attributes": [],
          "private": "eyJlMmJmYjczMC1lY2FhLTExZTYtOGY4OC0zNDM2M2JjN2M0YzAiOnsiY3JlYXRlIjozMDAwMDAwMDAwMDAsImRlbGV0ZSI6MzAwMDAwMDAwMDAwLCJ1cGRhdGUiOjEyMDAwMDAwMDAwMH19",
          "dependencies": [
            "module.vpc_workload.aws_eip.natgw_default",
            "module.vpc_workload.aws_iam_instance_profile.ec2_nat_instance",
            "module.vpc_workload.aws_iam_role.ec2_nat_instance",
            "module.vpc_workload.aws_instance.ec2_nat_instance",
            "module.vpc_workload.aws_internet_gateway.default",
            "module.vpc_workload.aws_key_pair.ec2_keypair_natinstance",
            "module.vpc_workload.aws_nat_gateway.default",
            "module.vpc_workload.aws_security_group.ec2_bastion",
            "module.vpc_workload.aws_security_group.ec2_nat_instance",
            "module.vpc_workload.aws_security_group.nat_subnet_group",
            "module.vpc_workload.aws_subnet.nat",
            "module.vpc_workload.aws_vpc.default",
            "module.vpc_workload.data.aws_iam_policy_document.ec2_nat_instance",
            "module.vpc_workload.data.aws_ssm_parameter.amzn2_arm_ami",
            "module.vpc_workload.tls_private_key.ec2_keypair_natinstance"
          ]
        }
      ]
    },
    {
      "module": "module.vpc_workload",
      "mode": "managed",
      "type": "aws_route_table",
      "name": "nat",
      "provider": "provider[\"registry.terraform.io/hashicorp/aws\"]",
      "instances": [
        {
          "schema_version": 0,
          "attributes": {
            "arn": "arn:aws:ec2:ap-northeast-1:890942158228:route-table/rtb-0914a5805ee1fd7eb",
            "id": "rtb-0914a5805ee1fd7eb",
            "owner_id": "890942158228",
            "propagating_vgws": [],
            "route": [
              {
                "carrier_gateway_id": "",
                "cidr_block": "",
                "core_network_arn": "",
                "destination_prefix_list_id": "",
                "egress_only_gateway_id": "",
                "gateway_id": "igw-03fb3d6c3c61762c8",
                "ipv6_cidr_block": "::/0",
                "local_gateway_id": "",
                "nat_gateway_id": "",
                "network_interface_id": "",
                "transit_gateway_id": "",
                "vpc_endpoint_id": "",
                "vpc_peering_connection_id": ""
              },
              {
                "carrier_gateway_id": "",
                "cidr_block": "0.0.0.0/0",
                "core_network_arn": "",
                "destination_prefix_list_id": "",
                "egress_only_gateway_id": "",
                "gateway_id": "igw-03fb3d6c3c61762c8",
                "ipv6_cidr_block": "",
                "local_gateway_id": "",
                "nat_gateway_id": "",
                "network_interface_id": "",
                "transit_gateway_id": "",
                "vpc_endpoint_id": "",
                "vpc_peering_connection_id": ""
              }
            ],
            "tags": {
              "Name": "selin-tf-nat"
            },
            "tags_all": {
              "CmBillingGroup": "OTHER",
              "CodedResource": "true",
              "Environment": "playground",
              "IaC": "local",
              "Name": "selin-tf-nat",
              "Owner": "",
              "Service": "selin-tf"
            },
            "timeouts": null,
            "vpc_id": "vpc-086af42df53e8fb6d"
          },
          "sensitive_attributes": [],
          "private": "eyJlMmJmYjczMC1lY2FhLTExZTYtOGY4OC0zNDM2M2JjN2M0YzAiOnsiY3JlYXRlIjozMDAwMDAwMDAwMDAsImRlbGV0ZSI6MzAwMDAwMDAwMDAwLCJ1cGRhdGUiOjEyMDAwMDAwMDAwMH19",
          "dependencies": [
            "module.vpc_workload.aws_internet_gateway.default",
            "module.vpc_workload.aws_vpc.default"
          ]
        }
      ]
    },
    {
      "module": "module.vpc_workload",
      "mode": "managed",
      "type": "aws_route_table",
      "name": "private",
      "provider": "provider[\"registry.terraform.io/hashicorp/aws\"]",
      "instances": [
        {
          "index_key": 0,
          "schema_version": 0,
          "attributes": {
            "arn": "arn:aws:ec2:ap-northeast-1:890942158228:route-table/rtb-01db663d0b99d71af",
            "id": "rtb-01db663d0b99d71af",
            "owner_id": "890942158228",
            "propagating_vgws": [],
            "route": [
              {
                "carrier_gateway_id": "",
                "cidr_block": "0.0.0.0/0",
                "core_network_arn": "",
                "destination_prefix_list_id": "",
                "egress_only_gateway_id": "",
                "gateway_id": "",
                "ipv6_cidr_block": "",
                "local_gateway_id": "",
                "nat_gateway_id": "",
                "network_interface_id": "eni-0e3cd39022de4278a",
                "transit_gateway_id": "",
                "vpc_endpoint_id": "",
                "vpc_peering_connection_id": ""
              }
            ],
            "tags": {
              "Name": "selin-tf-private-route[0]"
            },
            "tags_all": {
              "CmBillingGroup": "OTHER",
              "CodedResource": "true",
              "Environment": "playground",
              "IaC": "local",
              "Name": "selin-tf-private-route[0]",
              "Owner": "",
              "Service": "selin-tf"
            },
            "timeouts": null,
            "vpc_id": "vpc-086af42df53e8fb6d"
          },
          "sensitive_attributes": [],
          "private": "eyJlMmJmYjczMC1lY2FhLTExZTYtOGY4OC0zNDM2M2JjN2M0YzAiOnsiY3JlYXRlIjozMDAwMDAwMDAwMDAsImRlbGV0ZSI6MzAwMDAwMDAwMDAwLCJ1cGRhdGUiOjEyMDAwMDAwMDAwMH19",
          "dependencies": [
            "module.vpc_workload.aws_eip.natgw_default",
            "module.vpc_workload.aws_iam_instance_profile.ec2_nat_instance",
            "module.vpc_workload.aws_iam_role.ec2_nat_instance",
            "module.vpc_workload.aws_instance.ec2_nat_instance",
            "module.vpc_workload.aws_internet_gateway.default",
            "module.vpc_workload.aws_key_pair.ec2_keypair_natinstance",
            "module.vpc_workload.aws_nat_gateway.default",
            "module.vpc_workload.aws_security_group.ec2_bastion",
            "module.vpc_workload.aws_security_group.ec2_nat_instance",
            "module.vpc_workload.aws_security_group.nat_subnet_group",
            "module.vpc_workload.aws_subnet.nat",
            "module.vpc_workload.aws_vpc.default",
            "module.vpc_workload.data.aws_iam_policy_document.ec2_nat_instance",
            "module.vpc_workload.data.aws_ssm_parameter.amzn2_arm_ami",
            "module.vpc_workload.tls_private_key.ec2_keypair_natinstance"
          ]
        },
        {
          "index_key": 1,
          "schema_version": 0,
          "attributes": {
            "arn": "arn:aws:ec2:ap-northeast-1:890942158228:route-table/rtb-07085036d6f009243",
            "id": "rtb-07085036d6f009243",
            "owner_id": "890942158228",
            "propagating_vgws": [],
            "route": [
              {
                "carrier_gateway_id": "",
                "cidr_block": "0.0.0.0/0",
                "core_network_arn": "",
                "destination_prefix_list_id": "",
                "egress_only_gateway_id": "",
                "gateway_id": "",
                "ipv6_cidr_block": "",
                "local_gateway_id": "",
                "nat_gateway_id": "",
                "network_interface_id": "eni-0e3cd39022de4278a",
                "transit_gateway_id": "",
                "vpc_endpoint_id": "",
                "vpc_peering_connection_id": ""
              }
            ],
            "tags": {
              "Name": "selin-tf-private-route[1]"
            },
            "tags_all": {
              "CmBillingGroup": "OTHER",
              "CodedResource": "true",
              "Environment": "playground",
              "IaC": "local",
              "Name": "selin-tf-private-route[1]",
              "Owner": "",
              "Service": "selin-tf"
            },
            "timeouts": null,
            "vpc_id": "vpc-086af42df53e8fb6d"
          },
          "sensitive_attributes": [],
          "private": "eyJlMmJmYjczMC1lY2FhLTExZTYtOGY4OC0zNDM2M2JjN2M0YzAiOnsiY3JlYXRlIjozMDAwMDAwMDAwMDAsImRlbGV0ZSI6MzAwMDAwMDAwMDAwLCJ1cGRhdGUiOjEyMDAwMDAwMDAwMH19",
          "dependencies": [
            "module.vpc_workload.aws_eip.natgw_default",
            "module.vpc_workload.aws_iam_instance_profile.ec2_nat_instance",
            "module.vpc_workload.aws_iam_role.ec2_nat_instance",
            "module.vpc_workload.aws_instance.ec2_nat_instance",
            "module.vpc_workload.aws_internet_gateway.default",
            "module.vpc_workload.aws_key_pair.ec2_keypair_natinstance",
            "module.vpc_workload.aws_nat_gateway.default",
            "module.vpc_workload.aws_security_group.ec2_bastion",
            "module.vpc_workload.aws_security_group.ec2_nat_instance",
            "module.vpc_workload.aws_security_group.nat_subnet_group",
            "module.vpc_workload.aws_subnet.nat",
            "module.vpc_workload.aws_vpc.default",
            "module.vpc_workload.data.aws_iam_policy_document.ec2_nat_instance",
            "module.vpc_workload.data.aws_ssm_parameter.amzn2_arm_ami",
            "module.vpc_workload.tls_private_key.ec2_keypair_natinstance"
          ]
        }
      ]
    },
    {
      "module": "module.vpc_workload",
      "mode": "managed",
      "type": "aws_route_table",
      "name": "public",
      "provider": "provider[\"registry.terraform.io/hashicorp/aws\"]",
      "instances": [
        {
          "schema_version": 0,
          "attributes": {
            "arn": "arn:aws:ec2:ap-northeast-1:890942158228:route-table/rtb-0e8d6cb4846cef9c1",
            "id": "rtb-0e8d6cb4846cef9c1",
            "owner_id": "890942158228",
            "propagating_vgws": [],
            "route": [
              {
                "carrier_gateway_id": "",
                "cidr_block": "",
                "core_network_arn": "",
                "destination_prefix_list_id": "",
                "egress_only_gateway_id": "",
                "gateway_id": "igw-03fb3d6c3c61762c8",
                "ipv6_cidr_block": "::/0",
                "local_gateway_id": "",
                "nat_gateway_id": "",
                "network_interface_id": "",
                "transit_gateway_id": "",
                "vpc_endpoint_id": "",
                "vpc_peering_connection_id": ""
              },
              {
                "carrier_gateway_id": "",
                "cidr_block": "0.0.0.0/0",
                "core_network_arn": "",
                "destination_prefix_list_id": "",
                "egress_only_gateway_id": "",
                "gateway_id": "igw-03fb3d6c3c61762c8",
                "ipv6_cidr_block": "",
                "local_gateway_id": "",
                "nat_gateway_id": "",
                "network_interface_id": "",
                "transit_gateway_id": "",
                "vpc_endpoint_id": "",
                "vpc_peering_connection_id": ""
              }
            ],
            "tags": {
              "Name": "selin-tf-public"
            },
            "tags_all": {
              "CmBillingGroup": "OTHER",
              "CodedResource": "true",
              "Environment": "playground",
              "IaC": "local",
              "Name": "selin-tf-public",
              "Owner": "",
              "Service": "selin-tf"
            },
            "timeouts": null,
            "vpc_id": "vpc-086af42df53e8fb6d"
          },
          "sensitive_attributes": [],
          "private": "eyJlMmJmYjczMC1lY2FhLTExZTYtOGY4OC0zNDM2M2JjN2M0YzAiOnsiY3JlYXRlIjozMDAwMDAwMDAwMDAsImRlbGV0ZSI6MzAwMDAwMDAwMDAwLCJ1cGRhdGUiOjEyMDAwMDAwMDAwMH19",
          "dependencies": [
            "module.vpc_workload.aws_internet_gateway.default",
            "module.vpc_workload.aws_vpc.default"
          ]
        }
      ]
    },
    {
      "module": "module.vpc_workload",
      "mode": "managed",
      "type": "aws_route_table",
      "name": "tgw",
      "provider": "provider[\"registry.terraform.io/hashicorp/aws\"]",
      "instances": [
        {
          "schema_version": 0,
          "attributes": {
            "arn": "arn:aws:ec2:ap-northeast-1:890942158228:route-table/rtb-07a312d8d06280b95",
            "id": "rtb-07a312d8d06280b95",
            "owner_id": "890942158228",
            "propagating_vgws": [],
            "route": [],
            "tags": {
              "Name": "selin-tf-tgw"
            },
            "tags_all": {
              "CmBillingGroup": "OTHER",
              "CodedResource": "true",
              "Environment": "playground",
              "IaC": "local",
              "Name": "selin-tf-tgw",
              "Owner": "",
              "Service": "selin-tf"
            },
            "timeouts": null,
            "vpc_id": "vpc-086af42df53e8fb6d"
          },
          "sensitive_attributes": [],
          "private": "eyJlMmJmYjczMC1lY2FhLTExZTYtOGY4OC0zNDM2M2JjN2M0YzAiOnsiY3JlYXRlIjozMDAwMDAwMDAwMDAsImRlbGV0ZSI6MzAwMDAwMDAwMDAwLCJ1cGRhdGUiOjEyMDAwMDAwMDAwMH19",
          "dependencies": [
            "module.vpc_workload.aws_vpc.default"
          ]
        }
      ]
    },
    {
      "module": "module.vpc_workload",
      "mode": "managed",
      "type": "aws_route_table_association",
      "name": "local",
      "provider": "provider[\"registry.terraform.io/hashicorp/aws\"]",
      "instances": [
        {
          "index_key": 0,
          "schema_version": 0,
          "attributes": {
            "gateway_id": "",
            "id": "rtbassoc-0d50ce7dc66c0b120",
            "route_table_id": "rtb-03d5e099cf5fbca88",
            "subnet_id": "subnet-0381050854ee36440",
            "timeouts": null
          },
          "sensitive_attributes": [],
          "private": "eyJlMmJmYjczMC1lY2FhLTExZTYtOGY4OC0zNDM2M2JjN2M0YzAiOnsiY3JlYXRlIjozMDAwMDAwMDAwMDAsImRlbGV0ZSI6MzAwMDAwMDAwMDAwLCJ1cGRhdGUiOjEyMDAwMDAwMDAwMH19",
          "dependencies": [
            "module.vpc_workload.aws_route_table.local",
            "module.vpc_workload.aws_subnet.local",
            "module.vpc_workload.aws_vpc.default"
          ]
        },
        {
          "index_key": 1,
          "schema_version": 0,
          "attributes": {
            "gateway_id": "",
            "id": "rtbassoc-053e8b1ca7e876f46",
            "route_table_id": "rtb-03d5e099cf5fbca88",
            "subnet_id": "subnet-07a02c22856b66c79",
            "timeouts": null
          },
          "sensitive_attributes": [],
          "private": "eyJlMmJmYjczMC1lY2FhLTExZTYtOGY4OC0zNDM2M2JjN2M0YzAiOnsiY3JlYXRlIjozMDAwMDAwMDAwMDAsImRlbGV0ZSI6MzAwMDAwMDAwMDAwLCJ1cGRhdGUiOjEyMDAwMDAwMDAwMH19",
          "dependencies": [
            "module.vpc_workload.aws_route_table.local",
            "module.vpc_workload.aws_subnet.local",
            "module.vpc_workload.aws_vpc.default"
          ]
        }
      ]
    },
    {
      "module": "module.vpc_workload",
      "mode": "managed",
      "type": "aws_route_table_association",
      "name": "manage",
      "provider": "provider[\"registry.terraform.io/hashicorp/aws\"]",
      "instances": [
        {
          "index_key": 0,
          "schema_version": 0,
          "attributes": {
            "gateway_id": "",
            "id": "rtbassoc-0ab9817c7b6d150f8",
            "route_table_id": "rtb-05280eaea654c9d6b",
            "subnet_id": "subnet-0d789eb5b578648a2",
            "timeouts": null
          },
          "sensitive_attributes": [],
          "private": "eyJlMmJmYjczMC1lY2FhLTExZTYtOGY4OC0zNDM2M2JjN2M0YzAiOnsiY3JlYXRlIjozMDAwMDAwMDAwMDAsImRlbGV0ZSI6MzAwMDAwMDAwMDAwLCJ1cGRhdGUiOjEyMDAwMDAwMDAwMH19",
          "dependencies": [
            "module.vpc_workload.aws_eip.natgw_default",
            "module.vpc_workload.aws_iam_instance_profile.ec2_nat_instance",
            "module.vpc_workload.aws_iam_role.ec2_nat_instance",
            "module.vpc_workload.aws_instance.ec2_nat_instance",
            "module.vpc_workload.aws_internet_gateway.default",
            "module.vpc_workload.aws_key_pair.ec2_keypair_natinstance",
            "module.vpc_workload.aws_nat_gateway.default",
            "module.vpc_workload.aws_route_table.manage",
            "module.vpc_workload.aws_security_group.ec2_bastion",
            "module.vpc_workload.aws_security_group.ec2_nat_instance",
            "module.vpc_workload.aws_security_group.nat_subnet_group",
            "module.vpc_workload.aws_subnet.manage",
            "module.vpc_workload.aws_subnet.nat",
            "module.vpc_workload.aws_vpc.default",
            "module.vpc_workload.data.aws_iam_policy_document.ec2_nat_instance",
            "module.vpc_workload.data.aws_ssm_parameter.amzn2_arm_ami",
            "module.vpc_workload.tls_private_key.ec2_keypair_natinstance"
          ]
        },
        {
          "index_key": 1,
          "schema_version": 0,
          "attributes": {
            "gateway_id": "",
            "id": "rtbassoc-0994064ccc8fd2819",
            "route_table_id": "rtb-05efe8b3940434842",
            "subnet_id": "subnet-00f1b32115d984981",
            "timeouts": null
          },
          "sensitive_attributes": [],
          "private": "eyJlMmJmYjczMC1lY2FhLTExZTYtOGY4OC0zNDM2M2JjN2M0YzAiOnsiY3JlYXRlIjozMDAwMDAwMDAwMDAsImRlbGV0ZSI6MzAwMDAwMDAwMDAwLCJ1cGRhdGUiOjEyMDAwMDAwMDAwMH19",
          "dependencies": [
            "module.vpc_workload.aws_eip.natgw_default",
            "module.vpc_workload.aws_iam_instance_profile.ec2_nat_instance",
            "module.vpc_workload.aws_iam_role.ec2_nat_instance",
            "module.vpc_workload.aws_instance.ec2_nat_instance",
            "module.vpc_workload.aws_internet_gateway.default",
            "module.vpc_workload.aws_key_pair.ec2_keypair_natinstance",
            "module.vpc_workload.aws_nat_gateway.default",
            "module.vpc_workload.aws_route_table.manage",
            "module.vpc_workload.aws_security_group.ec2_bastion",
            "module.vpc_workload.aws_security_group.ec2_nat_instance",
            "module.vpc_workload.aws_security_group.nat_subnet_group",
            "module.vpc_workload.aws_subnet.manage",
            "module.vpc_workload.aws_subnet.nat",
            "module.vpc_workload.aws_vpc.default",
            "module.vpc_workload.data.aws_iam_policy_document.ec2_nat_instance",
            "module.vpc_workload.data.aws_ssm_parameter.amzn2_arm_ami",
            "module.vpc_workload.tls_private_key.ec2_keypair_natinstance"
          ]
        }
      ]
    },
    {
      "module": "module.vpc_workload",
      "mode": "managed",
      "type": "aws_route_table_association",
      "name": "nat",
      "provider": "provider[\"registry.terraform.io/hashicorp/aws\"]",
      "instances": [
        {
          "index_key": 0,
          "schema_version": 0,
          "attributes": {
            "gateway_id": "",
            "id": "rtbassoc-0ebe37bc7c8d45f13",
            "route_table_id": "rtb-0914a5805ee1fd7eb",
            "subnet_id": "subnet-016eaa02bb0ae66b2",
            "timeouts": null
          },
          "sensitive_attributes": [],
          "private": "eyJlMmJmYjczMC1lY2FhLTExZTYtOGY4OC0zNDM2M2JjN2M0YzAiOnsiY3JlYXRlIjozMDAwMDAwMDAwMDAsImRlbGV0ZSI6MzAwMDAwMDAwMDAwLCJ1cGRhdGUiOjEyMDAwMDAwMDAwMH19",
          "dependencies": [
            "module.vpc_workload.aws_internet_gateway.default",
            "module.vpc_workload.aws_route_table.nat",
            "module.vpc_workload.aws_subnet.nat",
            "module.vpc_workload.aws_vpc.default"
          ]
        },
        {
          "index_key": 1,
          "schema_version": 0,
          "attributes": {
            "gateway_id": "",
            "id": "rtbassoc-0c89f8be1dd48165a",
            "route_table_id": "rtb-0914a5805ee1fd7eb",
            "subnet_id": "subnet-02b1d64889aa6bfc3",
            "timeouts": null
          },
          "sensitive_attributes": [],
          "private": "eyJlMmJmYjczMC1lY2FhLTExZTYtOGY4OC0zNDM2M2JjN2M0YzAiOnsiY3JlYXRlIjozMDAwMDAwMDAwMDAsImRlbGV0ZSI6MzAwMDAwMDAwMDAwLCJ1cGRhdGUiOjEyMDAwMDAwMDAwMH19",
          "dependencies": [
            "module.vpc_workload.aws_internet_gateway.default",
            "module.vpc_workload.aws_route_table.nat",
            "module.vpc_workload.aws_subnet.nat",
            "module.vpc_workload.aws_vpc.default"
          ]
        }
      ]
    },
    {
      "module": "module.vpc_workload",
      "mode": "managed",
      "type": "aws_route_table_association",
      "name": "private",
      "provider": "provider[\"registry.terraform.io/hashicorp/aws\"]",
      "instances": [
        {
          "index_key": 0,
          "schema_version": 0,
          "attributes": {
            "gateway_id": "",
            "id": "rtbassoc-09f4c0986e8596be2",
            "route_table_id": "rtb-01db663d0b99d71af",
            "subnet_id": "subnet-04b07c5e5aec73278",
            "timeouts": null
          },
          "sensitive_attributes": [],
          "private": "eyJlMmJmYjczMC1lY2FhLTExZTYtOGY4OC0zNDM2M2JjN2M0YzAiOnsiY3JlYXRlIjozMDAwMDAwMDAwMDAsImRlbGV0ZSI6MzAwMDAwMDAwMDAwLCJ1cGRhdGUiOjEyMDAwMDAwMDAwMH19",
          "dependencies": [
            "module.vpc_workload.aws_eip.natgw_default",
            "module.vpc_workload.aws_iam_instance_profile.ec2_nat_instance",
            "module.vpc_workload.aws_iam_role.ec2_nat_instance",
            "module.vpc_workload.aws_instance.ec2_nat_instance",
            "module.vpc_workload.aws_internet_gateway.default",
            "module.vpc_workload.aws_key_pair.ec2_keypair_natinstance",
            "module.vpc_workload.aws_nat_gateway.default",
            "module.vpc_workload.aws_route_table.private",
            "module.vpc_workload.aws_security_group.ec2_bastion",
            "module.vpc_workload.aws_security_group.ec2_nat_instance",
            "module.vpc_workload.aws_security_group.nat_subnet_group",
            "module.vpc_workload.aws_subnet.nat",
            "module.vpc_workload.aws_subnet.private",
            "module.vpc_workload.aws_vpc.default",
            "module.vpc_workload.data.aws_iam_policy_document.ec2_nat_instance",
            "module.vpc_workload.data.aws_ssm_parameter.amzn2_arm_ami",
            "module.vpc_workload.tls_private_key.ec2_keypair_natinstance"
          ]
        },
        {
          "index_key": 1,
          "schema_version": 0,
          "attributes": {
            "gateway_id": "",
            "id": "rtbassoc-09fde8dd994dad703",
            "route_table_id": "rtb-07085036d6f009243",
            "subnet_id": "subnet-03ea143fce7de7390",
            "timeouts": null
          },
          "sensitive_attributes": [],
          "private": "eyJlMmJmYjczMC1lY2FhLTExZTYtOGY4OC0zNDM2M2JjN2M0YzAiOnsiY3JlYXRlIjozMDAwMDAwMDAwMDAsImRlbGV0ZSI6MzAwMDAwMDAwMDAwLCJ1cGRhdGUiOjEyMDAwMDAwMDAwMH19",
          "dependencies": [
            "module.vpc_workload.aws_eip.natgw_default",
            "module.vpc_workload.aws_iam_instance_profile.ec2_nat_instance",
            "module.vpc_workload.aws_iam_role.ec2_nat_instance",
            "module.vpc_workload.aws_instance.ec2_nat_instance",
            "module.vpc_workload.aws_internet_gateway.default",
            "module.vpc_workload.aws_key_pair.ec2_keypair_natinstance",
            "module.vpc_workload.aws_nat_gateway.default",
            "module.vpc_workload.aws_route_table.private",
            "module.vpc_workload.aws_security_group.ec2_bastion",
            "module.vpc_workload.aws_security_group.ec2_nat_instance",
            "module.vpc_workload.aws_security_group.nat_subnet_group",
            "module.vpc_workload.aws_subnet.nat",
            "module.vpc_workload.aws_subnet.private",
            "module.vpc_workload.aws_vpc.default",
            "module.vpc_workload.data.aws_iam_policy_document.ec2_nat_instance",
            "module.vpc_workload.data.aws_ssm_parameter.amzn2_arm_ami",
            "module.vpc_workload.tls_private_key.ec2_keypair_natinstance"
          ]
        }
      ]
    },
    {
      "module": "module.vpc_workload",
      "mode": "managed",
      "type": "aws_route_table_association",
      "name": "public",
      "provider": "provider[\"registry.terraform.io/hashicorp/aws\"]",
      "instances": [
        {
          "index_key": 0,
          "schema_version": 0,
          "attributes": {
            "gateway_id": "",
            "id": "rtbassoc-0872fc41bc0622fcf",
            "route_table_id": "rtb-0e8d6cb4846cef9c1",
            "subnet_id": "subnet-06af1219de8982b5d",
            "timeouts": null
          },
          "sensitive_attributes": [],
          "private": "eyJlMmJmYjczMC1lY2FhLTExZTYtOGY4OC0zNDM2M2JjN2M0YzAiOnsiY3JlYXRlIjozMDAwMDAwMDAwMDAsImRlbGV0ZSI6MzAwMDAwMDAwMDAwLCJ1cGRhdGUiOjEyMDAwMDAwMDAwMH19",
          "dependencies": [
            "module.vpc_workload.aws_internet_gateway.default",
            "module.vpc_workload.aws_route_table.public",
            "module.vpc_workload.aws_subnet.public",
            "module.vpc_workload.aws_vpc.default"
          ]
        },
        {
          "index_key": 1,
          "schema_version": 0,
          "attributes": {
            "gateway_id": "",
            "id": "rtbassoc-0e9ff941325b95752",
            "route_table_id": "rtb-0e8d6cb4846cef9c1",
            "subnet_id": "subnet-0cf222f14a5ad7324",
            "timeouts": null
          },
          "sensitive_attributes": [],
          "private": "eyJlMmJmYjczMC1lY2FhLTExZTYtOGY4OC0zNDM2M2JjN2M0YzAiOnsiY3JlYXRlIjozMDAwMDAwMDAwMDAsImRlbGV0ZSI6MzAwMDAwMDAwMDAwLCJ1cGRhdGUiOjEyMDAwMDAwMDAwMH19",
          "dependencies": [
            "module.vpc_workload.aws_internet_gateway.default",
            "module.vpc_workload.aws_route_table.public",
            "module.vpc_workload.aws_subnet.public",
            "module.vpc_workload.aws_vpc.default"
          ]
        }
      ]
    },
    {
      "module": "module.vpc_workload",
      "mode": "managed",
      "type": "aws_route_table_association",
      "name": "tgw",
      "provider": "provider[\"registry.terraform.io/hashicorp/aws\"]",
      "instances": [
        {
          "index_key": 0,
          "schema_version": 0,
          "attributes": {
            "gateway_id": "",
            "id": "rtbassoc-0f7f7d71086641e49",
            "route_table_id": "rtb-07a312d8d06280b95",
            "subnet_id": "subnet-06c860c0875a2dc93",
            "timeouts": null
          },
          "sensitive_attributes": [],
          "private": "eyJlMmJmYjczMC1lY2FhLTExZTYtOGY4OC0zNDM2M2JjN2M0YzAiOnsiY3JlYXRlIjozMDAwMDAwMDAwMDAsImRlbGV0ZSI6MzAwMDAwMDAwMDAwLCJ1cGRhdGUiOjEyMDAwMDAwMDAwMH19",
          "dependencies": [
            "module.vpc_workload.aws_route_table.tgw",
            "module.vpc_workload.aws_subnet.tgw",
            "module.vpc_workload.aws_vpc.default"
          ]
        },
        {
          "index_key": 1,
          "schema_version": 0,
          "attributes": {
            "gateway_id": "",
            "id": "rtbassoc-0a0373f81319baf1f",
            "route_table_id": "rtb-07a312d8d06280b95",
            "subnet_id": "subnet-074eae181f16d2c48",
            "timeouts": null
          },
          "sensitive_attributes": [],
          "private": "eyJlMmJmYjczMC1lY2FhLTExZTYtOGY4OC0zNDM2M2JjN2M0YzAiOnsiY3JlYXRlIjozMDAwMDAwMDAwMDAsImRlbGV0ZSI6MzAwMDAwMDAwMDAwLCJ1cGRhdGUiOjEyMDAwMDAwMDAwMH19",
          "dependencies": [
            "module.vpc_workload.aws_route_table.tgw",
            "module.vpc_workload.aws_subnet.tgw",
            "module.vpc_workload.aws_vpc.default"
          ]
        }
      ]
    },
    {
      "module": "module.vpc_workload",
      "mode": "managed",
      "type": "aws_secretsmanager_secret",
      "name": "ec2_keypair_bastion",
      "provider": "provider[\"registry.terraform.io/hashicorp/aws\"]",
      "instances": [
        {
          "index_key": 0,
          "schema_version": 0,
          "attributes": {
            "arn": "arn:aws:secretsmanager:ap-northeast-1:890942158228:secret:ec2.instance.selin-tf-bastion.ec2-user.id_rsa-RwywuS",
            "description": "",
            "force_overwrite_replica_secret": false,
            "id": "arn:aws:secretsmanager:ap-northeast-1:890942158228:secret:ec2.instance.selin-tf-bastion.ec2-user.id_rsa-RwywuS",
            "kms_key_id": "",
            "name": "ec2.instance.selin-tf-bastion.ec2-user.id_rsa",
            "name_prefix": "",
            "policy": "",
            "recovery_window_in_days": 0,
            "replica": [],
            "tags": {},
            "tags_all": {
              "CmBillingGroup": "OTHER",
              "CodedResource": "true",
              "Environment": "playground",
              "IaC": "local",
              "Owner": "",
              "Service": "selin-tf"
            }
          },
          "sensitive_attributes": [],
          "private": "bnVsbA=="
        }
      ]
    },
    {
      "module": "module.vpc_workload",
      "mode": "managed",
      "type": "aws_secretsmanager_secret",
      "name": "ec2_keypair_natinstance",
      "provider": "provider[\"registry.terraform.io/hashicorp/aws\"]",
      "instances": [
        {
          "index_key": 0,
          "schema_version": 0,
          "attributes": {
            "arn": "arn:aws:secretsmanager:ap-northeast-1:890942158228:secret:ec2.instance.selin-tf-nat-instance.0.ec2-user.id_rsa-GHzD9W",
            "description": "",
            "force_overwrite_replica_secret": false,
            "id": "arn:aws:secretsmanager:ap-northeast-1:890942158228:secret:ec2.instance.selin-tf-nat-instance.0.ec2-user.id_rsa-GHzD9W",
            "kms_key_id": "",
            "name": "ec2.instance.selin-tf-nat-instance.0.ec2-user.id_rsa",
            "name_prefix": "",
            "policy": "",
            "recovery_window_in_days": 0,
            "replica": [],
            "tags": {},
            "tags_all": {
              "CmBillingGroup": "OTHER",
              "CodedResource": "true",
              "Environment": "playground",
              "IaC": "local",
              "Owner": "",
              "Service": "selin-tf"
            }
          },
          "sensitive_attributes": [],
          "private": "bnVsbA=="
        }
      ]
    },
    {
      "module": "module.vpc_workload",
      "mode": "managed",
      "type": "aws_secretsmanager_secret_version",
      "name": "ec2_keypair_bastion",
      "provider": "provider[\"registry.terraform.io/hashicorp/aws\"]",
      "instances": [
        {
          "index_key": 0,
          "schema_version": 0,
          "attributes": {
            "arn": "arn:aws:secretsmanager:ap-northeast-1:890942158228:secret:ec2.instance.selin-tf-bastion.ec2-user.id_rsa-RwywuS",
            "id": "arn:aws:secretsmanager:ap-northeast-1:890942158228:secret:ec2.instance.selin-tf-bastion.ec2-user.id_rsa-RwywuS|E89FDC89-CB48-4D35-9A7F-4EF8F970F17F",
            "secret_binary": "LS0tLS1CRUdJTiBPUEVOU1NIIFBSSVZBVEUgS0VZLS0tLS0KYjNCbGJuTnphQzFyWlhrdGRqRUFBQUFBQkc1dmJtVUFBQUFFYm05dVpRQUFBQUFBQUFBQkFBQUNGd0FBQUFkegpjMmd0Y25OaEFBQUFBd0VBQVFBQUFnRUFyMnJsUTd5S01hOTdGNDkyR0lScGFFOFJnbFMwQUkvK3BJM0kxZzBXCkJDZGtNY0hJZCtneU1sNENwL0hta29iZnZvNnpFZzR6QjRxaUtFWEt4R3FpZnhoUEQ4OEsvai9TdFN3WngrYVoKTFpGQUorRG9GR0FrWEhITVdDOUJ4elR6TC9MKytBSDFYblNUZmg3RU53S0c5THJKV0FJRTB5cjNkVzdvbll1RApicktLMWRza2IzdDRIbFBQUndoVHgvbm1WVVJrSHRPL0RyUVBoaFVpT0QvQS9BZ1lMMWNRWXF2VkV6aVN5Q20zCksyWk85UWZVTm5Mb2s0Z3gzUnBqbGEyNWNQUE9QeHBxeFE4UFppbWJUejlJNjJJY1Z2bHZoVUdSeUs5OE14Q0sKU0lQUWNHODEvNnMvLzBaNm8vVTdsa25IZkJZNDE3L1gyaHFWRy9scjEwZ3FnaCtWbSt3NncwekNGc3ZyKzB6MQpONWxVVURKR1hTNlQ0bE9YYVp2blRVd3FoR3dUU1FVNStPOFRGdGRvc3NZS0JQWXpTSVY2U00ydmE4K1VUNFQvClpMNlQzR0wxUCtKemI4RGI1MUlBZktxUzgveUlLeW1WdHpLY3BLcVhmeC8xYWM2VHJjZGFCaHI1dlNaNDFRME8KOWltdnBXVUhkKzV3N21mOXdiM1JmQzBxTlRiaXlLRFR4WjZxZTg4RmoxMUJoUmwzYXVmSW8xQ2htUTV2RGRrRwpYUkpsWFduVk53VU13UW1GL25uUVhrZ0dqcVFkSGRHUE1LUjg5bDhxeWN2ZG9xOGVEVDV5Rmw3UE1nclVzOXk4CjAzaHBXUFB6Q3JQZzB3MXcySVhQRXlEbFJNeXB1cVg0TzJUNCtiZWZaUW0yUTdqRFpPRFI3OGtPZ05ZTWg2d1oKL2lrQUFBYzR2aGlueGI0WXA4VUFBQUFIYzNOb0xYSnpZUUFBQWdFQXIycmxRN3lLTWE5N0Y0OTJHSVJwYUU4UgpnbFMwQUkvK3BJM0kxZzBXQkNka01jSElkK2d5TWw0Q3AvSG1rb2Jmdm82ekVnNHpCNHFpS0VYS3hHcWlmeGhQCkQ4OEsvai9TdFN3WngrYVpMWkZBSitEb0ZHQWtYSEhNV0M5Qnh6VHpML0wrK0FIMVhuU1RmaDdFTndLRzlMckoKV0FJRTB5cjNkVzdvbll1RGJyS0sxZHNrYjN0NEhsUFBSd2hUeC9ubVZVUmtIdE8vRHJRUGhoVWlPRC9BL0FnWQpMMWNRWXF2VkV6aVN5Q20zSzJaTzlRZlVObkxvazRneDNScGpsYTI1Y1BQT1B4cHF4UThQWmltYlR6OUk2MkljClZ2bHZoVUdSeUs5OE14Q0tTSVBRY0c4MS82cy8vMFo2by9VN2xrbkhmQlk0MTcvWDJocVZHL2xyMTBncWdoK1YKbSt3NncwekNGc3ZyKzB6MU41bFVVREpHWFM2VDRsT1hhWnZuVFV3cWhHd1RTUVU1K084VEZ0ZG9zc1lLQlBZegpTSVY2U00ydmE4K1VUNFQvWkw2VDNHTDFQK0p6YjhEYjUxSUFmS3FTOC95SUt5bVZ0ektjcEtxWGZ4LzFhYzZUCnJjZGFCaHI1dlNaNDFRME85aW12cFdVSGQrNXc3bWY5d2IzUmZDMHFOVGJpeUtEVHhaNnFlODhGajExQmhSbDMKYXVmSW8xQ2htUTV2RGRrR1hSSmxYV25WTndVTXdRbUYvbm5RWGtnR2pxUWRIZEdQTUtSODlsOHF5Y3Zkb3E4ZQpEVDV5Rmw3UE1nclVzOXk4MDNocFdQUHpDclBnMHcxdzJJWFBFeURsUk15cHVxWDRPMlQ0K2JlZlpRbTJRN2pEClpPRFI3OGtPZ05ZTWg2d1ovaWtBQUFBREFRQUJBQUFDQVFDcHJHenNVdzhjdGc4TElBSHIvdy95RENEMGZyZkoKbjM2QWJvQm53eXFiZy9xZlFrQ0U4dnl5eVVvcVpvcFBDdFNhL201cE5ZRFlkNWtYK1VJRE1OM1NyNUd4eWVOcApRQlN3bDJLc2YvbUVJTzM4Wk1nM0JUUEdrM0JEa0JwQTlJK1J2cW91KzczNXlpcnNJQmhNMlUzdXBFbWlyZms2CnhHR3Rua1MwTnNFL3JzVXB6QmwzRitkODlqWVZFQkh4NlYrSTlHa2ZoRk5XaG9aSmZHR29KTXFuUGJFZkFVamgKR0RJMnNFOFIrMytvSkFLVmNpZ3JMb1NXUjNOcjJWMmY1dlRyTTNnNGczWG8vQU02SDE2UmpiWWJyNytYeFJmQQp2a2FqNWxIdEZyK2JHcHpnVkVIWDlpNGwzbWM3OWpYWHphOTk4QVMxYzJQM0hDVkVkTUtCN3RUbGd1akZhK1pBCkE4U3IyYVFLWGVQNlJxQ05pR3pBRnpvYlpEbDhIU1JGL2VaK3NJNXVKNGZHa3E5RXJoZm1kN0lRUTdoQ3lGNE0KUVlJWGpWbnB1ZGlZRnJBSmdjb09IR0c2Rk1KQXV0YVZKbEVnV2ZMb3k5T1loUkFZd0gxeDc4d2wxMndwcVZ6QQpZWHpKdEl6dk9lWCs1VkdXckVXZXo4N2p0ZkZhZ1JYM3dkczE2MzB4MU0vazNyUCtwV1lDWEtuZTNFd2x0cHQxClV6SW1MK0dBOHhWaW5WMEl4cWZnbERCSFZWRXgwcUViRFluQmRxVUIvMlFBWENXbWtZS05ubElnWTM1cTRpdHEKc2xUU2hWaDlBNC83MlowYWxEcjJHblZFeWV0TDYrKzFSOE94ZFVhdFN0OXFBVHN1U0ZuUjgvV2wvVGNZd3dwcQpVZDJiMnd1a3d4RnNMUUFBQVFFQTNBa3lmRDU4VkN2NnNFcTZBeTBuNENPM2l2VG95WUZ2NnRJTXBaeDlBL2M5CkNUVVZ3QkdtMnJwUGgyWFUzVVhlZTlIK0JYZVpmMGdJcXAzTEx4Y0VXMW9aMzR1NFRPMDRWaU91UGxrdVNoWFcKWmpYZWFxejVsY3ZDQUp6YmcyR3UwcGdRNGdpSGhVNjJFNFBvcTZaMlkwZ2hZZTZQVUJRaU9lMXhQdVYrWGc2UQpqYU5yNDF6alErdlZEWURkQ1JjbEphRWVjM2xpam1ZdUZTSzRlbkRuNmdCOE9pczVJUU14K0dKMjlscmw4MzdSCkh2cFl2Ynp1Z003MXR4TmF0U2Nwdm5Nbkc1bnNpM0VFNVc4OEwwMjFpZG1CNGJvV0xGcFoxQWRFSGJIQmJjN3oKOThqbkV0eGYwczViY0tiejY1eUorZWpwTFVubytvbDhkZjlGd0QweXFRQUFBUUVBNXczeEd5c0N6UjlrVnpIWQpXN0Z4NWZxVlNTb3c3UDZvSExIQkMyU25BLzc4WEVlVC95NUhYYzlNa0hJeFRmN0tGS05zYXNIdUxLMHA2K01aCk00S203MWduQkxhNU9pL0hmcElxdWJGTUhxUzkybFJDRVpnd0J1T1ZpOVpZVytRK0QxRjhic0lmck1PRFEwY2YKSi9BYjQxZG1NRnJSU1dsU09Ic0N3ZkhRWkhWa0tGelpaUVF2UTlGTXZDcERFMzQxclVXcmZ3WXlXcE15eWVvMQpKSDkycTlKb2R6b1JXT1E3MEdobmNUV001ZXM1cllnYWRMYVJSbHVBVWROcHpUYVJKNDJrQWlVVVAzZDdHYkIrCnN6Q25ROWw0M1R3aFNsSHFHZHhvTXZWOE91YXhuNC90UXBkaTdBZkZkNEhYeW1XdDJaRUpjZkNBY3dKcGROSjYKQkcxTy93QUFBUUVBd2xzNER0YTBtT1d0REJpTkJpNng3aGNUUVYxZC8ySmJXMEoxelk3RnVYTTFDUk5HL2lXVQpYQk5IY1ZvWlpHWVlSTU9KbXRYK1drZEVDMDJrK09NTUZkRCtBZytSUy9tSXVaVDBXV0NUT3VQb0gzdmVScHpICktrUTlmYlNKcGwwMU53U2tpa1MxcEN3d21nMDNWZHM3NlJ5U01pNTRUVXpVcU42SW5lWElKSDd4NVBlZ2lHQm0KQ0Ywd3krWVgrOVlqcW1QZlkva3FrSTUzOXNPb0tDaHRIWmJGeDdRRHpVdE9LU2hhRVBDN2tyZlZSVUhBRVprZwptTWZmc1ZWVHROQ2xNQ2xEbVZ4enArRTZUSnFOWnRqTDBFN25ncEFGTmhBUDIyQ1B6M0RsZDltM0hEZzRzdm9XCm1kM2o2R1orRzY5eXhUaWYrUWZOZEdCSkhVdGEwSGxhMXdBQUFBQUIKLS0tLS1FTkQgT1BFTlNTSCBQUklWQVRFIEtFWS0tLS0tCg==",
            "secret_id": "arn:aws:secretsmanager:ap-northeast-1:890942158228:secret:ec2.instance.selin-tf-bastion.ec2-user.id_rsa-RwywuS",
            "secret_string": "",
            "version_id": "E89FDC89-CB48-4D35-9A7F-4EF8F970F17F",
            "version_stages": [
              "AWSCURRENT"
            ]
          },
          "sensitive_attributes": [
            [
              {
                "type": "get_attr",
                "value": "secret_binary"
              }
            ],
            [
              {
                "type": "get_attr",
                "value": "secret_string"
              }
            ]
          ],
          "private": "bnVsbA==",
          "dependencies": [
            "module.vpc_workload.aws_secretsmanager_secret.ec2_keypair_bastion",
            "module.vpc_workload.tls_private_key.ec2_keypair_bastion"
          ]
        }
      ]
    },
    {
      "module": "module.vpc_workload",
      "mode": "managed",
      "type": "aws_secretsmanager_secret_version",
      "name": "ec2_keypair_natinstance",
      "provider": "provider[\"registry.terraform.io/hashicorp/aws\"]",
      "instances": [
        {
          "index_key": 0,
          "schema_version": 0,
          "attributes": {
            "arn": "arn:aws:secretsmanager:ap-northeast-1:890942158228:secret:ec2.instance.selin-tf-nat-instance.0.ec2-user.id_rsa-GHzD9W",
            "id": "arn:aws:secretsmanager:ap-northeast-1:890942158228:secret:ec2.instance.selin-tf-nat-instance.0.ec2-user.id_rsa-GHzD9W|33699136-25C4-42CF-B99D-686AE5EB47E4",
            "secret_binary": "LS0tLS1CRUdJTiBPUEVOU1NIIFBSSVZBVEUgS0VZLS0tLS0KYjNCbGJuTnphQzFyWlhrdGRqRUFBQUFBQkc1dmJtVUFBQUFFYm05dVpRQUFBQUFBQUFBQkFBQUNGd0FBQUFkegpjMmd0Y25OaEFBQUFBd0VBQVFBQUFnRUF6ZUxZMHZkeDJUOUNZZW9pczY3U1h4Qjg0d083aDV3REtiT3NQVVlDClhtNnArWEliMWJKKzRlckJKSXZNeU1QZUlvVDJvZ2FHSDl2M25mYmY0N1BmUVFxdW90NlJyVzBndVIxbEZaUWEKYjBjYjdKUWwreFIyT3BNSGV5d2NaTk9jM09YQi9PMks3SjQzVE8wM0NCcTdobFVYbWJFV1l3eEdyYlBxTkt5ZwpoOU80UkVSRnROSEVqdS9xQjZaQ2p5aGx0M0hjdWpNc0x3VDcxQlJyaHBaNHc2bUNzaGtyTFhabTI4Ky90aFJKCnVYZXBiWXg1aktBWWRMSks1M2FFR0JxUlVyT1pRdy8vdmQwYWNBNXJYbDJIVmZhbUpybFdZQ1NpRUxueDlXVDEKVEhLdCt5Y0RJTnRTU053bVBjSzJnbURDcG0rQ3d1d1lBSDBmdlJLUmk2bExJdWFReWc0bWdRdUMvYzVPV0g1YQpjRkRhSGkybWFkWDJmTTNrMVY1Rng2RWhMQ1laME9nTmtJaUd3K083eTIwL3ZqS0JnclNSTUp5TEhrY2dxWnFVCmduYnhyU3JYajA0dFROL2ZyQlFxZDh1emwzQnJrY2RqMHNhSHBqbjAwc1Q3a2lWcWx6WFQvQ0lKMXc2RjZzY1cKZ3BxTXBERWx4M3hUdDNESEk4VzdMMzFhUmhva3FXdlpwMnZNOGh5ajk1eE1DQkJZY1dLaGdzcnlrbWlDc0dETwpzS3NiaHFIbENSMlRsdGlteGxEWkpwR09kM05NMlVkVXkvaDNHWXk0OXRCRldBcUJ6OWY0QXY5NVZOY0RhSFo5Cjc4L0xoNjJOZWJMSFlCQklwS2diZG4wNjlPZm9KeG04b1oxMm1tQk1jOHRYWTVqYURkdmMvMUZZV3cvb29nMmcKbm1VQUFBYzRmeFFXVEg4VUZrd0FBQUFIYzNOb0xYSnpZUUFBQWdFQXplTFkwdmR4MlQ5Q1llb2lzNjdTWHhCOAo0d083aDV3REtiT3NQVVlDWG02cCtYSWIxYkorNGVyQkpJdk15TVBlSW9UMm9nYUdIOXYzbmZiZjQ3UGZRUXF1Cm90NlJyVzBndVIxbEZaUWFiMGNiN0pRbCt4UjJPcE1IZXl3Y1pOT2MzT1hCL08ySzdKNDNUTzAzQ0JxN2hsVVgKbWJFV1l3eEdyYlBxTkt5Z2g5TzRSRVJGdE5IRWp1L3FCNlpDanlobHQzSGN1ak1zTHdUNzFCUnJocFo0dzZtQwpzaGtyTFhabTI4Ky90aFJKdVhlcGJZeDVqS0FZZExKSzUzYUVHQnFSVXJPWlF3Ly92ZDBhY0E1clhsMkhWZmFtCkpybFdZQ1NpRUxueDlXVDFUSEt0K3ljRElOdFNTTndtUGNLMmdtRENwbStDd3V3WUFIMGZ2UktSaTZsTEl1YVEKeWc0bWdRdUMvYzVPV0g1YWNGRGFIaTJtYWRYMmZNM2sxVjVGeDZFaExDWVowT2dOa0lpR3crTzd5MjAvdmpLQgpnclNSTUp5TEhrY2dxWnFVZ25ieHJTclhqMDR0VE4vZnJCUXFkOHV6bDNCcmtjZGowc2FIcGpuMDBzVDdraVZxCmx6WFQvQ0lKMXc2RjZzY1dncHFNcERFbHgzeFR0M0RISThXN0wzMWFSaG9rcVd2WnAydk04aHlqOTV4TUNCQlkKY1dLaGdzcnlrbWlDc0dET3NLc2JocUhsQ1IyVGx0aW14bERaSnBHT2QzTk0yVWRVeS9oM0dZeTQ5dEJGV0FxQgp6OWY0QXY5NVZOY0RhSFo5NzgvTGg2Mk5lYkxIWUJCSXBLZ2JkbjA2OU9mb0p4bThvWjEybW1CTWM4dFhZNWphCkRkdmMvMUZZV3cvb29nMmdubVVBQUFBREFRQUJBQUFDQVFDWjVhTmxyd2t1OXhaTDBwUTE4OHZVdTZKZW52K2kKa24vYXdDOVRiZTEvWVFFMU1KS1YzbUx4eEdTelNMeStwWXA2Q3lIQVkxZ0dvSW9yVGNwMWpwS25MN0R5bGFRWApHcWVITiszRGYzMXpDSmhhOHpLZ3g5N0lVZmNabnhOcVdyTzZleFBTV0Uyc0tXZjAzS3h5Sm1sZU5HVDd3VitXCmtpcVMxUldRWWlsczNsbXl6Y1c5TDcvWmlJUkxTNEFkT25rdDhyS25qSERPaE04bzdFcWp3LzVwWTJBS2VMM0oKc2VPWkUyV2VXUFB5NnZ0K282Nkg2M1BjWnhtT2d3eWlaOW1SRkNiUDlqbVlWcG5ZZ1M3SXp1akczU085ZG5TVwpVVXZEYlByc0Q1YzhtY3hyRy9JK3NUS0V1K3JwNTQ0OVRzNnhVbEZRR3VLbUd1R0tsMEtzUHRPbDNxMEZUOFM2Cld1cUJUT3B5c2lZNWpVeks0YUhadmd4Wml3SGY4WlR3R3FwVm10UklIdElqcVZPWnBnODJyOEtDaThwRXpOL0oKbTMzNVRuS2VWYnFnbGhrRDZOV2xlWG0rbDVzV1kvaWUrNzNTcmtxWGdZNnJmUVV0Vmc4bUFaMVBYNks3eXF0QgpNRUxTM3NmOUttNHVwTUNsZlhKYkViNDNNQ1ZCYnF4R3VMYjFmRkR0UTFPRHpmQ3Y4RFpGWkkvSlE3bExYallmCm1LUzh4VTAwV3ErOXlxajFKS3M3bHBwQUlIcEZjNndZUHAwZHlBNW1ndVUzaXB6Rjh2S2hjalp0Um96WWlBTlcKaEF5Kyt1V09aU280anIzM2lyM1JPWkt5TEZPeS9ibE8yWnQwMUhjOExMM3RGWVk0Umt2Z0VhSVlJMU9NRHlkaQptWDE4enpoSmR2ZmRnUUFBQVFFQWtoUGhSekpIMS9UejRWcGNCUnQ0N1hUeGpoRFY1dkpCZTN0NjZRc2pIWkN1CmYxVEVlaFNrUmRWRy9vSFhyV1dJS0dtT2ttR05laFNWMjhSYi9iVER1YnJ1NVJjZi8xU0c5SWlmQTlYckY2WmsKcmpKbVFSRGl5eVI5aGdDcUpMU1RBUllpTW1aTWU5Z3JUbXNQcm1zYUtNWGtzdkxHalRienRGTE9YbWpKZWQzWQowRnFrRFhGbEN6OTZ6bkJhUncyWU5NOGxFUWNZTjVEWkZBSmcwcDZNL0EyWGYza0pMTmhnMUFKRjN5Tm5ZakxyCnZmcjZSUnpzZzcrdEh5TGVZNGl3MGhJRU1FaVBUVGtrKy9KTkVaamkxVXFJenh6UmxoZWYrd0xuNEpQOGNzbWgKT0VITGJsY1c2REZDSlhMVjVKbERjSS9qT3JGeFBhWi82KzRmR2lxV3NnQUFBUUVBOS8xaE84cE51Z2k0cDRDUwp3bVhvakZaNG5CMEFwM29GQTFBSW0xRjZSWFN1MEF4OXRoemtUeEVYNy80b3UxWEhhYnZ5SDBQd3pyTTU2SG9vCk9ZdktKMU54L3drZkFlUFloQXNMMy9MZFpQclRSeXZram5yVmUxVEtOeE56eGJFMjVEMnQ3QWpQc2xNK3hNcVcKTHJVeU9iaUtFZ2tmUVVOTEo1RXNhd2d4aGZBUUp6ajJOb1N0VE5sY2psaFdzU28ybjltWGQyaTVOdE9PeVdvLwozY2hrYS9nS0F3VnN0N3EyaXJsUjJtMFBvOU5VMklsazg2OUNqRW5aMXk4YVBIVGVsNzhKOWJVNWdiRW51Wjc3Ck1FYkFFQnhDTWFlL3g2ektRTDQ3eE5IVmRaVHg5SVNRVm1UamFpNEtuajFrNWpBSFRWaUZHS1dWZGhzVmM4dDEKRUpOQlRRQUFBUUVBMUlsUU52UzljcHJBbTdIejBvYVU2d3daNGFlSkZJallQZEt0cm5iMVlRM1ZkUnFxcUlMdwpoSUZzc05OVU91MW1wVURPWmVsUnppNFNQL0cxNkJyUFY2aEx3aXpOMHExSmlzcC9qdXU2L0wwcUJXOWpsSG1pCkhic2ltdDAyQmZEeTVzZU9KTHpMQW5sRkVJRk54S2dBcU5LTElpOTg5ZmtIRDVsL21kYWxPa3ZEclBJTDIySEcKTmdGSmJCREhMVjRuNEZCSXI5UVJJdU11b1J6Y3Y1OURtZUtxMllhS3BEdTJhOWtsNExUUDByZVVYN1lhMVhvaApHS0FoRm12WHZvL1M2SW5oTGNOMEJaZlZIVjViczVQSE5ScmVXREFVSTZXbm1yVno1WFhBbnI2cUY1ZkNlTFV3CjYxYTBHeFdSVFRLdVJQY0luTklHUDZoRFE5V2tUcUZGZVFBQUFBQUIKLS0tLS1FTkQgT1BFTlNTSCBQUklWQVRFIEtFWS0tLS0tCg==",
            "secret_id": "arn:aws:secretsmanager:ap-northeast-1:890942158228:secret:ec2.instance.selin-tf-nat-instance.0.ec2-user.id_rsa-GHzD9W",
            "secret_string": "",
            "version_id": "33699136-25C4-42CF-B99D-686AE5EB47E4",
            "version_stages": [
              "AWSCURRENT"
            ]
          },
          "sensitive_attributes": [
            [
              {
                "type": "get_attr",
                "value": "secret_binary"
              }
            ],
            [
              {
                "type": "get_attr",
                "value": "secret_string"
              }
            ]
          ],
          "private": "bnVsbA==",
          "dependencies": [
            "module.vpc_workload.aws_secretsmanager_secret.ec2_keypair_natinstance",
            "module.vpc_workload.tls_private_key.ec2_keypair_natinstance"
          ]
        }
      ]
    },
    {
      "module": "module.vpc_workload",
      "mode": "managed",
      "type": "aws_security_group",
      "name": "ec2_bastion",
      "provider": "provider[\"registry.terraform.io/hashicorp/aws\"]",
      "instances": [
        {
          "schema_version": 1,
          "attributes": {
            "arn": "arn:aws:ec2:ap-northeast-1:890942158228:security-group/sg-06b5a809205fe30f5",
            "description": "Bastion only.",
            "egress": [
              {
                "cidr_blocks": [
                  "0.0.0.0/0"
                ],
                "description": "",
                "from_port": 0,
                "ipv6_cidr_blocks": [],
                "prefix_list_ids": [],
                "protocol": "-1",
                "security_groups": [],
                "self": false,
                "to_port": 0
              }
            ],
            "id": "sg-06b5a809205fe30f5",
            "ingress": [
              {
                "cidr_blocks": [
                  "10.0.0.0/8"
                ],
                "description": "ICMP (For network debugging.)",
                "from_port": -1,
                "ipv6_cidr_blocks": [],
                "prefix_list_ids": [],
                "protocol": "icmp",
                "security_groups": [],
                "self": false,
                "to_port": -1
              }
            ],
            "name": "selin-tf-ec2-bastion",
            "name_prefix": "",
            "owner_id": "890942158228",
            "revoke_rules_on_delete": false,
            "tags": {
              "Name": "selin-tf-ec2-bastion"
            },
            "tags_all": {
              "CmBillingGroup": "OTHER",
              "CodedResource": "true",
              "Environment": "playground",
              "IaC": "local",
              "Name": "selin-tf-ec2-bastion",
              "Owner": "",
              "Service": "selin-tf"
            },
            "timeouts": null,
            "vpc_id": "vpc-086af42df53e8fb6d"
          },
          "sensitive_attributes": [],
          "private": "eyJlMmJmYjczMC1lY2FhLTExZTYtOGY4OC0zNDM2M2JjN2M0YzAiOnsiY3JlYXRlIjo2MDAwMDAwMDAwMDAsImRlbGV0ZSI6OTAwMDAwMDAwMDAwfSwic2NoZW1hX3ZlcnNpb24iOiIxIn0=",
          "dependencies": [
            "module.vpc_workload.aws_vpc.default"
          ]
        }
      ]
    },
    {
      "module": "module.vpc_workload",
      "mode": "managed",
      "type": "aws_security_group",
      "name": "ec2_nat_instance",
      "provider": "provider[\"registry.terraform.io/hashicorp/aws\"]",
      "instances": [
        {
          "schema_version": 1,
          "attributes": {
            "arn": "arn:aws:ec2:ap-northeast-1:890942158228:security-group/sg-0f8b2d57a2755ebe7",
            "description": "NAT-Instance only",
            "egress": [
              {
                "cidr_blocks": [
                  "0.0.0.0/0"
                ],
                "description": "",
                "from_port": 0,
                "ipv6_cidr_blocks": [],
                "prefix_list_ids": [],
                "protocol": "-1",
                "security_groups": [],
                "self": false,
                "to_port": 0
              }
            ],
            "id": "sg-0f8b2d57a2755ebe7",
            "ingress": [
              {
                "cidr_blocks": [
                  "10.0.0.0/16"
                ],
                "description": "Allow full access from VPC CIDR.",
                "from_port": 0,
                "ipv6_cidr_blocks": [],
                "prefix_list_ids": [],
                "protocol": "-1",
                "security_groups": [],
                "self": false,
                "to_port": 0
              }
            ],
            "name": "selin-tf-ec2-nat-instance",
            "name_prefix": "",
            "owner_id": "890942158228",
            "revoke_rules_on_delete": false,
            "tags": {
              "Name": "selin-tf-ec2-nat-instance"
            },
            "tags_all": {
              "CmBillingGroup": "OTHER",
              "CodedResource": "true",
              "Environment": "playground",
              "IaC": "local",
              "Name": "selin-tf-ec2-nat-instance",
              "Owner": "",
              "Service": "selin-tf"
            },
            "timeouts": null,
            "vpc_id": "vpc-086af42df53e8fb6d"
          },
          "sensitive_attributes": [],
          "private": "eyJlMmJmYjczMC1lY2FhLTExZTYtOGY4OC0zNDM2M2JjN2M0YzAiOnsiY3JlYXRlIjo2MDAwMDAwMDAwMDAsImRlbGV0ZSI6OTAwMDAwMDAwMDAwfSwic2NoZW1hX3ZlcnNpb24iOiIxIn0=",
          "dependencies": [
            "module.vpc_workload.aws_vpc.default"
          ]
        }
      ]
    },
    {
      "module": "module.vpc_workload",
      "mode": "managed",
      "type": "aws_security_group",
      "name": "http_server_external",
      "provider": "provider[\"registry.terraform.io/hashicorp/aws\"]",
      "instances": [
        {
          "schema_version": 1,
          "attributes": {
            "arn": "arn:aws:ec2:ap-northeast-1:890942158228:security-group/sg-080ccc858d4647585",
            "description": "Allow HTTP/HTTPS access from public subnet group.",
            "egress": [
              {
                "cidr_blocks": [
                  "0.0.0.0/0"
                ],
                "description": "",
                "from_port": 0,
                "ipv6_cidr_blocks": [
                  "::/0"
                ],
                "prefix_list_ids": [],
                "protocol": "-1",
                "security_groups": [],
                "self": false,
                "to_port": 0
              }
            ],
            "id": "sg-080ccc858d4647585",
            "ingress": [
              {
                "cidr_blocks": [],
                "description": "HTTP access from public subnet group.",
                "from_port": 80,
                "ipv6_cidr_blocks": [],
                "prefix_list_ids": [],
                "protocol": "tcp",
                "security_groups": [
                  "sg-06b5a809205fe30f5",
                  "sg-09e6cfee202d36654"
                ],
                "self": false,
                "to_port": 80
              },
              {
                "cidr_blocks": [],
                "description": "HTTPS access from public subnet group.",
                "from_port": 443,
                "ipv6_cidr_blocks": [],
                "prefix_list_ids": [],
                "protocol": "tcp",
                "security_groups": [
                  "sg-06b5a809205fe30f5",
                  "sg-09e6cfee202d36654"
                ],
                "self": false,
                "to_port": 443
              }
            ],
            "name": "selin-tf-http-server-external",
            "name_prefix": "",
            "owner_id": "890942158228",
            "revoke_rules_on_delete": false,
            "tags": {
              "Name": "selin-tf-http-server-external"
            },
            "tags_all": {
              "CmBillingGroup": "OTHER",
              "CodedResource": "true",
              "Environment": "playground",
              "IaC": "local",
              "Name": "selin-tf-http-server-external",
              "Owner": "",
              "Service": "selin-tf"
            },
            "timeouts": null,
            "vpc_id": "vpc-086af42df53e8fb6d"
          },
          "sensitive_attributes": [],
          "private": "eyJlMmJmYjczMC1lY2FhLTExZTYtOGY4OC0zNDM2M2JjN2M0YzAiOnsiY3JlYXRlIjo2MDAwMDAwMDAwMDAsImRlbGV0ZSI6OTAwMDAwMDAwMDAwfSwic2NoZW1hX3ZlcnNpb24iOiIxIn0=",
          "dependencies": [
            "module.vpc_workload.aws_security_group.ec2_bastion",
            "module.vpc_workload.aws_security_group.public_subnet_group",
            "module.vpc_workload.aws_vpc.default"
          ]
        }
      ]
    },
    {
      "module": "module.vpc_workload",
      "mode": "managed",
      "type": "aws_security_group",
      "name": "http_server_internal",
      "provider": "provider[\"registry.terraform.io/hashicorp/aws\"]",
      "instances": [
        {
          "schema_version": 1,
          "attributes": {
            "arn": "arn:aws:ec2:ap-northeast-1:890942158228:security-group/sg-0b112cfaf8c17cd33",
            "description": "Allow HTTP/HTTPS access from private subnet cidr.",
            "egress": [
              {
                "cidr_blocks": [
                  "0.0.0.0/0"
                ],
                "description": "",
                "from_port": 0,
                "ipv6_cidr_blocks": [
                  "::/0"
                ],
                "prefix_list_ids": [],
                "protocol": "-1",
                "security_groups": [],
                "self": false,
                "to_port": 0
              }
            ],
            "id": "sg-0b112cfaf8c17cd33",
            "ingress": [
              {
                "cidr_blocks": [
                  "10.0.0.0/8"
                ],
                "description": "HTTP",
                "from_port": 80,
                "ipv6_cidr_blocks": [],
                "prefix_list_ids": [],
                "protocol": "tcp",
                "security_groups": [],
                "self": false,
                "to_port": 80
              },
              {
                "cidr_blocks": [
                  "10.0.0.0/8"
                ],
                "description": "HTTPS",
                "from_port": 443,
                "ipv6_cidr_blocks": [],
                "prefix_list_ids": [],
                "protocol": "tcp",
                "security_groups": [],
                "self": false,
                "to_port": 443
              }
            ],
            "name": "selin-tf-http-server-internal",
            "name_prefix": "",
            "owner_id": "890942158228",
            "revoke_rules_on_delete": false,
            "tags": {
              "Name": "selin-tf-http-server-internal"
            },
            "tags_all": {
              "CmBillingGroup": "OTHER",
              "CodedResource": "true",
              "Environment": "playground",
              "IaC": "local",
              "Name": "selin-tf-http-server-internal",
              "Owner": "",
              "Service": "selin-tf"
            },
            "timeouts": null,
            "vpc_id": "vpc-086af42df53e8fb6d"
          },
          "sensitive_attributes": [],
          "private": "eyJlMmJmYjczMC1lY2FhLTExZTYtOGY4OC0zNDM2M2JjN2M0YzAiOnsiY3JlYXRlIjo2MDAwMDAwMDAwMDAsImRlbGV0ZSI6OTAwMDAwMDAwMDAwfSwic2NoZW1hX3ZlcnNpb24iOiIxIn0=",
          "dependencies": [
            "module.vpc_workload.aws_vpc.default"
          ]
        }
      ]
    },
    {
      "module": "module.vpc_workload",
      "mode": "managed",
      "type": "aws_security_group",
      "name": "internal_server",
      "provider": "provider[\"registry.terraform.io/hashicorp/aws\"]",
      "instances": [
        {
          "schema_version": 1,
          "attributes": {
            "arn": "arn:aws:ec2:ap-northeast-1:890942158228:security-group/sg-0650543b12a7569fc",
            "description": "Resources with no external communication in private subnet.",
            "egress": [
              {
                "cidr_blocks": [
                  "0.0.0.0/0"
                ],
                "description": "",
                "from_port": 0,
                "ipv6_cidr_blocks": [
                  "::/0"
                ],
                "prefix_list_ids": [],
                "protocol": "-1",
                "security_groups": [],
                "self": false,
                "to_port": 0
              }
            ],
            "id": "sg-0650543b12a7569fc",
            "ingress": [],
            "name": "selin-tf-internal-server",
            "name_prefix": "",
            "owner_id": "890942158228",
            "revoke_rules_on_delete": false,
            "tags": {
              "Name": "selin-tf-internal-server"
            },
            "tags_all": {
              "CmBillingGroup": "OTHER",
              "CodedResource": "true",
              "Environment": "playground",
              "IaC": "local",
              "Name": "selin-tf-internal-server",
              "Owner": "",
              "Service": "selin-tf"
            },
            "timeouts": null,
            "vpc_id": "vpc-086af42df53e8fb6d"
          },
          "sensitive_attributes": [],
          "private": "eyJlMmJmYjczMC1lY2FhLTExZTYtOGY4OC0zNDM2M2JjN2M0YzAiOnsiY3JlYXRlIjo2MDAwMDAwMDAwMDAsImRlbGV0ZSI6OTAwMDAwMDAwMDAwfSwic2NoZW1hX3ZlcnNpb24iOiIxIn0=",
          "dependencies": [
            "module.vpc_workload.aws_vpc.default"
          ]
        }
      ]
    },
    {
      "module": "module.vpc_workload",
      "mode": "managed",
      "type": "aws_security_group",
      "name": "internal_subnet_group",
      "provider": "provider[\"registry.terraform.io/hashicorp/aws\"]",
      "instances": [
        {
          "schema_version": 1,
          "attributes": {
            "arn": "arn:aws:ec2:ap-northeast-1:890942158228:security-group/sg-00ab75583f602b633",
            "description": "Internal subnet resource group.",
            "egress": [
              {
                "cidr_blocks": [
                  "0.0.0.0/0"
                ],
                "description": "",
                "from_port": 0,
                "ipv6_cidr_blocks": [
                  "::/0"
                ],
                "prefix_list_ids": [],
                "protocol": "-1",
                "security_groups": [],
                "self": false,
                "to_port": 0
              }
            ],
            "id": "sg-00ab75583f602b633",
            "ingress": [
              {
                "cidr_blocks": [],
                "description": "Communication between nodes in a subnet",
                "from_port": 0,
                "ipv6_cidr_blocks": [],
                "prefix_list_ids": [],
                "protocol": "-1",
                "security_groups": [],
                "self": true,
                "to_port": 0
              },
              {
                "cidr_blocks": [],
                "description": "ICMP from Bastion",
                "from_port": -1,
                "ipv6_cidr_blocks": [],
                "prefix_list_ids": [],
                "protocol": "icmp",
                "security_groups": [
                  "sg-06b5a809205fe30f5"
                ],
                "self": false,
                "to_port": -1
              }
            ],
            "name": "selin-tf-internal-subnet-group",
            "name_prefix": "",
            "owner_id": "890942158228",
            "revoke_rules_on_delete": false,
            "tags": {
              "Name": "selin-tf-internal-subnet-group"
            },
            "tags_all": {
              "CmBillingGroup": "OTHER",
              "CodedResource": "true",
              "Environment": "playground",
              "IaC": "local",
              "Name": "selin-tf-internal-subnet-group",
              "Owner": "",
              "Service": "selin-tf"
            },
            "timeouts": null,
            "vpc_id": "vpc-086af42df53e8fb6d"
          },
          "sensitive_attributes": [],
          "private": "eyJlMmJmYjczMC1lY2FhLTExZTYtOGY4OC0zNDM2M2JjN2M0YzAiOnsiY3JlYXRlIjo2MDAwMDAwMDAwMDAsImRlbGV0ZSI6OTAwMDAwMDAwMDAwfSwic2NoZW1hX3ZlcnNpb24iOiIxIn0=",
          "dependencies": [
            "module.vpc_workload.aws_security_group.ec2_bastion",
            "module.vpc_workload.aws_vpc.default"
          ]
        }
      ]
    },
    {
      "module": "module.vpc_workload",
      "mode": "managed",
      "type": "aws_security_group",
      "name": "manage_subnet_group",
      "provider": "provider[\"registry.terraform.io/hashicorp/aws\"]",
      "instances": [
        {
          "schema_version": 1,
          "attributes": {
            "arn": "arn:aws:ec2:ap-northeast-1:890942158228:security-group/sg-09347ad19a09acb43",
            "description": "Manage subnet resource group.",
            "egress": [
              {
                "cidr_blocks": [
                  "0.0.0.0/0"
                ],
                "description": "",
                "from_port": 0,
                "ipv6_cidr_blocks": [
                  "::/0"
                ],
                "prefix_list_ids": [],
                "protocol": "-1",
                "security_groups": [],
                "self": false,
                "to_port": 0
              }
            ],
            "id": "sg-09347ad19a09acb43",
            "ingress": [
              {
                "cidr_blocks": [],
                "description": "Communication between nodes in a subnet",
                "from_port": 0,
                "ipv6_cidr_blocks": [],
                "prefix_list_ids": [],
                "protocol": "-1",
                "security_groups": [],
                "self": true,
                "to_port": 0
              },
              {
                "cidr_blocks": [],
                "description": "ICMP from Bastion",
                "from_port": -1,
                "ipv6_cidr_blocks": [],
                "prefix_list_ids": [],
                "protocol": "icmp",
                "security_groups": [
                  "sg-06b5a809205fe30f5"
                ],
                "self": false,
                "to_port": -1
              }
            ],
            "name": "selin-tf-manage-subnet-group",
            "name_prefix": "",
            "owner_id": "890942158228",
            "revoke_rules_on_delete": false,
            "tags": {
              "Name": "selin-tf-manage-subnet-group"
            },
            "tags_all": {
              "CmBillingGroup": "OTHER",
              "CodedResource": "true",
              "Environment": "playground",
              "IaC": "local",
              "Name": "selin-tf-manage-subnet-group",
              "Owner": "",
              "Service": "selin-tf"
            },
            "timeouts": null,
            "vpc_id": "vpc-086af42df53e8fb6d"
          },
          "sensitive_attributes": [],
          "private": "eyJlMmJmYjczMC1lY2FhLTExZTYtOGY4OC0zNDM2M2JjN2M0YzAiOnsiY3JlYXRlIjo2MDAwMDAwMDAwMDAsImRlbGV0ZSI6OTAwMDAwMDAwMDAwfSwic2NoZW1hX3ZlcnNpb24iOiIxIn0=",
          "dependencies": [
            "module.vpc_workload.aws_security_group.ec2_bastion",
            "module.vpc_workload.aws_vpc.default"
          ]
        }
      ]
    },
    {
      "module": "module.vpc_workload",
      "mode": "managed",
      "type": "aws_security_group",
      "name": "mysql_server",
      "provider": "provider[\"registry.terraform.io/hashicorp/aws\"]",
      "instances": [
        {
          "schema_version": 1,
          "attributes": {
            "arn": "arn:aws:ec2:ap-northeast-1:890942158228:security-group/sg-08a134750777751ad",
            "description": "Allow MySQL access from private subnet group.",
            "egress": [
              {
                "cidr_blocks": [
                  "0.0.0.0/0"
                ],
                "description": "",
                "from_port": 0,
                "ipv6_cidr_blocks": [
                  "::/0"
                ],
                "prefix_list_ids": [],
                "protocol": "-1",
                "security_groups": [],
                "self": false,
                "to_port": 0
              }
            ],
            "id": "sg-08a134750777751ad",
            "ingress": [
              {
                "cidr_blocks": [],
                "description": "MySQL",
                "from_port": 3306,
                "ipv6_cidr_blocks": [],
                "prefix_list_ids": [],
                "protocol": "tcp",
                "security_groups": [
                  "sg-05ab4af3ab28ea0c3",
                  "sg-06b5a809205fe30f5"
                ],
                "self": false,
                "to_port": 3306
              }
            ],
            "name": "selin-tf-mysql-server",
            "name_prefix": "",
            "owner_id": "890942158228",
            "revoke_rules_on_delete": false,
            "tags": {
              "Name": "selin-tf-mysql-server"
            },
            "tags_all": {
              "CmBillingGroup": "OTHER",
              "CodedResource": "true",
              "Environment": "playground",
              "IaC": "local",
              "Name": "selin-tf-mysql-server",
              "Owner": "",
              "Service": "selin-tf"
            },
            "timeouts": null,
            "vpc_id": "vpc-086af42df53e8fb6d"
          },
          "sensitive_attributes": [],
          "private": "eyJlMmJmYjczMC1lY2FhLTExZTYtOGY4OC0zNDM2M2JjN2M0YzAiOnsiY3JlYXRlIjo2MDAwMDAwMDAwMDAsImRlbGV0ZSI6OTAwMDAwMDAwMDAwfSwic2NoZW1hX3ZlcnNpb24iOiIxIn0=",
          "dependencies": [
            "module.vpc_workload.aws_security_group.ec2_bastion",
            "module.vpc_workload.aws_security_group.private_subnet_group",
            "module.vpc_workload.aws_vpc.default"
          ]
        }
      ]
    },
    {
      "module": "module.vpc_workload",
      "mode": "managed",
      "type": "aws_security_group",
      "name": "nat_subnet_group",
      "provider": "provider[\"registry.terraform.io/hashicorp/aws\"]",
      "instances": [
        {
          "schema_version": 1,
          "attributes": {
            "arn": "arn:aws:ec2:ap-northeast-1:890942158228:security-group/sg-04581fcf2574de7c2",
            "description": "NAT subnet resource group.",
            "egress": [
              {
                "cidr_blocks": [
                  "0.0.0.0/0"
                ],
                "description": "",
                "from_port": 0,
                "ipv6_cidr_blocks": [
                  "::/0"
                ],
                "prefix_list_ids": [],
                "protocol": "-1",
                "security_groups": [],
                "self": false,
                "to_port": 0
              }
            ],
            "id": "sg-04581fcf2574de7c2",
            "ingress": [
              {
                "cidr_blocks": [],
                "description": "ICMP from Bastion",
                "from_port": -1,
                "ipv6_cidr_blocks": [],
                "prefix_list_ids": [],
                "protocol": "icmp",
                "security_groups": [
                  "sg-06b5a809205fe30f5"
                ],
                "self": false,
                "to_port": -1
              }
            ],
            "name": "selin-tf-nat-subnet-group",
            "name_prefix": "",
            "owner_id": "890942158228",
            "revoke_rules_on_delete": false,
            "tags": {
              "Name": "selin-tf-nat-subnet-group"
            },
            "tags_all": {
              "CmBillingGroup": "OTHER",
              "CodedResource": "true",
              "Environment": "playground",
              "IaC": "local",
              "Name": "selin-tf-nat-subnet-group",
              "Owner": "",
              "Service": "selin-tf"
            },
            "timeouts": null,
            "vpc_id": "vpc-086af42df53e8fb6d"
          },
          "sensitive_attributes": [],
          "private": "eyJlMmJmYjczMC1lY2FhLTExZTYtOGY4OC0zNDM2M2JjN2M0YzAiOnsiY3JlYXRlIjo2MDAwMDAwMDAwMDAsImRlbGV0ZSI6OTAwMDAwMDAwMDAwfSwic2NoZW1hX3ZlcnNpb24iOiIxIn0=",
          "dependencies": [
            "module.vpc_workload.aws_security_group.ec2_bastion",
            "module.vpc_workload.aws_vpc.default"
          ]
        }
      ]
    },
    {
      "module": "module.vpc_workload",
      "mode": "managed",
      "type": "aws_security_group",
      "name": "nfs_server",
      "provider": "provider[\"registry.terraform.io/hashicorp/aws\"]",
      "instances": [
        {
          "schema_version": 1,
          "attributes": {
            "arn": "arn:aws:ec2:ap-northeast-1:890942158228:security-group/sg-081452fd991b9a4f6",
            "description": "Allow NFS access from private subnet group.",
            "egress": [
              {
                "cidr_blocks": [
                  "0.0.0.0/0"
                ],
                "description": "",
                "from_port": 0,
                "ipv6_cidr_blocks": [
                  "::/0"
                ],
                "prefix_list_ids": [],
                "protocol": "-1",
                "security_groups": [],
                "self": false,
                "to_port": 0
              }
            ],
            "id": "sg-081452fd991b9a4f6",
            "ingress": [
              {
                "cidr_blocks": [],
                "description": "NFS",
                "from_port": 2049,
                "ipv6_cidr_blocks": [],
                "prefix_list_ids": [],
                "protocol": "tcp",
                "security_groups": [
                  "sg-05ab4af3ab28ea0c3",
                  "sg-06b5a809205fe30f5"
                ],
                "self": false,
                "to_port": 2049
              }
            ],
            "name": "selin-tf-nfs-server",
            "name_prefix": "",
            "owner_id": "890942158228",
            "revoke_rules_on_delete": false,
            "tags": {
              "Name": "selin-tf-nfs-server"
            },
            "tags_all": {
              "CmBillingGroup": "OTHER",
              "CodedResource": "true",
              "Environment": "playground",
              "IaC": "local",
              "Name": "selin-tf-nfs-server",
              "Owner": "",
              "Service": "selin-tf"
            },
            "timeouts": null,
            "vpc_id": "vpc-086af42df53e8fb6d"
          },
          "sensitive_attributes": [],
          "private": "eyJlMmJmYjczMC1lY2FhLTExZTYtOGY4OC0zNDM2M2JjN2M0YzAiOnsiY3JlYXRlIjo2MDAwMDAwMDAwMDAsImRlbGV0ZSI6OTAwMDAwMDAwMDAwfSwic2NoZW1hX3ZlcnNpb24iOiIxIn0=",
          "dependencies": [
            "module.vpc_workload.aws_security_group.ec2_bastion",
            "module.vpc_workload.aws_security_group.private_subnet_group",
            "module.vpc_workload.aws_vpc.default"
          ]
        }
      ]
    },
    {
      "module": "module.vpc_workload",
      "mode": "managed",
      "type": "aws_security_group",
      "name": "private_subnet_group",
      "provider": "provider[\"registry.terraform.io/hashicorp/aws\"]",
      "instances": [
        {
          "schema_version": 1,
          "attributes": {
            "arn": "arn:aws:ec2:ap-northeast-1:890942158228:security-group/sg-05ab4af3ab28ea0c3",
            "description": "Private subnet resource group.",
            "egress": [
              {
                "cidr_blocks": [
                  "0.0.0.0/0"
                ],
                "description": "",
                "from_port": 0,
                "ipv6_cidr_blocks": [
                  "::/0"
                ],
                "prefix_list_ids": [],
                "protocol": "-1",
                "security_groups": [],
                "self": false,
                "to_port": 0
              }
            ],
            "id": "sg-05ab4af3ab28ea0c3",
            "ingress": [
              {
                "cidr_blocks": [],
                "description": "Communication between nodes in a subnet",
                "from_port": 0,
                "ipv6_cidr_blocks": [],
                "prefix_list_ids": [],
                "protocol": "-1",
                "security_groups": [],
                "self": true,
                "to_port": 0
              },
              {
                "cidr_blocks": [],
                "description": "ICMP from Bastion",
                "from_port": -1,
                "ipv6_cidr_blocks": [],
                "prefix_list_ids": [],
                "protocol": "icmp",
                "security_groups": [
                  "sg-06b5a809205fe30f5"
                ],
                "self": false,
                "to_port": -1
              }
            ],
            "name": "selin-tf-private-subnet-group",
            "name_prefix": "",
            "owner_id": "890942158228",
            "revoke_rules_on_delete": true,
            "tags": {
              "Name": "selin-tf-private-subnet-group"
            },
            "tags_all": {
              "CmBillingGroup": "OTHER",
              "CodedResource": "true",
              "Environment": "playground",
              "IaC": "local",
              "Name": "selin-tf-private-subnet-group",
              "Owner": "",
              "Service": "selin-tf"
            },
            "timeouts": null,
            "vpc_id": "vpc-086af42df53e8fb6d"
          },
          "sensitive_attributes": [],
          "private": "eyJlMmJmYjczMC1lY2FhLTExZTYtOGY4OC0zNDM2M2JjN2M0YzAiOnsiY3JlYXRlIjo2MDAwMDAwMDAwMDAsImRlbGV0ZSI6OTAwMDAwMDAwMDAwfSwic2NoZW1hX3ZlcnNpb24iOiIxIn0=",
          "dependencies": [
            "module.vpc_workload.aws_security_group.ec2_bastion",
            "module.vpc_workload.aws_vpc.default"
          ]
        }
      ]
    },
    {
      "module": "module.vpc_workload",
      "mode": "managed",
      "type": "aws_security_group",
      "name": "public_subnet_group",
      "provider": "provider[\"registry.terraform.io/hashicorp/aws\"]",
      "instances": [
        {
          "schema_version": 1,
          "attributes": {
            "arn": "arn:aws:ec2:ap-northeast-1:890942158228:security-group/sg-09e6cfee202d36654",
            "description": "Public subnet resource group.",
            "egress": [
              {
                "cidr_blocks": [
                  "0.0.0.0/0"
                ],
                "description": "",
                "from_port": 0,
                "ipv6_cidr_blocks": [
                  "::/0"
                ],
                "prefix_list_ids": [],
                "protocol": "-1",
                "security_groups": [],
                "self": false,
                "to_port": 0
              }
            ],
            "id": "sg-09e6cfee202d36654",
            "ingress": [
              {
                "cidr_blocks": [],
                "description": "ICMP from Bastion",
                "from_port": -1,
                "ipv6_cidr_blocks": [],
                "prefix_list_ids": [],
                "protocol": "icmp",
                "security_groups": [
                  "sg-06b5a809205fe30f5"
                ],
                "self": false,
                "to_port": -1
              }
            ],
            "name": "selin-tf-public-subnet-group",
            "name_prefix": "",
            "owner_id": "890942158228",
            "revoke_rules_on_delete": false,
            "tags": {
              "Name": "selin-tf-public-subnet-group"
            },
            "tags_all": {
              "CmBillingGroup": "OTHER",
              "CodedResource": "true",
              "Environment": "playground",
              "IaC": "local",
              "Name": "selin-tf-public-subnet-group",
              "Owner": "",
              "Service": "selin-tf"
            },
            "timeouts": null,
            "vpc_id": "vpc-086af42df53e8fb6d"
          },
          "sensitive_attributes": [],
          "private": "eyJlMmJmYjczMC1lY2FhLTExZTYtOGY4OC0zNDM2M2JjN2M0YzAiOnsiY3JlYXRlIjo2MDAwMDAwMDAwMDAsImRlbGV0ZSI6OTAwMDAwMDAwMDAwfSwic2NoZW1hX3ZlcnNpb24iOiIxIn0=",
          "dependencies": [
            "module.vpc_workload.aws_security_group.ec2_bastion",
            "module.vpc_workload.aws_vpc.default"
          ]
        }
      ]
    },
    {
      "module": "module.vpc_workload",
      "mode": "managed",
      "type": "aws_security_group",
      "name": "publish_internet",
      "provider": "provider[\"registry.terraform.io/hashicorp/aws\"]",
      "instances": [
        {
          "schema_version": 1,
          "attributes": {
            "arn": "arn:aws:ec2:ap-northeast-1:890942158228:security-group/sg-0d1a00e2dc6e55795",
            "description": "Allow public access.(ALB, Internet facing Instance)",
            "egress": [
              {
                "cidr_blocks": [
                  "0.0.0.0/0"
                ],
                "description": "",
                "from_port": 0,
                "ipv6_cidr_blocks": [
                  "::/0"
                ],
                "prefix_list_ids": [],
                "protocol": "-1",
                "security_groups": [],
                "self": false,
                "to_port": 0
              }
            ],
            "id": "sg-0d1a00e2dc6e55795",
            "ingress": [
              {
                "cidr_blocks": [
                  "0.0.0.0/0"
                ],
                "description": "HTTP Public access",
                "from_port": 80,
                "ipv6_cidr_blocks": [
                  "::/0"
                ],
                "prefix_list_ids": [],
                "protocol": "tcp",
                "security_groups": [],
                "self": false,
                "to_port": 80
              },
              {
                "cidr_blocks": [
                  "0.0.0.0/0"
                ],
                "description": "HTTPS Public access",
                "from_port": 443,
                "ipv6_cidr_blocks": [
                  "::/0"
                ],
                "prefix_list_ids": [],
                "protocol": "tcp",
                "security_groups": [],
                "self": false,
                "to_port": 443
              }
            ],
            "name": "selin-tf-publish-internet",
            "name_prefix": "",
            "owner_id": "890942158228",
            "revoke_rules_on_delete": false,
            "tags": {
              "Name": "selin-tf-publish-internet"
            },
            "tags_all": {
              "CmBillingGroup": "OTHER",
              "CodedResource": "true",
              "Environment": "playground",
              "IaC": "local",
              "Name": "selin-tf-publish-internet",
              "Owner": "",
              "Service": "selin-tf"
            },
            "timeouts": null,
            "vpc_id": "vpc-086af42df53e8fb6d"
          },
          "sensitive_attributes": [],
          "private": "eyJlMmJmYjczMC1lY2FhLTExZTYtOGY4OC0zNDM2M2JjN2M0YzAiOnsiY3JlYXRlIjo2MDAwMDAwMDAwMDAsImRlbGV0ZSI6OTAwMDAwMDAwMDAwfSwic2NoZW1hX3ZlcnNpb24iOiIxIn0=",
          "dependencies": [
            "module.vpc_workload.aws_vpc.default"
          ]
        }
      ]
    },
    {
      "module": "module.vpc_workload",
      "mode": "managed",
      "type": "aws_security_group",
      "name": "publish_internet_with_test_port",
      "provider": "provider[\"registry.terraform.io/hashicorp/aws\"]",
      "instances": [
        {
          "schema_version": 1,
          "attributes": {
            "arn": "arn:aws:ec2:ap-northeast-1:890942158228:security-group/sg-0eeae24e0b017749b",
            "description": "Allow public access.(Blue/Green ALB)",
            "egress": [
              {
                "cidr_blocks": [
                  "0.0.0.0/0"
                ],
                "description": "",
                "from_port": 0,
                "ipv6_cidr_blocks": [
                  "::/0"
                ],
                "prefix_list_ids": [],
                "protocol": "-1",
                "security_groups": [],
                "self": false,
                "to_port": 0
              }
            ],
            "id": "sg-0eeae24e0b017749b",
            "ingress": [
              {
                "cidr_blocks": [
                  "0.0.0.0/0"
                ],
                "description": "HTTP Public access",
                "from_port": 80,
                "ipv6_cidr_blocks": [
                  "::/0"
                ],
                "prefix_list_ids": [],
                "protocol": "tcp",
                "security_groups": [],
                "self": false,
                "to_port": 80
              },
              {
                "cidr_blocks": [
                  "0.0.0.0/0"
                ],
                "description": "HTTPS Public access (Test port)",
                "from_port": 50443,
                "ipv6_cidr_blocks": [
                  "::/0"
                ],
                "prefix_list_ids": [],
                "protocol": "tcp",
                "security_groups": [],
                "self": false,
                "to_port": 50443
              },
              {
                "cidr_blocks": [
                  "0.0.0.0/0"
                ],
                "description": "HTTPS Public access",
                "from_port": 443,
                "ipv6_cidr_blocks": [
                  "::/0"
                ],
                "prefix_list_ids": [],
                "protocol": "tcp",
                "security_groups": [],
                "self": false,
                "to_port": 443
              }
            ],
            "name": "selin-tf-publish-internet-with-test-port",
            "name_prefix": "",
            "owner_id": "890942158228",
            "revoke_rules_on_delete": false,
            "tags": {
              "Name": "selin-tf-publish-internet-with-test-port"
            },
            "tags_all": {
              "CmBillingGroup": "OTHER",
              "CodedResource": "true",
              "Environment": "playground",
              "IaC": "local",
              "Name": "selin-tf-publish-internet-with-test-port",
              "Owner": "",
              "Service": "selin-tf"
            },
            "timeouts": null,
            "vpc_id": "vpc-086af42df53e8fb6d"
          },
          "sensitive_attributes": [],
          "private": "eyJlMmJmYjczMC1lY2FhLTExZTYtOGY4OC0zNDM2M2JjN2M0YzAiOnsiY3JlYXRlIjo2MDAwMDAwMDAwMDAsImRlbGV0ZSI6OTAwMDAwMDAwMDAwfSwic2NoZW1hX3ZlcnNpb24iOiIxIn0=",
          "dependencies": [
            "module.vpc_workload.aws_vpc.default"
          ]
        }
      ]
    },
    {
      "module": "module.vpc_workload",
      "mode": "managed",
      "type": "aws_ssm_document",
      "name": "portforward_ec2_bastion",
      "provider": "provider[\"registry.terraform.io/hashicorp/aws\"]",
      "instances": [
        {
          "index_key": 0,
          "schema_version": 0,
          "attributes": {
            "arn": "arn:aws:ssm:ap-northeast-1:890942158228:document/session.portforward.ssh.ec2.selin-tf-bastion",
            "attachments_source": [],
            "content": "schemaVersion: '1.0'\ndescription: Document to start port forwarding session over Session Manager to remote host\nsessionType: Port\nparameters: \n  localPortNumber: \n    type: String\n    description: (Optional) Port number on local machine to forward traffic to. An open port is chosen at run-time if not provided\n    allowedPattern: ^([0-9]|[1-9][0-9]{1,3}|[1-5][0-9]{4}|6[0-4][0-9]{3}|65[0-4][0-9]{2}|655[0-2][0-9]|6553[0-5])$\n    default: \"22\"\nproperties:\n  portNumber: \"22\"\n  type: LocalPortForwarding\n  localPortNumber: \"{{ localPortNumber }}\"\n  host: \"ip-10-0-40-29.ap-northeast-1.compute.internal\"",
            "created_date": "2024-06-09T05:41:55Z",
            "default_version": "1",
            "description": "",
            "document_format": "YAML",
            "document_type": "Session",
            "document_version": "1",
            "hash": "4e631d2624f8d1b38becb6e5976754c2edd56e50c8498dd4a4937e216449dad4",
            "hash_type": "Sha256",
            "id": "session.portforward.ssh.ec2.selin-tf-bastion",
            "latest_version": "1",
            "name": "session.portforward.ssh.ec2.selin-tf-bastion",
            "owner": "890942158228",
            "parameter": [
              {
                "default_value": "22",
                "description": "(Optional) Port number on local machine to forward traffic to. An open port is chosen at run-time if not provided",
                "name": "localPortNumber",
                "type": "String"
              }
            ],
            "permissions": {},
            "platform_types": [
              "Windows",
              "Linux",
              "MacOS"
            ],
            "schema_version": "1.0",
            "status": "Active",
            "tags": {},
            "tags_all": {
              "CmBillingGroup": "OTHER",
              "CodedResource": "true",
              "Environment": "playground",
              "IaC": "local",
              "Owner": "",
              "Service": "selin-tf"
            },
            "target_type": "",
            "version_name": ""
          },
          "sensitive_attributes": [],
          "private": "bnVsbA==",
          "dependencies": [
            "module.vpc_workload.aws_iam_instance_profile.bastion",
            "module.vpc_workload.aws_iam_role.ec2_instance_profile",
            "module.vpc_workload.aws_instance.bastion",
            "module.vpc_workload.aws_key_pair.ec2_keypair_bastion",
            "module.vpc_workload.aws_security_group.ec2_bastion",
            "module.vpc_workload.aws_security_group.manage_subnet_group",
            "module.vpc_workload.aws_subnet.manage",
            "module.vpc_workload.aws_vpc.default",
            "module.vpc_workload.data.aws_iam_policy_document.ec2_common_instance_profile",
            "module.vpc_workload.data.aws_ssm_parameter.amzn2_arm_ami",
            "module.vpc_workload.tls_private_key.ec2_keypair_bastion"
          ]
        }
      ]
    },
    {
      "module": "module.vpc_workload",
      "mode": "managed",
      "type": "aws_subnet",
      "name": "local",
      "provider": "provider[\"registry.terraform.io/hashicorp/aws\"]",
      "instances": [
        {
          "index_key": 0,
          "schema_version": 1,
          "attributes": {
            "arn": "arn:aws:ec2:ap-northeast-1:890942158228:subnet/subnet-0381050854ee36440",
            "assign_ipv6_address_on_creation": false,
            "availability_zone": "ap-northeast-1a",
            "availability_zone_id": "apne1-az4",
            "cidr_block": "10.0.20.0/24",
            "customer_owned_ipv4_pool": "",
            "enable_dns64": false,
            "enable_lni_at_device_index": 0,
            "enable_resource_name_dns_a_record_on_launch": true,
            "enable_resource_name_dns_aaaa_record_on_launch": false,
            "id": "subnet-0381050854ee36440",
            "ipv6_cidr_block": "",
            "ipv6_cidr_block_association_id": "",
            "ipv6_native": false,
            "map_customer_owned_ip_on_launch": false,
            "map_public_ip_on_launch": false,
            "outpost_arn": "",
            "owner_id": "890942158228",
            "private_dns_hostname_type_on_launch": "ip-name",
            "tags": {
              "Name": "selin-tf-internal[0]"
            },
            "tags_all": {
              "CmBillingGroup": "OTHER",
              "CodedResource": "true",
              "Environment": "playground",
              "IaC": "local",
              "Name": "selin-tf-internal[0]",
              "Owner": "",
              "Service": "selin-tf"
            },
            "timeouts": null,
            "vpc_id": "vpc-086af42df53e8fb6d"
          },
          "sensitive_attributes": [],
          "private": "eyJlMmJmYjczMC1lY2FhLTExZTYtOGY4OC0zNDM2M2JjN2M0YzAiOnsiY3JlYXRlIjo2MDAwMDAwMDAwMDAsImRlbGV0ZSI6MTIwMDAwMDAwMDAwMH0sInNjaGVtYV92ZXJzaW9uIjoiMSJ9",
          "dependencies": [
            "module.vpc_workload.aws_vpc.default"
          ]
        },
        {
          "index_key": 1,
          "schema_version": 1,
          "attributes": {
            "arn": "arn:aws:ec2:ap-northeast-1:890942158228:subnet/subnet-07a02c22856b66c79",
            "assign_ipv6_address_on_creation": false,
            "availability_zone": "ap-northeast-1c",
            "availability_zone_id": "apne1-az1",
            "cidr_block": "10.0.21.0/24",
            "customer_owned_ipv4_pool": "",
            "enable_dns64": false,
            "enable_lni_at_device_index": 0,
            "enable_resource_name_dns_a_record_on_launch": true,
            "enable_resource_name_dns_aaaa_record_on_launch": false,
            "id": "subnet-07a02c22856b66c79",
            "ipv6_cidr_block": "",
            "ipv6_cidr_block_association_id": "",
            "ipv6_native": false,
            "map_customer_owned_ip_on_launch": false,
            "map_public_ip_on_launch": false,
            "outpost_arn": "",
            "owner_id": "890942158228",
            "private_dns_hostname_type_on_launch": "ip-name",
            "tags": {
              "Name": "selin-tf-internal[1]"
            },
            "tags_all": {
              "CmBillingGroup": "OTHER",
              "CodedResource": "true",
              "Environment": "playground",
              "IaC": "local",
              "Name": "selin-tf-internal[1]",
              "Owner": "",
              "Service": "selin-tf"
            },
            "timeouts": null,
            "vpc_id": "vpc-086af42df53e8fb6d"
          },
          "sensitive_attributes": [],
          "private": "eyJlMmJmYjczMC1lY2FhLTExZTYtOGY4OC0zNDM2M2JjN2M0YzAiOnsiY3JlYXRlIjo2MDAwMDAwMDAwMDAsImRlbGV0ZSI6MTIwMDAwMDAwMDAwMH0sInNjaGVtYV92ZXJzaW9uIjoiMSJ9",
          "dependencies": [
            "module.vpc_workload.aws_vpc.default"
          ]
        }
      ]
    },
    {
      "module": "module.vpc_workload",
      "mode": "managed",
      "type": "aws_subnet",
      "name": "manage",
      "provider": "provider[\"registry.terraform.io/hashicorp/aws\"]",
      "instances": [
        {
          "index_key": 0,
          "schema_version": 1,
          "attributes": {
            "arn": "arn:aws:ec2:ap-northeast-1:890942158228:subnet/subnet-0d789eb5b578648a2",
            "assign_ipv6_address_on_creation": false,
            "availability_zone": "ap-northeast-1a",
            "availability_zone_id": "apne1-az4",
            "cidr_block": "10.0.40.0/24",
            "customer_owned_ipv4_pool": "",
            "enable_dns64": false,
            "enable_lni_at_device_index": 0,
            "enable_resource_name_dns_a_record_on_launch": true,
            "enable_resource_name_dns_aaaa_record_on_launch": false,
            "id": "subnet-0d789eb5b578648a2",
            "ipv6_cidr_block": "",
            "ipv6_cidr_block_association_id": "",
            "ipv6_native": false,
            "map_customer_owned_ip_on_launch": false,
            "map_public_ip_on_launch": false,
            "outpost_arn": "",
            "owner_id": "890942158228",
            "private_dns_hostname_type_on_launch": "ip-name",
            "tags": {
              "Name": "selin-tf-manage[0]"
            },
            "tags_all": {
              "CmBillingGroup": "OTHER",
              "CodedResource": "true",
              "Environment": "playground",
              "IaC": "local",
              "Name": "selin-tf-manage[0]",
              "Owner": "",
              "Service": "selin-tf"
            },
            "timeouts": null,
            "vpc_id": "vpc-086af42df53e8fb6d"
          },
          "sensitive_attributes": [],
          "private": "eyJlMmJmYjczMC1lY2FhLTExZTYtOGY4OC0zNDM2M2JjN2M0YzAiOnsiY3JlYXRlIjo2MDAwMDAwMDAwMDAsImRlbGV0ZSI6MTIwMDAwMDAwMDAwMH0sInNjaGVtYV92ZXJzaW9uIjoiMSJ9",
          "dependencies": [
            "module.vpc_workload.aws_vpc.default"
          ]
        },
        {
          "index_key": 1,
          "schema_version": 1,
          "attributes": {
            "arn": "arn:aws:ec2:ap-northeast-1:890942158228:subnet/subnet-00f1b32115d984981",
            "assign_ipv6_address_on_creation": false,
            "availability_zone": "ap-northeast-1c",
            "availability_zone_id": "apne1-az1",
            "cidr_block": "10.0.41.0/24",
            "customer_owned_ipv4_pool": "",
            "enable_dns64": false,
            "enable_lni_at_device_index": 0,
            "enable_resource_name_dns_a_record_on_launch": true,
            "enable_resource_name_dns_aaaa_record_on_launch": false,
            "id": "subnet-00f1b32115d984981",
            "ipv6_cidr_block": "",
            "ipv6_cidr_block_association_id": "",
            "ipv6_native": false,
            "map_customer_owned_ip_on_launch": false,
            "map_public_ip_on_launch": false,
            "outpost_arn": "",
            "owner_id": "890942158228",
            "private_dns_hostname_type_on_launch": "ip-name",
            "tags": {
              "Name": "selin-tf-manage[1]"
            },
            "tags_all": {
              "CmBillingGroup": "OTHER",
              "CodedResource": "true",
              "Environment": "playground",
              "IaC": "local",
              "Name": "selin-tf-manage[1]",
              "Owner": "",
              "Service": "selin-tf"
            },
            "timeouts": null,
            "vpc_id": "vpc-086af42df53e8fb6d"
          },
          "sensitive_attributes": [],
          "private": "eyJlMmJmYjczMC1lY2FhLTExZTYtOGY4OC0zNDM2M2JjN2M0YzAiOnsiY3JlYXRlIjo2MDAwMDAwMDAwMDAsImRlbGV0ZSI6MTIwMDAwMDAwMDAwMH0sInNjaGVtYV92ZXJzaW9uIjoiMSJ9",
          "dependencies": [
            "module.vpc_workload.aws_vpc.default"
          ]
        }
      ]
    },
    {
      "module": "module.vpc_workload",
      "mode": "managed",
      "type": "aws_subnet",
      "name": "nat",
      "provider": "provider[\"registry.terraform.io/hashicorp/aws\"]",
      "instances": [
        {
          "index_key": 0,
          "schema_version": 1,
          "attributes": {
            "arn": "arn:aws:ec2:ap-northeast-1:890942158228:subnet/subnet-016eaa02bb0ae66b2",
            "assign_ipv6_address_on_creation": true,
            "availability_zone": "ap-northeast-1a",
            "availability_zone_id": "apne1-az4",
            "cidr_block": "10.0.30.0/24",
            "customer_owned_ipv4_pool": "",
            "enable_dns64": false,
            "enable_lni_at_device_index": 0,
            "enable_resource_name_dns_a_record_on_launch": false,
            "enable_resource_name_dns_aaaa_record_on_launch": false,
            "id": "subnet-016eaa02bb0ae66b2",
            "ipv6_cidr_block": "2406:da14:1562:111e::/64",
            "ipv6_cidr_block_association_id": "subnet-cidr-assoc-0efd110d93d38e96d",
            "ipv6_native": false,
            "map_customer_owned_ip_on_launch": false,
            "map_public_ip_on_launch": true,
            "outpost_arn": "",
            "owner_id": "890942158228",
            "private_dns_hostname_type_on_launch": "ip-name",
            "tags": {
              "Name": "selin-tf-nat[0]"
            },
            "tags_all": {
              "CmBillingGroup": "OTHER",
              "CodedResource": "true",
              "Environment": "playground",
              "IaC": "local",
              "Name": "selin-tf-nat[0]",
              "Owner": "",
              "Service": "selin-tf"
            },
            "timeouts": null,
            "vpc_id": "vpc-086af42df53e8fb6d"
          },
          "sensitive_attributes": [],
          "private": "eyJlMmJmYjczMC1lY2FhLTExZTYtOGY4OC0zNDM2M2JjN2M0YzAiOnsiY3JlYXRlIjo2MDAwMDAwMDAwMDAsImRlbGV0ZSI6MTIwMDAwMDAwMDAwMH0sInNjaGVtYV92ZXJzaW9uIjoiMSJ9",
          "dependencies": [
            "module.vpc_workload.aws_vpc.default"
          ]
        },
        {
          "index_key": 1,
          "schema_version": 1,
          "attributes": {
            "arn": "arn:aws:ec2:ap-northeast-1:890942158228:subnet/subnet-02b1d64889aa6bfc3",
            "assign_ipv6_address_on_creation": true,
            "availability_zone": "ap-northeast-1c",
            "availability_zone_id": "apne1-az1",
            "cidr_block": "10.0.31.0/24",
            "customer_owned_ipv4_pool": "",
            "enable_dns64": false,
            "enable_lni_at_device_index": 0,
            "enable_resource_name_dns_a_record_on_launch": false,
            "enable_resource_name_dns_aaaa_record_on_launch": false,
            "id": "subnet-02b1d64889aa6bfc3",
            "ipv6_cidr_block": "2406:da14:1562:111f::/64",
            "ipv6_cidr_block_association_id": "subnet-cidr-assoc-0a31d305e9f6c9500",
            "ipv6_native": false,
            "map_customer_owned_ip_on_launch": false,
            "map_public_ip_on_launch": true,
            "outpost_arn": "",
            "owner_id": "890942158228",
            "private_dns_hostname_type_on_launch": "ip-name",
            "tags": {
              "Name": "selin-tf-nat[1]"
            },
            "tags_all": {
              "CmBillingGroup": "OTHER",
              "CodedResource": "true",
              "Environment": "playground",
              "IaC": "local",
              "Name": "selin-tf-nat[1]",
              "Owner": "",
              "Service": "selin-tf"
            },
            "timeouts": null,
            "vpc_id": "vpc-086af42df53e8fb6d"
          },
          "sensitive_attributes": [],
          "private": "eyJlMmJmYjczMC1lY2FhLTExZTYtOGY4OC0zNDM2M2JjN2M0YzAiOnsiY3JlYXRlIjo2MDAwMDAwMDAwMDAsImRlbGV0ZSI6MTIwMDAwMDAwMDAwMH0sInNjaGVtYV92ZXJzaW9uIjoiMSJ9",
          "dependencies": [
            "module.vpc_workload.aws_vpc.default"
          ]
        }
      ]
    },
    {
      "module": "module.vpc_workload",
      "mode": "managed",
      "type": "aws_subnet",
      "name": "private",
      "provider": "provider[\"registry.terraform.io/hashicorp/aws\"]",
      "instances": [
        {
          "index_key": 0,
          "schema_version": 1,
          "attributes": {
            "arn": "arn:aws:ec2:ap-northeast-1:890942158228:subnet/subnet-04b07c5e5aec73278",
            "assign_ipv6_address_on_creation": false,
            "availability_zone": "ap-northeast-1a",
            "availability_zone_id": "apne1-az4",
            "cidr_block": "10.0.10.0/24",
            "customer_owned_ipv4_pool": "",
            "enable_dns64": false,
            "enable_lni_at_device_index": 0,
            "enable_resource_name_dns_a_record_on_launch": true,
            "enable_resource_name_dns_aaaa_record_on_launch": false,
            "id": "subnet-04b07c5e5aec73278",
            "ipv6_cidr_block": "",
            "ipv6_cidr_block_association_id": "",
            "ipv6_native": false,
            "map_customer_owned_ip_on_launch": false,
            "map_public_ip_on_launch": false,
            "outpost_arn": "",
            "owner_id": "890942158228",
            "private_dns_hostname_type_on_launch": "ip-name",
            "tags": {
              "Name": "selin-tf-private[0]"
            },
            "tags_all": {
              "CmBillingGroup": "OTHER",
              "CodedResource": "true",
              "Environment": "playground",
              "IaC": "local",
              "Name": "selin-tf-private[0]",
              "Owner": "",
              "Service": "selin-tf"
            },
            "timeouts": null,
            "vpc_id": "vpc-086af42df53e8fb6d"
          },
          "sensitive_attributes": [],
          "private": "eyJlMmJmYjczMC1lY2FhLTExZTYtOGY4OC0zNDM2M2JjN2M0YzAiOnsiY3JlYXRlIjo2MDAwMDAwMDAwMDAsImRlbGV0ZSI6MTIwMDAwMDAwMDAwMH0sInNjaGVtYV92ZXJzaW9uIjoiMSJ9",
          "dependencies": [
            "module.vpc_workload.aws_vpc.default"
          ]
        },
        {
          "index_key": 1,
          "schema_version": 1,
          "attributes": {
            "arn": "arn:aws:ec2:ap-northeast-1:890942158228:subnet/subnet-03ea143fce7de7390",
            "assign_ipv6_address_on_creation": false,
            "availability_zone": "ap-northeast-1c",
            "availability_zone_id": "apne1-az1",
            "cidr_block": "10.0.11.0/24",
            "customer_owned_ipv4_pool": "",
            "enable_dns64": false,
            "enable_lni_at_device_index": 0,
            "enable_resource_name_dns_a_record_on_launch": true,
            "enable_resource_name_dns_aaaa_record_on_launch": false,
            "id": "subnet-03ea143fce7de7390",
            "ipv6_cidr_block": "",
            "ipv6_cidr_block_association_id": "",
            "ipv6_native": false,
            "map_customer_owned_ip_on_launch": false,
            "map_public_ip_on_launch": false,
            "outpost_arn": "",
            "owner_id": "890942158228",
            "private_dns_hostname_type_on_launch": "ip-name",
            "tags": {
              "Name": "selin-tf-private[1]"
            },
            "tags_all": {
              "CmBillingGroup": "OTHER",
              "CodedResource": "true",
              "Environment": "playground",
              "IaC": "local",
              "Name": "selin-tf-private[1]",
              "Owner": "",
              "Service": "selin-tf"
            },
            "timeouts": null,
            "vpc_id": "vpc-086af42df53e8fb6d"
          },
          "sensitive_attributes": [],
          "private": "eyJlMmJmYjczMC1lY2FhLTExZTYtOGY4OC0zNDM2M2JjN2M0YzAiOnsiY3JlYXRlIjo2MDAwMDAwMDAwMDAsImRlbGV0ZSI6MTIwMDAwMDAwMDAwMH0sInNjaGVtYV92ZXJzaW9uIjoiMSJ9",
          "dependencies": [
            "module.vpc_workload.aws_vpc.default"
          ]
        }
      ]
    },
    {
      "module": "module.vpc_workload",
      "mode": "managed",
      "type": "aws_subnet",
      "name": "public",
      "provider": "provider[\"registry.terraform.io/hashicorp/aws\"]",
      "instances": [
        {
          "index_key": 0,
          "schema_version": 1,
          "attributes": {
            "arn": "arn:aws:ec2:ap-northeast-1:890942158228:subnet/subnet-06af1219de8982b5d",
            "assign_ipv6_address_on_creation": true,
            "availability_zone": "ap-northeast-1a",
            "availability_zone_id": "apne1-az4",
            "cidr_block": "10.0.0.0/24",
            "customer_owned_ipv4_pool": "",
            "enable_dns64": false,
            "enable_lni_at_device_index": 0,
            "enable_resource_name_dns_a_record_on_launch": false,
            "enable_resource_name_dns_aaaa_record_on_launch": false,
            "id": "subnet-06af1219de8982b5d",
            "ipv6_cidr_block": "2406:da14:1562:1100::/64",
            "ipv6_cidr_block_association_id": "subnet-cidr-assoc-0af0ee846aea46ec2",
            "ipv6_native": false,
            "map_customer_owned_ip_on_launch": false,
            "map_public_ip_on_launch": true,
            "outpost_arn": "",
            "owner_id": "890942158228",
            "private_dns_hostname_type_on_launch": "ip-name",
            "tags": {
              "Name": "selin-tf-public[0]"
            },
            "tags_all": {
              "CmBillingGroup": "OTHER",
              "CodedResource": "true",
              "Environment": "playground",
              "IaC": "local",
              "Name": "selin-tf-public[0]",
              "Owner": "",
              "Service": "selin-tf"
            },
            "timeouts": null,
            "vpc_id": "vpc-086af42df53e8fb6d"
          },
          "sensitive_attributes": [],
          "private": "eyJlMmJmYjczMC1lY2FhLTExZTYtOGY4OC0zNDM2M2JjN2M0YzAiOnsiY3JlYXRlIjo2MDAwMDAwMDAwMDAsImRlbGV0ZSI6MTIwMDAwMDAwMDAwMH0sInNjaGVtYV92ZXJzaW9uIjoiMSJ9",
          "dependencies": [
            "module.vpc_workload.aws_vpc.default"
          ]
        },
        {
          "index_key": 1,
          "schema_version": 1,
          "attributes": {
            "arn": "arn:aws:ec2:ap-northeast-1:890942158228:subnet/subnet-0cf222f14a5ad7324",
            "assign_ipv6_address_on_creation": true,
            "availability_zone": "ap-northeast-1c",
            "availability_zone_id": "apne1-az1",
            "cidr_block": "10.0.1.0/24",
            "customer_owned_ipv4_pool": "",
            "enable_dns64": false,
            "enable_lni_at_device_index": 0,
            "enable_resource_name_dns_a_record_on_launch": false,
            "enable_resource_name_dns_aaaa_record_on_launch": false,
            "id": "subnet-0cf222f14a5ad7324",
            "ipv6_cidr_block": "2406:da14:1562:1101::/64",
            "ipv6_cidr_block_association_id": "subnet-cidr-assoc-0fd6d52de8517c4f7",
            "ipv6_native": false,
            "map_customer_owned_ip_on_launch": false,
            "map_public_ip_on_launch": true,
            "outpost_arn": "",
            "owner_id": "890942158228",
            "private_dns_hostname_type_on_launch": "ip-name",
            "tags": {
              "Name": "selin-tf-public[1]"
            },
            "tags_all": {
              "CmBillingGroup": "OTHER",
              "CodedResource": "true",
              "Environment": "playground",
              "IaC": "local",
              "Name": "selin-tf-public[1]",
              "Owner": "",
              "Service": "selin-tf"
            },
            "timeouts": null,
            "vpc_id": "vpc-086af42df53e8fb6d"
          },
          "sensitive_attributes": [],
          "private": "eyJlMmJmYjczMC1lY2FhLTExZTYtOGY4OC0zNDM2M2JjN2M0YzAiOnsiY3JlYXRlIjo2MDAwMDAwMDAwMDAsImRlbGV0ZSI6MTIwMDAwMDAwMDAwMH0sInNjaGVtYV92ZXJzaW9uIjoiMSJ9",
          "dependencies": [
            "module.vpc_workload.aws_vpc.default"
          ]
        }
      ]
    },
    {
      "module": "module.vpc_workload",
      "mode": "managed",
      "type": "aws_subnet",
      "name": "tgw",
      "provider": "provider[\"registry.terraform.io/hashicorp/aws\"]",
      "instances": [
        {
          "index_key": 0,
          "schema_version": 1,
          "attributes": {
            "arn": "arn:aws:ec2:ap-northeast-1:890942158228:subnet/subnet-06c860c0875a2dc93",
            "assign_ipv6_address_on_creation": false,
            "availability_zone": "ap-northeast-1a",
            "availability_zone_id": "apne1-az4",
            "cidr_block": "10.0.50.0/24",
            "customer_owned_ipv4_pool": "",
            "enable_dns64": false,
            "enable_lni_at_device_index": 0,
            "enable_resource_name_dns_a_record_on_launch": false,
            "enable_resource_name_dns_aaaa_record_on_launch": false,
            "id": "subnet-06c860c0875a2dc93",
            "ipv6_cidr_block": "",
            "ipv6_cidr_block_association_id": "",
            "ipv6_native": false,
            "map_customer_owned_ip_on_launch": false,
            "map_public_ip_on_launch": false,
            "outpost_arn": "",
            "owner_id": "890942158228",
            "private_dns_hostname_type_on_launch": "ip-name",
            "tags": {
              "Name": "selin-tf-tgw[0]"
            },
            "tags_all": {
              "CmBillingGroup": "OTHER",
              "CodedResource": "true",
              "Environment": "playground",
              "IaC": "local",
              "Name": "selin-tf-tgw[0]",
              "Owner": "",
              "Service": "selin-tf"
            },
            "timeouts": null,
            "vpc_id": "vpc-086af42df53e8fb6d"
          },
          "sensitive_attributes": [],
          "private": "eyJlMmJmYjczMC1lY2FhLTExZTYtOGY4OC0zNDM2M2JjN2M0YzAiOnsiY3JlYXRlIjo2MDAwMDAwMDAwMDAsImRlbGV0ZSI6MTIwMDAwMDAwMDAwMH0sInNjaGVtYV92ZXJzaW9uIjoiMSJ9",
          "dependencies": [
            "module.vpc_workload.aws_vpc.default"
          ]
        },
        {
          "index_key": 1,
          "schema_version": 1,
          "attributes": {
            "arn": "arn:aws:ec2:ap-northeast-1:890942158228:subnet/subnet-074eae181f16d2c48",
            "assign_ipv6_address_on_creation": false,
            "availability_zone": "ap-northeast-1c",
            "availability_zone_id": "apne1-az1",
            "cidr_block": "10.0.51.0/24",
            "customer_owned_ipv4_pool": "",
            "enable_dns64": false,
            "enable_lni_at_device_index": 0,
            "enable_resource_name_dns_a_record_on_launch": false,
            "enable_resource_name_dns_aaaa_record_on_launch": false,
            "id": "subnet-074eae181f16d2c48",
            "ipv6_cidr_block": "",
            "ipv6_cidr_block_association_id": "",
            "ipv6_native": false,
            "map_customer_owned_ip_on_launch": false,
            "map_public_ip_on_launch": false,
            "outpost_arn": "",
            "owner_id": "890942158228",
            "private_dns_hostname_type_on_launch": "ip-name",
            "tags": {
              "Name": "selin-tf-tgw[1]"
            },
            "tags_all": {
              "CmBillingGroup": "OTHER",
              "CodedResource": "true",
              "Environment": "playground",
              "IaC": "local",
              "Name": "selin-tf-tgw[1]",
              "Owner": "",
              "Service": "selin-tf"
            },
            "timeouts": null,
            "vpc_id": "vpc-086af42df53e8fb6d"
          },
          "sensitive_attributes": [],
          "private": "eyJlMmJmYjczMC1lY2FhLTExZTYtOGY4OC0zNDM2M2JjN2M0YzAiOnsiY3JlYXRlIjo2MDAwMDAwMDAwMDAsImRlbGV0ZSI6MTIwMDAwMDAwMDAwMH0sInNjaGVtYV92ZXJzaW9uIjoiMSJ9",
          "dependencies": [
            "module.vpc_workload.aws_vpc.default"
          ]
        }
      ]
    },
    {
      "module": "module.vpc_workload",
      "mode": "managed",
      "type": "aws_vpc",
      "name": "default",
      "provider": "provider[\"registry.terraform.io/hashicorp/aws\"]",
      "instances": [
        {
          "schema_version": 1,
          "attributes": {
            "arn": "arn:aws:ec2:ap-northeast-1:890942158228:vpc/vpc-086af42df53e8fb6d",
            "assign_generated_ipv6_cidr_block": true,
            "cidr_block": "10.0.0.0/16",
            "default_network_acl_id": "acl-0e5599849cd3c02d6",
            "default_route_table_id": "rtb-03372b426debd592e",
            "default_security_group_id": "sg-04d0fbc6322c15df0",
            "dhcp_options_id": "dopt-5b30203c",
            "enable_dns_hostnames": true,
            "enable_dns_support": true,
            "enable_network_address_usage_metrics": false,
            "id": "vpc-086af42df53e8fb6d",
            "instance_tenancy": "default",
            "ipv4_ipam_pool_id": null,
            "ipv4_netmask_length": null,
            "ipv6_association_id": "vpc-cidr-assoc-0066e77ec483fd0d6",
            "ipv6_cidr_block": "2406:da14:1562:1100::/56",
            "ipv6_cidr_block_network_border_group": "ap-northeast-1",
            "ipv6_ipam_pool_id": "",
            "ipv6_netmask_length": 0,
            "main_route_table_id": "rtb-03372b426debd592e",
            "owner_id": "890942158228",
            "tags": {
              "Name": "selin-tf-vpc"
            },
            "tags_all": {
              "CmBillingGroup": "OTHER",
              "CodedResource": "true",
              "Environment": "playground",
              "IaC": "local",
              "Name": "selin-tf-vpc",
              "Owner": "",
              "Service": "selin-tf"
            }
          },
          "sensitive_attributes": [],
          "private": "eyJzY2hlbWFfdmVyc2lvbiI6IjEifQ=="
        }
      ]
    },
    {
      "module": "module.vpc_workload",
      "mode": "managed",
      "type": "aws_vpc_endpoint",
      "name": "dynamodb",
      "provider": "provider[\"registry.terraform.io/hashicorp/aws\"]",
      "instances": [
        {
          "schema_version": 0,
          "attributes": {
            "arn": "arn:aws:ec2:ap-northeast-1:890942158228:vpc-endpoint/vpce-0547c186a6e78b8c8",
            "auto_accept": null,
            "cidr_blocks": [
              "52.94.8.0/24",
              "13.248.69.0/24",
              "13.248.70.0/24",
              "35.71.114.0/25",
              "35.71.114.128/26"
            ],
            "dns_entry": [],
            "dns_options": [],
            "id": "vpce-0547c186a6e78b8c8",
            "ip_address_type": "",
            "network_interface_ids": [],
            "owner_id": "890942158228",
            "policy": "{\"Statement\":[{\"Action\":\"*\",\"Effect\":\"Allow\",\"Principal\":\"*\",\"Resource\":\"*\"}],\"Version\":\"2008-10-17\"}",
            "prefix_list_id": "pl-78a54011",
            "private_dns_enabled": false,
            "requester_managed": false,
            "route_table_ids": [
              "rtb-01db663d0b99d71af",
              "rtb-03d5e099cf5fbca88",
              "rtb-07085036d6f009243"
            ],
            "security_group_ids": [],
            "service_name": "com.amazonaws.ap-northeast-1.dynamodb",
            "state": "available",
            "subnet_ids": [],
            "tags": {},
            "tags_all": {
              "CmBillingGroup": "OTHER",
              "CodedResource": "true",
              "Environment": "playground",
              "IaC": "local",
              "Owner": "",
              "Service": "selin-tf"
            },
            "timeouts": null,
            "vpc_endpoint_type": "Gateway",
            "vpc_id": "vpc-086af42df53e8fb6d"
          },
          "sensitive_attributes": [],
          "private": "eyJlMmJmYjczMC1lY2FhLTExZTYtOGY4OC0zNDM2M2JjN2M0YzAiOnsiY3JlYXRlIjo2MDAwMDAwMDAwMDAsImRlbGV0ZSI6NjAwMDAwMDAwMDAwLCJ1cGRhdGUiOjYwMDAwMDAwMDAwMH19",
          "dependencies": [
            "module.vpc_workload.aws_eip.natgw_default",
            "module.vpc_workload.aws_iam_instance_profile.ec2_nat_instance",
            "module.vpc_workload.aws_iam_role.ec2_nat_instance",
            "module.vpc_workload.aws_instance.ec2_nat_instance",
            "module.vpc_workload.aws_internet_gateway.default",
            "module.vpc_workload.aws_key_pair.ec2_keypair_natinstance",
            "module.vpc_workload.aws_nat_gateway.default",
            "module.vpc_workload.aws_route_table.local",
            "module.vpc_workload.aws_route_table.private",
            "module.vpc_workload.aws_security_group.ec2_bastion",
            "module.vpc_workload.aws_security_group.ec2_nat_instance",
            "module.vpc_workload.aws_security_group.nat_subnet_group",
            "module.vpc_workload.aws_subnet.nat",
            "module.vpc_workload.aws_vpc.default",
            "module.vpc_workload.data.aws_iam_policy_document.ec2_nat_instance",
            "module.vpc_workload.data.aws_region.current",
            "module.vpc_workload.data.aws_ssm_parameter.amzn2_arm_ami",
            "module.vpc_workload.tls_private_key.ec2_keypair_natinstance"
          ]
        }
      ]
    },
    {
      "module": "module.vpc_workload",
      "mode": "managed",
      "type": "aws_vpc_endpoint",
      "name": "s3",
      "provider": "provider[\"registry.terraform.io/hashicorp/aws\"]",
      "instances": [
        {
          "schema_version": 0,
          "attributes": {
            "arn": "arn:aws:ec2:ap-northeast-1:890942158228:vpc-endpoint/vpce-041fd61559c4773da",
            "auto_accept": null,
            "cidr_blocks": [
              "3.5.152.0/21",
              "52.219.162.0/23",
              "52.219.0.0/20",
              "52.219.16.0/22",
              "52.219.196.0/22",
              "52.219.172.0/22",
              "52.219.195.0/24",
              "52.219.200.0/23",
              "52.219.150.0/23",
              "52.219.20.0/24",
              "52.219.152.0/22",
              "52.219.136.0/22",
              "52.219.68.0/22"
            ],
            "dns_entry": [],
            "dns_options": [],
            "id": "vpce-041fd61559c4773da",
            "ip_address_type": "",
            "network_interface_ids": [],
            "owner_id": "890942158228",
            "policy": "{\"Statement\":[{\"Action\":\"*\",\"Effect\":\"Allow\",\"Principal\":\"*\",\"Resource\":\"*\"}],\"Version\":\"2008-10-17\"}",
            "prefix_list_id": "pl-61a54008",
            "private_dns_enabled": false,
            "requester_managed": false,
            "route_table_ids": [
              "rtb-01db663d0b99d71af",
              "rtb-03d5e099cf5fbca88",
              "rtb-07085036d6f009243"
            ],
            "security_group_ids": [],
            "service_name": "com.amazonaws.ap-northeast-1.s3",
            "state": "available",
            "subnet_ids": [],
            "tags": {},
            "tags_all": {
              "CmBillingGroup": "OTHER",
              "CodedResource": "true",
              "Environment": "playground",
              "IaC": "local",
              "Owner": "",
              "Service": "selin-tf"
            },
            "timeouts": null,
            "vpc_endpoint_type": "Gateway",
            "vpc_id": "vpc-086af42df53e8fb6d"
          },
          "sensitive_attributes": [],
          "private": "eyJlMmJmYjczMC1lY2FhLTExZTYtOGY4OC0zNDM2M2JjN2M0YzAiOnsiY3JlYXRlIjo2MDAwMDAwMDAwMDAsImRlbGV0ZSI6NjAwMDAwMDAwMDAwLCJ1cGRhdGUiOjYwMDAwMDAwMDAwMH19",
          "dependencies": [
            "module.vpc_workload.aws_eip.natgw_default",
            "module.vpc_workload.aws_iam_instance_profile.ec2_nat_instance",
            "module.vpc_workload.aws_iam_role.ec2_nat_instance",
            "module.vpc_workload.aws_instance.ec2_nat_instance",
            "module.vpc_workload.aws_internet_gateway.default",
            "module.vpc_workload.aws_key_pair.ec2_keypair_natinstance",
            "module.vpc_workload.aws_nat_gateway.default",
            "module.vpc_workload.aws_route_table.local",
            "module.vpc_workload.aws_route_table.private",
            "module.vpc_workload.aws_security_group.ec2_bastion",
            "module.vpc_workload.aws_security_group.ec2_nat_instance",
            "module.vpc_workload.aws_security_group.nat_subnet_group",
            "module.vpc_workload.aws_subnet.nat",
            "module.vpc_workload.aws_vpc.default",
            "module.vpc_workload.data.aws_iam_policy_document.ec2_nat_instance",
            "module.vpc_workload.data.aws_region.current",
            "module.vpc_workload.data.aws_ssm_parameter.amzn2_arm_ami",
            "module.vpc_workload.tls_private_key.ec2_keypair_natinstance"
          ]
        }
      ]
    },
    {
      "module": "module.vpc_workload",
      "mode": "managed",
      "type": "tls_private_key",
      "name": "ec2_keypair_bastion",
      "provider": "provider[\"registry.terraform.io/hashicorp/tls\"]",
      "instances": [
        {
          "index_key": 0,
          "schema_version": 1,
          "attributes": {
            "algorithm": "RSA",
            "ecdsa_curve": "P224",
            "id": "2926493ec877ed227f926636c95385e9b6904bd8",
            "private_key_openssh": "-----BEGIN OPENSSH PRIVATE KEY-----\nb3BlbnNzaC1rZXktdjEAAAAABG5vbmUAAAAEbm9uZQAAAAAAAAABAAACFwAAAAdz\nc2gtcnNhAAAAAwEAAQAAAgEAr2rlQ7yKMa97F492GIRpaE8RglS0AI/+pI3I1g0W\nBCdkMcHId+gyMl4Cp/Hmkobfvo6zEg4zB4qiKEXKxGqifxhPD88K/j/StSwZx+aZ\nLZFAJ+DoFGAkXHHMWC9BxzTzL/L++AH1XnSTfh7ENwKG9LrJWAIE0yr3dW7onYuD\nbrKK1dskb3t4HlPPRwhTx/nmVURkHtO/DrQPhhUiOD/A/AgYL1cQYqvVEziSyCm3\nK2ZO9QfUNnLok4gx3Rpjla25cPPOPxpqxQ8PZimbTz9I62IcVvlvhUGRyK98MxCK\nSIPQcG81/6s//0Z6o/U7lknHfBY417/X2hqVG/lr10gqgh+Vm+w6w0zCFsvr+0z1\nN5lUUDJGXS6T4lOXaZvnTUwqhGwTSQU5+O8TFtdossYKBPYzSIV6SM2va8+UT4T/\nZL6T3GL1P+Jzb8Db51IAfKqS8/yIKymVtzKcpKqXfx/1ac6TrcdaBhr5vSZ41Q0O\n9imvpWUHd+5w7mf9wb3RfC0qNTbiyKDTxZ6qe88Fj11BhRl3aufIo1ChmQ5vDdkG\nXRJlXWnVNwUMwQmF/nnQXkgGjqQdHdGPMKR89l8qycvdoq8eDT5yFl7PMgrUs9y8\n03hpWPPzCrPg0w1w2IXPEyDlRMypuqX4O2T4+befZQm2Q7jDZODR78kOgNYMh6wZ\n/ikAAAc4vhinxb4Yp8UAAAAHc3NoLXJzYQAAAgEAr2rlQ7yKMa97F492GIRpaE8R\nglS0AI/+pI3I1g0WBCdkMcHId+gyMl4Cp/Hmkobfvo6zEg4zB4qiKEXKxGqifxhP\nD88K/j/StSwZx+aZLZFAJ+DoFGAkXHHMWC9BxzTzL/L++AH1XnSTfh7ENwKG9LrJ\nWAIE0yr3dW7onYuDbrKK1dskb3t4HlPPRwhTx/nmVURkHtO/DrQPhhUiOD/A/AgY\nL1cQYqvVEziSyCm3K2ZO9QfUNnLok4gx3Rpjla25cPPOPxpqxQ8PZimbTz9I62Ic\nVvlvhUGRyK98MxCKSIPQcG81/6s//0Z6o/U7lknHfBY417/X2hqVG/lr10gqgh+V\nm+w6w0zCFsvr+0z1N5lUUDJGXS6T4lOXaZvnTUwqhGwTSQU5+O8TFtdossYKBPYz\nSIV6SM2va8+UT4T/ZL6T3GL1P+Jzb8Db51IAfKqS8/yIKymVtzKcpKqXfx/1ac6T\nrcdaBhr5vSZ41Q0O9imvpWUHd+5w7mf9wb3RfC0qNTbiyKDTxZ6qe88Fj11BhRl3\naufIo1ChmQ5vDdkGXRJlXWnVNwUMwQmF/nnQXkgGjqQdHdGPMKR89l8qycvdoq8e\nDT5yFl7PMgrUs9y803hpWPPzCrPg0w1w2IXPEyDlRMypuqX4O2T4+befZQm2Q7jD\nZODR78kOgNYMh6wZ/ikAAAADAQABAAACAQCprGzsUw8ctg8LIAHr/w/yDCD0frfJ\nn36AboBnwyqbg/qfQkCE8vyyyUoqZopPCtSa/m5pNYDYd5kX+UIDMN3Sr5GxyeNp\nQBSwl2Ksf/mEIO38ZMg3BTPGk3BDkBpA9I+Rvqou+735yirsIBhM2U3upEmirfk6\nxGGtnkS0NsE/rsUpzBl3F+d89jYVEBHx6V+I9GkfhFNWhoZJfGGoJMqnPbEfAUjh\nGDI2sE8R+3+oJAKVcigrLoSWR3Nr2V2f5vTrM3g4g3Xo/AM6H16RjbYbr7+XxRfA\nvkaj5lHtFr+bGpzgVEHX9i4l3mc79jXXza998AS1c2P3HCVEdMKB7tTlgujFa+ZA\nA8Sr2aQKXeP6RqCNiGzAFzobZDl8HSRF/eZ+sI5uJ4fGkq9Erhfmd7IQQ7hCyF4M\nQYIXjVnpudiYFrAJgcoOHGG6FMJAutaVJlEgWfLoy9OYhRAYwH1x78wl12wpqVzA\nYXzJtIzvOeX+5VGWrEWez87jtfFagRX3wds1630x1M/k3rP+pWYCXKne3Ewltpt1\nUzImL+GA8xVinV0IxqfglDBHVVEx0qEbDYnBdqUB/2QAXCWmkYKNnlIgY35q4itq\nslTShVh9A4/72Z0alDr2GnVEyetL6++1R8OxdUatSt9qATsuSFnR8/Wl/TcYwwpq\nUd2b2wukwxFsLQAAAQEA3AkyfD58VCv6sEq6Ay0n4CO3ivToyYFv6tIMpZx9A/c9\nCTUVwBGm2rpPh2XU3UXee9H+BXeZf0gIqp3LLxcEW1oZ34u4TO04ViOuPlkuShXW\nZjXeaqz5lcvCAJzbg2Gu0pgQ4giHhU62E4Poq6Z2Y0ghYe6PUBQiOe1xPuV+Xg6Q\njaNr41zjQ+vVDYDdCRclJaEec3lijmYuFSK4enDn6gB8Ois5IQMx+GJ29lrl837R\nHvpYvbzugM71txNatScpvnMnG5nsi3EE5W88L021idmB4boWLFpZ1AdEHbHBbc7z\n98jnEtxf0s5bcKbz65yJ+ejpLUno+ol8df9FwD0yqQAAAQEA5w3xGysCzR9kVzHY\nW7Fx5fqVSSow7P6oHLHBC2SnA/78XEeT/y5HXc9MkHIxTf7KFKNsasHuLK0p6+MZ\nM4Km71gnBLa5Oi/HfpIqubFMHqS92lRCEZgwBuOVi9ZYW+Q+D1F8bsIfrMODQ0cf\nJ/Ab41dmMFrRSWlSOHsCwfHQZHVkKFzZZQQvQ9FMvCpDE341rUWrfwYyWpMyyeo1\nJH92q9JodzoRWOQ70GhncTWM5es5rYgadLaRRluAUdNpzTaRJ42kAiUUP3d7GbB+\nszCnQ9l43TwhSlHqGdxoMvV8Ouaxn4/tQpdi7AfFd4HXymWt2ZEJcfCAcwJpdNJ6\nBG1O/wAAAQEAwls4Dta0mOWtDBiNBi6x7hcTQV1d/2JbW0J1zY7FuXM1CRNG/iWU\nXBNHcVoZZGYYRMOJmtX+WkdEC02k+OMMFdD+Ag+RS/mIuZT0WWCTOuPoH3veRpzH\nKkQ9fbSJpl01NwSkikS1pCwwmg03Vds76RySMi54TUzUqN6IneXIJH7x5PegiGBm\nCF0wy+YX+9YjqmPfY/kqkI539sOoKChtHZbFx7QDzUtOKShaEPC7krfVRUHAEZkg\nmMffsVVTtNClMClDmVxzp+E6TJqNZtjL0E7ngpAFNhAP22CPz3Dld9m3HDg4svoW\nmd3j6GZ+G69yxTif+QfNdGBJHUta0Hla1wAAAAAB\n-----END OPENSSH PRIVATE KEY-----\n",
            "private_key_pem": "-----BEGIN RSA PRIVATE KEY-----\nMIIJKgIBAAKCAgEAr2rlQ7yKMa97F492GIRpaE8RglS0AI/+pI3I1g0WBCdkMcHI\nd+gyMl4Cp/Hmkobfvo6zEg4zB4qiKEXKxGqifxhPD88K/j/StSwZx+aZLZFAJ+Do\nFGAkXHHMWC9BxzTzL/L++AH1XnSTfh7ENwKG9LrJWAIE0yr3dW7onYuDbrKK1dsk\nb3t4HlPPRwhTx/nmVURkHtO/DrQPhhUiOD/A/AgYL1cQYqvVEziSyCm3K2ZO9QfU\nNnLok4gx3Rpjla25cPPOPxpqxQ8PZimbTz9I62IcVvlvhUGRyK98MxCKSIPQcG81\n/6s//0Z6o/U7lknHfBY417/X2hqVG/lr10gqgh+Vm+w6w0zCFsvr+0z1N5lUUDJG\nXS6T4lOXaZvnTUwqhGwTSQU5+O8TFtdossYKBPYzSIV6SM2va8+UT4T/ZL6T3GL1\nP+Jzb8Db51IAfKqS8/yIKymVtzKcpKqXfx/1ac6TrcdaBhr5vSZ41Q0O9imvpWUH\nd+5w7mf9wb3RfC0qNTbiyKDTxZ6qe88Fj11BhRl3aufIo1ChmQ5vDdkGXRJlXWnV\nNwUMwQmF/nnQXkgGjqQdHdGPMKR89l8qycvdoq8eDT5yFl7PMgrUs9y803hpWPPz\nCrPg0w1w2IXPEyDlRMypuqX4O2T4+befZQm2Q7jDZODR78kOgNYMh6wZ/ikCAwEA\nAQKCAgEAqaxs7FMPHLYPCyAB6/8P8gwg9H63yZ9+gG6AZ8Mqm4P6n0JAhPL8sslK\nKmaKTwrUmv5uaTWA2HeZF/lCAzDd0q+RscnjaUAUsJdirH/5hCDt/GTINwUzxpNw\nQ5AaQPSPkb6qLvu9+coq7CAYTNlN7qRJoq35OsRhrZ5EtDbBP67FKcwZdxfnfPY2\nFRAR8elfiPRpH4RTVoaGSXxhqCTKpz2xHwFI4RgyNrBPEft/qCQClXIoKy6Elkdz\na9ldn+b06zN4OIN16PwDOh9ekY22G6+/l8UXwL5Go+ZR7Ra/mxqc4FRB1/YuJd5n\nO/Y1182vffAEtXNj9xwlRHTCge7U5YLoxWvmQAPEq9mkCl3j+kagjYhswBc6G2Q5\nfB0kRf3mfrCObieHxpKvRK4X5neyEEO4QsheDEGCF41Z6bnYmBawCYHKDhxhuhTC\nQLrWlSZRIFny6MvTmIUQGMB9ce/MJddsKalcwGF8ybSM7znl/uVRlqxFns/O47Xx\nWoEV98HbNet9MdTP5N6z/qVmAlyp3txMJbabdVMyJi/hgPMVYp1dCMan4JQwR1VR\nMdKhGw2JwXalAf9kAFwlppGCjZ5SIGN+auIrarJU0oVYfQOP+9mdGpQ69hp1RMnr\nS+vvtUfDsXVGrUrfagE7LkhZ0fP1pf03GMMKalHdm9sLpMMRbC0CggEBAOcN8Rsr\nAs0fZFcx2FuxceX6lUkqMOz+qByxwQtkpwP+/FxHk/8uR13PTJByMU3+yhSjbGrB\n7iytKevjGTOCpu9YJwS2uTovx36SKrmxTB6kvdpUQhGYMAbjlYvWWFvkPg9RfG7C\nH6zDg0NHHyfwG+NXZjBa0UlpUjh7AsHx0GR1ZChc2WUEL0PRTLwqQxN+Na1Fq38G\nMlqTMsnqNSR/dqvSaHc6EVjkO9BoZ3E1jOXrOa2IGnS2kUZbgFHTac02kSeNpAIl\nFD93exmwfrMwp0PZeN08IUpR6hncaDL1fDrmsZ+P7UKXYuwHxXeB18plrdmRCXHw\ngHMCaXTSegRtTv8CggEBAMJbOA7WtJjlrQwYjQYuse4XE0FdXf9iW1tCdc2Oxblz\nNQkTRv4llFwTR3FaGWRmGETDiZrV/lpHRAtNpPjjDBXQ/gIPkUv5iLmU9Flgkzrj\n6B973kacxypEPX20iaZdNTcEpIpEtaQsMJoNN1XbO+kckjIueE1M1KjeiJ3lyCR+\n8eT3oIhgZghdMMvmF/vWI6pj32P5KpCOd/bDqCgobR2Wxce0A81LTikoWhDwu5K3\n1UVBwBGZIJjH37FVU7TQpTApQ5lcc6fhOkyajWbYy9BO54KQBTYQD9tgj89w5XfZ\ntxw4OLL6Fpnd4+hmfhuvcsU4n/kHzXRgSR1LWtB5WtcCggEASGhsGLF/7TxbO6AZ\nR5LyOLowsn8QWhTsJiHmd2WRmYT9HQYpcRzVrKZcPiArJ2AjgBg+z636r/GMY6oF\nqcjV+8fKYoXIwl1azWWNEihnzGqgPJ2PHuhslJwZr3r6scFzWWWV8zfOqVuT9S+C\nqgdrFfG7yoeLctAYvi5+jLz1K6ZGPwfp8OhAz6X1wDoWTzOMKsLcnbAZc50Rm4lU\nIh332JzVtBd0fED6JbOyRx4bC6qNpr4yXEUifcQLEJmKXI8vKhAPR8TK9aDB6SkQ\na6Nhp7etUteXLy1Aid4yoVWhGuxU2cZG+klq7MD6txrvvzPiKX50UUqnVmN5HO0g\n4+ZFjQKCAQEAiCOBRtOaOSdYaYqg7d2zgMTlFfoip4rr1ybcgZoqYdaTJcI9DjSg\nkUZn2rxz4OGqyi/1qWGQAwi8XvaKQlQ32OhFpIfnDMLDxMrTxe9h8fRGWhdYATo8\nQB0AvZbCfKf5aIp1/uxWF6Nkf+QWCKvCcW0z8raeSfcxVwBZzdBwuy+4nNvftOdh\nUSaF0a1gy2SaIvZGOi8EY7GH0nAGz+pRVFKSQ2qS5zCClU3QmOEnYoQmfZaqxSjv\nrlUDGaJdOeCUdQHSehBKayPWxGXV+l6NlWJPxCLBo7bohJBE69d2xNbZ7ohrHuMT\nBcBprhZs61OgHwmk9LlEbuorDLwF5tW6jQKCAQEA3AkyfD58VCv6sEq6Ay0n4CO3\nivToyYFv6tIMpZx9A/c9CTUVwBGm2rpPh2XU3UXee9H+BXeZf0gIqp3LLxcEW1oZ\n34u4TO04ViOuPlkuShXWZjXeaqz5lcvCAJzbg2Gu0pgQ4giHhU62E4Poq6Z2Y0gh\nYe6PUBQiOe1xPuV+Xg6QjaNr41zjQ+vVDYDdCRclJaEec3lijmYuFSK4enDn6gB8\nOis5IQMx+GJ29lrl837RHvpYvbzugM71txNatScpvnMnG5nsi3EE5W88L021idmB\n4boWLFpZ1AdEHbHBbc7z98jnEtxf0s5bcKbz65yJ+ejpLUno+ol8df9FwD0yqQ==\n-----END RSA PRIVATE KEY-----\n",
            "private_key_pem_pkcs8": "-----BEGIN PRIVATE KEY-----\nMIIJRAIBADANBgkqhkiG9w0BAQEFAASCCS4wggkqAgEAAoICAQCvauVDvIoxr3sX\nj3YYhGloTxGCVLQAj/6kjcjWDRYEJ2Qxwch36DIyXgKn8eaSht++jrMSDjMHiqIo\nRcrEaqJ/GE8Pzwr+P9K1LBnH5pktkUAn4OgUYCRcccxYL0HHNPMv8v74AfVedJN+\nHsQ3Aob0uslYAgTTKvd1buidi4NusorV2yRve3geU89HCFPH+eZVRGQe078OtA+G\nFSI4P8D8CBgvVxBiq9UTOJLIKbcrZk71B9Q2cuiTiDHdGmOVrblw884/GmrFDw9m\nKZtPP0jrYhxW+W+FQZHIr3wzEIpIg9BwbzX/qz//Rnqj9TuWScd8FjjXv9faGpUb\n+WvXSCqCH5Wb7DrDTMIWy+v7TPU3mVRQMkZdLpPiU5dpm+dNTCqEbBNJBTn47xMW\n12iyxgoE9jNIhXpIza9rz5RPhP9kvpPcYvU/4nNvwNvnUgB8qpLz/IgrKZW3Mpyk\nqpd/H/VpzpOtx1oGGvm9JnjVDQ72Ka+lZQd37nDuZ/3BvdF8LSo1NuLIoNPFnqp7\nzwWPXUGFGXdq58ijUKGZDm8N2QZdEmVdadU3BQzBCYX+edBeSAaOpB0d0Y8wpHz2\nXyrJy92irx4NPnIWXs8yCtSz3LzTeGlY8/MKs+DTDXDYhc8TIOVEzKm6pfg7ZPj5\nt59lCbZDuMNk4NHvyQ6A1gyHrBn+KQIDAQABAoICAQCprGzsUw8ctg8LIAHr/w/y\nDCD0frfJn36AboBnwyqbg/qfQkCE8vyyyUoqZopPCtSa/m5pNYDYd5kX+UIDMN3S\nr5GxyeNpQBSwl2Ksf/mEIO38ZMg3BTPGk3BDkBpA9I+Rvqou+735yirsIBhM2U3u\npEmirfk6xGGtnkS0NsE/rsUpzBl3F+d89jYVEBHx6V+I9GkfhFNWhoZJfGGoJMqn\nPbEfAUjhGDI2sE8R+3+oJAKVcigrLoSWR3Nr2V2f5vTrM3g4g3Xo/AM6H16RjbYb\nr7+XxRfAvkaj5lHtFr+bGpzgVEHX9i4l3mc79jXXza998AS1c2P3HCVEdMKB7tTl\ngujFa+ZAA8Sr2aQKXeP6RqCNiGzAFzobZDl8HSRF/eZ+sI5uJ4fGkq9Erhfmd7IQ\nQ7hCyF4MQYIXjVnpudiYFrAJgcoOHGG6FMJAutaVJlEgWfLoy9OYhRAYwH1x78wl\n12wpqVzAYXzJtIzvOeX+5VGWrEWez87jtfFagRX3wds1630x1M/k3rP+pWYCXKne\n3Ewltpt1UzImL+GA8xVinV0IxqfglDBHVVEx0qEbDYnBdqUB/2QAXCWmkYKNnlIg\nY35q4itqslTShVh9A4/72Z0alDr2GnVEyetL6++1R8OxdUatSt9qATsuSFnR8/Wl\n/TcYwwpqUd2b2wukwxFsLQKCAQEA5w3xGysCzR9kVzHYW7Fx5fqVSSow7P6oHLHB\nC2SnA/78XEeT/y5HXc9MkHIxTf7KFKNsasHuLK0p6+MZM4Km71gnBLa5Oi/HfpIq\nubFMHqS92lRCEZgwBuOVi9ZYW+Q+D1F8bsIfrMODQ0cfJ/Ab41dmMFrRSWlSOHsC\nwfHQZHVkKFzZZQQvQ9FMvCpDE341rUWrfwYyWpMyyeo1JH92q9JodzoRWOQ70Ghn\ncTWM5es5rYgadLaRRluAUdNpzTaRJ42kAiUUP3d7GbB+szCnQ9l43TwhSlHqGdxo\nMvV8Ouaxn4/tQpdi7AfFd4HXymWt2ZEJcfCAcwJpdNJ6BG1O/wKCAQEAwls4Dta0\nmOWtDBiNBi6x7hcTQV1d/2JbW0J1zY7FuXM1CRNG/iWUXBNHcVoZZGYYRMOJmtX+\nWkdEC02k+OMMFdD+Ag+RS/mIuZT0WWCTOuPoH3veRpzHKkQ9fbSJpl01NwSkikS1\npCwwmg03Vds76RySMi54TUzUqN6IneXIJH7x5PegiGBmCF0wy+YX+9YjqmPfY/kq\nkI539sOoKChtHZbFx7QDzUtOKShaEPC7krfVRUHAEZkgmMffsVVTtNClMClDmVxz\np+E6TJqNZtjL0E7ngpAFNhAP22CPz3Dld9m3HDg4svoWmd3j6GZ+G69yxTif+QfN\ndGBJHUta0Hla1wKCAQBIaGwYsX/tPFs7oBlHkvI4ujCyfxBaFOwmIeZ3ZZGZhP0d\nBilxHNWsplw+ICsnYCOAGD7Prfqv8YxjqgWpyNX7x8pihcjCXVrNZY0SKGfMaqA8\nnY8e6GyUnBmvevqxwXNZZZXzN86pW5P1L4KqB2sV8bvKh4ty0Bi+Ln6MvPUrpkY/\nB+nw6EDPpfXAOhZPM4wqwtydsBlznRGbiVQiHffYnNW0F3R8QPols7JHHhsLqo2m\nvjJcRSJ9xAsQmYpcjy8qEA9HxMr1oMHpKRBro2Gnt61S15cvLUCJ3jKhVaEa7FTZ\nxkb6SWrswPq3Gu+/M+IpfnRRSqdWY3kc7SDj5kWNAoIBAQCII4FG05o5J1hpiqDt\n3bOAxOUV+iKniuvXJtyBmiph1pMlwj0ONKCRRmfavHPg4arKL/WpYZADCLxe9opC\nVDfY6EWkh+cMwsPEytPF72Hx9EZaF1gBOjxAHQC9lsJ8p/loinX+7FYXo2R/5BYI\nq8JxbTPytp5J9zFXAFnN0HC7L7ic29+052FRJoXRrWDLZJoi9kY6LwRjsYfScAbP\n6lFUUpJDapLnMIKVTdCY4SdihCZ9lqrFKO+uVQMZol054JR1AdJ6EEprI9bEZdX6\nXo2VYk/EIsGjtuiEkETr13bE1tnuiGse4xMFwGmuFmzrU6AfCaT0uURu6isMvAXm\n1bqNAoIBAQDcCTJ8PnxUK/qwSroDLSfgI7eK9OjJgW/q0gylnH0D9z0JNRXAEaba\nuk+HZdTdRd570f4Fd5l/SAiqncsvFwRbWhnfi7hM7ThWI64+WS5KFdZmNd5qrPmV\ny8IAnNuDYa7SmBDiCIeFTrYTg+irpnZjSCFh7o9QFCI57XE+5X5eDpCNo2vjXOND\n69UNgN0JFyUloR5zeWKOZi4VIrh6cOfqAHw6KzkhAzH4Ynb2WuXzftEe+li9vO6A\nzvW3E1q1Jym+cycbmeyLcQTlbzwvTbWJ2YHhuhYsWlnUB0QdscFtzvP3yOcS3F/S\nzltwpvPrnIn56OktSej6iXx1/0XAPTKp\n-----END PRIVATE KEY-----\n",
            "public_key_fingerprint_md5": "70:e3:27:f0:3d:9f:e7:27:53:46:3a:41:d1:d2:1d:4f",
            "public_key_fingerprint_sha256": "SHA256:CCDVCsTRT+E45Y8IZz636s7CazOuQ2tqsI6fv5x0J5g",
            "public_key_openssh": "ssh-rsa AAAAB3NzaC1yc2EAAAADAQABAAACAQCvauVDvIoxr3sXj3YYhGloTxGCVLQAj/6kjcjWDRYEJ2Qxwch36DIyXgKn8eaSht++jrMSDjMHiqIoRcrEaqJ/GE8Pzwr+P9K1LBnH5pktkUAn4OgUYCRcccxYL0HHNPMv8v74AfVedJN+HsQ3Aob0uslYAgTTKvd1buidi4NusorV2yRve3geU89HCFPH+eZVRGQe078OtA+GFSI4P8D8CBgvVxBiq9UTOJLIKbcrZk71B9Q2cuiTiDHdGmOVrblw884/GmrFDw9mKZtPP0jrYhxW+W+FQZHIr3wzEIpIg9BwbzX/qz//Rnqj9TuWScd8FjjXv9faGpUb+WvXSCqCH5Wb7DrDTMIWy+v7TPU3mVRQMkZdLpPiU5dpm+dNTCqEbBNJBTn47xMW12iyxgoE9jNIhXpIza9rz5RPhP9kvpPcYvU/4nNvwNvnUgB8qpLz/IgrKZW3Mpykqpd/H/VpzpOtx1oGGvm9JnjVDQ72Ka+lZQd37nDuZ/3BvdF8LSo1NuLIoNPFnqp7zwWPXUGFGXdq58ijUKGZDm8N2QZdEmVdadU3BQzBCYX+edBeSAaOpB0d0Y8wpHz2XyrJy92irx4NPnIWXs8yCtSz3LzTeGlY8/MKs+DTDXDYhc8TIOVEzKm6pfg7ZPj5t59lCbZDuMNk4NHvyQ6A1gyHrBn+KQ==\n",
            "public_key_pem": "-----BEGIN PUBLIC KEY-----\nMIICIjANBgkqhkiG9w0BAQEFAAOCAg8AMIICCgKCAgEAr2rlQ7yKMa97F492GIRp\naE8RglS0AI/+pI3I1g0WBCdkMcHId+gyMl4Cp/Hmkobfvo6zEg4zB4qiKEXKxGqi\nfxhPD88K/j/StSwZx+aZLZFAJ+DoFGAkXHHMWC9BxzTzL/L++AH1XnSTfh7ENwKG\n9LrJWAIE0yr3dW7onYuDbrKK1dskb3t4HlPPRwhTx/nmVURkHtO/DrQPhhUiOD/A\n/AgYL1cQYqvVEziSyCm3K2ZO9QfUNnLok4gx3Rpjla25cPPOPxpqxQ8PZimbTz9I\n62IcVvlvhUGRyK98MxCKSIPQcG81/6s//0Z6o/U7lknHfBY417/X2hqVG/lr10gq\ngh+Vm+w6w0zCFsvr+0z1N5lUUDJGXS6T4lOXaZvnTUwqhGwTSQU5+O8TFtdossYK\nBPYzSIV6SM2va8+UT4T/ZL6T3GL1P+Jzb8Db51IAfKqS8/yIKymVtzKcpKqXfx/1\nac6TrcdaBhr5vSZ41Q0O9imvpWUHd+5w7mf9wb3RfC0qNTbiyKDTxZ6qe88Fj11B\nhRl3aufIo1ChmQ5vDdkGXRJlXWnVNwUMwQmF/nnQXkgGjqQdHdGPMKR89l8qycvd\noq8eDT5yFl7PMgrUs9y803hpWPPzCrPg0w1w2IXPEyDlRMypuqX4O2T4+befZQm2\nQ7jDZODR78kOgNYMh6wZ/ikCAwEAAQ==\n-----END PUBLIC KEY-----\n",
            "rsa_bits": 4096
          },
          "sensitive_attributes": [
            [
              {
                "type": "get_attr",
                "value": "private_key_pem"
              }
            ],
            [
              {
                "type": "get_attr",
                "value": "private_key_pem_pkcs8"
              }
            ],
            [
              {
                "type": "get_attr",
                "value": "private_key_openssh"
              }
            ]
          ]
        }
      ]
    },
    {
      "module": "module.vpc_workload",
      "mode": "managed",
      "type": "tls_private_key",
      "name": "ec2_keypair_natinstance",
      "provider": "provider[\"registry.terraform.io/hashicorp/tls\"]",
      "instances": [
        {
          "index_key": 0,
          "schema_version": 1,
          "attributes": {
            "algorithm": "RSA",
            "ecdsa_curve": "P224",
            "id": "9974a88e6f59a990422efb240bd443e761d237de",
            "private_key_openssh": "-----BEGIN OPENSSH PRIVATE KEY-----\nb3BlbnNzaC1rZXktdjEAAAAABG5vbmUAAAAEbm9uZQAAAAAAAAABAAACFwAAAAdz\nc2gtcnNhAAAAAwEAAQAAAgEAzeLY0vdx2T9CYeois67SXxB84wO7h5wDKbOsPUYC\nXm6p+XIb1bJ+4erBJIvMyMPeIoT2ogaGH9v3nfbf47PfQQquot6RrW0guR1lFZQa\nb0cb7JQl+xR2OpMHeywcZNOc3OXB/O2K7J43TO03CBq7hlUXmbEWYwxGrbPqNKyg\nh9O4RERFtNHEju/qB6ZCjyhlt3HcujMsLwT71BRrhpZ4w6mCshkrLXZm28+/thRJ\nuXepbYx5jKAYdLJK53aEGBqRUrOZQw//vd0acA5rXl2HVfamJrlWYCSiELnx9WT1\nTHKt+ycDINtSSNwmPcK2gmDCpm+CwuwYAH0fvRKRi6lLIuaQyg4mgQuC/c5OWH5a\ncFDaHi2madX2fM3k1V5Fx6EhLCYZ0OgNkIiGw+O7y20/vjKBgrSRMJyLHkcgqZqU\ngnbxrSrXj04tTN/frBQqd8uzl3Brkcdj0saHpjn00sT7kiVqlzXT/CIJ1w6F6scW\ngpqMpDElx3xTt3DHI8W7L31aRhokqWvZp2vM8hyj95xMCBBYcWKhgsrykmiCsGDO\nsKsbhqHlCR2TltimxlDZJpGOd3NM2UdUy/h3GYy49tBFWAqBz9f4Av95VNcDaHZ9\n78/Lh62NebLHYBBIpKgbdn069OfoJxm8oZ12mmBMc8tXY5jaDdvc/1FYWw/oog2g\nnmUAAAc4fxQWTH8UFkwAAAAHc3NoLXJzYQAAAgEAzeLY0vdx2T9CYeois67SXxB8\n4wO7h5wDKbOsPUYCXm6p+XIb1bJ+4erBJIvMyMPeIoT2ogaGH9v3nfbf47PfQQqu\not6RrW0guR1lFZQab0cb7JQl+xR2OpMHeywcZNOc3OXB/O2K7J43TO03CBq7hlUX\nmbEWYwxGrbPqNKygh9O4RERFtNHEju/qB6ZCjyhlt3HcujMsLwT71BRrhpZ4w6mC\nshkrLXZm28+/thRJuXepbYx5jKAYdLJK53aEGBqRUrOZQw//vd0acA5rXl2HVfam\nJrlWYCSiELnx9WT1THKt+ycDINtSSNwmPcK2gmDCpm+CwuwYAH0fvRKRi6lLIuaQ\nyg4mgQuC/c5OWH5acFDaHi2madX2fM3k1V5Fx6EhLCYZ0OgNkIiGw+O7y20/vjKB\ngrSRMJyLHkcgqZqUgnbxrSrXj04tTN/frBQqd8uzl3Brkcdj0saHpjn00sT7kiVq\nlzXT/CIJ1w6F6scWgpqMpDElx3xTt3DHI8W7L31aRhokqWvZp2vM8hyj95xMCBBY\ncWKhgsrykmiCsGDOsKsbhqHlCR2TltimxlDZJpGOd3NM2UdUy/h3GYy49tBFWAqB\nz9f4Av95VNcDaHZ978/Lh62NebLHYBBIpKgbdn069OfoJxm8oZ12mmBMc8tXY5ja\nDdvc/1FYWw/oog2gnmUAAAADAQABAAACAQCZ5aNlrwku9xZL0pQ188vUu6Jenv+i\nkn/awC9Tbe1/YQE1MJKV3mLxxGSzSLy+pYp6CyHAY1gGoIorTcp1jpKnL7DylaQX\nGqeHN+3Df31zCJha8zKgx97IUfcZnxNqWrO6exPSWE2sKWf03KxyJmleNGT7wV+W\nkiqS1RWQYils3lmyzcW9L7/ZiIRLS4AdOnkt8rKnjHDOhM8o7Eqjw/5pY2AKeL3J\nseOZE2WeWPPy6vt+o66H63PcZxmOgwyiZ9mRFCbP9jmYVpnYgS7IzujG3SO9dnSW\nUUvDbPrsD5c8mcxrG/I+sTKEu+rp5449Ts6xUlFQGuKmGuGKl0KsPtOl3q0FT8S6\nWuqBTOpysiY5jUzK4aHZvgxZiwHf8ZTwGqpVmtRIHtIjqVOZpg82r8KCi8pEzN/J\nm335TnKeVbqglhkD6NWleXm+l5sWY/ie+73SrkqXgY6rfQUtVg8mAZ1PX6K7yqtB\nMELS3sf9Km4upMClfXJbEb43MCVBbqxGuLb1fFDtQ1ODzfCv8DZFZI/JQ7lLXjYf\nmKS8xU00Wq+9yqj1JKs7lppAIHpFc6wYPp0dyA5mguU3ipzF8vKhcjZtRozYiANW\nhAy++uWOZSo4jr33ir3ROZKyLFOy/blO2Zt01Hc8LL3tFYY4RkvgEaIYI1OMDydi\nmX18zzhJdvfdgQAAAQEAkhPhRzJH1/Tz4VpcBRt47XTxjhDV5vJBe3t66QsjHZCu\nf1TEehSkRdVG/oHXrWWIKGmOkmGNehSV28Rb/bTDubru5Rcf/1SG9IifA9XrF6Zk\nrjJmQRDiyyR9hgCqJLSTARYiMmZMe9grTmsPrmsaKMXksvLGjTbztFLOXmjJed3Y\n0FqkDXFlCz96znBaRw2YNM8lEQcYN5DZFAJg0p6M/A2Xf3kJLNhg1AJF3yNnYjLr\nvfr6RRzsg7+tHyLeY4iw0hIEMEiPTTkk+/JNEZji1UqIzxzRlhef+wLn4JP8csmh\nOEHLblcW6DFCJXLV5JlDcI/jOrFxPaZ/6+4fGiqWsgAAAQEA9/1hO8pNugi4p4CS\nwmXojFZ4nB0Ap3oFA1AIm1F6RXSu0Ax9thzkTxEX7/4ou1XHabvyH0PwzrM56Hoo\nOYvKJ1Nx/wkfAePYhAsL3/LdZPrTRyvkjnrVe1TKNxNzxbE25D2t7AjPslM+xMqW\nLrUyObiKEgkfQUNLJ5EsawgxhfAQJzj2NoStTNlcjlhWsSo2n9mXd2i5NtOOyWo/\n3chka/gKAwVst7q2irlR2m0Po9NU2Ilk869CjEnZ1y8aPHTel78J9bU5gbEnuZ77\nMEbAEBxCMae/x6zKQL47xNHVdZTx9ISQVmTjai4Knj1k5jAHTViFGKWVdhsVc8t1\nEJNBTQAAAQEA1IlQNvS9cprAm7Hz0oaU6wwZ4aeJFIjYPdKtrnb1YQ3VdRqqqILw\nhIFssNNUOu1mpUDOZelRzi4SP/G16BrPV6hLwizN0q1Jisp/juu6/L0qBW9jlHmi\nHbsimt02BfDy5seOJLzLAnlFEIFNxKgAqNKLIi989fkHD5l/mdalOkvDrPIL22HG\nNgFJbBDHLV4n4FBIr9QRIuMuoRzcv59DmeKq2YaKpDu2a9kl4LTP0reUX7Ya1Xoh\nGKAhFmvXvo/S6InhLcN0BZfVHV5bs5PHNRreWDAUI6WnmrVz5XXAnr6qF5fCeLUw\n61a0GxWRTTKuRPcInNIGP6hDQ9WkTqFFeQAAAAAB\n-----END OPENSSH PRIVATE KEY-----\n",
            "private_key_pem": "-----BEGIN RSA PRIVATE KEY-----\nMIIJKQIBAAKCAgEAzeLY0vdx2T9CYeois67SXxB84wO7h5wDKbOsPUYCXm6p+XIb\n1bJ+4erBJIvMyMPeIoT2ogaGH9v3nfbf47PfQQquot6RrW0guR1lFZQab0cb7JQl\n+xR2OpMHeywcZNOc3OXB/O2K7J43TO03CBq7hlUXmbEWYwxGrbPqNKygh9O4RERF\ntNHEju/qB6ZCjyhlt3HcujMsLwT71BRrhpZ4w6mCshkrLXZm28+/thRJuXepbYx5\njKAYdLJK53aEGBqRUrOZQw//vd0acA5rXl2HVfamJrlWYCSiELnx9WT1THKt+ycD\nINtSSNwmPcK2gmDCpm+CwuwYAH0fvRKRi6lLIuaQyg4mgQuC/c5OWH5acFDaHi2m\nadX2fM3k1V5Fx6EhLCYZ0OgNkIiGw+O7y20/vjKBgrSRMJyLHkcgqZqUgnbxrSrX\nj04tTN/frBQqd8uzl3Brkcdj0saHpjn00sT7kiVqlzXT/CIJ1w6F6scWgpqMpDEl\nx3xTt3DHI8W7L31aRhokqWvZp2vM8hyj95xMCBBYcWKhgsrykmiCsGDOsKsbhqHl\nCR2TltimxlDZJpGOd3NM2UdUy/h3GYy49tBFWAqBz9f4Av95VNcDaHZ978/Lh62N\nebLHYBBIpKgbdn069OfoJxm8oZ12mmBMc8tXY5jaDdvc/1FYWw/oog2gnmUCAwEA\nAQKCAgEAmeWjZa8JLvcWS9KUNfPL1LuiXp7/opJ/2sAvU23tf2EBNTCSld5i8cRk\ns0i8vqWKegshwGNYBqCKK03KdY6Spy+w8pWkFxqnhzftw399cwiYWvMyoMfeyFH3\nGZ8TalqzunsT0lhNrCln9NysciZpXjRk+8FflpIqktUVkGIpbN5Zss3FvS+/2YiE\nS0uAHTp5LfKyp4xwzoTPKOxKo8P+aWNgCni9ybHjmRNlnljz8ur7fqOuh+tz3GcZ\njoMMomfZkRQmz/Y5mFaZ2IEuyM7oxt0jvXZ0llFLw2z67A+XPJnMaxvyPrEyhLvq\n6eeOPU7OsVJRUBriphrhipdCrD7Tpd6tBU/EulrqgUzqcrImOY1MyuGh2b4MWYsB\n3/GU8BqqVZrUSB7SI6lTmaYPNq/CgovKRMzfyZt9+U5ynlW6oJYZA+jVpXl5vpeb\nFmP4nvu90q5Kl4GOq30FLVYPJgGdT1+iu8qrQTBC0t7H/SpuLqTApX1yWxG+NzAl\nQW6sRri29XxQ7UNTg83wr/A2RWSPyUO5S142H5ikvMVNNFqvvcqo9SSrO5aaQCB6\nRXOsGD6dHcgOZoLlN4qcxfLyoXI2bUaM2IgDVoQMvvrljmUqOI6994q90TmSsixT\nsv25TtmbdNR3PCy97RWGOEZL4BGiGCNTjA8nYpl9fM84SXb33YECggEBAPf9YTvK\nTboIuKeAksJl6IxWeJwdAKd6BQNQCJtRekV0rtAMfbYc5E8RF+/+KLtVx2m78h9D\n8M6zOeh6KDmLyidTcf8JHwHj2IQLC9/y3WT600cr5I561XtUyjcTc8WxNuQ9rewI\nz7JTPsTKli61Mjm4ihIJH0FDSyeRLGsIMYXwECc49jaErUzZXI5YVrEqNp/Zl3do\nuTbTjslqP93IZGv4CgMFbLe6toq5UdptD6PTVNiJZPOvQoxJ2dcvGjx03pe/CfW1\nOYGxJ7me+zBGwBAcQjGnv8esykC+O8TR1XWU8fSEkFZk42ouCp49ZOYwB01YhRil\nlXYbFXPLdRCTQU0CggEBANSJUDb0vXKawJux89KGlOsMGeGniRSI2D3Sra529WEN\n1XUaqqiC8ISBbLDTVDrtZqVAzmXpUc4uEj/xtegaz1eoS8IszdKtSYrKf47ruvy9\nKgVvY5R5oh27IprdNgXw8ubHjiS8ywJ5RRCBTcSoAKjSiyIvfPX5Bw+Zf5nWpTpL\nw6zyC9thxjYBSWwQxy1eJ+BQSK/UESLjLqEc3L+fQ5niqtmGiqQ7tmvZJeC0z9K3\nlF+2GtV6IRigIRZr176P0uiJ4S3DdAWX1R1eW7OTxzUa3lgwFCOlp5q1c+V1wJ6+\nqheXwni1MOtWtBsVkU0yrkT3CJzSBj+oQ0PVpE6hRXkCggEACP2esNQ8zSnTx/7Z\nU0Luk2fvJ3nFtEywMdaM+VSS4kHAtLo/NIMHo/Yyr/i+8UvC1wqBVLDZ4iSNTOhg\n3PU8dwCHeX+TKDZieycLXysm66pMTqBAwQmjA72nNyf1Yo1yOAQkchI/tW9fLzNJ\nDphzIbSXDOBXyb3u05hny9mYMgrqCwH9qyxUPB0FRgPd4L5vDIyO+T1KubohyxuX\nBStmuKNdeY6QynhydcUSOqEJmB7pTJBuoIcSGpPy2eJTSS3ThBzg94+CbjlF/2zM\nHovyGqNrovE5+rtA+efrss8ItiKYQw0rTnaJ6CeTKvl+1vmWyi8TZDlcmdORi4ks\nzVUJYQKCAQAKTzrX35lM9NrA8qncHXEd0bFzs7e/ij/LB+wq2VRfx9cB3jBHCkr2\ncny+OxIL5bYj7/fTE7VHJg72kRf80UgbfWtnWNsHDCbUF6yGV0LzvY1LRDL1Yc0O\nWiR8lJxpP13Y+fcYKxxB23YRLeSC1I9roQLkvp72I4VHKW/6G2JaaJBuVDNlCeIe\nfoN8PXgb6ERQ6jQMa2IFajW51PeUR/p0fX1CHfedrdPUeW0P8FVgaE1HM0Mr9cej\nNSlFuCd38+wMIZwNpzx6hPnuecRC+rkgB1SfvH1NmVx+8axUhhi42pDPoinpxwg/\nci48Xhh1QS8Y407EpJ9u+Q+CO9vDgKkpAoIBAQCSE+FHMkfX9PPhWlwFG3jtdPGO\nENXm8kF7e3rpCyMdkK5/VMR6FKRF1Ub+gdetZYgoaY6SYY16FJXbxFv9tMO5uu7l\nFx//VIb0iJ8D1esXpmSuMmZBEOLLJH2GAKoktJMBFiIyZkx72CtOaw+uaxooxeSy\n8saNNvO0Us5eaMl53djQWqQNcWULP3rOcFpHDZg0zyURBxg3kNkUAmDSnoz8DZd/\neQks2GDUAkXfI2diMuu9+vpFHOyDv60fIt5jiLDSEgQwSI9NOST78k0RmOLVSojP\nHNGWF5/7Aufgk/xyyaE4QctuVxboMUIlctXkmUNwj+M6sXE9pn/r7h8aKpay\n-----END RSA PRIVATE KEY-----\n",
            "private_key_pem_pkcs8": "-----BEGIN PRIVATE KEY-----\nMIIJQwIBADANBgkqhkiG9w0BAQEFAASCCS0wggkpAgEAAoICAQDN4tjS93HZP0Jh\n6iKzrtJfEHzjA7uHnAMps6w9RgJebqn5chvVsn7h6sEki8zIw94ihPaiBoYf2/ed\n9t/js99BCq6i3pGtbSC5HWUVlBpvRxvslCX7FHY6kwd7LBxk05zc5cH87YrsnjdM\n7TcIGruGVReZsRZjDEats+o0rKCH07hEREW00cSO7+oHpkKPKGW3cdy6MywvBPvU\nFGuGlnjDqYKyGSstdmbbz7+2FEm5d6ltjHmMoBh0skrndoQYGpFSs5lDD/+93Rpw\nDmteXYdV9qYmuVZgJKIQufH1ZPVMcq37JwMg21JI3CY9wraCYMKmb4LC7BgAfR+9\nEpGLqUsi5pDKDiaBC4L9zk5YflpwUNoeLaZp1fZ8zeTVXkXHoSEsJhnQ6A2QiIbD\n47vLbT++MoGCtJEwnIseRyCpmpSCdvGtKtePTi1M39+sFCp3y7OXcGuRx2PSxoem\nOfTSxPuSJWqXNdP8IgnXDoXqxxaCmoykMSXHfFO3cMcjxbsvfVpGGiSpa9mna8zy\nHKP3nEwIEFhxYqGCyvKSaIKwYM6wqxuGoeUJHZOW2KbGUNkmkY53c0zZR1TL+HcZ\njLj20EVYCoHP1/gC/3lU1wNodn3vz8uHrY15ssdgEEikqBt2fTr05+gnGbyhnXaa\nYExzy1djmNoN29z/UVhbD+iiDaCeZQIDAQABAoICAQCZ5aNlrwku9xZL0pQ188vU\nu6Jenv+ikn/awC9Tbe1/YQE1MJKV3mLxxGSzSLy+pYp6CyHAY1gGoIorTcp1jpKn\nL7DylaQXGqeHN+3Df31zCJha8zKgx97IUfcZnxNqWrO6exPSWE2sKWf03KxyJmle\nNGT7wV+WkiqS1RWQYils3lmyzcW9L7/ZiIRLS4AdOnkt8rKnjHDOhM8o7Eqjw/5p\nY2AKeL3JseOZE2WeWPPy6vt+o66H63PcZxmOgwyiZ9mRFCbP9jmYVpnYgS7IzujG\n3SO9dnSWUUvDbPrsD5c8mcxrG/I+sTKEu+rp5449Ts6xUlFQGuKmGuGKl0KsPtOl\n3q0FT8S6WuqBTOpysiY5jUzK4aHZvgxZiwHf8ZTwGqpVmtRIHtIjqVOZpg82r8KC\ni8pEzN/Jm335TnKeVbqglhkD6NWleXm+l5sWY/ie+73SrkqXgY6rfQUtVg8mAZ1P\nX6K7yqtBMELS3sf9Km4upMClfXJbEb43MCVBbqxGuLb1fFDtQ1ODzfCv8DZFZI/J\nQ7lLXjYfmKS8xU00Wq+9yqj1JKs7lppAIHpFc6wYPp0dyA5mguU3ipzF8vKhcjZt\nRozYiANWhAy++uWOZSo4jr33ir3ROZKyLFOy/blO2Zt01Hc8LL3tFYY4RkvgEaIY\nI1OMDydimX18zzhJdvfdgQKCAQEA9/1hO8pNugi4p4CSwmXojFZ4nB0Ap3oFA1AI\nm1F6RXSu0Ax9thzkTxEX7/4ou1XHabvyH0PwzrM56HooOYvKJ1Nx/wkfAePYhAsL\n3/LdZPrTRyvkjnrVe1TKNxNzxbE25D2t7AjPslM+xMqWLrUyObiKEgkfQUNLJ5Es\nawgxhfAQJzj2NoStTNlcjlhWsSo2n9mXd2i5NtOOyWo/3chka/gKAwVst7q2irlR\n2m0Po9NU2Ilk869CjEnZ1y8aPHTel78J9bU5gbEnuZ77MEbAEBxCMae/x6zKQL47\nxNHVdZTx9ISQVmTjai4Knj1k5jAHTViFGKWVdhsVc8t1EJNBTQKCAQEA1IlQNvS9\ncprAm7Hz0oaU6wwZ4aeJFIjYPdKtrnb1YQ3VdRqqqILwhIFssNNUOu1mpUDOZelR\nzi4SP/G16BrPV6hLwizN0q1Jisp/juu6/L0qBW9jlHmiHbsimt02BfDy5seOJLzL\nAnlFEIFNxKgAqNKLIi989fkHD5l/mdalOkvDrPIL22HGNgFJbBDHLV4n4FBIr9QR\nIuMuoRzcv59DmeKq2YaKpDu2a9kl4LTP0reUX7Ya1XohGKAhFmvXvo/S6InhLcN0\nBZfVHV5bs5PHNRreWDAUI6WnmrVz5XXAnr6qF5fCeLUw61a0GxWRTTKuRPcInNIG\nP6hDQ9WkTqFFeQKCAQAI/Z6w1DzNKdPH/tlTQu6TZ+8necW0TLAx1oz5VJLiQcC0\nuj80gwej9jKv+L7xS8LXCoFUsNniJI1M6GDc9Tx3AId5f5MoNmJ7JwtfKybrqkxO\noEDBCaMDvac3J/VijXI4BCRyEj+1b18vM0kOmHMhtJcM4FfJve7TmGfL2ZgyCuoL\nAf2rLFQ8HQVGA93gvm8MjI75PUq5uiHLG5cFK2a4o115jpDKeHJ1xRI6oQmYHulM\nkG6ghxIak/LZ4lNJLdOEHOD3j4JuOUX/bMwei/Iao2ui8Tn6u0D55+uyzwi2IphD\nDStOdonoJ5Mq+X7W+ZbKLxNkOVyZ05GLiSzNVQlhAoIBAApPOtffmUz02sDyqdwd\ncR3RsXOzt7+KP8sH7CrZVF/H1wHeMEcKSvZyfL47EgvltiPv99MTtUcmDvaRF/zR\nSBt9a2dY2wcMJtQXrIZXQvO9jUtEMvVhzQ5aJHyUnGk/Xdj59xgrHEHbdhEt5ILU\nj2uhAuS+nvYjhUcpb/obYlpokG5UM2UJ4h5+g3w9eBvoRFDqNAxrYgVqNbnU95RH\n+nR9fUId952t09R5bQ/wVWBoTUczQyv1x6M1KUW4J3fz7AwhnA2nPHqE+e55xEL6\nuSAHVJ+8fU2ZXH7xrFSGGLjakM+iKenHCD9yLjxeGHVBLxjjTsSkn275D4I728OA\nqSkCggEBAJIT4UcyR9f08+FaXAUbeO108Y4Q1ebyQXt7eukLIx2Qrn9UxHoUpEXV\nRv6B161liChpjpJhjXoUldvEW/20w7m67uUXH/9UhvSInwPV6xemZK4yZkEQ4ssk\nfYYAqiS0kwEWIjJmTHvYK05rD65rGijF5LLyxo0287RSzl5oyXnd2NBapA1xZQs/\nes5wWkcNmDTPJREHGDeQ2RQCYNKejPwNl395CSzYYNQCRd8jZ2Iy6736+kUc7IO/\nrR8i3mOIsNISBDBIj005JPvyTRGY4tVKiM8c0ZYXn/sC5+CT/HLJoThBy25XFugx\nQiVy1eSZQ3CP4zqxcT2mf+vuHxoqlrI=\n-----END PRIVATE KEY-----\n",
            "public_key_fingerprint_md5": "75:77:36:b5:70:c7:20:36:6c:c7:de:36:0a:28:26:7e",
            "public_key_fingerprint_sha256": "SHA256:uUSDU5ITcDwhb/tC2/1c/G03IlMcjL9aWPxDRj9B090",
            "public_key_openssh": "ssh-rsa AAAAB3NzaC1yc2EAAAADAQABAAACAQDN4tjS93HZP0Jh6iKzrtJfEHzjA7uHnAMps6w9RgJebqn5chvVsn7h6sEki8zIw94ihPaiBoYf2/ed9t/js99BCq6i3pGtbSC5HWUVlBpvRxvslCX7FHY6kwd7LBxk05zc5cH87YrsnjdM7TcIGruGVReZsRZjDEats+o0rKCH07hEREW00cSO7+oHpkKPKGW3cdy6MywvBPvUFGuGlnjDqYKyGSstdmbbz7+2FEm5d6ltjHmMoBh0skrndoQYGpFSs5lDD/+93RpwDmteXYdV9qYmuVZgJKIQufH1ZPVMcq37JwMg21JI3CY9wraCYMKmb4LC7BgAfR+9EpGLqUsi5pDKDiaBC4L9zk5YflpwUNoeLaZp1fZ8zeTVXkXHoSEsJhnQ6A2QiIbD47vLbT++MoGCtJEwnIseRyCpmpSCdvGtKtePTi1M39+sFCp3y7OXcGuRx2PSxoemOfTSxPuSJWqXNdP8IgnXDoXqxxaCmoykMSXHfFO3cMcjxbsvfVpGGiSpa9mna8zyHKP3nEwIEFhxYqGCyvKSaIKwYM6wqxuGoeUJHZOW2KbGUNkmkY53c0zZR1TL+HcZjLj20EVYCoHP1/gC/3lU1wNodn3vz8uHrY15ssdgEEikqBt2fTr05+gnGbyhnXaaYExzy1djmNoN29z/UVhbD+iiDaCeZQ==\n",
            "public_key_pem": "-----BEGIN PUBLIC KEY-----\nMIICIjANBgkqhkiG9w0BAQEFAAOCAg8AMIICCgKCAgEAzeLY0vdx2T9CYeois67S\nXxB84wO7h5wDKbOsPUYCXm6p+XIb1bJ+4erBJIvMyMPeIoT2ogaGH9v3nfbf47Pf\nQQquot6RrW0guR1lFZQab0cb7JQl+xR2OpMHeywcZNOc3OXB/O2K7J43TO03CBq7\nhlUXmbEWYwxGrbPqNKygh9O4RERFtNHEju/qB6ZCjyhlt3HcujMsLwT71BRrhpZ4\nw6mCshkrLXZm28+/thRJuXepbYx5jKAYdLJK53aEGBqRUrOZQw//vd0acA5rXl2H\nVfamJrlWYCSiELnx9WT1THKt+ycDINtSSNwmPcK2gmDCpm+CwuwYAH0fvRKRi6lL\nIuaQyg4mgQuC/c5OWH5acFDaHi2madX2fM3k1V5Fx6EhLCYZ0OgNkIiGw+O7y20/\nvjKBgrSRMJyLHkcgqZqUgnbxrSrXj04tTN/frBQqd8uzl3Brkcdj0saHpjn00sT7\nkiVqlzXT/CIJ1w6F6scWgpqMpDElx3xTt3DHI8W7L31aRhokqWvZp2vM8hyj95xM\nCBBYcWKhgsrykmiCsGDOsKsbhqHlCR2TltimxlDZJpGOd3NM2UdUy/h3GYy49tBF\nWAqBz9f4Av95VNcDaHZ978/Lh62NebLHYBBIpKgbdn069OfoJxm8oZ12mmBMc8tX\nY5jaDdvc/1FYWw/oog2gnmUCAwEAAQ==\n-----END PUBLIC KEY-----\n",
            "rsa_bits": 4096
          },
          "sensitive_attributes": [
            [
              {
                "type": "get_attr",
                "value": "private_key_openssh"
              }
            ],
            [
              {
                "type": "get_attr",
                "value": "private_key_pem"
              }
            ],
            [
              {
                "type": "get_attr",
                "value": "private_key_pem_pkcs8"
              }
            ]
          ]
        }
      ]
    }
  ],
  "check_results": null
}
